{
  "version": 4,
  "terraform_version": "1.11.4",
  "serial": 53,
  "lineage": "1dd9bfeb-7947-fa95-b90b-9063306d293c",
  "outputs": {
    "ID_admin_ssh_production": {
      "value": "sg-00c9b9795a47a9bb2",
      "type": "string"
    },
    "eip_allocation_id": {
      "value": "eipalloc-0d4471a681825b524",
      "type": "string"
    },
    "instance_info_prod_master": {
      "value": {
        "master_prod_public_ip": [
          "44.192.93.45",
          "44.201.94.20",
          "98.84.11.97"
        ]
      },
      "type": [
        "object",
        {
          "master_prod_public_ip": [
            "tuple",
            [
              "string",
              "string",
              "string"
            ]
          ]
        }
      ]
    },
    "instance_info_prod_worker": {
      "value": {
        "worker_prod_public_ip": [
          "100.28.216.54",
          "3.239.7.61"
        ]
      },
      "type": [
        "object",
        {
          "worker_prod_public_ip": [
            "tuple",
            [
              "string",
              "string"
            ]
          ]
        }
      ]
    },
    "ssh_key_name": {
      "value": "vockeyprod",
      "type": "string"
    },
    "ssh_private_key_filename": {
      "value": "./vockeyprod.pem",
      "type": "string"
    }
  },
  "resources": [
    {
      "mode": "managed",
      "type": "aws_ebs_volume",
      "name": "apotheose_volume",
      "provider": "provider[\"registry.terraform.io/hashicorp/aws\"]",
      "instances": [
        {
          "index_key": 0,
          "schema_version": 0,
          "attributes": {
            "arn": "arn:aws:ec2:us-east-1:585768148089:volume/vol-0b63066de3119aa52",
            "availability_zone": "us-east-1f",
            "create_time": "2025-05-19T11:25:08Z",
            "encrypted": false,
            "final_snapshot": false,
            "id": "vol-0b63066de3119aa52",
            "iops": 195,
            "kms_key_id": "",
            "multi_attach_enabled": false,
            "outpost_arn": "",
            "size": 65,
            "snapshot_id": "",
            "tags": null,
            "tags_all": {},
            "throughput": 0,
            "timeouts": null,
            "type": "gp2"
          },
          "sensitive_attributes": [],
          "private": "eyJlMmJmYjczMC1lY2FhLTExZTYtOGY4OC0zNDM2M2JjN2M0YzAiOnsiY3JlYXRlIjozMDAwMDAwMDAwMDAsImRlbGV0ZSI6NjAwMDAwMDAwMDAwLCJ1cGRhdGUiOjMwMDAwMDAwMDAwMH19",
          "dependencies": [
            "aws_iam_instance_profile.ec2_lb_instance_profile",
            "aws_iam_role.ec2_load_balancer_role",
            "aws_instance.masters",
            "aws_instance.workers",
            "aws_key_pair.vockeyprod",
            "aws_security_group.admin_ssh_production",
            "tls_private_key.vockeyprod"
          ]
        },
        {
          "index_key": 1,
          "schema_version": 0,
          "attributes": {
            "arn": "arn:aws:ec2:us-east-1:585768148089:volume/vol-054f24088c38672fd",
            "availability_zone": "us-east-1f",
            "create_time": "2025-05-19T11:25:08Z",
            "encrypted": false,
            "final_snapshot": false,
            "id": "vol-054f24088c38672fd",
            "iops": 195,
            "kms_key_id": "",
            "multi_attach_enabled": false,
            "outpost_arn": "",
            "size": 65,
            "snapshot_id": "",
            "tags": null,
            "tags_all": {},
            "throughput": 0,
            "timeouts": null,
            "type": "gp2"
          },
          "sensitive_attributes": [],
          "private": "eyJlMmJmYjczMC1lY2FhLTExZTYtOGY4OC0zNDM2M2JjN2M0YzAiOnsiY3JlYXRlIjozMDAwMDAwMDAwMDAsImRlbGV0ZSI6NjAwMDAwMDAwMDAwLCJ1cGRhdGUiOjMwMDAwMDAwMDAwMH19",
          "dependencies": [
            "aws_iam_instance_profile.ec2_lb_instance_profile",
            "aws_iam_role.ec2_load_balancer_role",
            "aws_instance.masters",
            "aws_instance.workers",
            "aws_key_pair.vockeyprod",
            "aws_security_group.admin_ssh_production",
            "tls_private_key.vockeyprod"
          ]
        },
        {
          "index_key": 2,
          "schema_version": 0,
          "attributes": {
            "arn": "arn:aws:ec2:us-east-1:585768148089:volume/vol-0d9ccec0e9c8af6a3",
            "availability_zone": "us-east-1f",
            "create_time": "2025-05-19T11:25:08Z",
            "encrypted": false,
            "final_snapshot": false,
            "id": "vol-0d9ccec0e9c8af6a3",
            "iops": 195,
            "kms_key_id": "",
            "multi_attach_enabled": false,
            "outpost_arn": "",
            "size": 65,
            "snapshot_id": "",
            "tags": null,
            "tags_all": {},
            "throughput": 0,
            "timeouts": null,
            "type": "gp2"
          },
          "sensitive_attributes": [],
          "private": "eyJlMmJmYjczMC1lY2FhLTExZTYtOGY4OC0zNDM2M2JjN2M0YzAiOnsiY3JlYXRlIjozMDAwMDAwMDAwMDAsImRlbGV0ZSI6NjAwMDAwMDAwMDAwLCJ1cGRhdGUiOjMwMDAwMDAwMDAwMH19",
          "dependencies": [
            "aws_iam_instance_profile.ec2_lb_instance_profile",
            "aws_iam_role.ec2_load_balancer_role",
            "aws_instance.masters",
            "aws_instance.workers",
            "aws_key_pair.vockeyprod",
            "aws_security_group.admin_ssh_production",
            "tls_private_key.vockeyprod"
          ]
        },
        {
          "index_key": 3,
          "schema_version": 0,
          "attributes": {
            "arn": "arn:aws:ec2:us-east-1:585768148089:volume/vol-09c9dd68e6b9ebc62",
            "availability_zone": "us-east-1f",
            "create_time": "2025-05-19T11:25:08Z",
            "encrypted": false,
            "final_snapshot": false,
            "id": "vol-09c9dd68e6b9ebc62",
            "iops": 195,
            "kms_key_id": "",
            "multi_attach_enabled": false,
            "outpost_arn": "",
            "size": 65,
            "snapshot_id": "",
            "tags": null,
            "tags_all": {},
            "throughput": 0,
            "timeouts": null,
            "type": "gp2"
          },
          "sensitive_attributes": [],
          "private": "eyJlMmJmYjczMC1lY2FhLTExZTYtOGY4OC0zNDM2M2JjN2M0YzAiOnsiY3JlYXRlIjozMDAwMDAwMDAwMDAsImRlbGV0ZSI6NjAwMDAwMDAwMDAwLCJ1cGRhdGUiOjMwMDAwMDAwMDAwMH19",
          "dependencies": [
            "aws_iam_instance_profile.ec2_lb_instance_profile",
            "aws_iam_role.ec2_load_balancer_role",
            "aws_instance.masters",
            "aws_instance.workers",
            "aws_key_pair.vockeyprod",
            "aws_security_group.admin_ssh_production",
            "tls_private_key.vockeyprod"
          ]
        },
        {
          "index_key": 4,
          "schema_version": 0,
          "attributes": {
            "arn": "arn:aws:ec2:us-east-1:585768148089:volume/vol-0fae828c3e5753fac",
            "availability_zone": "us-east-1f",
            "create_time": "2025-05-19T11:25:08Z",
            "encrypted": false,
            "final_snapshot": false,
            "id": "vol-0fae828c3e5753fac",
            "iops": 195,
            "kms_key_id": "",
            "multi_attach_enabled": false,
            "outpost_arn": "",
            "size": 65,
            "snapshot_id": "",
            "tags": null,
            "tags_all": {},
            "throughput": 0,
            "timeouts": null,
            "type": "gp2"
          },
          "sensitive_attributes": [],
          "private": "eyJlMmJmYjczMC1lY2FhLTExZTYtOGY4OC0zNDM2M2JjN2M0YzAiOnsiY3JlYXRlIjozMDAwMDAwMDAwMDAsImRlbGV0ZSI6NjAwMDAwMDAwMDAwLCJ1cGRhdGUiOjMwMDAwMDAwMDAwMH19",
          "dependencies": [
            "aws_iam_instance_profile.ec2_lb_instance_profile",
            "aws_iam_role.ec2_load_balancer_role",
            "aws_instance.masters",
            "aws_instance.workers",
            "aws_key_pair.vockeyprod",
            "aws_security_group.admin_ssh_production",
            "tls_private_key.vockeyprod"
          ]
        }
      ]
    },
    {
      "mode": "managed",
      "type": "aws_ebs_volume",
      "name": "apotheose_volume_cstor",
      "provider": "provider[\"registry.terraform.io/hashicorp/aws\"]",
      "instances": [
        {
          "index_key": 0,
          "schema_version": 0,
          "attributes": {
            "arn": "arn:aws:ec2:us-east-1:585768148089:volume/vol-0a7c583edbdf46126",
            "availability_zone": "us-east-1f",
            "create_time": "2025-05-19T11:25:07Z",
            "encrypted": false,
            "final_snapshot": false,
            "id": "vol-0a7c583edbdf46126",
            "iops": 180,
            "kms_key_id": "",
            "multi_attach_enabled": false,
            "outpost_arn": "",
            "size": 60,
            "snapshot_id": "",
            "tags": null,
            "tags_all": {},
            "throughput": 0,
            "timeouts": null,
            "type": "gp2"
          },
          "sensitive_attributes": [],
          "private": "eyJlMmJmYjczMC1lY2FhLTExZTYtOGY4OC0zNDM2M2JjN2M0YzAiOnsiY3JlYXRlIjozMDAwMDAwMDAwMDAsImRlbGV0ZSI6NjAwMDAwMDAwMDAwLCJ1cGRhdGUiOjMwMDAwMDAwMDAwMH19",
          "dependencies": [
            "aws_iam_instance_profile.ec2_lb_instance_profile",
            "aws_iam_role.ec2_load_balancer_role",
            "aws_instance.workers",
            "aws_key_pair.vockeyprod",
            "aws_security_group.admin_ssh_production",
            "tls_private_key.vockeyprod"
          ]
        },
        {
          "index_key": 1,
          "schema_version": 0,
          "attributes": {
            "arn": "arn:aws:ec2:us-east-1:585768148089:volume/vol-00e5dca72ebf718f9",
            "availability_zone": "us-east-1f",
            "create_time": "2025-05-19T11:25:07Z",
            "encrypted": false,
            "final_snapshot": false,
            "id": "vol-00e5dca72ebf718f9",
            "iops": 180,
            "kms_key_id": "",
            "multi_attach_enabled": false,
            "outpost_arn": "",
            "size": 60,
            "snapshot_id": "",
            "tags": null,
            "tags_all": {},
            "throughput": 0,
            "timeouts": null,
            "type": "gp2"
          },
          "sensitive_attributes": [],
          "private": "eyJlMmJmYjczMC1lY2FhLTExZTYtOGY4OC0zNDM2M2JjN2M0YzAiOnsiY3JlYXRlIjozMDAwMDAwMDAwMDAsImRlbGV0ZSI6NjAwMDAwMDAwMDAwLCJ1cGRhdGUiOjMwMDAwMDAwMDAwMH19",
          "dependencies": [
            "aws_iam_instance_profile.ec2_lb_instance_profile",
            "aws_iam_role.ec2_load_balancer_role",
            "aws_instance.workers",
            "aws_key_pair.vockeyprod",
            "aws_security_group.admin_ssh_production",
            "tls_private_key.vockeyprod"
          ]
        }
      ]
    },
    {
      "mode": "managed",
      "type": "aws_ec2_tag",
      "name": "subnet_tag_cluster",
      "provider": "provider[\"registry.terraform.io/hashicorp/aws\"]",
      "instances": [
        {
          "schema_version": 0,
          "attributes": {
            "id": "subnet-07ef8d731542349d5,kubernetes.io/cluster/apotheose",
            "key": "kubernetes.io/cluster/apotheose",
            "resource_id": "subnet-07ef8d731542349d5",
            "value": "owned"
          },
          "sensitive_attributes": [],
          "private": "bnVsbA=="
        }
      ]
    },
    {
      "mode": "managed",
      "type": "aws_ec2_tag",
      "name": "subnet_tag_elb",
      "provider": "provider[\"registry.terraform.io/hashicorp/aws\"]",
      "instances": [
        {
          "schema_version": 0,
          "attributes": {
            "id": "subnet-07ef8d731542349d5,kubernetes.io/role/elb",
            "key": "kubernetes.io/role/elb",
            "resource_id": "subnet-07ef8d731542349d5",
            "value": "1"
          },
          "sensitive_attributes": [],
          "private": "bnVsbA=="
        }
      ]
    },
    {
      "mode": "managed",
      "type": "aws_eip",
      "name": "traefik_eip",
      "provider": "provider[\"registry.terraform.io/hashicorp/aws\"]",
      "instances": [
        {
          "schema_version": 0,
          "attributes": {
            "address": null,
            "allocation_id": "eipalloc-0d4471a681825b524",
            "arn": "arn:aws:ec2:us-east-1:585768148089:elastic-ip/eipalloc-0d4471a681825b524",
            "associate_with_private_ip": null,
            "association_id": "",
            "carrier_ip": "",
            "customer_owned_ip": "",
            "customer_owned_ipv4_pool": "",
            "domain": "vpc",
            "id": "eipalloc-0d4471a681825b524",
            "instance": "",
            "ipam_pool_id": null,
            "network_border_group": "us-east-1",
            "network_interface": "",
            "private_dns": null,
            "private_ip": "",
            "ptr_record": "",
            "public_dns": "ec2-52-86-244-13.compute-1.amazonaws.com",
            "public_ip": "52.86.244.13",
            "public_ipv4_pool": "amazon",
            "tags": {
              "Name": "traefik-lb-eip"
            },
            "tags_all": {
              "Name": "traefik-lb-eip"
            },
            "timeouts": null,
            "vpc": true
          },
          "sensitive_attributes": [],
          "private": "eyJlMmJmYjczMC1lY2FhLTExZTYtOGY4OC0zNDM2M2JjN2M0YzAiOnsiZGVsZXRlIjoxODAwMDAwMDAwMDAsInJlYWQiOjkwMDAwMDAwMDAwMCwidXBkYXRlIjozMDAwMDAwMDAwMDB9fQ=="
        }
      ]
    },
    {
      "mode": "managed",
      "type": "aws_iam_instance_profile",
      "name": "ec2_lb_instance_profile",
      "provider": "provider[\"registry.terraform.io/hashicorp/aws\"]",
      "instances": [
        {
          "schema_version": 0,
          "attributes": {
            "arn": "arn:aws:iam::585768148089:instance-profile/EC2LoadBalancerInstanceProfile",
            "create_date": "2025-05-19T11:24:47Z",
            "id": "EC2LoadBalancerInstanceProfile",
            "name": "EC2LoadBalancerInstanceProfile",
            "name_prefix": "",
            "path": "/",
            "role": "EC2LoadBalancerRole",
            "tags": null,
            "tags_all": {},
            "unique_id": "AIPAYQYUATR4ZQQWIKBCK"
          },
          "sensitive_attributes": [],
          "private": "bnVsbA==",
          "dependencies": [
            "aws_iam_role.ec2_load_balancer_role"
          ],
          "create_before_destroy": true
        }
      ]
    },
    {
      "mode": "managed",
      "type": "aws_iam_policy",
      "name": "ec2_elb_custom_policy",
      "provider": "provider[\"registry.terraform.io/hashicorp/aws\"]",
      "instances": [
        {
          "schema_version": 0,
          "attributes": {
            "arn": "arn:aws:iam::585768148089:policy/EC2ELBAccessPolicy",
            "attachment_count": 0,
            "description": "Custom policy to manage ELB and related resources",
            "id": "arn:aws:iam::585768148089:policy/EC2ELBAccessPolicy",
            "name": "EC2ELBAccessPolicy",
            "name_prefix": "",
            "path": "/",
            "policy": "{\"Statement\":[{\"Action\":[\"ec2:AllocateAddress\",\"ec2:AssociateAddress\",\"ec2:DisassociateAddress\",\"ec2:ReleaseAddress\"],\"Effect\":\"Allow\",\"Resource\":\"*\"},{\"Action\":[\"ec2:AuthorizeSecurityGroupIngress\",\"ec2:RevokeSecurityGroupIngress\",\"ec2:CreateSecurityGroup\",\"ec2:DeleteSecurityGroup\",\"ec2:Describe*\"],\"Effect\":\"Allow\",\"Resource\":\"*\"},{\"Action\":\"elasticloadbalancing:*\",\"Effect\":\"Allow\",\"Resource\":\"*\"},{\"Action\":[\"ec2:DescribeAccountAttributes\",\"ec2:DescribeAddresses\",\"ec2:DescribeInternetGateways\",\"ec2:DescribeSecurityGroups\",\"ec2:DescribeSubnets\",\"ec2:DescribeVpcs\",\"ec2:DescribeVpcClassicLink\",\"ec2:DescribeInstances\",\"ec2:DescribeNetworkInterfaces\",\"ec2:DescribeClassicLinkInstances\",\"ec2:DescribeRouteTables\",\"ec2:DescribeCoipPools\",\"ec2:GetCoipPoolUsage\",\"ec2:GetSecurityGroupsForVpc\",\"ec2:DescribeVpcPeeringConnections\",\"cognito-idp:DescribeUserPoolClient\"],\"Effect\":\"Allow\",\"Resource\":\"*\"},{\"Action\":\"iam:CreateServiceLinkedRole\",\"Condition\":{\"StringEquals\":{\"iam:AWSServiceName\":\"elasticloadbalancing.amazonaws.com\"}},\"Effect\":\"Allow\",\"Resource\":\"*\"},{\"Action\":\"arc-zonal-shift:*\",\"Effect\":\"Allow\",\"Resource\":\"arn:aws:elasticloadbalancing:*:*:loadbalancer/*\"},{\"Action\":[\"arc-zonal-shift:ListManagedResources\",\"arc-zonal-shift:ListZonalShifts\"],\"Effect\":\"Allow\",\"Resource\":\"*\"}],\"Version\":\"2012-10-17\"}",
            "policy_id": "ANPAYQYUATR43IOEJHAWG",
            "tags": null,
            "tags_all": {}
          },
          "sensitive_attributes": [],
          "private": "bnVsbA=="
        }
      ]
    },
    {
      "mode": "managed",
      "type": "aws_iam_role",
      "name": "ec2_load_balancer_role",
      "provider": "provider[\"registry.terraform.io/hashicorp/aws\"]",
      "instances": [
        {
          "schema_version": 0,
          "attributes": {
            "arn": "arn:aws:iam::585768148089:role/EC2LoadBalancerRole",
            "assume_role_policy": "{\"Statement\":[{\"Action\":\"sts:AssumeRole\",\"Effect\":\"Allow\",\"Principal\":{\"Service\":\"ec2.amazonaws.com\"}}],\"Version\":\"2012-10-17\"}",
            "create_date": "2025-05-19T11:24:47Z",
            "description": "",
            "force_detach_policies": false,
            "id": "EC2LoadBalancerRole",
            "inline_policy": [],
            "managed_policy_arns": [],
            "max_session_duration": 3600,
            "name": "EC2LoadBalancerRole",
            "name_prefix": "",
            "path": "/",
            "permissions_boundary": "",
            "tags": null,
            "tags_all": {},
            "unique_id": "AROAYQYUATR43XBMQ636E"
          },
          "sensitive_attributes": [],
          "private": "bnVsbA==",
          "create_before_destroy": true
        }
      ]
    },
    {
      "mode": "managed",
      "type": "aws_iam_role_policy_attachment",
      "name": "attach_custom_elb_policy",
      "provider": "provider[\"registry.terraform.io/hashicorp/aws\"]",
      "instances": [
        {
          "schema_version": 0,
          "attributes": {
            "id": "EC2LoadBalancerRole-20250519112447852100000001",
            "policy_arn": "arn:aws:iam::585768148089:policy/EC2ELBAccessPolicy",
            "role": "EC2LoadBalancerRole"
          },
          "sensitive_attributes": [],
          "private": "bnVsbA==",
          "dependencies": [
            "aws_iam_policy.ec2_elb_custom_policy",
            "aws_iam_role.ec2_load_balancer_role"
          ]
        }
      ]
    },
    {
      "mode": "managed",
      "type": "aws_instance",
      "name": "masters",
      "provider": "provider[\"registry.terraform.io/hashicorp/aws\"]",
      "instances": [
        {
          "index_key": 0,
          "schema_version": 1,
          "attributes": {
            "ami": "ami-04b4f1a9cf54c11d0",
            "arn": "arn:aws:ec2:us-east-1:585768148089:instance/i-066a406ad42af64f3",
            "associate_public_ip_address": true,
            "availability_zone": "us-east-1f",
            "capacity_reservation_specification": [
              {
                "capacity_reservation_preference": "open",
                "capacity_reservation_target": []
              }
            ],
            "cpu_core_count": 4,
            "cpu_options": [
              {
                "amd_sev_snp": "",
                "core_count": 4,
                "threads_per_core": 2
              }
            ],
            "cpu_threads_per_core": 2,
            "credit_specification": [
              {
                "cpu_credits": "unlimited"
              }
            ],
            "disable_api_stop": false,
            "disable_api_termination": false,
            "ebs_block_device": [],
            "ebs_optimized": false,
            "enable_primary_ipv6": null,
            "enclave_options": [
              {
                "enabled": false
              }
            ],
            "ephemeral_block_device": [],
            "get_password_data": false,
            "hibernation": false,
            "host_id": "",
            "host_resource_group_arn": null,
            "iam_instance_profile": "EC2LoadBalancerInstanceProfile",
            "id": "i-066a406ad42af64f3",
            "instance_initiated_shutdown_behavior": "stop",
            "instance_lifecycle": "",
            "instance_market_options": [],
            "instance_state": "running",
            "instance_type": "t3a.2xlarge",
            "ipv6_address_count": 0,
            "ipv6_addresses": [],
            "key_name": "vockeyprod",
            "launch_template": [],
            "maintenance_options": [
              {
                "auto_recovery": "default"
              }
            ],
            "metadata_options": [
              {
                "http_endpoint": "enabled",
                "http_protocol_ipv6": "disabled",
                "http_put_response_hop_limit": 2,
                "http_tokens": "required",
                "instance_metadata_tags": "disabled"
              }
            ],
            "monitoring": false,
            "network_interface": [],
            "outpost_arn": "",
            "password_data": "",
            "placement_group": "",
            "placement_partition_number": 0,
            "primary_network_interface_id": "eni-056be0303f4d5bc24",
            "private_dns": "ip-172-31-75-254.ec2.internal",
            "private_dns_name_options": [
              {
                "enable_resource_name_dns_a_record": false,
                "enable_resource_name_dns_aaaa_record": false,
                "hostname_type": "ip-name"
              }
            ],
            "private_ip": "172.31.75.254",
            "public_dns": "ec2-44-192-93-45.compute-1.amazonaws.com",
            "public_ip": "44.192.93.45",
            "root_block_device": [
              {
                "delete_on_termination": true,
                "device_name": "/dev/sda1",
                "encrypted": false,
                "iops": 3000,
                "kms_key_id": "",
                "tags": {},
                "tags_all": {},
                "throughput": 125,
                "volume_id": "vol-0e06a0bbfe821763e",
                "volume_size": 8,
                "volume_type": "gp3"
              }
            ],
            "secondary_private_ips": [],
            "security_groups": [
              "admin_ssh_production"
            ],
            "source_dest_check": false,
            "spot_instance_request_id": "",
            "subnet_id": "subnet-07ef8d731542349d5",
            "tags": {
              "Name": "master1",
              "k8s.io/role/node": "master",
              "kubernetes.io/cluster/apotheose-cluster": "owned",
              "topology.kubernetes.io/region": "us-east-1",
              "topology.kubernetes.io/zone": "us-east-1f"
            },
            "tags_all": {
              "Name": "master1",
              "k8s.io/role/node": "master",
              "kubernetes.io/cluster/apotheose-cluster": "owned",
              "topology.kubernetes.io/region": "us-east-1",
              "topology.kubernetes.io/zone": "us-east-1f"
            },
            "tenancy": "default",
            "timeouts": null,
            "user_data": null,
            "user_data_base64": null,
            "user_data_replace_on_change": false,
            "volume_tags": null,
            "vpc_security_group_ids": [
              "sg-00c9b9795a47a9bb2"
            ]
          },
          "sensitive_attributes": [],
          "private": "eyJlMmJmYjczMC1lY2FhLTExZTYtOGY4OC0zNDM2M2JjN2M0YzAiOnsiY3JlYXRlIjo2MDAwMDAwMDAwMDAsImRlbGV0ZSI6MTIwMDAwMDAwMDAwMCwicmVhZCI6OTAwMDAwMDAwMDAwLCJ1cGRhdGUiOjYwMDAwMDAwMDAwMH0sInNjaGVtYV92ZXJzaW9uIjoiMSJ9",
          "dependencies": [
            "aws_iam_instance_profile.ec2_lb_instance_profile",
            "aws_iam_role.ec2_load_balancer_role",
            "aws_key_pair.vockeyprod",
            "aws_security_group.admin_ssh_production",
            "tls_private_key.vockeyprod"
          ],
          "create_before_destroy": true
        },
        {
          "index_key": 1,
          "schema_version": 1,
          "attributes": {
            "ami": "ami-04b4f1a9cf54c11d0",
            "arn": "arn:aws:ec2:us-east-1:585768148089:instance/i-0eeac353935280b1a",
            "associate_public_ip_address": true,
            "availability_zone": "us-east-1f",
            "capacity_reservation_specification": [
              {
                "capacity_reservation_preference": "open",
                "capacity_reservation_target": []
              }
            ],
            "cpu_core_count": 4,
            "cpu_options": [
              {
                "amd_sev_snp": "",
                "core_count": 4,
                "threads_per_core": 2
              }
            ],
            "cpu_threads_per_core": 2,
            "credit_specification": [
              {
                "cpu_credits": "unlimited"
              }
            ],
            "disable_api_stop": false,
            "disable_api_termination": false,
            "ebs_block_device": [],
            "ebs_optimized": false,
            "enable_primary_ipv6": null,
            "enclave_options": [
              {
                "enabled": false
              }
            ],
            "ephemeral_block_device": [],
            "get_password_data": false,
            "hibernation": false,
            "host_id": "",
            "host_resource_group_arn": null,
            "iam_instance_profile": "EC2LoadBalancerInstanceProfile",
            "id": "i-0eeac353935280b1a",
            "instance_initiated_shutdown_behavior": "stop",
            "instance_lifecycle": "",
            "instance_market_options": [],
            "instance_state": "running",
            "instance_type": "t3a.2xlarge",
            "ipv6_address_count": 0,
            "ipv6_addresses": [],
            "key_name": "vockeyprod",
            "launch_template": [],
            "maintenance_options": [
              {
                "auto_recovery": "default"
              }
            ],
            "metadata_options": [
              {
                "http_endpoint": "enabled",
                "http_protocol_ipv6": "disabled",
                "http_put_response_hop_limit": 2,
                "http_tokens": "required",
                "instance_metadata_tags": "disabled"
              }
            ],
            "monitoring": false,
            "network_interface": [],
            "outpost_arn": "",
            "password_data": "",
            "placement_group": "",
            "placement_partition_number": 0,
            "primary_network_interface_id": "eni-0b2d9584bb2bf2e93",
            "private_dns": "ip-172-31-68-119.ec2.internal",
            "private_dns_name_options": [
              {
                "enable_resource_name_dns_a_record": false,
                "enable_resource_name_dns_aaaa_record": false,
                "hostname_type": "ip-name"
              }
            ],
            "private_ip": "172.31.68.119",
            "public_dns": "ec2-44-201-94-20.compute-1.amazonaws.com",
            "public_ip": "44.201.94.20",
            "root_block_device": [
              {
                "delete_on_termination": true,
                "device_name": "/dev/sda1",
                "encrypted": false,
                "iops": 3000,
                "kms_key_id": "",
                "tags": {},
                "tags_all": {},
                "throughput": 125,
                "volume_id": "vol-0bb1a62050c24b647",
                "volume_size": 8,
                "volume_type": "gp3"
              }
            ],
            "secondary_private_ips": [],
            "security_groups": [
              "admin_ssh_production"
            ],
            "source_dest_check": false,
            "spot_instance_request_id": "",
            "subnet_id": "subnet-07ef8d731542349d5",
            "tags": {
              "Name": "master2",
              "k8s.io/role/node": "master",
              "kubernetes.io/cluster/apotheose-cluster": "owned",
              "topology.kubernetes.io/region": "us-east-1",
              "topology.kubernetes.io/zone": "us-east-1f"
            },
            "tags_all": {
              "Name": "master2",
              "k8s.io/role/node": "master",
              "kubernetes.io/cluster/apotheose-cluster": "owned",
              "topology.kubernetes.io/region": "us-east-1",
              "topology.kubernetes.io/zone": "us-east-1f"
            },
            "tenancy": "default",
            "timeouts": null,
            "user_data": null,
            "user_data_base64": null,
            "user_data_replace_on_change": false,
            "volume_tags": null,
            "vpc_security_group_ids": [
              "sg-00c9b9795a47a9bb2"
            ]
          },
          "sensitive_attributes": [],
          "private": "eyJlMmJmYjczMC1lY2FhLTExZTYtOGY4OC0zNDM2M2JjN2M0YzAiOnsiY3JlYXRlIjo2MDAwMDAwMDAwMDAsImRlbGV0ZSI6MTIwMDAwMDAwMDAwMCwicmVhZCI6OTAwMDAwMDAwMDAwLCJ1cGRhdGUiOjYwMDAwMDAwMDAwMH0sInNjaGVtYV92ZXJzaW9uIjoiMSJ9",
          "dependencies": [
            "aws_iam_instance_profile.ec2_lb_instance_profile",
            "aws_iam_role.ec2_load_balancer_role",
            "aws_key_pair.vockeyprod",
            "aws_security_group.admin_ssh_production",
            "tls_private_key.vockeyprod"
          ],
          "create_before_destroy": true
        },
        {
          "index_key": 2,
          "schema_version": 1,
          "attributes": {
            "ami": "ami-04b4f1a9cf54c11d0",
            "arn": "arn:aws:ec2:us-east-1:585768148089:instance/i-0e8b5b8fe28273889",
            "associate_public_ip_address": true,
            "availability_zone": "us-east-1f",
            "capacity_reservation_specification": [
              {
                "capacity_reservation_preference": "open",
                "capacity_reservation_target": []
              }
            ],
            "cpu_core_count": 4,
            "cpu_options": [
              {
                "amd_sev_snp": "",
                "core_count": 4,
                "threads_per_core": 2
              }
            ],
            "cpu_threads_per_core": 2,
            "credit_specification": [
              {
                "cpu_credits": "unlimited"
              }
            ],
            "disable_api_stop": false,
            "disable_api_termination": false,
            "ebs_block_device": [],
            "ebs_optimized": false,
            "enable_primary_ipv6": null,
            "enclave_options": [
              {
                "enabled": false
              }
            ],
            "ephemeral_block_device": [],
            "get_password_data": false,
            "hibernation": false,
            "host_id": "",
            "host_resource_group_arn": null,
            "iam_instance_profile": "EC2LoadBalancerInstanceProfile",
            "id": "i-0e8b5b8fe28273889",
            "instance_initiated_shutdown_behavior": "stop",
            "instance_lifecycle": "",
            "instance_market_options": [],
            "instance_state": "running",
            "instance_type": "t3a.2xlarge",
            "ipv6_address_count": 0,
            "ipv6_addresses": [],
            "key_name": "vockeyprod",
            "launch_template": [],
            "maintenance_options": [
              {
                "auto_recovery": "default"
              }
            ],
            "metadata_options": [
              {
                "http_endpoint": "enabled",
                "http_protocol_ipv6": "disabled",
                "http_put_response_hop_limit": 2,
                "http_tokens": "required",
                "instance_metadata_tags": "disabled"
              }
            ],
            "monitoring": false,
            "network_interface": [],
            "outpost_arn": "",
            "password_data": "",
            "placement_group": "",
            "placement_partition_number": 0,
            "primary_network_interface_id": "eni-0f4ea61aedb40cd40",
            "private_dns": "ip-172-31-67-109.ec2.internal",
            "private_dns_name_options": [
              {
                "enable_resource_name_dns_a_record": false,
                "enable_resource_name_dns_aaaa_record": false,
                "hostname_type": "ip-name"
              }
            ],
            "private_ip": "172.31.67.109",
            "public_dns": "ec2-98-84-11-97.compute-1.amazonaws.com",
            "public_ip": "98.84.11.97",
            "root_block_device": [
              {
                "delete_on_termination": true,
                "device_name": "/dev/sda1",
                "encrypted": false,
                "iops": 3000,
                "kms_key_id": "",
                "tags": {},
                "tags_all": {},
                "throughput": 125,
                "volume_id": "vol-051cd9ab09ef6c958",
                "volume_size": 8,
                "volume_type": "gp3"
              }
            ],
            "secondary_private_ips": [],
            "security_groups": [
              "admin_ssh_production"
            ],
            "source_dest_check": false,
            "spot_instance_request_id": "",
            "subnet_id": "subnet-07ef8d731542349d5",
            "tags": {
              "Name": "master3",
              "k8s.io/role/node": "master",
              "kubernetes.io/cluster/apotheose-cluster": "owned",
              "topology.kubernetes.io/region": "us-east-1",
              "topology.kubernetes.io/zone": "us-east-1f"
            },
            "tags_all": {
              "Name": "master3",
              "k8s.io/role/node": "master",
              "kubernetes.io/cluster/apotheose-cluster": "owned",
              "topology.kubernetes.io/region": "us-east-1",
              "topology.kubernetes.io/zone": "us-east-1f"
            },
            "tenancy": "default",
            "timeouts": null,
            "user_data": null,
            "user_data_base64": null,
            "user_data_replace_on_change": false,
            "volume_tags": null,
            "vpc_security_group_ids": [
              "sg-00c9b9795a47a9bb2"
            ]
          },
          "sensitive_attributes": [],
          "private": "eyJlMmJmYjczMC1lY2FhLTExZTYtOGY4OC0zNDM2M2JjN2M0YzAiOnsiY3JlYXRlIjo2MDAwMDAwMDAwMDAsImRlbGV0ZSI6MTIwMDAwMDAwMDAwMCwicmVhZCI6OTAwMDAwMDAwMDAwLCJ1cGRhdGUiOjYwMDAwMDAwMDAwMH0sInNjaGVtYV92ZXJzaW9uIjoiMSJ9",
          "dependencies": [
            "aws_iam_instance_profile.ec2_lb_instance_profile",
            "aws_iam_role.ec2_load_balancer_role",
            "aws_key_pair.vockeyprod",
            "aws_security_group.admin_ssh_production",
            "tls_private_key.vockeyprod"
          ],
          "create_before_destroy": true
        }
      ]
    },
    {
      "mode": "managed",
      "type": "aws_instance",
      "name": "workers",
      "provider": "provider[\"registry.terraform.io/hashicorp/aws\"]",
      "instances": [
        {
          "index_key": 0,
          "schema_version": 1,
          "attributes": {
            "ami": "ami-04b4f1a9cf54c11d0",
            "arn": "arn:aws:ec2:us-east-1:585768148089:instance/i-02121aa5617fff2be",
            "associate_public_ip_address": true,
            "availability_zone": "us-east-1f",
            "capacity_reservation_specification": [
              {
                "capacity_reservation_preference": "open",
                "capacity_reservation_target": []
              }
            ],
            "cpu_core_count": 4,
            "cpu_options": [
              {
                "amd_sev_snp": "",
                "core_count": 4,
                "threads_per_core": 2
              }
            ],
            "cpu_threads_per_core": 2,
            "credit_specification": [
              {
                "cpu_credits": "unlimited"
              }
            ],
            "disable_api_stop": false,
            "disable_api_termination": false,
            "ebs_block_device": [],
            "ebs_optimized": false,
            "enable_primary_ipv6": null,
            "enclave_options": [
              {
                "enabled": false
              }
            ],
            "ephemeral_block_device": [],
            "get_password_data": false,
            "hibernation": false,
            "host_id": "",
            "host_resource_group_arn": null,
            "iam_instance_profile": "EC2LoadBalancerInstanceProfile",
            "id": "i-02121aa5617fff2be",
            "instance_initiated_shutdown_behavior": "stop",
            "instance_lifecycle": "",
            "instance_market_options": [],
            "instance_state": "running",
            "instance_type": "t3a.2xlarge",
            "ipv6_address_count": 0,
            "ipv6_addresses": [],
            "key_name": "vockeyprod",
            "launch_template": [],
            "maintenance_options": [
              {
                "auto_recovery": "default"
              }
            ],
            "metadata_options": [
              {
                "http_endpoint": "enabled",
                "http_protocol_ipv6": "disabled",
                "http_put_response_hop_limit": 2,
                "http_tokens": "required",
                "instance_metadata_tags": "disabled"
              }
            ],
            "monitoring": false,
            "network_interface": [],
            "outpost_arn": "",
            "password_data": "",
            "placement_group": "",
            "placement_partition_number": 0,
            "primary_network_interface_id": "eni-04a6c726a168c79f8",
            "private_dns": "ip-172-31-66-140.ec2.internal",
            "private_dns_name_options": [
              {
                "enable_resource_name_dns_a_record": false,
                "enable_resource_name_dns_aaaa_record": false,
                "hostname_type": "ip-name"
              }
            ],
            "private_ip": "172.31.66.140",
            "public_dns": "ec2-100-28-216-54.compute-1.amazonaws.com",
            "public_ip": "100.28.216.54",
            "root_block_device": [
              {
                "delete_on_termination": true,
                "device_name": "/dev/sda1",
                "encrypted": false,
                "iops": 3000,
                "kms_key_id": "",
                "tags": {},
                "tags_all": {},
                "throughput": 125,
                "volume_id": "vol-04f0d96d64a36f529",
                "volume_size": 8,
                "volume_type": "gp3"
              }
            ],
            "secondary_private_ips": [],
            "security_groups": [
              "admin_ssh_production"
            ],
            "source_dest_check": true,
            "spot_instance_request_id": "",
            "subnet_id": "subnet-07ef8d731542349d5",
            "tags": {
              "Name": "worker1",
              "k8s.io/role/node": "worker",
              "kubernetes.io/cluster/apotheose-cluster": "owned",
              "topology.kubernetes.io/region": "us-east-1",
              "topology.kubernetes.io/zone": "us-east-1f"
            },
            "tags_all": {
              "Name": "worker1",
              "k8s.io/role/node": "worker",
              "kubernetes.io/cluster/apotheose-cluster": "owned",
              "topology.kubernetes.io/region": "us-east-1",
              "topology.kubernetes.io/zone": "us-east-1f"
            },
            "tenancy": "default",
            "timeouts": null,
            "user_data": null,
            "user_data_base64": null,
            "user_data_replace_on_change": false,
            "volume_tags": null,
            "vpc_security_group_ids": [
              "sg-00c9b9795a47a9bb2"
            ]
          },
          "sensitive_attributes": [],
          "private": "eyJlMmJmYjczMC1lY2FhLTExZTYtOGY4OC0zNDM2M2JjN2M0YzAiOnsiY3JlYXRlIjo2MDAwMDAwMDAwMDAsImRlbGV0ZSI6MTIwMDAwMDAwMDAwMCwicmVhZCI6OTAwMDAwMDAwMDAwLCJ1cGRhdGUiOjYwMDAwMDAwMDAwMH0sInNjaGVtYV92ZXJzaW9uIjoiMSJ9",
          "dependencies": [
            "aws_iam_instance_profile.ec2_lb_instance_profile",
            "aws_iam_role.ec2_load_balancer_role",
            "aws_key_pair.vockeyprod",
            "aws_security_group.admin_ssh_production",
            "tls_private_key.vockeyprod"
          ],
          "create_before_destroy": true
        },
        {
          "index_key": 1,
          "schema_version": 1,
          "attributes": {
            "ami": "ami-04b4f1a9cf54c11d0",
            "arn": "arn:aws:ec2:us-east-1:585768148089:instance/i-07176fd7bd77f594b",
            "associate_public_ip_address": true,
            "availability_zone": "us-east-1f",
            "capacity_reservation_specification": [
              {
                "capacity_reservation_preference": "open",
                "capacity_reservation_target": []
              }
            ],
            "cpu_core_count": 4,
            "cpu_options": [
              {
                "amd_sev_snp": "",
                "core_count": 4,
                "threads_per_core": 2
              }
            ],
            "cpu_threads_per_core": 2,
            "credit_specification": [
              {
                "cpu_credits": "unlimited"
              }
            ],
            "disable_api_stop": false,
            "disable_api_termination": false,
            "ebs_block_device": [],
            "ebs_optimized": false,
            "enable_primary_ipv6": null,
            "enclave_options": [
              {
                "enabled": false
              }
            ],
            "ephemeral_block_device": [],
            "get_password_data": false,
            "hibernation": false,
            "host_id": "",
            "host_resource_group_arn": null,
            "iam_instance_profile": "EC2LoadBalancerInstanceProfile",
            "id": "i-07176fd7bd77f594b",
            "instance_initiated_shutdown_behavior": "stop",
            "instance_lifecycle": "",
            "instance_market_options": [],
            "instance_state": "running",
            "instance_type": "t3a.2xlarge",
            "ipv6_address_count": 0,
            "ipv6_addresses": [],
            "key_name": "vockeyprod",
            "launch_template": [],
            "maintenance_options": [
              {
                "auto_recovery": "default"
              }
            ],
            "metadata_options": [
              {
                "http_endpoint": "enabled",
                "http_protocol_ipv6": "disabled",
                "http_put_response_hop_limit": 2,
                "http_tokens": "required",
                "instance_metadata_tags": "disabled"
              }
            ],
            "monitoring": false,
            "network_interface": [],
            "outpost_arn": "",
            "password_data": "",
            "placement_group": "",
            "placement_partition_number": 0,
            "primary_network_interface_id": "eni-0fca092c8f379708c",
            "private_dns": "ip-172-31-65-141.ec2.internal",
            "private_dns_name_options": [
              {
                "enable_resource_name_dns_a_record": false,
                "enable_resource_name_dns_aaaa_record": false,
                "hostname_type": "ip-name"
              }
            ],
            "private_ip": "172.31.65.141",
            "public_dns": "ec2-3-239-7-61.compute-1.amazonaws.com",
            "public_ip": "3.239.7.61",
            "root_block_device": [
              {
                "delete_on_termination": true,
                "device_name": "/dev/sda1",
                "encrypted": false,
                "iops": 3000,
                "kms_key_id": "",
                "tags": {},
                "tags_all": {},
                "throughput": 125,
                "volume_id": "vol-0020e0f44a6152ba0",
                "volume_size": 8,
                "volume_type": "gp3"
              }
            ],
            "secondary_private_ips": [],
            "security_groups": [
              "admin_ssh_production"
            ],
            "source_dest_check": true,
            "spot_instance_request_id": "",
            "subnet_id": "subnet-07ef8d731542349d5",
            "tags": {
              "Name": "worker2",
              "k8s.io/role/node": "worker",
              "kubernetes.io/cluster/apotheose-cluster": "owned",
              "topology.kubernetes.io/region": "us-east-1",
              "topology.kubernetes.io/zone": "us-east-1f"
            },
            "tags_all": {
              "Name": "worker2",
              "k8s.io/role/node": "worker",
              "kubernetes.io/cluster/apotheose-cluster": "owned",
              "topology.kubernetes.io/region": "us-east-1",
              "topology.kubernetes.io/zone": "us-east-1f"
            },
            "tenancy": "default",
            "timeouts": null,
            "user_data": null,
            "user_data_base64": null,
            "user_data_replace_on_change": false,
            "volume_tags": null,
            "vpc_security_group_ids": [
              "sg-00c9b9795a47a9bb2"
            ]
          },
          "sensitive_attributes": [],
          "private": "eyJlMmJmYjczMC1lY2FhLTExZTYtOGY4OC0zNDM2M2JjN2M0YzAiOnsiY3JlYXRlIjo2MDAwMDAwMDAwMDAsImRlbGV0ZSI6MTIwMDAwMDAwMDAwMCwicmVhZCI6OTAwMDAwMDAwMDAwLCJ1cGRhdGUiOjYwMDAwMDAwMDAwMH0sInNjaGVtYV92ZXJzaW9uIjoiMSJ9",
          "dependencies": [
            "aws_iam_instance_profile.ec2_lb_instance_profile",
            "aws_iam_role.ec2_load_balancer_role",
            "aws_key_pair.vockeyprod",
            "aws_security_group.admin_ssh_production",
            "tls_private_key.vockeyprod"
          ],
          "create_before_destroy": true
        }
      ]
    },
    {
      "mode": "managed",
      "type": "aws_key_pair",
      "name": "vockeyprod",
      "provider": "provider[\"registry.terraform.io/hashicorp/aws\"]",
      "instances": [
        {
          "schema_version": 1,
          "attributes": {
            "arn": "arn:aws:ec2:us-east-1:585768148089:key-pair/vockeyprod",
            "fingerprint": "09:0e:f4:aa:53:a5:90:f0:b7:c1:88:13:20:a6:7e:fc",
            "id": "vockeyprod",
            "key_name": "vockeyprod",
            "key_name_prefix": "",
            "key_pair_id": "key-0bbd2af5bdbfb4e66",
            "key_type": "rsa",
            "public_key": "ssh-rsa AAAAB3NzaC1yc2EAAAADAQABAAABAQDNfkcNgTDyyxnwF63Qq4ODYI8EseV7Aya0SWgQh64GRlRjGeoHMHFDUZOAehT5NTqSAKKPeL9QgGMZtjK4AGIBwEdOWDoRYQwipHP/nqVtIntxulqBy53pVemVa6rZ+bIR2SvT/sHDp81HkSWSrgY8nAFCebxIYz2CHwqoj3rxDrybU7QeyE96i8uIzvDekpq4N4r2baE9Q6ImOtdKRNbkLZGYo2PmenaDshgiKGZQzEngFL9ifWl5gl4LlMQD1m6EaDOqY4Xsuqvgt1iYA9O0RS+I1lPOJBxUHS6udaN0mAKd9DzFCbuiFeuHAObmVEGfHvvD0qkp9uFB/U1rrraF",
            "tags": null,
            "tags_all": {}
          },
          "sensitive_attributes": [],
          "private": "eyJzY2hlbWFfdmVyc2lvbiI6IjEifQ==",
          "dependencies": [
            "tls_private_key.vockeyprod"
          ],
          "create_before_destroy": true
        }
      ]
    },
    {
      "mode": "managed",
      "type": "aws_security_group",
      "name": "admin_ssh_production",
      "provider": "provider[\"registry.terraform.io/hashicorp/aws\"]",
      "instances": [
        {
          "schema_version": 1,
          "attributes": {
            "arn": "arn:aws:ec2:us-east-1:585768148089:security-group/sg-00c9b9795a47a9bb2",
            "description": "Managed by Terraform",
            "egress": [],
            "id": "sg-00c9b9795a47a9bb2",
            "ingress": [],
            "name": "admin_ssh_production",
            "name_prefix": "",
            "owner_id": "585768148089",
            "revoke_rules_on_delete": false,
            "tags": {
              "Name": "admin_ssh_production"
            },
            "tags_all": {
              "Name": "admin_ssh_production"
            },
            "timeouts": null,
            "vpc_id": "vpc-09c4b38653df63f28"
          },
          "sensitive_attributes": [],
          "private": "eyJlMmJmYjczMC1lY2FhLTExZTYtOGY4OC0zNDM2M2JjN2M0YzAiOnsiY3JlYXRlIjo2MDAwMDAwMDAwMDAsImRlbGV0ZSI6OTAwMDAwMDAwMDAwfSwic2NoZW1hX3ZlcnNpb24iOiIxIn0=",
          "create_before_destroy": true
        }
      ]
    },
    {
      "mode": "managed",
      "type": "aws_security_group_rule",
      "name": "allow_tcp_2379",
      "provider": "provider[\"registry.terraform.io/hashicorp/aws\"]",
      "instances": [
        {
          "schema_version": 2,
          "attributes": {
            "cidr_blocks": null,
            "description": null,
            "from_port": 2379,
            "id": "sgrule-282355265",
            "ipv6_cidr_blocks": null,
            "prefix_list_ids": null,
            "protocol": "tcp",
            "security_group_id": "sg-00c9b9795a47a9bb2",
            "security_group_rule_id": "sgr-0d82af79fc0fe9e83",
            "self": false,
            "source_security_group_id": "sg-00c9b9795a47a9bb2",
            "timeouts": null,
            "to_port": 2379,
            "type": "ingress"
          },
          "sensitive_attributes": [],
          "private": "eyJlMmJmYjczMC1lY2FhLTExZTYtOGY4OC0zNDM2M2JjN2M0YzAiOnsiY3JlYXRlIjozMDAwMDAwMDAwMDB9LCJzY2hlbWFfdmVyc2lvbiI6IjIifQ==",
          "dependencies": [
            "aws_security_group.admin_ssh_production"
          ]
        }
      ]
    },
    {
      "mode": "managed",
      "type": "aws_security_group_rule",
      "name": "allow_tcp_2380",
      "provider": "provider[\"registry.terraform.io/hashicorp/aws\"]",
      "instances": [
        {
          "schema_version": 2,
          "attributes": {
            "cidr_blocks": null,
            "description": null,
            "from_port": 2380,
            "id": "sgrule-2780489",
            "ipv6_cidr_blocks": null,
            "prefix_list_ids": null,
            "protocol": "tcp",
            "security_group_id": "sg-00c9b9795a47a9bb2",
            "security_group_rule_id": "sgr-062a8adff422dae00",
            "self": false,
            "source_security_group_id": "sg-00c9b9795a47a9bb2",
            "timeouts": null,
            "to_port": 2380,
            "type": "ingress"
          },
          "sensitive_attributes": [],
          "private": "eyJlMmJmYjczMC1lY2FhLTExZTYtOGY4OC0zNDM2M2JjN2M0YzAiOnsiY3JlYXRlIjozMDAwMDAwMDAwMDB9LCJzY2hlbWFfdmVyc2lvbiI6IjIifQ==",
          "dependencies": [
            "aws_security_group.admin_ssh_production"
          ]
        }
      ]
    },
    {
      "mode": "managed",
      "type": "aws_volume_attachment",
      "name": "apotheose_volume_attachment",
      "provider": "provider[\"registry.terraform.io/hashicorp/aws\"]",
      "instances": [
        {
          "index_key": 0,
          "schema_version": 0,
          "attributes": {
            "device_name": "/dev/sdf",
            "force_detach": null,
            "id": "vai-2703567793",
            "instance_id": "i-066a406ad42af64f3",
            "skip_destroy": null,
            "stop_instance_before_detaching": null,
            "timeouts": null,
            "volume_id": "vol-0b63066de3119aa52"
          },
          "sensitive_attributes": [],
          "private": "eyJlMmJmYjczMC1lY2FhLTExZTYtOGY4OC0zNDM2M2JjN2M0YzAiOnsiY3JlYXRlIjozMDAwMDAwMDAwMDAsImRlbGV0ZSI6MzAwMDAwMDAwMDAwfX0=",
          "dependencies": [
            "aws_ebs_volume.apotheose_volume",
            "aws_iam_instance_profile.ec2_lb_instance_profile",
            "aws_iam_role.ec2_load_balancer_role",
            "aws_instance.masters",
            "aws_instance.workers",
            "aws_key_pair.vockeyprod",
            "aws_security_group.admin_ssh_production",
            "tls_private_key.vockeyprod"
          ]
        },
        {
          "index_key": 1,
          "schema_version": 0,
          "attributes": {
            "device_name": "/dev/sdf",
            "force_detach": null,
            "id": "vai-2215035260",
            "instance_id": "i-0eeac353935280b1a",
            "skip_destroy": null,
            "stop_instance_before_detaching": null,
            "timeouts": null,
            "volume_id": "vol-054f24088c38672fd"
          },
          "sensitive_attributes": [],
          "private": "eyJlMmJmYjczMC1lY2FhLTExZTYtOGY4OC0zNDM2M2JjN2M0YzAiOnsiY3JlYXRlIjozMDAwMDAwMDAwMDAsImRlbGV0ZSI6MzAwMDAwMDAwMDAwfX0=",
          "dependencies": [
            "aws_ebs_volume.apotheose_volume",
            "aws_iam_instance_profile.ec2_lb_instance_profile",
            "aws_iam_role.ec2_load_balancer_role",
            "aws_instance.masters",
            "aws_instance.workers",
            "aws_key_pair.vockeyprod",
            "aws_security_group.admin_ssh_production",
            "tls_private_key.vockeyprod"
          ]
        },
        {
          "index_key": 2,
          "schema_version": 0,
          "attributes": {
            "device_name": "/dev/sdf",
            "force_detach": null,
            "id": "vai-141910004",
            "instance_id": "i-0e8b5b8fe28273889",
            "skip_destroy": null,
            "stop_instance_before_detaching": null,
            "timeouts": null,
            "volume_id": "vol-0d9ccec0e9c8af6a3"
          },
          "sensitive_attributes": [],
          "private": "eyJlMmJmYjczMC1lY2FhLTExZTYtOGY4OC0zNDM2M2JjN2M0YzAiOnsiY3JlYXRlIjozMDAwMDAwMDAwMDAsImRlbGV0ZSI6MzAwMDAwMDAwMDAwfX0=",
          "dependencies": [
            "aws_ebs_volume.apotheose_volume",
            "aws_iam_instance_profile.ec2_lb_instance_profile",
            "aws_iam_role.ec2_load_balancer_role",
            "aws_instance.masters",
            "aws_instance.workers",
            "aws_key_pair.vockeyprod",
            "aws_security_group.admin_ssh_production",
            "tls_private_key.vockeyprod"
          ]
        },
        {
          "index_key": 3,
          "schema_version": 0,
          "attributes": {
            "device_name": "/dev/sdf",
            "force_detach": null,
            "id": "vai-3641191620",
            "instance_id": "i-02121aa5617fff2be",
            "skip_destroy": null,
            "stop_instance_before_detaching": null,
            "timeouts": null,
            "volume_id": "vol-09c9dd68e6b9ebc62"
          },
          "sensitive_attributes": [],
          "private": "eyJlMmJmYjczMC1lY2FhLTExZTYtOGY4OC0zNDM2M2JjN2M0YzAiOnsiY3JlYXRlIjozMDAwMDAwMDAwMDAsImRlbGV0ZSI6MzAwMDAwMDAwMDAwfX0=",
          "dependencies": [
            "aws_ebs_volume.apotheose_volume",
            "aws_iam_instance_profile.ec2_lb_instance_profile",
            "aws_iam_role.ec2_load_balancer_role",
            "aws_instance.masters",
            "aws_instance.workers",
            "aws_key_pair.vockeyprod",
            "aws_security_group.admin_ssh_production",
            "tls_private_key.vockeyprod"
          ]
        },
        {
          "index_key": 4,
          "schema_version": 0,
          "attributes": {
            "device_name": "/dev/sdf",
            "force_detach": null,
            "id": "vai-3253582222",
            "instance_id": "i-07176fd7bd77f594b",
            "skip_destroy": null,
            "stop_instance_before_detaching": null,
            "timeouts": null,
            "volume_id": "vol-0fae828c3e5753fac"
          },
          "sensitive_attributes": [],
          "private": "eyJlMmJmYjczMC1lY2FhLTExZTYtOGY4OC0zNDM2M2JjN2M0YzAiOnsiY3JlYXRlIjozMDAwMDAwMDAwMDAsImRlbGV0ZSI6MzAwMDAwMDAwMDAwfX0=",
          "dependencies": [
            "aws_ebs_volume.apotheose_volume",
            "aws_iam_instance_profile.ec2_lb_instance_profile",
            "aws_iam_role.ec2_load_balancer_role",
            "aws_instance.masters",
            "aws_instance.workers",
            "aws_key_pair.vockeyprod",
            "aws_security_group.admin_ssh_production",
            "tls_private_key.vockeyprod"
          ]
        }
      ]
    },
    {
      "mode": "managed",
      "type": "aws_volume_attachment",
      "name": "apotheose_volume_cstor_attachment",
      "provider": "provider[\"registry.terraform.io/hashicorp/aws\"]",
      "instances": [
        {
          "index_key": 0,
          "schema_version": 0,
          "attributes": {
            "device_name": "/dev/sdg",
            "force_detach": null,
            "id": "vai-1942620689",
            "instance_id": "i-02121aa5617fff2be",
            "skip_destroy": null,
            "stop_instance_before_detaching": null,
            "timeouts": null,
            "volume_id": "vol-0a7c583edbdf46126"
          },
          "sensitive_attributes": [],
          "private": "eyJlMmJmYjczMC1lY2FhLTExZTYtOGY4OC0zNDM2M2JjN2M0YzAiOnsiY3JlYXRlIjozMDAwMDAwMDAwMDAsImRlbGV0ZSI6MzAwMDAwMDAwMDAwfX0=",
          "dependencies": [
            "aws_ebs_volume.apotheose_volume_cstor",
            "aws_iam_instance_profile.ec2_lb_instance_profile",
            "aws_iam_role.ec2_load_balancer_role",
            "aws_instance.workers",
            "aws_key_pair.vockeyprod",
            "aws_security_group.admin_ssh_production",
            "tls_private_key.vockeyprod"
          ]
        },
        {
          "index_key": 1,
          "schema_version": 0,
          "attributes": {
            "device_name": "/dev/sdh",
            "force_detach": null,
            "id": "vai-3702730395",
            "instance_id": "i-07176fd7bd77f594b",
            "skip_destroy": null,
            "stop_instance_before_detaching": null,
            "timeouts": null,
            "volume_id": "vol-00e5dca72ebf718f9"
          },
          "sensitive_attributes": [],
          "private": "eyJlMmJmYjczMC1lY2FhLTExZTYtOGY4OC0zNDM2M2JjN2M0YzAiOnsiY3JlYXRlIjozMDAwMDAwMDAwMDAsImRlbGV0ZSI6MzAwMDAwMDAwMDAwfX0=",
          "dependencies": [
            "aws_ebs_volume.apotheose_volume_cstor",
            "aws_iam_instance_profile.ec2_lb_instance_profile",
            "aws_iam_role.ec2_load_balancer_role",
            "aws_instance.workers",
            "aws_key_pair.vockeyprod",
            "aws_security_group.admin_ssh_production",
            "tls_private_key.vockeyprod"
          ]
        }
      ]
    },
    {
      "mode": "managed",
      "type": "aws_vpc_security_group_egress_rule",
      "name": "allow_ssh_out",
      "provider": "provider[\"registry.terraform.io/hashicorp/aws\"]",
      "instances": [
        {
          "schema_version": 0,
          "attributes": {
            "arn": "arn:aws:ec2:us-east-1:585768148089:security-group-rule/sgr-091a05c747c6e253f",
            "cidr_ipv4": "0.0.0.0/0",
            "cidr_ipv6": null,
            "description": null,
            "from_port": null,
            "id": "sgr-091a05c747c6e253f",
            "ip_protocol": "-1",
            "prefix_list_id": null,
            "referenced_security_group_id": null,
            "security_group_id": "sg-00c9b9795a47a9bb2",
            "security_group_rule_id": "sgr-091a05c747c6e253f",
            "tags": null,
            "tags_all": {},
            "to_port": null
          },
          "sensitive_attributes": [],
          "dependencies": [
            "aws_security_group.admin_ssh_production"
          ]
        }
      ]
    },
    {
      "mode": "managed",
      "type": "aws_vpc_security_group_ingress_rule",
      "name": "allow_6443",
      "provider": "provider[\"registry.terraform.io/hashicorp/aws\"]",
      "instances": [
        {
          "schema_version": 0,
          "attributes": {
            "arn": "arn:aws:ec2:us-east-1:585768148089:security-group-rule/sgr-0ec6a7892cbd4be62",
            "cidr_ipv4": "176.172.132.0/24",
            "cidr_ipv6": null,
            "description": null,
            "from_port": 6443,
            "id": "sgr-0ec6a7892cbd4be62",
            "ip_protocol": "tcp",
            "prefix_list_id": null,
            "referenced_security_group_id": null,
            "security_group_id": "sg-00c9b9795a47a9bb2",
            "security_group_rule_id": "sgr-0ec6a7892cbd4be62",
            "tags": null,
            "tags_all": {},
            "to_port": 6443
          },
          "sensitive_attributes": [],
          "dependencies": [
            "aws_security_group.admin_ssh_production"
          ]
        }
      ]
    },
    {
      "mode": "managed",
      "type": "aws_vpc_security_group_ingress_rule",
      "name": "allow_http_in",
      "provider": "provider[\"registry.terraform.io/hashicorp/aws\"]",
      "instances": [
        {
          "schema_version": 0,
          "attributes": {
            "arn": "arn:aws:ec2:us-east-1:585768148089:security-group-rule/sgr-099993d3f43def7a6",
            "cidr_ipv4": "0.0.0.0/0",
            "cidr_ipv6": null,
            "description": null,
            "from_port": 80,
            "id": "sgr-099993d3f43def7a6",
            "ip_protocol": "tcp",
            "prefix_list_id": null,
            "referenced_security_group_id": null,
            "security_group_id": "sg-00c9b9795a47a9bb2",
            "security_group_rule_id": "sgr-099993d3f43def7a6",
            "tags": null,
            "tags_all": {},
            "to_port": 80
          },
          "sensitive_attributes": [],
          "dependencies": [
            "aws_security_group.admin_ssh_production"
          ]
        }
      ]
    },
    {
      "mode": "managed",
      "type": "aws_vpc_security_group_ingress_rule",
      "name": "allow_https_in",
      "provider": "provider[\"registry.terraform.io/hashicorp/aws\"]",
      "instances": [
        {
          "schema_version": 0,
          "attributes": {
            "arn": "arn:aws:ec2:us-east-1:585768148089:security-group-rule/sgr-0b90c3a4b60dcc794",
            "cidr_ipv4": "0.0.0.0/0",
            "cidr_ipv6": null,
            "description": null,
            "from_port": 443,
            "id": "sgr-0b90c3a4b60dcc794",
            "ip_protocol": "tcp",
            "prefix_list_id": null,
            "referenced_security_group_id": null,
            "security_group_id": "sg-00c9b9795a47a9bb2",
            "security_group_rule_id": "sgr-0b90c3a4b60dcc794",
            "tags": null,
            "tags_all": {},
            "to_port": 443
          },
          "sensitive_attributes": [],
          "dependencies": [
            "aws_security_group.admin_ssh_production"
          ]
        }
      ]
    },
    {
      "mode": "managed",
      "type": "aws_vpc_security_group_ingress_rule",
      "name": "allow_port_10250",
      "provider": "provider[\"registry.terraform.io/hashicorp/aws\"]",
      "instances": [
        {
          "schema_version": 0,
          "attributes": {
            "arn": "arn:aws:ec2:us-east-1:585768148089:security-group-rule/sgr-0f2c70e36d0c47799",
            "cidr_ipv4": "172.31.0.0/16",
            "cidr_ipv6": null,
            "description": null,
            "from_port": 10250,
            "id": "sgr-0f2c70e36d0c47799",
            "ip_protocol": "tcp",
            "prefix_list_id": null,
            "referenced_security_group_id": null,
            "security_group_id": "sg-00c9b9795a47a9bb2",
            "security_group_rule_id": "sgr-0f2c70e36d0c47799",
            "tags": null,
            "tags_all": {},
            "to_port": 10250
          },
          "sensitive_attributes": [],
          "dependencies": [
            "aws_security_group.admin_ssh_production"
          ]
        }
      ]
    },
    {
      "mode": "managed",
      "type": "aws_vpc_security_group_ingress_rule",
      "name": "allow_port_1194",
      "provider": "provider[\"registry.terraform.io/hashicorp/aws\"]",
      "instances": [
        {
          "schema_version": 0,
          "attributes": {
            "arn": "arn:aws:ec2:us-east-1:585768148089:security-group-rule/sgr-01563abf82101fb11",
            "cidr_ipv4": "176.172.132.0/24",
            "cidr_ipv6": null,
            "description": null,
            "from_port": 1194,
            "id": "sgr-01563abf82101fb11",
            "ip_protocol": "udp",
            "prefix_list_id": null,
            "referenced_security_group_id": null,
            "security_group_id": "sg-00c9b9795a47a9bb2",
            "security_group_rule_id": "sgr-01563abf82101fb11",
            "tags": null,
            "tags_all": {},
            "to_port": 1194
          },
          "sensitive_attributes": [],
          "dependencies": [
            "aws_security_group.admin_ssh_production"
          ]
        }
      ]
    },
    {
      "mode": "managed",
      "type": "aws_vpc_security_group_ingress_rule",
      "name": "allow_port_6443",
      "provider": "provider[\"registry.terraform.io/hashicorp/aws\"]",
      "instances": [
        {
          "schema_version": 0,
          "attributes": {
            "arn": "arn:aws:ec2:us-east-1:585768148089:security-group-rule/sgr-039ee49f0cea70a19",
            "cidr_ipv4": "172.31.0.0/16",
            "cidr_ipv6": null,
            "description": null,
            "from_port": 6443,
            "id": "sgr-039ee49f0cea70a19",
            "ip_protocol": "tcp",
            "prefix_list_id": null,
            "referenced_security_group_id": null,
            "security_group_id": "sg-00c9b9795a47a9bb2",
            "security_group_rule_id": "sgr-039ee49f0cea70a19",
            "tags": null,
            "tags_all": {},
            "to_port": 6443
          },
          "sensitive_attributes": [],
          "dependencies": [
            "aws_security_group.admin_ssh_production"
          ]
        }
      ]
    },
    {
      "mode": "managed",
      "type": "aws_vpc_security_group_ingress_rule",
      "name": "allow_port_8080",
      "provider": "provider[\"registry.terraform.io/hashicorp/aws\"]",
      "instances": [
        {
          "schema_version": 0,
          "attributes": {
            "arn": "arn:aws:ec2:us-east-1:585768148089:security-group-rule/sgr-071cabc5643a2c097",
            "cidr_ipv4": "0.0.0.0/0",
            "cidr_ipv6": null,
            "description": null,
            "from_port": 8080,
            "id": "sgr-071cabc5643a2c097",
            "ip_protocol": "tcp",
            "prefix_list_id": null,
            "referenced_security_group_id": null,
            "security_group_id": "sg-00c9b9795a47a9bb2",
            "security_group_rule_id": "sgr-071cabc5643a2c097",
            "tags": null,
            "tags_all": {},
            "to_port": 8080
          },
          "sensitive_attributes": [],
          "dependencies": [
            "aws_security_group.admin_ssh_production"
          ]
        }
      ]
    },
    {
      "mode": "managed",
      "type": "aws_vpc_security_group_ingress_rule",
      "name": "allow_port_9345",
      "provider": "provider[\"registry.terraform.io/hashicorp/aws\"]",
      "instances": [
        {
          "schema_version": 0,
          "attributes": {
            "arn": "arn:aws:ec2:us-east-1:585768148089:security-group-rule/sgr-05336841b067206d3",
            "cidr_ipv4": "172.31.0.0/16",
            "cidr_ipv6": null,
            "description": null,
            "from_port": 9345,
            "id": "sgr-05336841b067206d3",
            "ip_protocol": "tcp",
            "prefix_list_id": null,
            "referenced_security_group_id": null,
            "security_group_id": "sg-00c9b9795a47a9bb2",
            "security_group_rule_id": "sgr-05336841b067206d3",
            "tags": null,
            "tags_all": {},
            "to_port": 9345
          },
          "sensitive_attributes": [],
          "dependencies": [
            "aws_security_group.admin_ssh_production"
          ]
        }
      ]
    },
    {
      "mode": "managed",
      "type": "aws_vpc_security_group_ingress_rule",
      "name": "allow_port_UDP",
      "provider": "provider[\"registry.terraform.io/hashicorp/aws\"]",
      "instances": [
        {
          "schema_version": 0,
          "attributes": {
            "arn": "arn:aws:ec2:us-east-1:585768148089:security-group-rule/sgr-08638f126d065ccd1",
            "cidr_ipv4": "172.31.0.0/16",
            "cidr_ipv6": null,
            "description": null,
            "from_port": 8472,
            "id": "sgr-08638f126d065ccd1",
            "ip_protocol": "udp",
            "prefix_list_id": null,
            "referenced_security_group_id": null,
            "security_group_id": "sg-00c9b9795a47a9bb2",
            "security_group_rule_id": "sgr-08638f126d065ccd1",
            "tags": null,
            "tags_all": {},
            "to_port": 8472
          },
          "sensitive_attributes": [],
          "dependencies": [
            "aws_security_group.admin_ssh_production"
          ]
        }
      ]
    },
    {
      "mode": "managed",
      "type": "aws_vpc_security_group_ingress_rule",
      "name": "allow_port_ping_kube_vip",
      "provider": "provider[\"registry.terraform.io/hashicorp/aws\"]",
      "instances": [
        {
          "schema_version": 0,
          "attributes": {
            "arn": "arn:aws:ec2:us-east-1:585768148089:security-group-rule/sgr-078d90f4e6f20c911",
            "cidr_ipv4": "172.31.0.0/16",
            "cidr_ipv6": null,
            "description": null,
            "from_port": -1,
            "id": "sgr-078d90f4e6f20c911",
            "ip_protocol": "icmp",
            "prefix_list_id": null,
            "referenced_security_group_id": null,
            "security_group_id": "sg-00c9b9795a47a9bb2",
            "security_group_rule_id": "sgr-078d90f4e6f20c911",
            "tags": null,
            "tags_all": {},
            "to_port": -1
          },
          "sensitive_attributes": [],
          "dependencies": [
            "aws_security_group.admin_ssh_production"
          ]
        }
      ]
    },
    {
      "mode": "managed",
      "type": "aws_vpc_security_group_ingress_rule",
      "name": "allow_ssh_in",
      "provider": "provider[\"registry.terraform.io/hashicorp/aws\"]",
      "instances": [
        {
          "index_key": "192.168.1.0",
          "schema_version": 0,
          "attributes": {
            "arn": "arn:aws:ec2:us-east-1:585768148089:security-group-rule/sgr-0e39d968bcd4a82ee",
            "cidr_ipv4": "192.168.1.0/24",
            "cidr_ipv6": null,
            "description": null,
            "from_port": 22,
            "id": "sgr-0e39d968bcd4a82ee",
            "ip_protocol": "tcp",
            "prefix_list_id": null,
            "referenced_security_group_id": null,
            "security_group_id": "sg-00c9b9795a47a9bb2",
            "security_group_rule_id": "sgr-0e39d968bcd4a82ee",
            "tags": null,
            "tags_all": {},
            "to_port": 22
          },
          "sensitive_attributes": [],
          "dependencies": [
            "aws_security_group.admin_ssh_production"
          ]
        },
        {
          "index_key": "77.207.199.0",
          "schema_version": 0,
          "attributes": {
            "arn": "arn:aws:ec2:us-east-1:585768148089:security-group-rule/sgr-0b15489a0361a521a",
            "cidr_ipv4": "77.207.199.0/24",
            "cidr_ipv6": null,
            "description": null,
            "from_port": 22,
            "id": "sgr-0b15489a0361a521a",
            "ip_protocol": "tcp",
            "prefix_list_id": null,
            "referenced_security_group_id": null,
            "security_group_id": "sg-00c9b9795a47a9bb2",
            "security_group_rule_id": "sgr-0b15489a0361a521a",
            "tags": null,
            "tags_all": {},
            "to_port": 22
          },
          "sensitive_attributes": [],
          "dependencies": [
            "aws_security_group.admin_ssh_production"
          ]
        }
      ]
    },
    {
      "mode": "managed",
      "type": "aws_vpc_security_group_ingress_rule",
      "name": "allow_ssh_in_myip",
      "provider": "provider[\"registry.terraform.io/hashicorp/aws\"]",
      "instances": [
        {
          "schema_version": 0,
          "attributes": {
            "arn": "arn:aws:ec2:us-east-1:585768148089:security-group-rule/sgr-02ae54c9ee255b64c",
            "cidr_ipv4": "176.172.132.0/24",
            "cidr_ipv6": null,
            "description": null,
            "from_port": 22,
            "id": "sgr-02ae54c9ee255b64c",
            "ip_protocol": "tcp",
            "prefix_list_id": null,
            "referenced_security_group_id": null,
            "security_group_id": "sg-00c9b9795a47a9bb2",
            "security_group_rule_id": "sgr-02ae54c9ee255b64c",
            "tags": null,
            "tags_all": {},
            "to_port": 22
          },
          "sensitive_attributes": [],
          "dependencies": [
            "aws_security_group.admin_ssh_production"
          ]
        }
      ]
    },
    {
      "mode": "managed",
      "type": "local_file",
      "name": "values_dynamic",
      "provider": "provider[\"registry.terraform.io/hashicorp/local\"]",
      "instances": [
        {
          "schema_version": 0,
          "attributes": {
            "content": "\"service\":\n  \"annotations\":\n    \"service.beta.kubernetes.io/aws-load-balancer-eip-allocations\": \"eipalloc-0d4471a681825b524\"\n    \"service.beta.kubernetes.io/aws-load-balancer-security-groups\": \"sg-00c9b9795a47a9bb2\"\n    \"service.beta.kubernetes.io/aws-load-balancer-subnets\": \"subnet-07ef8d731542349d5\"\n    \"service.beta.kubernetes.io/aws-load-balancer-type\": \"nlb\"\n",
            "content_base64": null,
            "content_base64sha256": "C+s03JtRUtRoAr1t+ab+SERyvASbA+L344a3U7oox6g=",
            "content_base64sha512": "4GXo+hPF5FgrvNNGr8gnUDRmfyN2MKXw7TuqwZxN07f8PCkGtPadJpzC5jy2gcTGO42I9W92wtiQxK2SX+zw2Q==",
            "content_md5": "57df757c1b18c927e43631b30c70dd7e",
            "content_sha1": "7cbcf9d8d20c7c96a96717fe7d4976e06b132dc3",
            "content_sha256": "0beb34dc9b5152d46802bd6df9a6fe484472bc049b03e2f7e386b753ba28c7a8",
            "content_sha512": "e065e8fa13c5e4582bbcd346afc8275034667f237630a5f0ed3baac19c4dd3b7fc3c2906b4f69d269cc2e63cb681c4c63b8d88f56f76c2d890c4ad925fecf0d9",
            "directory_permission": "0777",
            "file_permission": "0777",
            "filename": "./../../traefik2/values_dynamic.yaml",
            "id": "7cbcf9d8d20c7c96a96717fe7d4976e06b132dc3",
            "sensitive_content": null,
            "source": null
          },
          "sensitive_attributes": [
            [
              {
                "type": "get_attr",
                "value": "sensitive_content"
              }
            ]
          ],
          "dependencies": [
            "aws_eip.traefik_eip",
            "aws_security_group.admin_ssh_production"
          ]
        }
      ]
    },
    {
      "mode": "managed",
      "type": "local_file",
      "name": "vockeyprod_pem",
      "provider": "provider[\"registry.terraform.io/hashicorp/local\"]",
      "instances": [
        {
          "schema_version": 0,
          "attributes": {
            "content": "-----BEGIN RSA PRIVATE KEY-----\nMIIEpAIBAAKCAQEAzX5HDYEw8ssZ8Bet0KuDg2CPBLHlewMmtEloEIeuBkZUYxnq\nBzBxQ1GTgHoU+TU6kgCij3i/UIBjGbYyuABiAcBHTlg6EWEMIqRz/56lbSJ7cbpa\ngcud6VXplWuq2fmyEdkr0/7Bw6fNR5Elkq4GPJwBQnm8SGM9gh8KqI968Q68m1O0\nHshPeovLiM7w3pKauDeK9m2hPUOiJjrXSkTW5C2RmKNj5np2g7IYIihmUMxJ4BS/\nYn1peYJeC5TEA9ZuhGgzqmOF7Lqr4LdYmAPTtEUviNZTziQcVB0urnWjdJgCnfQ8\nxQm7ohXrhwDm5lRBnx77w9KpKfbhQf1Na662hQIDAQABAoIBAAIId83lM1JgbaQR\nRLT5A9biHUgfz0EFg1weEpuA3CXpWDhkYnGQkLsbxk8FGWQFzmVXZqq7638LMu/N\nyUUTK+UPvYtDsDKWOGqEIGmtBiUrePeWrzXAvMU5BmCZRucOycY6odMtHnmmSI+m\ntGDcVYKpmhGWs4tiMyxjmW7/GTZKH61MloaaqMlVBd3xjH14O8EG5OqF4h810L21\nFww4SDCMhxDBFEuSDanxZijTcpXRN6j3uqFcMO2d6yOnOVAR6TP0FfWb/3rwHjzg\n2SK8ElSaCgtq2lfzZU0xmgl44T1UuN3WaxyjeD6nF25DS0pcuCq8XyO1yOZMwlBQ\n+frInAECgYEA0JwqStbOnOF0Kk6mOkddkxO0jL1qsPCQZiXR0gyGcyC6wjRYqop0\nqihfp+FC6W4QD/b5dYXjPG5XS8k+X9Gys8DDdWNrTb0A1SAeje3bkGc9chlAPZSz\nnCMUnSktm8tEKK56v42zEB4YnE2Lba+HlXriTSZFd67Nme8nuKrBrQUCgYEA/Czb\nJgHckFTI+37uG+THk7NCQ/DWx8EeAy2k5IHCVYmuBvMoq9ZHUxHwpB9pv1jxVpSK\neFYKMMBzQulwYkOAj9yPnYx5cpDaEMq/y02b6zo/tPbkMn3sxNCoOH/dnzA2Zhyb\ns0ijjDKaagLYgyQpAkTfjeRpaz/B6O6sPscrG4ECgYBU/dspRJ1HQ3+9oO+OvPa9\n7oBX+vBWCJz8URpMVvgMPeB5MTSSvvhLP0nBr0BAtKvspTX7kMIFI/uDEAnOpjQF\nklrQH+Je+Ms3CfAI6UjUa4uYSftnW4dV7OEAKv+/ArDRVk0CcCvtPCXQwLM2zBYU\na815m0cgPOLdfZeUYFWqNQKBgQDLal+IpB3IKyxIepYV2BEJWqNMbLzEO0o7ZBlL\n3kPlff7sSj73hgzYvHLx4QkLOfLLVVzxPu5Pbx5KzkVCbpMI+PC8NLFOsfvFadcW\nZs8sCzuSfUmMVTmldW8MzE/4dgqbid4q26BZmgQnGY6PEp8l3mq6aZKD2dVQUR6O\nMVjbgQKBgQC7sINiUCnjnlW3QHJEfz4MdGLh82gYv6+r2wLgakFKiqm7FnTiI40d\nZuGf8GSaGJbX526C/2A8XGER43ZE8T6e2dCOYZZYUKM28wcwAdXUP9h+ypyNU70f\niaDKFJqmJo8ZqDKa+QYeQGPwZkgVPfui/aqu4aj4LA5WIreE+7rhuw==\n-----END RSA PRIVATE KEY-----\n",
            "content_base64": null,
            "content_base64sha256": "AsKDbeo1CK0C5GmNeucI4IsqLf8imHTSNPYc+087su0=",
            "content_base64sha512": "lZZzbp4MLv6+qs18VRvNTbmTHGttF625Ln7975eWpJEBvTyRmHktTr06c9cvMkpmu718b7xPsCmZnP+UNqSwKA==",
            "content_md5": "1e6bbaaf4fed121a0412e7132ef38b64",
            "content_sha1": "36d49e74dd4c60524362e6377e265738cb2e7325",
            "content_sha256": "02c2836dea3508ad02e4698d7ae708e08b2a2dff229874d234f61cfb4f3bb2ed",
            "content_sha512": "9596736e9e0c2efebeaacd7c551bcd4db9931c6b6d17adb92e7efdef9796a49101bd3c9198792d4ebd3a73d72f324a66bbbd7c6fbc4fb029999cff9436a4b028",
            "directory_permission": "0777",
            "file_permission": "0600",
            "filename": "./vockeyprod.pem",
            "id": "36d49e74dd4c60524362e6377e265738cb2e7325",
            "sensitive_content": null,
            "source": null
          },
          "sensitive_attributes": [
            [
              {
                "type": "get_attr",
                "value": "content"
              }
            ],
            [
              {
                "type": "get_attr",
                "value": "sensitive_content"
              }
            ]
          ],
          "dependencies": [
            "tls_private_key.vockeyprod"
          ]
        }
      ]
    },
    {
      "mode": "managed",
      "type": "null_resource",
      "name": "generate-instance-id-master1",
      "provider": "provider[\"registry.terraform.io/hashicorp/null\"]",
      "instances": [
        {
          "schema_version": 0,
          "attributes": {
            "id": "528978951672306661",
            "triggers": null
          },
          "sensitive_attributes": [],
          "dependencies": [
            "aws_iam_instance_profile.ec2_lb_instance_profile",
            "aws_iam_role.ec2_load_balancer_role",
            "aws_instance.masters",
            "aws_key_pair.vockeyprod",
            "aws_security_group.admin_ssh_production",
            "tls_private_key.vockeyprod"
          ]
        }
      ]
    },
    {
      "mode": "managed",
      "type": "null_resource",
      "name": "generate_ansible_inventory-masters",
      "provider": "provider[\"registry.terraform.io/hashicorp/null\"]",
      "instances": [
        {
          "schema_version": 0,
          "attributes": {
            "id": "4932192363513456183",
            "triggers": null
          },
          "sensitive_attributes": [],
          "dependencies": [
            "aws_iam_instance_profile.ec2_lb_instance_profile",
            "aws_iam_role.ec2_load_balancer_role",
            "aws_instance.masters",
            "aws_key_pair.vockeyprod",
            "aws_security_group.admin_ssh_production",
            "tls_private_key.vockeyprod"
          ]
        }
      ]
    },
    {
      "mode": "managed",
      "type": "null_resource",
      "name": "generate_ansible_inventory-workers",
      "provider": "provider[\"registry.terraform.io/hashicorp/null\"]",
      "instances": [
        {
          "schema_version": 0,
          "attributes": {
            "id": "9024803032455701238",
            "triggers": null
          },
          "sensitive_attributes": [],
          "dependencies": [
            "aws_iam_instance_profile.ec2_lb_instance_profile",
            "aws_iam_role.ec2_load_balancer_role",
            "aws_instance.workers",
            "aws_key_pair.vockeyprod",
            "aws_security_group.admin_ssh_production",
            "tls_private_key.vockeyprod"
          ]
        }
      ]
    },
    {
      "mode": "managed",
      "type": "null_resource",
      "name": "update_traefik_values_yaml_sg",
      "provider": "provider[\"registry.terraform.io/hashicorp/null\"]",
      "instances": [
        {
          "schema_version": 0,
          "attributes": {
            "id": "7786779871704321692",
            "triggers": null
          },
          "sensitive_attributes": [],
          "dependencies": [
            "aws_iam_instance_profile.ec2_lb_instance_profile",
            "aws_iam_role.ec2_load_balancer_role",
            "aws_instance.masters",
            "aws_key_pair.vockeyprod",
            "aws_security_group.admin_ssh_production",
            "tls_private_key.vockeyprod"
          ]
        }
      ]
    },
    {
      "mode": "managed",
      "type": "null_resource",
      "name": "update_values_yaml",
      "provider": "provider[\"registry.terraform.io/hashicorp/null\"]",
      "instances": [
        {
          "schema_version": 0,
          "attributes": {
            "id": "7650660155917899312",
            "triggers": {
              "eip_allocation_id": "eipalloc-0d4471a681825b524"
            }
          },
          "sensitive_attributes": [],
          "dependencies": [
            "aws_eip.traefik_eip"
          ]
        }
      ]
    },
    {
      "mode": "managed",
      "type": "tls_private_key",
      "name": "vockeyprod",
      "provider": "provider[\"registry.terraform.io/hashicorp/tls\"]",
      "instances": [
        {
          "schema_version": 1,
          "attributes": {
            "algorithm": "RSA",
            "ecdsa_curve": "P224",
            "id": "f33bfa4b9cb7086c3ebdfd25ffd05ce81eecbbdf",
            "private_key_openssh": "-----BEGIN OPENSSH PRIVATE KEY-----\nb3BlbnNzaC1rZXktdjEAAAAABG5vbmUAAAAEbm9uZQAAAAAAAAABAAABFwAAAAdz\nc2gtcnNhAAAAAwEAAQAAAQEAzX5HDYEw8ssZ8Bet0KuDg2CPBLHlewMmtEloEIeu\nBkZUYxnqBzBxQ1GTgHoU+TU6kgCij3i/UIBjGbYyuABiAcBHTlg6EWEMIqRz/56l\nbSJ7cbpagcud6VXplWuq2fmyEdkr0/7Bw6fNR5Elkq4GPJwBQnm8SGM9gh8KqI96\n8Q68m1O0HshPeovLiM7w3pKauDeK9m2hPUOiJjrXSkTW5C2RmKNj5np2g7IYIihm\nUMxJ4BS/Yn1peYJeC5TEA9ZuhGgzqmOF7Lqr4LdYmAPTtEUviNZTziQcVB0urnWj\ndJgCnfQ8xQm7ohXrhwDm5lRBnx77w9KpKfbhQf1Na662hQAAA7jyliNP8pYjTwAA\nAAdzc2gtcnNhAAABAQDNfkcNgTDyyxnwF63Qq4ODYI8EseV7Aya0SWgQh64GRlRj\nGeoHMHFDUZOAehT5NTqSAKKPeL9QgGMZtjK4AGIBwEdOWDoRYQwipHP/nqVtIntx\nulqBy53pVemVa6rZ+bIR2SvT/sHDp81HkSWSrgY8nAFCebxIYz2CHwqoj3rxDryb\nU7QeyE96i8uIzvDekpq4N4r2baE9Q6ImOtdKRNbkLZGYo2PmenaDshgiKGZQzEng\nFL9ifWl5gl4LlMQD1m6EaDOqY4Xsuqvgt1iYA9O0RS+I1lPOJBxUHS6udaN0mAKd\n9DzFCbuiFeuHAObmVEGfHvvD0qkp9uFB/U1rrraFAAAAAwEAAQAAAQACCHfN5TNS\nYG2kEUS0+QPW4h1IH89BBYNcHhKbgNwl6Vg4ZGJxkJC7G8ZPBRlkBc5lV2aqu+t/\nCzLvzclFEyvlD72LQ7AyljhqhCBprQYlK3j3lq81wLzFOQZgmUbnDsnGOqHTLR55\npkiPprRg3FWCqZoRlrOLYjMsY5lu/xk2Sh+tTJaGmqjJVQXd8Yx9eDvBBuTqheIf\nNdC9tRcMOEgwjIcQwRRLkg2p8WYo03KV0Teo97qhXDDtnesjpzlQEekz9BX1m/96\n8B484NkivBJUmgoLatpX82VNMZoJeOE9VLjd1msco3g+pxduQ0tKXLgqvF8jtcjm\nTMJQUPn6yJwBAAAAgQC7sINiUCnjnlW3QHJEfz4MdGLh82gYv6+r2wLgakFKiqm7\nFnTiI40dZuGf8GSaGJbX526C/2A8XGER43ZE8T6e2dCOYZZYUKM28wcwAdXUP9h+\nypyNU70fiaDKFJqmJo8ZqDKa+QYeQGPwZkgVPfui/aqu4aj4LA5WIreE+7rhuwAA\nAIEA0JwqStbOnOF0Kk6mOkddkxO0jL1qsPCQZiXR0gyGcyC6wjRYqop0qihfp+FC\n6W4QD/b5dYXjPG5XS8k+X9Gys8DDdWNrTb0A1SAeje3bkGc9chlAPZSznCMUnSkt\nm8tEKK56v42zEB4YnE2Lba+HlXriTSZFd67Nme8nuKrBrQUAAACBAPws2yYB3JBU\nyPt+7hvkx5OzQkPw1sfBHgMtpOSBwlWJrgbzKKvWR1MR8KQfab9Y8VaUinhWCjDA\nc0LpcGJDgI/cj52MeXKQ2hDKv8tNm+s6P7T25DJ97MTQqDh/3Z8wNmYcm7NIo4wy\nmmoC2IMkKQJE343kaWs/wejurD7HKxuBAAAAAAEC\n-----END OPENSSH PRIVATE KEY-----\n",
            "private_key_pem": "-----BEGIN RSA PRIVATE KEY-----\nMIIEpAIBAAKCAQEAzX5HDYEw8ssZ8Bet0KuDg2CPBLHlewMmtEloEIeuBkZUYxnq\nBzBxQ1GTgHoU+TU6kgCij3i/UIBjGbYyuABiAcBHTlg6EWEMIqRz/56lbSJ7cbpa\ngcud6VXplWuq2fmyEdkr0/7Bw6fNR5Elkq4GPJwBQnm8SGM9gh8KqI968Q68m1O0\nHshPeovLiM7w3pKauDeK9m2hPUOiJjrXSkTW5C2RmKNj5np2g7IYIihmUMxJ4BS/\nYn1peYJeC5TEA9ZuhGgzqmOF7Lqr4LdYmAPTtEUviNZTziQcVB0urnWjdJgCnfQ8\nxQm7ohXrhwDm5lRBnx77w9KpKfbhQf1Na662hQIDAQABAoIBAAIId83lM1JgbaQR\nRLT5A9biHUgfz0EFg1weEpuA3CXpWDhkYnGQkLsbxk8FGWQFzmVXZqq7638LMu/N\nyUUTK+UPvYtDsDKWOGqEIGmtBiUrePeWrzXAvMU5BmCZRucOycY6odMtHnmmSI+m\ntGDcVYKpmhGWs4tiMyxjmW7/GTZKH61MloaaqMlVBd3xjH14O8EG5OqF4h810L21\nFww4SDCMhxDBFEuSDanxZijTcpXRN6j3uqFcMO2d6yOnOVAR6TP0FfWb/3rwHjzg\n2SK8ElSaCgtq2lfzZU0xmgl44T1UuN3WaxyjeD6nF25DS0pcuCq8XyO1yOZMwlBQ\n+frInAECgYEA0JwqStbOnOF0Kk6mOkddkxO0jL1qsPCQZiXR0gyGcyC6wjRYqop0\nqihfp+FC6W4QD/b5dYXjPG5XS8k+X9Gys8DDdWNrTb0A1SAeje3bkGc9chlAPZSz\nnCMUnSktm8tEKK56v42zEB4YnE2Lba+HlXriTSZFd67Nme8nuKrBrQUCgYEA/Czb\nJgHckFTI+37uG+THk7NCQ/DWx8EeAy2k5IHCVYmuBvMoq9ZHUxHwpB9pv1jxVpSK\neFYKMMBzQulwYkOAj9yPnYx5cpDaEMq/y02b6zo/tPbkMn3sxNCoOH/dnzA2Zhyb\ns0ijjDKaagLYgyQpAkTfjeRpaz/B6O6sPscrG4ECgYBU/dspRJ1HQ3+9oO+OvPa9\n7oBX+vBWCJz8URpMVvgMPeB5MTSSvvhLP0nBr0BAtKvspTX7kMIFI/uDEAnOpjQF\nklrQH+Je+Ms3CfAI6UjUa4uYSftnW4dV7OEAKv+/ArDRVk0CcCvtPCXQwLM2zBYU\na815m0cgPOLdfZeUYFWqNQKBgQDLal+IpB3IKyxIepYV2BEJWqNMbLzEO0o7ZBlL\n3kPlff7sSj73hgzYvHLx4QkLOfLLVVzxPu5Pbx5KzkVCbpMI+PC8NLFOsfvFadcW\nZs8sCzuSfUmMVTmldW8MzE/4dgqbid4q26BZmgQnGY6PEp8l3mq6aZKD2dVQUR6O\nMVjbgQKBgQC7sINiUCnjnlW3QHJEfz4MdGLh82gYv6+r2wLgakFKiqm7FnTiI40d\nZuGf8GSaGJbX526C/2A8XGER43ZE8T6e2dCOYZZYUKM28wcwAdXUP9h+ypyNU70f\niaDKFJqmJo8ZqDKa+QYeQGPwZkgVPfui/aqu4aj4LA5WIreE+7rhuw==\n-----END RSA PRIVATE KEY-----\n",
            "private_key_pem_pkcs8": "-----BEGIN PRIVATE KEY-----\nMIIEvgIBADANBgkqhkiG9w0BAQEFAASCBKgwggSkAgEAAoIBAQDNfkcNgTDyyxnw\nF63Qq4ODYI8EseV7Aya0SWgQh64GRlRjGeoHMHFDUZOAehT5NTqSAKKPeL9QgGMZ\ntjK4AGIBwEdOWDoRYQwipHP/nqVtIntxulqBy53pVemVa6rZ+bIR2SvT/sHDp81H\nkSWSrgY8nAFCebxIYz2CHwqoj3rxDrybU7QeyE96i8uIzvDekpq4N4r2baE9Q6Im\nOtdKRNbkLZGYo2PmenaDshgiKGZQzEngFL9ifWl5gl4LlMQD1m6EaDOqY4Xsuqvg\nt1iYA9O0RS+I1lPOJBxUHS6udaN0mAKd9DzFCbuiFeuHAObmVEGfHvvD0qkp9uFB\n/U1rrraFAgMBAAECggEAAgh3zeUzUmBtpBFEtPkD1uIdSB/PQQWDXB4Sm4DcJelY\nOGRicZCQuxvGTwUZZAXOZVdmqrvrfwsy783JRRMr5Q+9i0OwMpY4aoQgaa0GJSt4\n95avNcC8xTkGYJlG5w7Jxjqh0y0eeaZIj6a0YNxVgqmaEZazi2IzLGOZbv8ZNkof\nrUyWhpqoyVUF3fGMfXg7wQbk6oXiHzXQvbUXDDhIMIyHEMEUS5INqfFmKNNyldE3\nqPe6oVww7Z3rI6c5UBHpM/QV9Zv/evAePODZIrwSVJoKC2raV/NlTTGaCXjhPVS4\n3dZrHKN4PqcXbkNLSly4KrxfI7XI5kzCUFD5+sicAQKBgQDQnCpK1s6c4XQqTqY6\nR12TE7SMvWqw8JBmJdHSDIZzILrCNFiqinSqKF+n4ULpbhAP9vl1heM8bldLyT5f\n0bKzwMN1Y2tNvQDVIB6N7duQZz1yGUA9lLOcIxSdKS2by0Qornq/jbMQHhicTYtt\nr4eVeuJNJkV3rs2Z7ye4qsGtBQKBgQD8LNsmAdyQVMj7fu4b5MeTs0JD8NbHwR4D\nLaTkgcJVia4G8yir1kdTEfCkH2m/WPFWlIp4VgowwHNC6XBiQ4CP3I+djHlykNoQ\nyr/LTZvrOj+09uQyfezE0Kg4f92fMDZmHJuzSKOMMppqAtiDJCkCRN+N5GlrP8Ho\n7qw+xysbgQKBgFT92ylEnUdDf72g74689r3ugFf68FYInPxRGkxW+Aw94HkxNJK+\n+Es/ScGvQEC0q+ylNfuQwgUj+4MQCc6mNAWSWtAf4l74yzcJ8AjpSNRri5hJ+2db\nh1Xs4QAq/78CsNFWTQJwK+08JdDAszbMFhRrzXmbRyA84t19l5RgVao1AoGBAMtq\nX4ikHcgrLEh6lhXYEQlao0xsvMQ7SjtkGUveQ+V9/uxKPveGDNi8cvHhCQs58stV\nXPE+7k9vHkrORUJukwj48Lw0sU6x+8Vp1xZmzywLO5J9SYxVOaV1bwzMT/h2CpuJ\n3irboFmaBCcZjo8SnyXearppkoPZ1VBRHo4xWNuBAoGBALuwg2JQKeOeVbdAckR/\nPgx0YuHzaBi/r6vbAuBqQUqKqbsWdOIjjR1m4Z/wZJoYltfnboL/YDxcYRHjdkTx\nPp7Z0I5hllhQozbzBzAB1dQ/2H7KnI1TvR+JoMoUmqYmjxmoMpr5Bh5AY/BmSBU9\n+6L9qq7hqPgsDlYit4T7uuG7\n-----END PRIVATE KEY-----\n",
            "public_key_fingerprint_md5": "dd:d9:d4:f9:61:f9:f2:5b:f6:d1:ed:a2:f9:a0:ee:6c",
            "public_key_fingerprint_sha256": "SHA256:Zqh07lDmy/Zq4DOX8sSmOfQQR3ZNgzgBt1uzHHbQSJU",
            "public_key_openssh": "ssh-rsa AAAAB3NzaC1yc2EAAAADAQABAAABAQDNfkcNgTDyyxnwF63Qq4ODYI8EseV7Aya0SWgQh64GRlRjGeoHMHFDUZOAehT5NTqSAKKPeL9QgGMZtjK4AGIBwEdOWDoRYQwipHP/nqVtIntxulqBy53pVemVa6rZ+bIR2SvT/sHDp81HkSWSrgY8nAFCebxIYz2CHwqoj3rxDrybU7QeyE96i8uIzvDekpq4N4r2baE9Q6ImOtdKRNbkLZGYo2PmenaDshgiKGZQzEngFL9ifWl5gl4LlMQD1m6EaDOqY4Xsuqvgt1iYA9O0RS+I1lPOJBxUHS6udaN0mAKd9DzFCbuiFeuHAObmVEGfHvvD0qkp9uFB/U1rrraF\n",
            "public_key_pem": "-----BEGIN PUBLIC KEY-----\nMIIBIjANBgkqhkiG9w0BAQEFAAOCAQ8AMIIBCgKCAQEAzX5HDYEw8ssZ8Bet0KuD\ng2CPBLHlewMmtEloEIeuBkZUYxnqBzBxQ1GTgHoU+TU6kgCij3i/UIBjGbYyuABi\nAcBHTlg6EWEMIqRz/56lbSJ7cbpagcud6VXplWuq2fmyEdkr0/7Bw6fNR5Elkq4G\nPJwBQnm8SGM9gh8KqI968Q68m1O0HshPeovLiM7w3pKauDeK9m2hPUOiJjrXSkTW\n5C2RmKNj5np2g7IYIihmUMxJ4BS/Yn1peYJeC5TEA9ZuhGgzqmOF7Lqr4LdYmAPT\ntEUviNZTziQcVB0urnWjdJgCnfQ8xQm7ohXrhwDm5lRBnx77w9KpKfbhQf1Na662\nhQIDAQAB\n-----END PUBLIC KEY-----\n",
            "rsa_bits": 2048
          },
          "sensitive_attributes": [
            [
              {
                "type": "get_attr",
                "value": "private_key_openssh"
              }
            ],
            [
              {
                "type": "get_attr",
                "value": "private_key_pem"
              }
            ],
            [
              {
                "type": "get_attr",
                "value": "private_key_pem_pkcs8"
              }
            ]
          ],
          "create_before_destroy": true
        }
      ]
    }
  ],
  "check_results": null
}
