{
  "version": 4,
  "terraform_version": "1.11.4",
  "serial": 52,
  "lineage": "95b3f66b-8707-7bd8-ab50-8abd718187d9",
  "outputs": {
    "ID_admin_ssh_production": {
      "value": "sg-0e43e6707da07815e",
      "type": "string"
    },
    "eip_allocation_id": {
      "value": "eipalloc-090d9e06d34f2f714",
      "type": "string"
    },
    "instance_info_prod_master": {
      "value": {
        "master_prod_public_ip": [
          "44.222.233.73",
          "18.232.50.101",
          "44.200.166.187"
        ]
      },
      "type": [
        "object",
        {
          "master_prod_public_ip": [
            "tuple",
            [
              "string",
              "string",
              "string"
            ]
          ]
        }
      ]
    },
    "instance_info_prod_worker": {
      "value": {
        "worker_prod_public_ip": [
          "35.172.121.238",
          "44.210.69.110"
        ]
      },
      "type": [
        "object",
        {
          "worker_prod_public_ip": [
            "tuple",
            [
              "string",
              "string"
            ]
          ]
        }
      ]
    },
    "ssh_key_name": {
      "value": "vockeyprod",
      "type": "string"
    },
    "ssh_private_key_filename": {
      "value": "./vockeyprod.pem",
      "type": "string"
    }
  },
  "resources": [
    {
      "mode": "managed",
      "type": "aws_ebs_volume",
      "name": "apotheose_volume",
      "provider": "provider[\"registry.terraform.io/hashicorp/aws\"]",
      "instances": [
        {
          "index_key": 0,
          "schema_version": 0,
          "attributes": {
            "arn": "arn:aws:ec2:us-east-1:585768148089:volume/vol-07c08d1da6100ad91",
            "availability_zone": "us-east-1f",
            "create_time": "2025-05-14T22:00:50Z",
            "encrypted": false,
            "final_snapshot": false,
            "id": "vol-07c08d1da6100ad91",
            "iops": 195,
            "kms_key_id": "",
            "multi_attach_enabled": false,
            "outpost_arn": "",
            "size": 65,
            "snapshot_id": "",
            "tags": null,
            "tags_all": {},
            "throughput": 0,
            "timeouts": null,
            "type": "gp2"
          },
          "sensitive_attributes": [],
          "private": "eyJlMmJmYjczMC1lY2FhLTExZTYtOGY4OC0zNDM2M2JjN2M0YzAiOnsiY3JlYXRlIjozMDAwMDAwMDAwMDAsImRlbGV0ZSI6NjAwMDAwMDAwMDAwLCJ1cGRhdGUiOjMwMDAwMDAwMDAwMH19",
          "dependencies": [
            "aws_iam_instance_profile.ec2_lb_instance_profile",
            "aws_iam_role.ec2_load_balancer_role",
            "aws_instance.masters",
            "aws_instance.workers",
            "aws_key_pair.vockeyprod",
            "aws_security_group.admin_ssh_production",
            "tls_private_key.vockeyprod"
          ]
        },
        {
          "index_key": 1,
          "schema_version": 0,
          "attributes": {
            "arn": "arn:aws:ec2:us-east-1:585768148089:volume/vol-041106ee345b3e131",
            "availability_zone": "us-east-1f",
            "create_time": "2025-05-14T22:00:50Z",
            "encrypted": false,
            "final_snapshot": false,
            "id": "vol-041106ee345b3e131",
            "iops": 195,
            "kms_key_id": "",
            "multi_attach_enabled": false,
            "outpost_arn": "",
            "size": 65,
            "snapshot_id": "",
            "tags": null,
            "tags_all": {},
            "throughput": 0,
            "timeouts": null,
            "type": "gp2"
          },
          "sensitive_attributes": [],
          "private": "eyJlMmJmYjczMC1lY2FhLTExZTYtOGY4OC0zNDM2M2JjN2M0YzAiOnsiY3JlYXRlIjozMDAwMDAwMDAwMDAsImRlbGV0ZSI6NjAwMDAwMDAwMDAwLCJ1cGRhdGUiOjMwMDAwMDAwMDAwMH19",
          "dependencies": [
            "aws_iam_instance_profile.ec2_lb_instance_profile",
            "aws_iam_role.ec2_load_balancer_role",
            "aws_instance.masters",
            "aws_instance.workers",
            "aws_key_pair.vockeyprod",
            "aws_security_group.admin_ssh_production",
            "tls_private_key.vockeyprod"
          ]
        },
        {
          "index_key": 2,
          "schema_version": 0,
          "attributes": {
            "arn": "arn:aws:ec2:us-east-1:585768148089:volume/vol-0fed65f0a3886fcc8",
            "availability_zone": "us-east-1f",
            "create_time": "2025-05-14T22:00:50Z",
            "encrypted": false,
            "final_snapshot": false,
            "id": "vol-0fed65f0a3886fcc8",
            "iops": 195,
            "kms_key_id": "",
            "multi_attach_enabled": false,
            "outpost_arn": "",
            "size": 65,
            "snapshot_id": "",
            "tags": null,
            "tags_all": {},
            "throughput": 0,
            "timeouts": null,
            "type": "gp2"
          },
          "sensitive_attributes": [],
          "private": "eyJlMmJmYjczMC1lY2FhLTExZTYtOGY4OC0zNDM2M2JjN2M0YzAiOnsiY3JlYXRlIjozMDAwMDAwMDAwMDAsImRlbGV0ZSI6NjAwMDAwMDAwMDAwLCJ1cGRhdGUiOjMwMDAwMDAwMDAwMH19",
          "dependencies": [
            "aws_iam_instance_profile.ec2_lb_instance_profile",
            "aws_iam_role.ec2_load_balancer_role",
            "aws_instance.masters",
            "aws_instance.workers",
            "aws_key_pair.vockeyprod",
            "aws_security_group.admin_ssh_production",
            "tls_private_key.vockeyprod"
          ]
        },
        {
          "index_key": 3,
          "schema_version": 0,
          "attributes": {
            "arn": "arn:aws:ec2:us-east-1:585768148089:volume/vol-0dac6d9933b0c6dbc",
            "availability_zone": "us-east-1f",
            "create_time": "2025-05-14T22:00:50Z",
            "encrypted": false,
            "final_snapshot": false,
            "id": "vol-0dac6d9933b0c6dbc",
            "iops": 195,
            "kms_key_id": "",
            "multi_attach_enabled": false,
            "outpost_arn": "",
            "size": 65,
            "snapshot_id": "",
            "tags": null,
            "tags_all": {},
            "throughput": 0,
            "timeouts": null,
            "type": "gp2"
          },
          "sensitive_attributes": [],
          "private": "eyJlMmJmYjczMC1lY2FhLTExZTYtOGY4OC0zNDM2M2JjN2M0YzAiOnsiY3JlYXRlIjozMDAwMDAwMDAwMDAsImRlbGV0ZSI6NjAwMDAwMDAwMDAwLCJ1cGRhdGUiOjMwMDAwMDAwMDAwMH19",
          "dependencies": [
            "aws_iam_instance_profile.ec2_lb_instance_profile",
            "aws_iam_role.ec2_load_balancer_role",
            "aws_instance.masters",
            "aws_instance.workers",
            "aws_key_pair.vockeyprod",
            "aws_security_group.admin_ssh_production",
            "tls_private_key.vockeyprod"
          ]
        },
        {
          "index_key": 4,
          "schema_version": 0,
          "attributes": {
            "arn": "arn:aws:ec2:us-east-1:585768148089:volume/vol-07bc12dc799c6e483",
            "availability_zone": "us-east-1f",
            "create_time": "2025-05-14T22:00:50Z",
            "encrypted": false,
            "final_snapshot": false,
            "id": "vol-07bc12dc799c6e483",
            "iops": 195,
            "kms_key_id": "",
            "multi_attach_enabled": false,
            "outpost_arn": "",
            "size": 65,
            "snapshot_id": "",
            "tags": null,
            "tags_all": {},
            "throughput": 0,
            "timeouts": null,
            "type": "gp2"
          },
          "sensitive_attributes": [],
          "private": "eyJlMmJmYjczMC1lY2FhLTExZTYtOGY4OC0zNDM2M2JjN2M0YzAiOnsiY3JlYXRlIjozMDAwMDAwMDAwMDAsImRlbGV0ZSI6NjAwMDAwMDAwMDAwLCJ1cGRhdGUiOjMwMDAwMDAwMDAwMH19",
          "dependencies": [
            "aws_iam_instance_profile.ec2_lb_instance_profile",
            "aws_iam_role.ec2_load_balancer_role",
            "aws_instance.masters",
            "aws_instance.workers",
            "aws_key_pair.vockeyprod",
            "aws_security_group.admin_ssh_production",
            "tls_private_key.vockeyprod"
          ]
        }
      ]
    },
    {
      "mode": "managed",
      "type": "aws_ebs_volume",
      "name": "apotheose_volume_cstor",
      "provider": "provider[\"registry.terraform.io/hashicorp/aws\"]",
      "instances": [
        {
          "index_key": 0,
          "schema_version": 0,
          "attributes": {
            "arn": "arn:aws:ec2:us-east-1:585768148089:volume/vol-0526c142f5b85f7d4",
            "availability_zone": "us-east-1f",
            "create_time": "2025-05-14T22:00:47Z",
            "encrypted": false,
            "final_snapshot": false,
            "id": "vol-0526c142f5b85f7d4",
            "iops": 180,
            "kms_key_id": "",
            "multi_attach_enabled": false,
            "outpost_arn": "",
            "size": 60,
            "snapshot_id": "",
            "tags": null,
            "tags_all": {},
            "throughput": 0,
            "timeouts": null,
            "type": "gp2"
          },
          "sensitive_attributes": [],
          "private": "eyJlMmJmYjczMC1lY2FhLTExZTYtOGY4OC0zNDM2M2JjN2M0YzAiOnsiY3JlYXRlIjozMDAwMDAwMDAwMDAsImRlbGV0ZSI6NjAwMDAwMDAwMDAwLCJ1cGRhdGUiOjMwMDAwMDAwMDAwMH19",
          "dependencies": [
            "aws_iam_instance_profile.ec2_lb_instance_profile",
            "aws_iam_role.ec2_load_balancer_role",
            "aws_instance.workers",
            "aws_key_pair.vockeyprod",
            "aws_security_group.admin_ssh_production",
            "tls_private_key.vockeyprod"
          ]
        },
        {
          "index_key": 1,
          "schema_version": 0,
          "attributes": {
            "arn": "arn:aws:ec2:us-east-1:585768148089:volume/vol-06b474526d3478f79",
            "availability_zone": "us-east-1f",
            "create_time": "2025-05-14T22:00:47Z",
            "encrypted": false,
            "final_snapshot": false,
            "id": "vol-06b474526d3478f79",
            "iops": 180,
            "kms_key_id": "",
            "multi_attach_enabled": false,
            "outpost_arn": "",
            "size": 60,
            "snapshot_id": "",
            "tags": null,
            "tags_all": {},
            "throughput": 0,
            "timeouts": null,
            "type": "gp2"
          },
          "sensitive_attributes": [],
          "private": "eyJlMmJmYjczMC1lY2FhLTExZTYtOGY4OC0zNDM2M2JjN2M0YzAiOnsiY3JlYXRlIjozMDAwMDAwMDAwMDAsImRlbGV0ZSI6NjAwMDAwMDAwMDAwLCJ1cGRhdGUiOjMwMDAwMDAwMDAwMH19",
          "dependencies": [
            "aws_iam_instance_profile.ec2_lb_instance_profile",
            "aws_iam_role.ec2_load_balancer_role",
            "aws_instance.workers",
            "aws_key_pair.vockeyprod",
            "aws_security_group.admin_ssh_production",
            "tls_private_key.vockeyprod"
          ]
        }
      ]
    },
    {
      "mode": "managed",
      "type": "aws_ec2_tag",
      "name": "subnet_tag_cluster",
      "provider": "provider[\"registry.terraform.io/hashicorp/aws\"]",
      "instances": [
        {
          "schema_version": 0,
          "attributes": {
            "id": "subnet-07ef8d731542349d5,kubernetes.io/cluster/apotheose",
            "key": "kubernetes.io/cluster/apotheose",
            "resource_id": "subnet-07ef8d731542349d5",
            "value": "owned"
          },
          "sensitive_attributes": [],
          "private": "bnVsbA=="
        }
      ]
    },
    {
      "mode": "managed",
      "type": "aws_ec2_tag",
      "name": "subnet_tag_elb",
      "provider": "provider[\"registry.terraform.io/hashicorp/aws\"]",
      "instances": [
        {
          "schema_version": 0,
          "attributes": {
            "id": "subnet-07ef8d731542349d5,kubernetes.io/role/elb",
            "key": "kubernetes.io/role/elb",
            "resource_id": "subnet-07ef8d731542349d5",
            "value": "1"
          },
          "sensitive_attributes": [],
          "private": "bnVsbA=="
        }
      ]
    },
    {
      "mode": "managed",
      "type": "aws_eip",
      "name": "traefik_eip",
      "provider": "provider[\"registry.terraform.io/hashicorp/aws\"]",
      "instances": [
        {
          "schema_version": 0,
          "attributes": {
            "address": null,
            "allocation_id": "eipalloc-090d9e06d34f2f714",
            "arn": "arn:aws:ec2:us-east-1:585768148089:elastic-ip/eipalloc-090d9e06d34f2f714",
            "associate_with_private_ip": null,
            "association_id": "",
            "carrier_ip": "",
            "customer_owned_ip": "",
            "customer_owned_ipv4_pool": "",
            "domain": "vpc",
            "id": "eipalloc-090d9e06d34f2f714",
            "instance": "",
            "ipam_pool_id": null,
            "network_border_group": "us-east-1",
            "network_interface": "",
            "private_dns": null,
            "private_ip": "",
            "ptr_record": "",
            "public_dns": "ec2-3-81-179-239.compute-1.amazonaws.com",
            "public_ip": "3.81.179.239",
            "public_ipv4_pool": "amazon",
            "tags": {
              "Name": "traefik-lb-eip"
            },
            "tags_all": {
              "Name": "traefik-lb-eip"
            },
            "timeouts": null,
            "vpc": true
          },
          "sensitive_attributes": [],
          "private": "eyJlMmJmYjczMC1lY2FhLTExZTYtOGY4OC0zNDM2M2JjN2M0YzAiOnsiZGVsZXRlIjoxODAwMDAwMDAwMDAsInJlYWQiOjkwMDAwMDAwMDAwMCwidXBkYXRlIjozMDAwMDAwMDAwMDB9fQ=="
        }
      ]
    },
    {
      "mode": "managed",
      "type": "aws_iam_instance_profile",
      "name": "ec2_lb_instance_profile",
      "provider": "provider[\"registry.terraform.io/hashicorp/aws\"]",
      "instances": [
        {
          "schema_version": 0,
          "attributes": {
            "arn": "arn:aws:iam::585768148089:instance-profile/EC2LoadBalancerInstanceProfile",
            "create_date": "2025-05-14T22:00:25Z",
            "id": "EC2LoadBalancerInstanceProfile",
            "name": "EC2LoadBalancerInstanceProfile",
            "name_prefix": "",
            "path": "/",
            "role": "EC2LoadBalancerRole",
            "tags": null,
            "tags_all": {},
            "unique_id": "AIPAYQYUATR46PG3FMHM7"
          },
          "sensitive_attributes": [],
          "private": "bnVsbA==",
          "dependencies": [
            "aws_iam_role.ec2_load_balancer_role"
          ],
          "create_before_destroy": true
        }
      ]
    },
    {
      "mode": "managed",
      "type": "aws_iam_policy",
      "name": "ec2_elb_custom_policy",
      "provider": "provider[\"registry.terraform.io/hashicorp/aws\"]",
      "instances": [
        {
          "schema_version": 0,
          "attributes": {
            "arn": "arn:aws:iam::585768148089:policy/EC2ELBAccessPolicy",
            "attachment_count": 0,
            "description": "Custom policy to manage ELB and related resources",
            "id": "arn:aws:iam::585768148089:policy/EC2ELBAccessPolicy",
            "name": "EC2ELBAccessPolicy",
            "name_prefix": "",
            "path": "/",
            "policy": "{\"Statement\":[{\"Action\":[\"ec2:AllocateAddress\",\"ec2:AssociateAddress\",\"ec2:DisassociateAddress\",\"ec2:ReleaseAddress\"],\"Effect\":\"Allow\",\"Resource\":\"*\"},{\"Action\":[\"ec2:AuthorizeSecurityGroupIngress\",\"ec2:RevokeSecurityGroupIngress\",\"ec2:CreateSecurityGroup\",\"ec2:DeleteSecurityGroup\",\"ec2:Describe*\"],\"Effect\":\"Allow\",\"Resource\":\"*\"},{\"Action\":\"elasticloadbalancing:*\",\"Effect\":\"Allow\",\"Resource\":\"*\"},{\"Action\":[\"ec2:DescribeAccountAttributes\",\"ec2:DescribeAddresses\",\"ec2:DescribeInternetGateways\",\"ec2:DescribeSecurityGroups\",\"ec2:DescribeSubnets\",\"ec2:DescribeVpcs\",\"ec2:DescribeVpcClassicLink\",\"ec2:DescribeInstances\",\"ec2:DescribeNetworkInterfaces\",\"ec2:DescribeClassicLinkInstances\",\"ec2:DescribeRouteTables\",\"ec2:DescribeCoipPools\",\"ec2:GetCoipPoolUsage\",\"ec2:GetSecurityGroupsForVpc\",\"ec2:DescribeVpcPeeringConnections\",\"cognito-idp:DescribeUserPoolClient\"],\"Effect\":\"Allow\",\"Resource\":\"*\"},{\"Action\":\"iam:CreateServiceLinkedRole\",\"Condition\":{\"StringEquals\":{\"iam:AWSServiceName\":\"elasticloadbalancing.amazonaws.com\"}},\"Effect\":\"Allow\",\"Resource\":\"*\"},{\"Action\":\"arc-zonal-shift:*\",\"Effect\":\"Allow\",\"Resource\":\"arn:aws:elasticloadbalancing:*:*:loadbalancer/*\"},{\"Action\":[\"arc-zonal-shift:ListManagedResources\",\"arc-zonal-shift:ListZonalShifts\"],\"Effect\":\"Allow\",\"Resource\":\"*\"}],\"Version\":\"2012-10-17\"}",
            "policy_id": "ANPAYQYUATR4R3HFZBNNF",
            "tags": null,
            "tags_all": {}
          },
          "sensitive_attributes": [],
          "private": "bnVsbA=="
        }
      ]
    },
    {
      "mode": "managed",
      "type": "aws_iam_role",
      "name": "ec2_load_balancer_role",
      "provider": "provider[\"registry.terraform.io/hashicorp/aws\"]",
      "instances": [
        {
          "schema_version": 0,
          "attributes": {
            "arn": "arn:aws:iam::585768148089:role/EC2LoadBalancerRole",
            "assume_role_policy": "{\"Statement\":[{\"Action\":\"sts:AssumeRole\",\"Effect\":\"Allow\",\"Principal\":{\"Service\":\"ec2.amazonaws.com\"}}],\"Version\":\"2012-10-17\"}",
            "create_date": "2025-05-14T22:00:25Z",
            "description": "",
            "force_detach_policies": false,
            "id": "EC2LoadBalancerRole",
            "inline_policy": [],
            "managed_policy_arns": [],
            "max_session_duration": 3600,
            "name": "EC2LoadBalancerRole",
            "name_prefix": "",
            "path": "/",
            "permissions_boundary": "",
            "tags": null,
            "tags_all": {},
            "unique_id": "AROAYQYUATR436QCTAGEB"
          },
          "sensitive_attributes": [],
          "private": "bnVsbA==",
          "create_before_destroy": true
        }
      ]
    },
    {
      "mode": "managed",
      "type": "aws_iam_role_policy_attachment",
      "name": "attach_custom_elb_policy",
      "provider": "provider[\"registry.terraform.io/hashicorp/aws\"]",
      "instances": [
        {
          "schema_version": 0,
          "attributes": {
            "id": "EC2LoadBalancerRole-20250514220025861500000001",
            "policy_arn": "arn:aws:iam::585768148089:policy/EC2ELBAccessPolicy",
            "role": "EC2LoadBalancerRole"
          },
          "sensitive_attributes": [],
          "private": "bnVsbA==",
          "dependencies": [
            "aws_iam_policy.ec2_elb_custom_policy",
            "aws_iam_role.ec2_load_balancer_role"
          ]
        }
      ]
    },
    {
      "mode": "managed",
      "type": "aws_instance",
      "name": "masters",
      "provider": "provider[\"registry.terraform.io/hashicorp/aws\"]",
      "instances": [
        {
          "index_key": 0,
          "schema_version": 1,
          "attributes": {
            "ami": "ami-04b4f1a9cf54c11d0",
            "arn": "arn:aws:ec2:us-east-1:585768148089:instance/i-0e248e8cc14d31dbe",
            "associate_public_ip_address": true,
            "availability_zone": "us-east-1f",
            "capacity_reservation_specification": [
              {
                "capacity_reservation_preference": "open",
                "capacity_reservation_target": []
              }
            ],
            "cpu_core_count": 4,
            "cpu_options": [
              {
                "amd_sev_snp": "",
                "core_count": 4,
                "threads_per_core": 2
              }
            ],
            "cpu_threads_per_core": 2,
            "credit_specification": [
              {
                "cpu_credits": "unlimited"
              }
            ],
            "disable_api_stop": false,
            "disable_api_termination": false,
            "ebs_block_device": [],
            "ebs_optimized": false,
            "enable_primary_ipv6": null,
            "enclave_options": [
              {
                "enabled": false
              }
            ],
            "ephemeral_block_device": [],
            "get_password_data": false,
            "hibernation": false,
            "host_id": "",
            "host_resource_group_arn": null,
            "iam_instance_profile": "EC2LoadBalancerInstanceProfile",
            "id": "i-0e248e8cc14d31dbe",
            "instance_initiated_shutdown_behavior": "stop",
            "instance_lifecycle": "",
            "instance_market_options": [],
            "instance_state": "running",
            "instance_type": "t3a.2xlarge",
            "ipv6_address_count": 0,
            "ipv6_addresses": [],
            "key_name": "vockeyprod",
            "launch_template": [],
            "maintenance_options": [
              {
                "auto_recovery": "default"
              }
            ],
            "metadata_options": [
              {
                "http_endpoint": "enabled",
                "http_protocol_ipv6": "disabled",
                "http_put_response_hop_limit": 2,
                "http_tokens": "required",
                "instance_metadata_tags": "disabled"
              }
            ],
            "monitoring": false,
            "network_interface": [],
            "outpost_arn": "",
            "password_data": "",
            "placement_group": "",
            "placement_partition_number": 0,
            "primary_network_interface_id": "eni-09c0997c879ae331b",
            "private_dns": "ip-172-31-64-8.ec2.internal",
            "private_dns_name_options": [
              {
                "enable_resource_name_dns_a_record": false,
                "enable_resource_name_dns_aaaa_record": false,
                "hostname_type": "ip-name"
              }
            ],
            "private_ip": "172.31.64.8",
            "public_dns": "ec2-44-222-233-73.compute-1.amazonaws.com",
            "public_ip": "44.222.233.73",
            "root_block_device": [
              {
                "delete_on_termination": true,
                "device_name": "/dev/sda1",
                "encrypted": false,
                "iops": 3000,
                "kms_key_id": "",
                "tags": {},
                "tags_all": {},
                "throughput": 125,
                "volume_id": "vol-0c60d8a7d72ea48a6",
                "volume_size": 8,
                "volume_type": "gp3"
              }
            ],
            "secondary_private_ips": [],
            "security_groups": [
              "admin_ssh_production"
            ],
            "source_dest_check": false,
            "spot_instance_request_id": "",
            "subnet_id": "subnet-07ef8d731542349d5",
            "tags": {
              "Name": "master1",
              "k8s.io/role/node": "master",
              "kubernetes.io/cluster/apotheose-cluster": "owned",
              "topology.kubernetes.io/region": "us-east-1",
              "topology.kubernetes.io/zone": "us-east-1f"
            },
            "tags_all": {
              "Name": "master1",
              "k8s.io/role/node": "master",
              "kubernetes.io/cluster/apotheose-cluster": "owned",
              "topology.kubernetes.io/region": "us-east-1",
              "topology.kubernetes.io/zone": "us-east-1f"
            },
            "tenancy": "default",
            "timeouts": null,
            "user_data": null,
            "user_data_base64": null,
            "user_data_replace_on_change": false,
            "volume_tags": null,
            "vpc_security_group_ids": [
              "sg-0e43e6707da07815e"
            ]
          },
          "sensitive_attributes": [],
          "private": "eyJlMmJmYjczMC1lY2FhLTExZTYtOGY4OC0zNDM2M2JjN2M0YzAiOnsiY3JlYXRlIjo2MDAwMDAwMDAwMDAsImRlbGV0ZSI6MTIwMDAwMDAwMDAwMCwicmVhZCI6OTAwMDAwMDAwMDAwLCJ1cGRhdGUiOjYwMDAwMDAwMDAwMH0sInNjaGVtYV92ZXJzaW9uIjoiMSJ9",
          "dependencies": [
            "aws_iam_instance_profile.ec2_lb_instance_profile",
            "aws_iam_role.ec2_load_balancer_role",
            "aws_key_pair.vockeyprod",
            "aws_security_group.admin_ssh_production",
            "tls_private_key.vockeyprod"
          ],
          "create_before_destroy": true
        },
        {
          "index_key": 1,
          "schema_version": 1,
          "attributes": {
            "ami": "ami-04b4f1a9cf54c11d0",
            "arn": "arn:aws:ec2:us-east-1:585768148089:instance/i-09f47372863439a36",
            "associate_public_ip_address": true,
            "availability_zone": "us-east-1f",
            "capacity_reservation_specification": [
              {
                "capacity_reservation_preference": "open",
                "capacity_reservation_target": []
              }
            ],
            "cpu_core_count": 4,
            "cpu_options": [
              {
                "amd_sev_snp": "",
                "core_count": 4,
                "threads_per_core": 2
              }
            ],
            "cpu_threads_per_core": 2,
            "credit_specification": [
              {
                "cpu_credits": "unlimited"
              }
            ],
            "disable_api_stop": false,
            "disable_api_termination": false,
            "ebs_block_device": [],
            "ebs_optimized": false,
            "enable_primary_ipv6": null,
            "enclave_options": [
              {
                "enabled": false
              }
            ],
            "ephemeral_block_device": [],
            "get_password_data": false,
            "hibernation": false,
            "host_id": "",
            "host_resource_group_arn": null,
            "iam_instance_profile": "EC2LoadBalancerInstanceProfile",
            "id": "i-09f47372863439a36",
            "instance_initiated_shutdown_behavior": "stop",
            "instance_lifecycle": "",
            "instance_market_options": [],
            "instance_state": "running",
            "instance_type": "t3a.2xlarge",
            "ipv6_address_count": 0,
            "ipv6_addresses": [],
            "key_name": "vockeyprod",
            "launch_template": [],
            "maintenance_options": [
              {
                "auto_recovery": "default"
              }
            ],
            "metadata_options": [
              {
                "http_endpoint": "enabled",
                "http_protocol_ipv6": "disabled",
                "http_put_response_hop_limit": 2,
                "http_tokens": "required",
                "instance_metadata_tags": "disabled"
              }
            ],
            "monitoring": false,
            "network_interface": [],
            "outpost_arn": "",
            "password_data": "",
            "placement_group": "",
            "placement_partition_number": 0,
            "primary_network_interface_id": "eni-0bd5a2a80971c27f2",
            "private_dns": "ip-172-31-74-219.ec2.internal",
            "private_dns_name_options": [
              {
                "enable_resource_name_dns_a_record": false,
                "enable_resource_name_dns_aaaa_record": false,
                "hostname_type": "ip-name"
              }
            ],
            "private_ip": "172.31.74.219",
            "public_dns": "ec2-18-232-50-101.compute-1.amazonaws.com",
            "public_ip": "18.232.50.101",
            "root_block_device": [
              {
                "delete_on_termination": true,
                "device_name": "/dev/sda1",
                "encrypted": false,
                "iops": 3000,
                "kms_key_id": "",
                "tags": {},
                "tags_all": {},
                "throughput": 125,
                "volume_id": "vol-0c7131c6bd7d9214a",
                "volume_size": 8,
                "volume_type": "gp3"
              }
            ],
            "secondary_private_ips": [],
            "security_groups": [
              "admin_ssh_production"
            ],
            "source_dest_check": false,
            "spot_instance_request_id": "",
            "subnet_id": "subnet-07ef8d731542349d5",
            "tags": {
              "Name": "master2",
              "k8s.io/role/node": "master",
              "kubernetes.io/cluster/apotheose-cluster": "owned",
              "topology.kubernetes.io/region": "us-east-1",
              "topology.kubernetes.io/zone": "us-east-1f"
            },
            "tags_all": {
              "Name": "master2",
              "k8s.io/role/node": "master",
              "kubernetes.io/cluster/apotheose-cluster": "owned",
              "topology.kubernetes.io/region": "us-east-1",
              "topology.kubernetes.io/zone": "us-east-1f"
            },
            "tenancy": "default",
            "timeouts": null,
            "user_data": null,
            "user_data_base64": null,
            "user_data_replace_on_change": false,
            "volume_tags": null,
            "vpc_security_group_ids": [
              "sg-0e43e6707da07815e"
            ]
          },
          "sensitive_attributes": [],
          "private": "eyJlMmJmYjczMC1lY2FhLTExZTYtOGY4OC0zNDM2M2JjN2M0YzAiOnsiY3JlYXRlIjo2MDAwMDAwMDAwMDAsImRlbGV0ZSI6MTIwMDAwMDAwMDAwMCwicmVhZCI6OTAwMDAwMDAwMDAwLCJ1cGRhdGUiOjYwMDAwMDAwMDAwMH0sInNjaGVtYV92ZXJzaW9uIjoiMSJ9",
          "dependencies": [
            "aws_iam_instance_profile.ec2_lb_instance_profile",
            "aws_iam_role.ec2_load_balancer_role",
            "aws_key_pair.vockeyprod",
            "aws_security_group.admin_ssh_production",
            "tls_private_key.vockeyprod"
          ],
          "create_before_destroy": true
        },
        {
          "index_key": 2,
          "schema_version": 1,
          "attributes": {
            "ami": "ami-04b4f1a9cf54c11d0",
            "arn": "arn:aws:ec2:us-east-1:585768148089:instance/i-0eda5b7a926dcd03a",
            "associate_public_ip_address": true,
            "availability_zone": "us-east-1f",
            "capacity_reservation_specification": [
              {
                "capacity_reservation_preference": "open",
                "capacity_reservation_target": []
              }
            ],
            "cpu_core_count": 4,
            "cpu_options": [
              {
                "amd_sev_snp": "",
                "core_count": 4,
                "threads_per_core": 2
              }
            ],
            "cpu_threads_per_core": 2,
            "credit_specification": [
              {
                "cpu_credits": "unlimited"
              }
            ],
            "disable_api_stop": false,
            "disable_api_termination": false,
            "ebs_block_device": [],
            "ebs_optimized": false,
            "enable_primary_ipv6": null,
            "enclave_options": [
              {
                "enabled": false
              }
            ],
            "ephemeral_block_device": [],
            "get_password_data": false,
            "hibernation": false,
            "host_id": "",
            "host_resource_group_arn": null,
            "iam_instance_profile": "EC2LoadBalancerInstanceProfile",
            "id": "i-0eda5b7a926dcd03a",
            "instance_initiated_shutdown_behavior": "stop",
            "instance_lifecycle": "",
            "instance_market_options": [],
            "instance_state": "running",
            "instance_type": "t3a.2xlarge",
            "ipv6_address_count": 0,
            "ipv6_addresses": [],
            "key_name": "vockeyprod",
            "launch_template": [],
            "maintenance_options": [
              {
                "auto_recovery": "default"
              }
            ],
            "metadata_options": [
              {
                "http_endpoint": "enabled",
                "http_protocol_ipv6": "disabled",
                "http_put_response_hop_limit": 2,
                "http_tokens": "required",
                "instance_metadata_tags": "disabled"
              }
            ],
            "monitoring": false,
            "network_interface": [],
            "outpost_arn": "",
            "password_data": "",
            "placement_group": "",
            "placement_partition_number": 0,
            "primary_network_interface_id": "eni-0eee6714848800c97",
            "private_dns": "ip-172-31-73-150.ec2.internal",
            "private_dns_name_options": [
              {
                "enable_resource_name_dns_a_record": false,
                "enable_resource_name_dns_aaaa_record": false,
                "hostname_type": "ip-name"
              }
            ],
            "private_ip": "172.31.73.150",
            "public_dns": "ec2-44-200-166-187.compute-1.amazonaws.com",
            "public_ip": "44.200.166.187",
            "root_block_device": [
              {
                "delete_on_termination": true,
                "device_name": "/dev/sda1",
                "encrypted": false,
                "iops": 3000,
                "kms_key_id": "",
                "tags": {},
                "tags_all": {},
                "throughput": 125,
                "volume_id": "vol-0f2abe0c61271cf30",
                "volume_size": 8,
                "volume_type": "gp3"
              }
            ],
            "secondary_private_ips": [],
            "security_groups": [
              "admin_ssh_production"
            ],
            "source_dest_check": false,
            "spot_instance_request_id": "",
            "subnet_id": "subnet-07ef8d731542349d5",
            "tags": {
              "Name": "master3",
              "k8s.io/role/node": "master",
              "kubernetes.io/cluster/apotheose-cluster": "owned",
              "topology.kubernetes.io/region": "us-east-1",
              "topology.kubernetes.io/zone": "us-east-1f"
            },
            "tags_all": {
              "Name": "master3",
              "k8s.io/role/node": "master",
              "kubernetes.io/cluster/apotheose-cluster": "owned",
              "topology.kubernetes.io/region": "us-east-1",
              "topology.kubernetes.io/zone": "us-east-1f"
            },
            "tenancy": "default",
            "timeouts": null,
            "user_data": null,
            "user_data_base64": null,
            "user_data_replace_on_change": false,
            "volume_tags": null,
            "vpc_security_group_ids": [
              "sg-0e43e6707da07815e"
            ]
          },
          "sensitive_attributes": [],
          "private": "eyJlMmJmYjczMC1lY2FhLTExZTYtOGY4OC0zNDM2M2JjN2M0YzAiOnsiY3JlYXRlIjo2MDAwMDAwMDAwMDAsImRlbGV0ZSI6MTIwMDAwMDAwMDAwMCwicmVhZCI6OTAwMDAwMDAwMDAwLCJ1cGRhdGUiOjYwMDAwMDAwMDAwMH0sInNjaGVtYV92ZXJzaW9uIjoiMSJ9",
          "dependencies": [
            "aws_iam_instance_profile.ec2_lb_instance_profile",
            "aws_iam_role.ec2_load_balancer_role",
            "aws_key_pair.vockeyprod",
            "aws_security_group.admin_ssh_production",
            "tls_private_key.vockeyprod"
          ],
          "create_before_destroy": true
        }
      ]
    },
    {
      "mode": "managed",
      "type": "aws_instance",
      "name": "workers",
      "provider": "provider[\"registry.terraform.io/hashicorp/aws\"]",
      "instances": [
        {
          "index_key": 0,
          "schema_version": 1,
          "attributes": {
            "ami": "ami-04b4f1a9cf54c11d0",
            "arn": "arn:aws:ec2:us-east-1:585768148089:instance/i-021c5571ee2584ec5",
            "associate_public_ip_address": true,
            "availability_zone": "us-east-1f",
            "capacity_reservation_specification": [
              {
                "capacity_reservation_preference": "open",
                "capacity_reservation_target": []
              }
            ],
            "cpu_core_count": 4,
            "cpu_options": [
              {
                "amd_sev_snp": "",
                "core_count": 4,
                "threads_per_core": 2
              }
            ],
            "cpu_threads_per_core": 2,
            "credit_specification": [
              {
                "cpu_credits": "unlimited"
              }
            ],
            "disable_api_stop": false,
            "disable_api_termination": false,
            "ebs_block_device": [],
            "ebs_optimized": false,
            "enable_primary_ipv6": null,
            "enclave_options": [
              {
                "enabled": false
              }
            ],
            "ephemeral_block_device": [],
            "get_password_data": false,
            "hibernation": false,
            "host_id": "",
            "host_resource_group_arn": null,
            "iam_instance_profile": "EC2LoadBalancerInstanceProfile",
            "id": "i-021c5571ee2584ec5",
            "instance_initiated_shutdown_behavior": "stop",
            "instance_lifecycle": "",
            "instance_market_options": [],
            "instance_state": "running",
            "instance_type": "t3a.2xlarge",
            "ipv6_address_count": 0,
            "ipv6_addresses": [],
            "key_name": "vockeyprod",
            "launch_template": [],
            "maintenance_options": [
              {
                "auto_recovery": "default"
              }
            ],
            "metadata_options": [
              {
                "http_endpoint": "enabled",
                "http_protocol_ipv6": "disabled",
                "http_put_response_hop_limit": 2,
                "http_tokens": "required",
                "instance_metadata_tags": "disabled"
              }
            ],
            "monitoring": false,
            "network_interface": [],
            "outpost_arn": "",
            "password_data": "",
            "placement_group": "",
            "placement_partition_number": 0,
            "primary_network_interface_id": "eni-0da87a082ca62fdfd",
            "private_dns": "ip-172-31-79-131.ec2.internal",
            "private_dns_name_options": [
              {
                "enable_resource_name_dns_a_record": false,
                "enable_resource_name_dns_aaaa_record": false,
                "hostname_type": "ip-name"
              }
            ],
            "private_ip": "172.31.79.131",
            "public_dns": "ec2-35-172-121-238.compute-1.amazonaws.com",
            "public_ip": "35.172.121.238",
            "root_block_device": [
              {
                "delete_on_termination": true,
                "device_name": "/dev/sda1",
                "encrypted": false,
                "iops": 3000,
                "kms_key_id": "",
                "tags": {},
                "tags_all": {},
                "throughput": 125,
                "volume_id": "vol-0bf954bcac6fd2b06",
                "volume_size": 8,
                "volume_type": "gp3"
              }
            ],
            "secondary_private_ips": [],
            "security_groups": [
              "admin_ssh_production"
            ],
            "source_dest_check": true,
            "spot_instance_request_id": "",
            "subnet_id": "subnet-07ef8d731542349d5",
            "tags": {
              "Name": "worker1",
              "k8s.io/role/node": "worker",
              "kubernetes.io/cluster/apotheose-cluster": "owned",
              "topology.kubernetes.io/region": "us-east-1",
              "topology.kubernetes.io/zone": "us-east-1f"
            },
            "tags_all": {
              "Name": "worker1",
              "k8s.io/role/node": "worker",
              "kubernetes.io/cluster/apotheose-cluster": "owned",
              "topology.kubernetes.io/region": "us-east-1",
              "topology.kubernetes.io/zone": "us-east-1f"
            },
            "tenancy": "default",
            "timeouts": null,
            "user_data": null,
            "user_data_base64": null,
            "user_data_replace_on_change": false,
            "volume_tags": null,
            "vpc_security_group_ids": [
              "sg-0e43e6707da07815e"
            ]
          },
          "sensitive_attributes": [],
          "private": "eyJlMmJmYjczMC1lY2FhLTExZTYtOGY4OC0zNDM2M2JjN2M0YzAiOnsiY3JlYXRlIjo2MDAwMDAwMDAwMDAsImRlbGV0ZSI6MTIwMDAwMDAwMDAwMCwicmVhZCI6OTAwMDAwMDAwMDAwLCJ1cGRhdGUiOjYwMDAwMDAwMDAwMH0sInNjaGVtYV92ZXJzaW9uIjoiMSJ9",
          "dependencies": [
            "aws_iam_instance_profile.ec2_lb_instance_profile",
            "aws_iam_role.ec2_load_balancer_role",
            "aws_key_pair.vockeyprod",
            "aws_security_group.admin_ssh_production",
            "tls_private_key.vockeyprod"
          ],
          "create_before_destroy": true
        },
        {
          "index_key": 1,
          "schema_version": 1,
          "attributes": {
            "ami": "ami-04b4f1a9cf54c11d0",
            "arn": "arn:aws:ec2:us-east-1:585768148089:instance/i-0ef366eaf7a9d733b",
            "associate_public_ip_address": true,
            "availability_zone": "us-east-1f",
            "capacity_reservation_specification": [
              {
                "capacity_reservation_preference": "open",
                "capacity_reservation_target": []
              }
            ],
            "cpu_core_count": 4,
            "cpu_options": [
              {
                "amd_sev_snp": "",
                "core_count": 4,
                "threads_per_core": 2
              }
            ],
            "cpu_threads_per_core": 2,
            "credit_specification": [
              {
                "cpu_credits": "unlimited"
              }
            ],
            "disable_api_stop": false,
            "disable_api_termination": false,
            "ebs_block_device": [],
            "ebs_optimized": false,
            "enable_primary_ipv6": null,
            "enclave_options": [
              {
                "enabled": false
              }
            ],
            "ephemeral_block_device": [],
            "get_password_data": false,
            "hibernation": false,
            "host_id": "",
            "host_resource_group_arn": null,
            "iam_instance_profile": "EC2LoadBalancerInstanceProfile",
            "id": "i-0ef366eaf7a9d733b",
            "instance_initiated_shutdown_behavior": "stop",
            "instance_lifecycle": "",
            "instance_market_options": [],
            "instance_state": "running",
            "instance_type": "t3a.2xlarge",
            "ipv6_address_count": 0,
            "ipv6_addresses": [],
            "key_name": "vockeyprod",
            "launch_template": [],
            "maintenance_options": [
              {
                "auto_recovery": "default"
              }
            ],
            "metadata_options": [
              {
                "http_endpoint": "enabled",
                "http_protocol_ipv6": "disabled",
                "http_put_response_hop_limit": 2,
                "http_tokens": "required",
                "instance_metadata_tags": "disabled"
              }
            ],
            "monitoring": false,
            "network_interface": [],
            "outpost_arn": "",
            "password_data": "",
            "placement_group": "",
            "placement_partition_number": 0,
            "primary_network_interface_id": "eni-04cf39081bf5087fe",
            "private_dns": "ip-172-31-70-67.ec2.internal",
            "private_dns_name_options": [
              {
                "enable_resource_name_dns_a_record": false,
                "enable_resource_name_dns_aaaa_record": false,
                "hostname_type": "ip-name"
              }
            ],
            "private_ip": "172.31.70.67",
            "public_dns": "ec2-44-210-69-110.compute-1.amazonaws.com",
            "public_ip": "44.210.69.110",
            "root_block_device": [
              {
                "delete_on_termination": true,
                "device_name": "/dev/sda1",
                "encrypted": false,
                "iops": 3000,
                "kms_key_id": "",
                "tags": {},
                "tags_all": {},
                "throughput": 125,
                "volume_id": "vol-05db21123f503fbef",
                "volume_size": 8,
                "volume_type": "gp3"
              }
            ],
            "secondary_private_ips": [],
            "security_groups": [
              "admin_ssh_production"
            ],
            "source_dest_check": true,
            "spot_instance_request_id": "",
            "subnet_id": "subnet-07ef8d731542349d5",
            "tags": {
              "Name": "worker2",
              "k8s.io/role/node": "worker",
              "kubernetes.io/cluster/apotheose-cluster": "owned",
              "topology.kubernetes.io/region": "us-east-1",
              "topology.kubernetes.io/zone": "us-east-1f"
            },
            "tags_all": {
              "Name": "worker2",
              "k8s.io/role/node": "worker",
              "kubernetes.io/cluster/apotheose-cluster": "owned",
              "topology.kubernetes.io/region": "us-east-1",
              "topology.kubernetes.io/zone": "us-east-1f"
            },
            "tenancy": "default",
            "timeouts": null,
            "user_data": null,
            "user_data_base64": null,
            "user_data_replace_on_change": false,
            "volume_tags": null,
            "vpc_security_group_ids": [
              "sg-0e43e6707da07815e"
            ]
          },
          "sensitive_attributes": [],
          "private": "eyJlMmJmYjczMC1lY2FhLTExZTYtOGY4OC0zNDM2M2JjN2M0YzAiOnsiY3JlYXRlIjo2MDAwMDAwMDAwMDAsImRlbGV0ZSI6MTIwMDAwMDAwMDAwMCwicmVhZCI6OTAwMDAwMDAwMDAwLCJ1cGRhdGUiOjYwMDAwMDAwMDAwMH0sInNjaGVtYV92ZXJzaW9uIjoiMSJ9",
          "dependencies": [
            "aws_iam_instance_profile.ec2_lb_instance_profile",
            "aws_iam_role.ec2_load_balancer_role",
            "aws_key_pair.vockeyprod",
            "aws_security_group.admin_ssh_production",
            "tls_private_key.vockeyprod"
          ],
          "create_before_destroy": true
        }
      ]
    },
    {
      "mode": "managed",
      "type": "aws_key_pair",
      "name": "vockeyprod",
      "provider": "provider[\"registry.terraform.io/hashicorp/aws\"]",
      "instances": [
        {
          "schema_version": 1,
          "attributes": {
            "arn": "arn:aws:ec2:us-east-1:585768148089:key-pair/vockeyprod",
            "fingerprint": "d5:a5:71:47:a5:4b:7c:96:ee:fa:8b:7d:6d:fd:c2:6e",
            "id": "vockeyprod",
            "key_name": "vockeyprod",
            "key_name_prefix": "",
            "key_pair_id": "key-03c1a71255e3009d4",
            "key_type": "rsa",
            "public_key": "ssh-rsa AAAAB3NzaC1yc2EAAAADAQABAAABAQD01b6d88p1wCyfbawB6JpsvGy0gS9bQfuTX4/wSfCFkcxYuC7ntV+omcmZJEHqZyJRbr9b7iysBVZ2uZwi4uYBi/YuHhM5OU7z3u/NFstPjAOiVUFQKr1znqlT2qCdL5F78ZDonhj9FJp7pPV8Xtlf9dhio/zykrVm64jcq/Z6RbidehS3C9BElBV8yUzOfVEVwwcrR2r/eiBI7Tgkx6TZixUEowHngD1z5HFp10fBBmEdYgA5u7fK5yslBO74oUO3P3dNhC19LIQ2EY29i0bAUPFMNLlxQceS42D8xU66aI1Owuar6ezl3ZroKLlX9A2nGzaQEgDwcbO0h3FDLY2h",
            "tags": null,
            "tags_all": {}
          },
          "sensitive_attributes": [],
          "private": "eyJzY2hlbWFfdmVyc2lvbiI6IjEifQ==",
          "dependencies": [
            "tls_private_key.vockeyprod"
          ],
          "create_before_destroy": true
        }
      ]
    },
    {
      "mode": "managed",
      "type": "aws_security_group",
      "name": "admin_ssh_production",
      "provider": "provider[\"registry.terraform.io/hashicorp/aws\"]",
      "instances": [
        {
          "schema_version": 1,
          "attributes": {
            "arn": "arn:aws:ec2:us-east-1:585768148089:security-group/sg-0e43e6707da07815e",
            "description": "Managed by Terraform",
            "egress": [],
            "id": "sg-0e43e6707da07815e",
            "ingress": [],
            "name": "admin_ssh_production",
            "name_prefix": "",
            "owner_id": "585768148089",
            "revoke_rules_on_delete": false,
            "tags": {
              "Name": "admin_ssh_production"
            },
            "tags_all": {
              "Name": "admin_ssh_production"
            },
            "timeouts": null,
            "vpc_id": "vpc-09c4b38653df63f28"
          },
          "sensitive_attributes": [],
          "private": "eyJlMmJmYjczMC1lY2FhLTExZTYtOGY4OC0zNDM2M2JjN2M0YzAiOnsiY3JlYXRlIjo2MDAwMDAwMDAwMDAsImRlbGV0ZSI6OTAwMDAwMDAwMDAwfSwic2NoZW1hX3ZlcnNpb24iOiIxIn0=",
          "create_before_destroy": true
        }
      ]
    },
    {
      "mode": "managed",
      "type": "aws_security_group_rule",
      "name": "allow_tcp_2379",
      "provider": "provider[\"registry.terraform.io/hashicorp/aws\"]",
      "instances": [
        {
          "schema_version": 2,
          "attributes": {
            "cidr_blocks": null,
            "description": null,
            "from_port": 2379,
            "id": "sgrule-4111535370",
            "ipv6_cidr_blocks": null,
            "prefix_list_ids": null,
            "protocol": "tcp",
            "security_group_id": "sg-0e43e6707da07815e",
            "security_group_rule_id": "sgr-0f9bd659bc1ddf0a1",
            "self": false,
            "source_security_group_id": "sg-0e43e6707da07815e",
            "timeouts": null,
            "to_port": 2379,
            "type": "ingress"
          },
          "sensitive_attributes": [],
          "private": "eyJlMmJmYjczMC1lY2FhLTExZTYtOGY4OC0zNDM2M2JjN2M0YzAiOnsiY3JlYXRlIjozMDAwMDAwMDAwMDB9LCJzY2hlbWFfdmVyc2lvbiI6IjIifQ==",
          "dependencies": [
            "aws_security_group.admin_ssh_production"
          ]
        }
      ]
    },
    {
      "mode": "managed",
      "type": "aws_security_group_rule",
      "name": "allow_tcp_2380",
      "provider": "provider[\"registry.terraform.io/hashicorp/aws\"]",
      "instances": [
        {
          "schema_version": 2,
          "attributes": {
            "cidr_blocks": null,
            "description": null,
            "from_port": 2380,
            "id": "sgrule-3857647106",
            "ipv6_cidr_blocks": null,
            "prefix_list_ids": null,
            "protocol": "tcp",
            "security_group_id": "sg-0e43e6707da07815e",
            "security_group_rule_id": "sgr-07502d26552e27662",
            "self": false,
            "source_security_group_id": "sg-0e43e6707da07815e",
            "timeouts": null,
            "to_port": 2380,
            "type": "ingress"
          },
          "sensitive_attributes": [],
          "private": "eyJlMmJmYjczMC1lY2FhLTExZTYtOGY4OC0zNDM2M2JjN2M0YzAiOnsiY3JlYXRlIjozMDAwMDAwMDAwMDB9LCJzY2hlbWFfdmVyc2lvbiI6IjIifQ==",
          "dependencies": [
            "aws_security_group.admin_ssh_production"
          ]
        }
      ]
    },
    {
      "mode": "managed",
      "type": "aws_volume_attachment",
      "name": "apotheose_volume_attachment",
      "provider": "provider[\"registry.terraform.io/hashicorp/aws\"]",
      "instances": [
        {
          "index_key": 0,
          "schema_version": 0,
          "attributes": {
            "device_name": "/dev/sdf",
            "force_detach": null,
            "id": "vai-3987745058",
            "instance_id": "i-0e248e8cc14d31dbe",
            "skip_destroy": null,
            "stop_instance_before_detaching": null,
            "timeouts": null,
            "volume_id": "vol-07c08d1da6100ad91"
          },
          "sensitive_attributes": [],
          "private": "eyJlMmJmYjczMC1lY2FhLTExZTYtOGY4OC0zNDM2M2JjN2M0YzAiOnsiY3JlYXRlIjozMDAwMDAwMDAwMDAsImRlbGV0ZSI6MzAwMDAwMDAwMDAwfX0=",
          "dependencies": [
            "aws_ebs_volume.apotheose_volume",
            "aws_iam_instance_profile.ec2_lb_instance_profile",
            "aws_iam_role.ec2_load_balancer_role",
            "aws_instance.masters",
            "aws_instance.workers",
            "aws_key_pair.vockeyprod",
            "aws_security_group.admin_ssh_production",
            "tls_private_key.vockeyprod"
          ]
        },
        {
          "index_key": 1,
          "schema_version": 0,
          "attributes": {
            "device_name": "/dev/sdf",
            "force_detach": null,
            "id": "vai-2413656275",
            "instance_id": "i-09f47372863439a36",
            "skip_destroy": null,
            "stop_instance_before_detaching": null,
            "timeouts": null,
            "volume_id": "vol-041106ee345b3e131"
          },
          "sensitive_attributes": [],
          "private": "eyJlMmJmYjczMC1lY2FhLTExZTYtOGY4OC0zNDM2M2JjN2M0YzAiOnsiY3JlYXRlIjozMDAwMDAwMDAwMDAsImRlbGV0ZSI6MzAwMDAwMDAwMDAwfX0=",
          "dependencies": [
            "aws_ebs_volume.apotheose_volume",
            "aws_iam_instance_profile.ec2_lb_instance_profile",
            "aws_iam_role.ec2_load_balancer_role",
            "aws_instance.masters",
            "aws_instance.workers",
            "aws_key_pair.vockeyprod",
            "aws_security_group.admin_ssh_production",
            "tls_private_key.vockeyprod"
          ]
        },
        {
          "index_key": 2,
          "schema_version": 0,
          "attributes": {
            "device_name": "/dev/sdf",
            "force_detach": null,
            "id": "vai-141995538",
            "instance_id": "i-0eda5b7a926dcd03a",
            "skip_destroy": null,
            "stop_instance_before_detaching": null,
            "timeouts": null,
            "volume_id": "vol-0fed65f0a3886fcc8"
          },
          "sensitive_attributes": [],
          "private": "eyJlMmJmYjczMC1lY2FhLTExZTYtOGY4OC0zNDM2M2JjN2M0YzAiOnsiY3JlYXRlIjozMDAwMDAwMDAwMDAsImRlbGV0ZSI6MzAwMDAwMDAwMDAwfX0=",
          "dependencies": [
            "aws_ebs_volume.apotheose_volume",
            "aws_iam_instance_profile.ec2_lb_instance_profile",
            "aws_iam_role.ec2_load_balancer_role",
            "aws_instance.masters",
            "aws_instance.workers",
            "aws_key_pair.vockeyprod",
            "aws_security_group.admin_ssh_production",
            "tls_private_key.vockeyprod"
          ]
        },
        {
          "index_key": 3,
          "schema_version": 0,
          "attributes": {
            "device_name": "/dev/sdf",
            "force_detach": null,
            "id": "vai-1349254002",
            "instance_id": "i-021c5571ee2584ec5",
            "skip_destroy": null,
            "stop_instance_before_detaching": null,
            "timeouts": null,
            "volume_id": "vol-0dac6d9933b0c6dbc"
          },
          "sensitive_attributes": [],
          "private": "eyJlMmJmYjczMC1lY2FhLTExZTYtOGY4OC0zNDM2M2JjN2M0YzAiOnsiY3JlYXRlIjozMDAwMDAwMDAwMDAsImRlbGV0ZSI6MzAwMDAwMDAwMDAwfX0=",
          "dependencies": [
            "aws_ebs_volume.apotheose_volume",
            "aws_iam_instance_profile.ec2_lb_instance_profile",
            "aws_iam_role.ec2_load_balancer_role",
            "aws_instance.masters",
            "aws_instance.workers",
            "aws_key_pair.vockeyprod",
            "aws_security_group.admin_ssh_production",
            "tls_private_key.vockeyprod"
          ]
        },
        {
          "index_key": 4,
          "schema_version": 0,
          "attributes": {
            "device_name": "/dev/sdf",
            "force_detach": null,
            "id": "vai-786932898",
            "instance_id": "i-0ef366eaf7a9d733b",
            "skip_destroy": null,
            "stop_instance_before_detaching": null,
            "timeouts": null,
            "volume_id": "vol-07bc12dc799c6e483"
          },
          "sensitive_attributes": [],
          "private": "eyJlMmJmYjczMC1lY2FhLTExZTYtOGY4OC0zNDM2M2JjN2M0YzAiOnsiY3JlYXRlIjozMDAwMDAwMDAwMDAsImRlbGV0ZSI6MzAwMDAwMDAwMDAwfX0=",
          "dependencies": [
            "aws_ebs_volume.apotheose_volume",
            "aws_iam_instance_profile.ec2_lb_instance_profile",
            "aws_iam_role.ec2_load_balancer_role",
            "aws_instance.masters",
            "aws_instance.workers",
            "aws_key_pair.vockeyprod",
            "aws_security_group.admin_ssh_production",
            "tls_private_key.vockeyprod"
          ]
        }
      ]
    },
    {
      "mode": "managed",
      "type": "aws_volume_attachment",
      "name": "apotheose_volume_cstor_attachment",
      "provider": "provider[\"registry.terraform.io/hashicorp/aws\"]",
      "instances": [
        {
          "index_key": 0,
          "schema_version": 0,
          "attributes": {
            "device_name": "/dev/sdg",
            "force_detach": null,
            "id": "vai-876428384",
            "instance_id": "i-021c5571ee2584ec5",
            "skip_destroy": null,
            "stop_instance_before_detaching": null,
            "timeouts": null,
            "volume_id": "vol-0526c142f5b85f7d4"
          },
          "sensitive_attributes": [],
          "private": "eyJlMmJmYjczMC1lY2FhLTExZTYtOGY4OC0zNDM2M2JjN2M0YzAiOnsiY3JlYXRlIjozMDAwMDAwMDAwMDAsImRlbGV0ZSI6MzAwMDAwMDAwMDAwfX0=",
          "dependencies": [
            "aws_ebs_volume.apotheose_volume_cstor",
            "aws_iam_instance_profile.ec2_lb_instance_profile",
            "aws_iam_role.ec2_load_balancer_role",
            "aws_instance.workers",
            "aws_key_pair.vockeyprod",
            "aws_security_group.admin_ssh_production",
            "tls_private_key.vockeyprod"
          ]
        },
        {
          "index_key": 1,
          "schema_version": 0,
          "attributes": {
            "device_name": "/dev/sdh",
            "force_detach": null,
            "id": "vai-215344791",
            "instance_id": "i-0ef366eaf7a9d733b",
            "skip_destroy": null,
            "stop_instance_before_detaching": null,
            "timeouts": null,
            "volume_id": "vol-06b474526d3478f79"
          },
          "sensitive_attributes": [],
          "private": "eyJlMmJmYjczMC1lY2FhLTExZTYtOGY4OC0zNDM2M2JjN2M0YzAiOnsiY3JlYXRlIjozMDAwMDAwMDAwMDAsImRlbGV0ZSI6MzAwMDAwMDAwMDAwfX0=",
          "dependencies": [
            "aws_ebs_volume.apotheose_volume_cstor",
            "aws_iam_instance_profile.ec2_lb_instance_profile",
            "aws_iam_role.ec2_load_balancer_role",
            "aws_instance.workers",
            "aws_key_pair.vockeyprod",
            "aws_security_group.admin_ssh_production",
            "tls_private_key.vockeyprod"
          ]
        }
      ]
    },
    {
      "mode": "managed",
      "type": "aws_vpc_security_group_egress_rule",
      "name": "allow_ssh_out",
      "provider": "provider[\"registry.terraform.io/hashicorp/aws\"]",
      "instances": [
        {
          "schema_version": 0,
          "attributes": {
            "arn": "arn:aws:ec2:us-east-1:585768148089:security-group-rule/sgr-03defa2773d498cab",
            "cidr_ipv4": "0.0.0.0/0",
            "cidr_ipv6": null,
            "description": null,
            "from_port": null,
            "id": "sgr-03defa2773d498cab",
            "ip_protocol": "-1",
            "prefix_list_id": null,
            "referenced_security_group_id": null,
            "security_group_id": "sg-0e43e6707da07815e",
            "security_group_rule_id": "sgr-03defa2773d498cab",
            "tags": null,
            "tags_all": {},
            "to_port": null
          },
          "sensitive_attributes": [],
          "dependencies": [
            "aws_security_group.admin_ssh_production"
          ]
        }
      ]
    },
    {
      "mode": "managed",
      "type": "aws_vpc_security_group_ingress_rule",
      "name": "allow_6443",
      "provider": "provider[\"registry.terraform.io/hashicorp/aws\"]",
      "instances": [
        {
          "schema_version": 0,
          "attributes": {
            "arn": "arn:aws:ec2:us-east-1:585768148089:security-group-rule/sgr-03473833851f29d28",
            "cidr_ipv4": "176.172.132.0/24",
            "cidr_ipv6": null,
            "description": null,
            "from_port": 6443,
            "id": "sgr-03473833851f29d28",
            "ip_protocol": "tcp",
            "prefix_list_id": null,
            "referenced_security_group_id": null,
            "security_group_id": "sg-0e43e6707da07815e",
            "security_group_rule_id": "sgr-03473833851f29d28",
            "tags": null,
            "tags_all": {},
            "to_port": 6443
          },
          "sensitive_attributes": [],
          "dependencies": [
            "aws_security_group.admin_ssh_production"
          ]
        }
      ]
    },
    {
      "mode": "managed",
      "type": "aws_vpc_security_group_ingress_rule",
      "name": "allow_http_in",
      "provider": "provider[\"registry.terraform.io/hashicorp/aws\"]",
      "instances": [
        {
          "schema_version": 0,
          "attributes": {
            "arn": "arn:aws:ec2:us-east-1:585768148089:security-group-rule/sgr-07b6238601c773d29",
            "cidr_ipv4": "0.0.0.0/0",
            "cidr_ipv6": null,
            "description": null,
            "from_port": 80,
            "id": "sgr-07b6238601c773d29",
            "ip_protocol": "tcp",
            "prefix_list_id": null,
            "referenced_security_group_id": null,
            "security_group_id": "sg-0e43e6707da07815e",
            "security_group_rule_id": "sgr-07b6238601c773d29",
            "tags": null,
            "tags_all": {},
            "to_port": 80
          },
          "sensitive_attributes": [],
          "dependencies": [
            "aws_security_group.admin_ssh_production"
          ]
        }
      ]
    },
    {
      "mode": "managed",
      "type": "aws_vpc_security_group_ingress_rule",
      "name": "allow_https_in",
      "provider": "provider[\"registry.terraform.io/hashicorp/aws\"]",
      "instances": [
        {
          "schema_version": 0,
          "attributes": {
            "arn": "arn:aws:ec2:us-east-1:585768148089:security-group-rule/sgr-07f2bbd5e905a71cd",
            "cidr_ipv4": "0.0.0.0/0",
            "cidr_ipv6": null,
            "description": null,
            "from_port": 443,
            "id": "sgr-07f2bbd5e905a71cd",
            "ip_protocol": "tcp",
            "prefix_list_id": null,
            "referenced_security_group_id": null,
            "security_group_id": "sg-0e43e6707da07815e",
            "security_group_rule_id": "sgr-07f2bbd5e905a71cd",
            "tags": null,
            "tags_all": {},
            "to_port": 443
          },
          "sensitive_attributes": [],
          "dependencies": [
            "aws_security_group.admin_ssh_production"
          ]
        }
      ]
    },
    {
      "mode": "managed",
      "type": "aws_vpc_security_group_ingress_rule",
      "name": "allow_port_10250",
      "provider": "provider[\"registry.terraform.io/hashicorp/aws\"]",
      "instances": [
        {
          "schema_version": 0,
          "attributes": {
            "arn": "arn:aws:ec2:us-east-1:585768148089:security-group-rule/sgr-06f657e37fc0a5ecc",
            "cidr_ipv4": "172.31.0.0/16",
            "cidr_ipv6": null,
            "description": null,
            "from_port": 10250,
            "id": "sgr-06f657e37fc0a5ecc",
            "ip_protocol": "tcp",
            "prefix_list_id": null,
            "referenced_security_group_id": null,
            "security_group_id": "sg-0e43e6707da07815e",
            "security_group_rule_id": "sgr-06f657e37fc0a5ecc",
            "tags": null,
            "tags_all": {},
            "to_port": 10250
          },
          "sensitive_attributes": [],
          "dependencies": [
            "aws_security_group.admin_ssh_production"
          ]
        }
      ]
    },
    {
      "mode": "managed",
      "type": "aws_vpc_security_group_ingress_rule",
      "name": "allow_port_1194",
      "provider": "provider[\"registry.terraform.io/hashicorp/aws\"]",
      "instances": [
        {
          "schema_version": 0,
          "attributes": {
            "arn": "arn:aws:ec2:us-east-1:585768148089:security-group-rule/sgr-07e37b5c56470e0f4",
            "cidr_ipv4": "176.172.132.0/24",
            "cidr_ipv6": null,
            "description": null,
            "from_port": 1194,
            "id": "sgr-07e37b5c56470e0f4",
            "ip_protocol": "udp",
            "prefix_list_id": null,
            "referenced_security_group_id": null,
            "security_group_id": "sg-0e43e6707da07815e",
            "security_group_rule_id": "sgr-07e37b5c56470e0f4",
            "tags": null,
            "tags_all": {},
            "to_port": 1194
          },
          "sensitive_attributes": [],
          "dependencies": [
            "aws_security_group.admin_ssh_production"
          ]
        }
      ]
    },
    {
      "mode": "managed",
      "type": "aws_vpc_security_group_ingress_rule",
      "name": "allow_port_6443",
      "provider": "provider[\"registry.terraform.io/hashicorp/aws\"]",
      "instances": [
        {
          "schema_version": 0,
          "attributes": {
            "arn": "arn:aws:ec2:us-east-1:585768148089:security-group-rule/sgr-00d1dd62e75aaf5c3",
            "cidr_ipv4": "172.31.0.0/16",
            "cidr_ipv6": null,
            "description": null,
            "from_port": 6443,
            "id": "sgr-00d1dd62e75aaf5c3",
            "ip_protocol": "tcp",
            "prefix_list_id": null,
            "referenced_security_group_id": null,
            "security_group_id": "sg-0e43e6707da07815e",
            "security_group_rule_id": "sgr-00d1dd62e75aaf5c3",
            "tags": null,
            "tags_all": {},
            "to_port": 6443
          },
          "sensitive_attributes": [],
          "dependencies": [
            "aws_security_group.admin_ssh_production"
          ]
        }
      ]
    },
    {
      "mode": "managed",
      "type": "aws_vpc_security_group_ingress_rule",
      "name": "allow_port_8080",
      "provider": "provider[\"registry.terraform.io/hashicorp/aws\"]",
      "instances": [
        {
          "schema_version": 0,
          "attributes": {
            "arn": "arn:aws:ec2:us-east-1:585768148089:security-group-rule/sgr-0fff30f2bf378050d",
            "cidr_ipv4": "0.0.0.0/0",
            "cidr_ipv6": null,
            "description": null,
            "from_port": 8080,
            "id": "sgr-0fff30f2bf378050d",
            "ip_protocol": "tcp",
            "prefix_list_id": null,
            "referenced_security_group_id": null,
            "security_group_id": "sg-0e43e6707da07815e",
            "security_group_rule_id": "sgr-0fff30f2bf378050d",
            "tags": null,
            "tags_all": {},
            "to_port": 8080
          },
          "sensitive_attributes": [],
          "dependencies": [
            "aws_security_group.admin_ssh_production"
          ]
        }
      ]
    },
    {
      "mode": "managed",
      "type": "aws_vpc_security_group_ingress_rule",
      "name": "allow_port_9345",
      "provider": "provider[\"registry.terraform.io/hashicorp/aws\"]",
      "instances": [
        {
          "schema_version": 0,
          "attributes": {
            "arn": "arn:aws:ec2:us-east-1:585768148089:security-group-rule/sgr-0d1f427db747ee5c1",
            "cidr_ipv4": "172.31.0.0/16",
            "cidr_ipv6": null,
            "description": null,
            "from_port": 9345,
            "id": "sgr-0d1f427db747ee5c1",
            "ip_protocol": "tcp",
            "prefix_list_id": null,
            "referenced_security_group_id": null,
            "security_group_id": "sg-0e43e6707da07815e",
            "security_group_rule_id": "sgr-0d1f427db747ee5c1",
            "tags": null,
            "tags_all": {},
            "to_port": 9345
          },
          "sensitive_attributes": [],
          "dependencies": [
            "aws_security_group.admin_ssh_production"
          ]
        }
      ]
    },
    {
      "mode": "managed",
      "type": "aws_vpc_security_group_ingress_rule",
      "name": "allow_port_UDP",
      "provider": "provider[\"registry.terraform.io/hashicorp/aws\"]",
      "instances": [
        {
          "schema_version": 0,
          "attributes": {
            "arn": "arn:aws:ec2:us-east-1:585768148089:security-group-rule/sgr-088087fe3f5a22b3b",
            "cidr_ipv4": "172.31.0.0/16",
            "cidr_ipv6": null,
            "description": null,
            "from_port": 8472,
            "id": "sgr-088087fe3f5a22b3b",
            "ip_protocol": "udp",
            "prefix_list_id": null,
            "referenced_security_group_id": null,
            "security_group_id": "sg-0e43e6707da07815e",
            "security_group_rule_id": "sgr-088087fe3f5a22b3b",
            "tags": null,
            "tags_all": {},
            "to_port": 8472
          },
          "sensitive_attributes": [],
          "dependencies": [
            "aws_security_group.admin_ssh_production"
          ]
        }
      ]
    },
    {
      "mode": "managed",
      "type": "aws_vpc_security_group_ingress_rule",
      "name": "allow_port_ping_kube_vip",
      "provider": "provider[\"registry.terraform.io/hashicorp/aws\"]",
      "instances": [
        {
          "schema_version": 0,
          "attributes": {
            "arn": "arn:aws:ec2:us-east-1:585768148089:security-group-rule/sgr-0f56107390bfc0137",
            "cidr_ipv4": "172.31.0.0/16",
            "cidr_ipv6": null,
            "description": null,
            "from_port": -1,
            "id": "sgr-0f56107390bfc0137",
            "ip_protocol": "icmp",
            "prefix_list_id": null,
            "referenced_security_group_id": null,
            "security_group_id": "sg-0e43e6707da07815e",
            "security_group_rule_id": "sgr-0f56107390bfc0137",
            "tags": null,
            "tags_all": {},
            "to_port": -1
          },
          "sensitive_attributes": [],
          "dependencies": [
            "aws_security_group.admin_ssh_production"
          ]
        }
      ]
    },
    {
      "mode": "managed",
      "type": "aws_vpc_security_group_ingress_rule",
      "name": "allow_ssh_in",
      "provider": "provider[\"registry.terraform.io/hashicorp/aws\"]",
      "instances": [
        {
          "index_key": "192.168.1.0",
          "schema_version": 0,
          "attributes": {
            "arn": "arn:aws:ec2:us-east-1:585768148089:security-group-rule/sgr-04dd767d10aec50db",
            "cidr_ipv4": "192.168.1.0/24",
            "cidr_ipv6": null,
            "description": null,
            "from_port": 22,
            "id": "sgr-04dd767d10aec50db",
            "ip_protocol": "tcp",
            "prefix_list_id": null,
            "referenced_security_group_id": null,
            "security_group_id": "sg-0e43e6707da07815e",
            "security_group_rule_id": "sgr-04dd767d10aec50db",
            "tags": null,
            "tags_all": {},
            "to_port": 22
          },
          "sensitive_attributes": [],
          "dependencies": [
            "aws_security_group.admin_ssh_production"
          ]
        },
        {
          "index_key": "77.207.199.0",
          "schema_version": 0,
          "attributes": {
            "arn": "arn:aws:ec2:us-east-1:585768148089:security-group-rule/sgr-0a3735a65715c2f65",
            "cidr_ipv4": "77.207.199.0/24",
            "cidr_ipv6": null,
            "description": null,
            "from_port": 22,
            "id": "sgr-0a3735a65715c2f65",
            "ip_protocol": "tcp",
            "prefix_list_id": null,
            "referenced_security_group_id": null,
            "security_group_id": "sg-0e43e6707da07815e",
            "security_group_rule_id": "sgr-0a3735a65715c2f65",
            "tags": null,
            "tags_all": {},
            "to_port": 22
          },
          "sensitive_attributes": [],
          "dependencies": [
            "aws_security_group.admin_ssh_production"
          ]
        }
      ]
    },
    {
      "mode": "managed",
      "type": "aws_vpc_security_group_ingress_rule",
      "name": "allow_ssh_in_myip",
      "provider": "provider[\"registry.terraform.io/hashicorp/aws\"]",
      "instances": [
        {
          "schema_version": 0,
          "attributes": {
            "arn": "arn:aws:ec2:us-east-1:585768148089:security-group-rule/sgr-00228ab94c4d07765",
            "cidr_ipv4": "176.172.132.0/24",
            "cidr_ipv6": null,
            "description": null,
            "from_port": 22,
            "id": "sgr-00228ab94c4d07765",
            "ip_protocol": "tcp",
            "prefix_list_id": null,
            "referenced_security_group_id": null,
            "security_group_id": "sg-0e43e6707da07815e",
            "security_group_rule_id": "sgr-00228ab94c4d07765",
            "tags": null,
            "tags_all": {},
            "to_port": 22
          },
          "sensitive_attributes": [],
          "dependencies": [
            "aws_security_group.admin_ssh_production"
          ]
        }
      ]
    },
    {
      "mode": "managed",
      "type": "local_file",
      "name": "vockeyprod_pem",
      "provider": "provider[\"registry.terraform.io/hashicorp/local\"]",
      "instances": [
        {
          "schema_version": 0,
          "attributes": {
            "content": "-----BEGIN RSA PRIVATE KEY-----\nMIIEowIBAAKCAQEA9NW+nfPKdcAsn22sAeiabLxstIEvW0H7k1+P8EnwhZHMWLgu\n57VfqJnJmSRB6mciUW6/W+4srAVWdrmcIuLmAYv2Lh4TOTlO897vzRbLT4wDolVB\nUCq9c56pU9qgnS+Re/GQ6J4Y/RSae6T1fF7ZX/XYYqP88pK1ZuuI3Kv2ekW4nXoU\ntwvQRJQVfMlMzn1RFcMHK0dq/3ogSO04JMek2YsVBKMB54A9c+RxaddHwQZhHWIA\nObu3yucrJQTu+KFDtz93TYQtfSyENhGNvYtGwFDxTDS5cUHHkuNg/MVOumiNTsLm\nq+ns5d2a6Ci5V/QNpxs2kBIA8HGztIdxQy2NoQIDAQABAoIBABkQxvaZzmj2tzrN\nOhZp72FhewmRzjzcCPsCBhT2JOsvzYlptdegAH6c3ABTL3Jlg6Rtn6a0QBuOYlc+\nUmdZ7m1LHHWFO7eYj+Y0tT08b60hqv+UFd80uPeczz4X/GiLRaw4Q3slMG68jMJK\n1Z0ZgsypuTEEE/Hrpim2xGi/LDlBNcwlr22oaIwzrZIhMhVEDcrWygQoI8TDn/Cb\nl4yT2PF1DnEloBmnG7O/DxydlfIm82aMHobi/5dnaOJBZGmLxHiAnEgc+XbBhssU\nAVj65U8Mqk2PFJI4q/RMBTHugUy/7jOFhtTZ7ERu5dKFteRvK/QyDWJ3rcO3B/p1\nsBY+ySECgYEA/k03FvGF1Xf/euv7uG5ANx9CwJrE+vx13vzVm9B0utGkDnSVy97b\n3Pd6o0aMzoCqEtsHvxrwFg/BKfDs7tRLuZou2DWcW2rucbW3gcHINQyt3lrrv2z6\ngvJXPc2IGhBNeVOR4eIhseP3Jn3H0lmDVfVcE8Sm1Ssf2vnEG9FZZQkCgYEA9nhY\nEaf/azL6wMQXkqQv747P6QyLhXB8qfw7n3OdZER0R1xoDGCK/YlzycMwvGA0aaxs\nG6bpc1uIR9dFg0010CfSTcH9eHSurzfsJQN6o+TlWseRMuTjAm3+QkhWXCoC2gG5\n8WkDAOcvfhJfg08PHygB4oC/RkX8VY2yH8hK4dkCgYEAqkQ45nvACDXYMQ1f9RSc\nmkur/hmiWgo/QZY3z6O7BHrpRWR6B46n10M8MaZDEODE/ur4PNRke+EAjHxrp10t\ndo/tXYZHsk3eaPQqcg61Zg+fOonV3s2wzYxFLXQ39HuF4/44Zu1pchoYmQUOjaCx\ndxRZGkNJEOFW6t7gl1+MY0ECgYA4sZf4f79WBkT9wF13wsKwBRa4EcWqLSTP6RBB\n7lM+9CwXGh9o8XAnP83dlEOKoUqNIDdB6RP8EAr6E3+O41zEg9RxRHUslxJzhZaR\nMQqt1oIXbp5sqY+6SFjbIE6VJqi/QvRlnnUtaQBYrJtB1haxYP+F/X2CCakweMaH\nXwgyiQKBgCrUccNL8LDZzEdW9oP5N7U3QDzD00OpwN7vg5OV3ZZjmWJJsH0NcL/L\n/RSs8ktOu3En7Ldo/ip+KNKM0cC59KGyhxHVAkDuP0IW6o7MgPQMMAJB8ngczV7A\n/AlcYi5kFUOSZ6adk51NGeQldrJDBWbigSSquCw7bW6yzeFzW0f1\n-----END RSA PRIVATE KEY-----\n",
            "content_base64": null,
            "content_base64sha256": "lkZ8cApAQobRTPE4E5Xo1M5lI/9IlIn8jl3nY+hs4kw=",
            "content_base64sha512": "gVxkzQ3RRV/jgg1WVJWM2T98q24XtSAlrE8v2012TV0Zci+OrFUdUgzFlmLWRDLBNGfcTYVU3ah90q6NuECygg==",
            "content_md5": "ce50dd77a4cdef30dff1fa9c2cf9821e",
            "content_sha1": "cdef79cf3783c2b86efe94640f7822cf854fc415",
            "content_sha256": "96467c700a404286d14cf1381395e8d4ce6523ff489489fc8e5de763e86ce24c",
            "content_sha512": "815c64cd0dd1455fe3820d5654958cd93f7cab6e17b52025ac4f2fdb4d764d5d19722f8eac551d520cc59662d64432c13467dc4d8554dda87dd2ae8db840b282",
            "directory_permission": "0777",
            "file_permission": "0600",
            "filename": "./vockeyprod.pem",
            "id": "cdef79cf3783c2b86efe94640f7822cf854fc415",
            "sensitive_content": null,
            "source": null
          },
          "sensitive_attributes": [
            [
              {
                "type": "get_attr",
                "value": "content"
              }
            ],
            [
              {
                "type": "get_attr",
                "value": "sensitive_content"
              }
            ]
          ],
          "dependencies": [
            "tls_private_key.vockeyprod"
          ]
        }
      ]
    },
    {
      "mode": "managed",
      "type": "null_resource",
      "name": "generate-instance-id-master1",
      "provider": "provider[\"registry.terraform.io/hashicorp/null\"]",
      "instances": [
        {
          "schema_version": 0,
          "attributes": {
            "id": "4109558742942944314",
            "triggers": null
          },
          "sensitive_attributes": [],
          "dependencies": [
            "aws_iam_instance_profile.ec2_lb_instance_profile",
            "aws_iam_role.ec2_load_balancer_role",
            "aws_instance.masters",
            "aws_key_pair.vockeyprod",
            "aws_security_group.admin_ssh_production",
            "tls_private_key.vockeyprod"
          ]
        }
      ]
    },
    {
      "mode": "managed",
      "type": "null_resource",
      "name": "generate_ansible_inventory-masters",
      "provider": "provider[\"registry.terraform.io/hashicorp/null\"]",
      "instances": [
        {
          "schema_version": 0,
          "attributes": {
            "id": "3804008878581884043",
            "triggers": null
          },
          "sensitive_attributes": [],
          "dependencies": [
            "aws_iam_instance_profile.ec2_lb_instance_profile",
            "aws_iam_role.ec2_load_balancer_role",
            "aws_instance.masters",
            "aws_key_pair.vockeyprod",
            "aws_security_group.admin_ssh_production",
            "tls_private_key.vockeyprod"
          ]
        }
      ]
    },
    {
      "mode": "managed",
      "type": "null_resource",
      "name": "generate_ansible_inventory-workers",
      "provider": "provider[\"registry.terraform.io/hashicorp/null\"]",
      "instances": [
        {
          "schema_version": 0,
          "attributes": {
            "id": "210514763966408224",
            "triggers": null
          },
          "sensitive_attributes": [],
          "dependencies": [
            "aws_iam_instance_profile.ec2_lb_instance_profile",
            "aws_iam_role.ec2_load_balancer_role",
            "aws_instance.workers",
            "aws_key_pair.vockeyprod",
            "aws_security_group.admin_ssh_production",
            "tls_private_key.vockeyprod"
          ]
        }
      ]
    },
    {
      "mode": "managed",
      "type": "null_resource",
      "name": "update_traefik_values_yaml_sg",
      "provider": "provider[\"registry.terraform.io/hashicorp/null\"]",
      "instances": [
        {
          "schema_version": 0,
          "attributes": {
            "id": "6836301937819256240",
            "triggers": null
          },
          "sensitive_attributes": [],
          "dependencies": [
            "aws_iam_instance_profile.ec2_lb_instance_profile",
            "aws_iam_role.ec2_load_balancer_role",
            "aws_instance.masters",
            "aws_key_pair.vockeyprod",
            "aws_security_group.admin_ssh_production",
            "tls_private_key.vockeyprod"
          ]
        }
      ]
    },
    {
      "mode": "managed",
      "type": "null_resource",
      "name": "update_values_yaml",
      "provider": "provider[\"registry.terraform.io/hashicorp/null\"]",
      "instances": [
        {
          "schema_version": 0,
          "attributes": {
            "id": "8093039414391845447",
            "triggers": {
              "eip_allocation_id": "eipalloc-090d9e06d34f2f714"
            }
          },
          "sensitive_attributes": [],
          "dependencies": [
            "aws_eip.traefik_eip"
          ]
        }
      ]
    },
    {
      "mode": "managed",
      "type": "tls_private_key",
      "name": "vockeyprod",
      "provider": "provider[\"registry.terraform.io/hashicorp/tls\"]",
      "instances": [
        {
          "schema_version": 1,
          "attributes": {
            "algorithm": "RSA",
            "ecdsa_curve": "P224",
            "id": "b86b52442e9ae6db77f8639538a47954aae3f938",
            "private_key_openssh": "-----BEGIN OPENSSH PRIVATE KEY-----\nb3BlbnNzaC1rZXktdjEAAAAABG5vbmUAAAAEbm9uZQAAAAAAAAABAAABFwAAAAdz\nc2gtcnNhAAAAAwEAAQAAAQEA9NW+nfPKdcAsn22sAeiabLxstIEvW0H7k1+P8Enw\nhZHMWLgu57VfqJnJmSRB6mciUW6/W+4srAVWdrmcIuLmAYv2Lh4TOTlO897vzRbL\nT4wDolVBUCq9c56pU9qgnS+Re/GQ6J4Y/RSae6T1fF7ZX/XYYqP88pK1ZuuI3Kv2\nekW4nXoUtwvQRJQVfMlMzn1RFcMHK0dq/3ogSO04JMek2YsVBKMB54A9c+RxaddH\nwQZhHWIAObu3yucrJQTu+KFDtz93TYQtfSyENhGNvYtGwFDxTDS5cUHHkuNg/MVO\numiNTsLmq+ns5d2a6Ci5V/QNpxs2kBIA8HGztIdxQy2NoQAAA7hO9lRTTvZUUwAA\nAAdzc2gtcnNhAAABAQD01b6d88p1wCyfbawB6JpsvGy0gS9bQfuTX4/wSfCFkcxY\nuC7ntV+omcmZJEHqZyJRbr9b7iysBVZ2uZwi4uYBi/YuHhM5OU7z3u/NFstPjAOi\nVUFQKr1znqlT2qCdL5F78ZDonhj9FJp7pPV8Xtlf9dhio/zykrVm64jcq/Z6Rbid\nehS3C9BElBV8yUzOfVEVwwcrR2r/eiBI7Tgkx6TZixUEowHngD1z5HFp10fBBmEd\nYgA5u7fK5yslBO74oUO3P3dNhC19LIQ2EY29i0bAUPFMNLlxQceS42D8xU66aI1O\nwuar6ezl3ZroKLlX9A2nGzaQEgDwcbO0h3FDLY2hAAAAAwEAAQAAAQAZEMb2mc5o\n9rc6zToWae9hYXsJkc483Aj7AgYU9iTrL82JabXXoAB+nNwAUy9yZYOkbZ+mtEAb\njmJXPlJnWe5tSxx1hTu3mI/mNLU9PG+tIar/lBXfNLj3nM8+F/xoi0WsOEN7JTBu\nvIzCStWdGYLMqbkxBBPx66YptsRovyw5QTXMJa9tqGiMM62SITIVRA3K1soEKCPE\nw5/wm5eMk9jxdQ5xJaAZpxuzvw8cnZXyJvNmjB6G4v+XZ2jiQWRpi8R4gJxIHPl2\nwYbLFAFY+uVPDKpNjxSSOKv0TAUx7oFMv+4zhYbU2exEbuXShbXkbyv0Mg1id63D\ntwf6dbAWPskhAAAAgCrUccNL8LDZzEdW9oP5N7U3QDzD00OpwN7vg5OV3ZZjmWJJ\nsH0NcL/L/RSs8ktOu3En7Ldo/ip+KNKM0cC59KGyhxHVAkDuP0IW6o7MgPQMMAJB\n8ngczV7A/AlcYi5kFUOSZ6adk51NGeQldrJDBWbigSSquCw7bW6yzeFzW0f1AAAA\ngQD+TTcW8YXVd/966/u4bkA3H0LAmsT6/HXe/NWb0HS60aQOdJXL3tvc93qjRozO\ngKoS2we/GvAWD8Ep8Ozu1Eu5mi7YNZxbau5xtbeBwcg1DK3eWuu/bPqC8lc9zYga\nEE15U5Hh4iGx4/cmfcfSWYNV9VwTxKbVKx/a+cQb0VllCQAAAIEA9nhYEaf/azL6\nwMQXkqQv747P6QyLhXB8qfw7n3OdZER0R1xoDGCK/YlzycMwvGA0aaxsG6bpc1uI\nR9dFg0010CfSTcH9eHSurzfsJQN6o+TlWseRMuTjAm3+QkhWXCoC2gG58WkDAOcv\nfhJfg08PHygB4oC/RkX8VY2yH8hK4dkAAAAAAQID\n-----END OPENSSH PRIVATE KEY-----\n",
            "private_key_pem": "-----BEGIN RSA PRIVATE KEY-----\nMIIEowIBAAKCAQEA9NW+nfPKdcAsn22sAeiabLxstIEvW0H7k1+P8EnwhZHMWLgu\n57VfqJnJmSRB6mciUW6/W+4srAVWdrmcIuLmAYv2Lh4TOTlO897vzRbLT4wDolVB\nUCq9c56pU9qgnS+Re/GQ6J4Y/RSae6T1fF7ZX/XYYqP88pK1ZuuI3Kv2ekW4nXoU\ntwvQRJQVfMlMzn1RFcMHK0dq/3ogSO04JMek2YsVBKMB54A9c+RxaddHwQZhHWIA\nObu3yucrJQTu+KFDtz93TYQtfSyENhGNvYtGwFDxTDS5cUHHkuNg/MVOumiNTsLm\nq+ns5d2a6Ci5V/QNpxs2kBIA8HGztIdxQy2NoQIDAQABAoIBABkQxvaZzmj2tzrN\nOhZp72FhewmRzjzcCPsCBhT2JOsvzYlptdegAH6c3ABTL3Jlg6Rtn6a0QBuOYlc+\nUmdZ7m1LHHWFO7eYj+Y0tT08b60hqv+UFd80uPeczz4X/GiLRaw4Q3slMG68jMJK\n1Z0ZgsypuTEEE/Hrpim2xGi/LDlBNcwlr22oaIwzrZIhMhVEDcrWygQoI8TDn/Cb\nl4yT2PF1DnEloBmnG7O/DxydlfIm82aMHobi/5dnaOJBZGmLxHiAnEgc+XbBhssU\nAVj65U8Mqk2PFJI4q/RMBTHugUy/7jOFhtTZ7ERu5dKFteRvK/QyDWJ3rcO3B/p1\nsBY+ySECgYEA/k03FvGF1Xf/euv7uG5ANx9CwJrE+vx13vzVm9B0utGkDnSVy97b\n3Pd6o0aMzoCqEtsHvxrwFg/BKfDs7tRLuZou2DWcW2rucbW3gcHINQyt3lrrv2z6\ngvJXPc2IGhBNeVOR4eIhseP3Jn3H0lmDVfVcE8Sm1Ssf2vnEG9FZZQkCgYEA9nhY\nEaf/azL6wMQXkqQv747P6QyLhXB8qfw7n3OdZER0R1xoDGCK/YlzycMwvGA0aaxs\nG6bpc1uIR9dFg0010CfSTcH9eHSurzfsJQN6o+TlWseRMuTjAm3+QkhWXCoC2gG5\n8WkDAOcvfhJfg08PHygB4oC/RkX8VY2yH8hK4dkCgYEAqkQ45nvACDXYMQ1f9RSc\nmkur/hmiWgo/QZY3z6O7BHrpRWR6B46n10M8MaZDEODE/ur4PNRke+EAjHxrp10t\ndo/tXYZHsk3eaPQqcg61Zg+fOonV3s2wzYxFLXQ39HuF4/44Zu1pchoYmQUOjaCx\ndxRZGkNJEOFW6t7gl1+MY0ECgYA4sZf4f79WBkT9wF13wsKwBRa4EcWqLSTP6RBB\n7lM+9CwXGh9o8XAnP83dlEOKoUqNIDdB6RP8EAr6E3+O41zEg9RxRHUslxJzhZaR\nMQqt1oIXbp5sqY+6SFjbIE6VJqi/QvRlnnUtaQBYrJtB1haxYP+F/X2CCakweMaH\nXwgyiQKBgCrUccNL8LDZzEdW9oP5N7U3QDzD00OpwN7vg5OV3ZZjmWJJsH0NcL/L\n/RSs8ktOu3En7Ldo/ip+KNKM0cC59KGyhxHVAkDuP0IW6o7MgPQMMAJB8ngczV7A\n/AlcYi5kFUOSZ6adk51NGeQldrJDBWbigSSquCw7bW6yzeFzW0f1\n-----END RSA PRIVATE KEY-----\n",
            "private_key_pem_pkcs8": "-----BEGIN PRIVATE KEY-----\nMIIEvQIBADANBgkqhkiG9w0BAQEFAASCBKcwggSjAgEAAoIBAQD01b6d88p1wCyf\nbawB6JpsvGy0gS9bQfuTX4/wSfCFkcxYuC7ntV+omcmZJEHqZyJRbr9b7iysBVZ2\nuZwi4uYBi/YuHhM5OU7z3u/NFstPjAOiVUFQKr1znqlT2qCdL5F78ZDonhj9FJp7\npPV8Xtlf9dhio/zykrVm64jcq/Z6RbidehS3C9BElBV8yUzOfVEVwwcrR2r/eiBI\n7Tgkx6TZixUEowHngD1z5HFp10fBBmEdYgA5u7fK5yslBO74oUO3P3dNhC19LIQ2\nEY29i0bAUPFMNLlxQceS42D8xU66aI1Owuar6ezl3ZroKLlX9A2nGzaQEgDwcbO0\nh3FDLY2hAgMBAAECggEAGRDG9pnOaPa3Os06FmnvYWF7CZHOPNwI+wIGFPYk6y/N\niWm116AAfpzcAFMvcmWDpG2fprRAG45iVz5SZ1nubUscdYU7t5iP5jS1PTxvrSGq\n/5QV3zS495zPPhf8aItFrDhDeyUwbryMwkrVnRmCzKm5MQQT8eumKbbEaL8sOUE1\nzCWvbahojDOtkiEyFUQNytbKBCgjxMOf8JuXjJPY8XUOcSWgGacbs78PHJ2V8ibz\nZowehuL/l2do4kFkaYvEeICcSBz5dsGGyxQBWPrlTwyqTY8Ukjir9EwFMe6BTL/u\nM4WG1NnsRG7l0oW15G8r9DINYnetw7cH+nWwFj7JIQKBgQD+TTcW8YXVd/966/u4\nbkA3H0LAmsT6/HXe/NWb0HS60aQOdJXL3tvc93qjRozOgKoS2we/GvAWD8Ep8Ozu\n1Eu5mi7YNZxbau5xtbeBwcg1DK3eWuu/bPqC8lc9zYgaEE15U5Hh4iGx4/cmfcfS\nWYNV9VwTxKbVKx/a+cQb0VllCQKBgQD2eFgRp/9rMvrAxBeSpC/vjs/pDIuFcHyp\n/Dufc51kRHRHXGgMYIr9iXPJwzC8YDRprGwbpulzW4hH10WDTTXQJ9JNwf14dK6v\nN+wlA3qj5OVax5Ey5OMCbf5CSFZcKgLaAbnxaQMA5y9+El+DTw8fKAHigL9GRfxV\njbIfyErh2QKBgQCqRDjme8AINdgxDV/1FJyaS6v+GaJaCj9BljfPo7sEeulFZHoH\njqfXQzwxpkMQ4MT+6vg81GR74QCMfGunXS12j+1dhkeyTd5o9CpyDrVmD586idXe\nzbDNjEUtdDf0e4Xj/jhm7WlyGhiZBQ6NoLF3FFkaQ0kQ4Vbq3uCXX4xjQQKBgDix\nl/h/v1YGRP3AXXfCwrAFFrgRxaotJM/pEEHuUz70LBcaH2jxcCc/zd2UQ4qhSo0g\nN0HpE/wQCvoTf47jXMSD1HFEdSyXEnOFlpExCq3Wghdunmypj7pIWNsgTpUmqL9C\n9GWedS1pAFism0HWFrFg/4X9fYIJqTB4xodfCDKJAoGAKtRxw0vwsNnMR1b2g/k3\ntTdAPMPTQ6nA3u+Dk5XdlmOZYkmwfQ1wv8v9FKzyS067cSfst2j+Kn4o0ozRwLn0\nobKHEdUCQO4/QhbqjsyA9AwwAkHyeBzNXsD8CVxiLmQVQ5Jnpp2TnU0Z5CV2skMF\nZuKBJKq4LDttbrLN4XNbR/U=\n-----END PRIVATE KEY-----\n",
            "public_key_fingerprint_md5": "e2:b0:7c:11:aa:b7:82:27:c7:fd:d2:3c:4f:e9:18:1a",
            "public_key_fingerprint_sha256": "SHA256:ucf2UvzG+ombidWtTo0T2KwSjTHPAt0uAR6KmDM/S0o",
            "public_key_openssh": "ssh-rsa AAAAB3NzaC1yc2EAAAADAQABAAABAQD01b6d88p1wCyfbawB6JpsvGy0gS9bQfuTX4/wSfCFkcxYuC7ntV+omcmZJEHqZyJRbr9b7iysBVZ2uZwi4uYBi/YuHhM5OU7z3u/NFstPjAOiVUFQKr1znqlT2qCdL5F78ZDonhj9FJp7pPV8Xtlf9dhio/zykrVm64jcq/Z6RbidehS3C9BElBV8yUzOfVEVwwcrR2r/eiBI7Tgkx6TZixUEowHngD1z5HFp10fBBmEdYgA5u7fK5yslBO74oUO3P3dNhC19LIQ2EY29i0bAUPFMNLlxQceS42D8xU66aI1Owuar6ezl3ZroKLlX9A2nGzaQEgDwcbO0h3FDLY2h\n",
            "public_key_pem": "-----BEGIN PUBLIC KEY-----\nMIIBIjANBgkqhkiG9w0BAQEFAAOCAQ8AMIIBCgKCAQEA9NW+nfPKdcAsn22sAeia\nbLxstIEvW0H7k1+P8EnwhZHMWLgu57VfqJnJmSRB6mciUW6/W+4srAVWdrmcIuLm\nAYv2Lh4TOTlO897vzRbLT4wDolVBUCq9c56pU9qgnS+Re/GQ6J4Y/RSae6T1fF7Z\nX/XYYqP88pK1ZuuI3Kv2ekW4nXoUtwvQRJQVfMlMzn1RFcMHK0dq/3ogSO04JMek\n2YsVBKMB54A9c+RxaddHwQZhHWIAObu3yucrJQTu+KFDtz93TYQtfSyENhGNvYtG\nwFDxTDS5cUHHkuNg/MVOumiNTsLmq+ns5d2a6Ci5V/QNpxs2kBIA8HGztIdxQy2N\noQIDAQAB\n-----END PUBLIC KEY-----\n",
            "rsa_bits": 2048
          },
          "sensitive_attributes": [
            [
              {
                "type": "get_attr",
                "value": "private_key_openssh"
              }
            ],
            [
              {
                "type": "get_attr",
                "value": "private_key_pem"
              }
            ],
            [
              {
                "type": "get_attr",
                "value": "private_key_pem_pkcs8"
              }
            ]
          ],
          "create_before_destroy": true
        }
      ]
    }
  ],
  "check_results": null
}
