{
  "version": 4,
  "terraform_version": "1.11.4",
  "serial": 50,
  "lineage": "60d08834-0332-1393-7d9b-b3260cb0cad7",
  "outputs": {
    "ID_admin_ssh_production": {
      "value": "sg-093ae75a47f8d79f7",
      "type": "string"
    },
    "eip_allocation_id": {
      "value": "eipalloc-000a3ce6a377d8159",
      "type": "string"
    },
    "instance_info_prod_master": {
      "value": {
        "master_prod_public_ip": [
          "3.215.186.2",
          "3.236.97.249",
          "34.226.234.26"
        ]
      },
      "type": [
        "object",
        {
          "master_prod_public_ip": [
            "tuple",
            [
              "string",
              "string",
              "string"
            ]
          ]
        }
      ]
    },
    "instance_info_prod_worker": {
      "value": {
        "worker_prod_public_ip": [
          "98.84.11.40",
          "13.217.128.58"
        ]
      },
      "type": [
        "object",
        {
          "worker_prod_public_ip": [
            "tuple",
            [
              "string",
              "string"
            ]
          ]
        }
      ]
    },
    "ssh_key_name": {
      "value": "vockeyprod",
      "type": "string"
    },
    "ssh_private_key_filename": {
      "value": "./vockeyprod.pem",
      "type": "string"
    }
  },
  "resources": [
    {
      "mode": "managed",
      "type": "aws_ebs_volume",
      "name": "apotheose_volume",
      "provider": "provider[\"registry.terraform.io/hashicorp/aws\"]",
      "instances": [
        {
          "index_key": 0,
          "schema_version": 0,
          "attributes": {
            "arn": "arn:aws:ec2:us-east-1:585768148089:volume/vol-08205bfb789f7fa4e",
            "availability_zone": "us-east-1f",
            "create_time": "2025-05-09T15:48:06Z",
            "encrypted": false,
            "final_snapshot": false,
            "id": "vol-08205bfb789f7fa4e",
            "iops": 195,
            "kms_key_id": "",
            "multi_attach_enabled": false,
            "outpost_arn": "",
            "size": 65,
            "snapshot_id": "",
            "tags": null,
            "tags_all": {},
            "throughput": 0,
            "timeouts": null,
            "type": "gp2"
          },
          "sensitive_attributes": [],
          "private": "eyJlMmJmYjczMC1lY2FhLTExZTYtOGY4OC0zNDM2M2JjN2M0YzAiOnsiY3JlYXRlIjozMDAwMDAwMDAwMDAsImRlbGV0ZSI6NjAwMDAwMDAwMDAwLCJ1cGRhdGUiOjMwMDAwMDAwMDAwMH19",
          "dependencies": [
            "aws_iam_instance_profile.ec2_lb_instance_profile",
            "aws_iam_role.ec2_load_balancer_role",
            "aws_instance.masters",
            "aws_instance.workers",
            "aws_key_pair.vockeyprod",
            "aws_security_group.admin_ssh_production",
            "tls_private_key.vockeyprod"
          ]
        },
        {
          "index_key": 1,
          "schema_version": 0,
          "attributes": {
            "arn": "arn:aws:ec2:us-east-1:585768148089:volume/vol-01cb3b4f675cdb700",
            "availability_zone": "us-east-1f",
            "create_time": "2025-05-09T15:48:06Z",
            "encrypted": false,
            "final_snapshot": false,
            "id": "vol-01cb3b4f675cdb700",
            "iops": 195,
            "kms_key_id": "",
            "multi_attach_enabled": false,
            "outpost_arn": "",
            "size": 65,
            "snapshot_id": "",
            "tags": null,
            "tags_all": {},
            "throughput": 0,
            "timeouts": null,
            "type": "gp2"
          },
          "sensitive_attributes": [],
          "private": "eyJlMmJmYjczMC1lY2FhLTExZTYtOGY4OC0zNDM2M2JjN2M0YzAiOnsiY3JlYXRlIjozMDAwMDAwMDAwMDAsImRlbGV0ZSI6NjAwMDAwMDAwMDAwLCJ1cGRhdGUiOjMwMDAwMDAwMDAwMH19",
          "dependencies": [
            "aws_iam_instance_profile.ec2_lb_instance_profile",
            "aws_iam_role.ec2_load_balancer_role",
            "aws_instance.masters",
            "aws_instance.workers",
            "aws_key_pair.vockeyprod",
            "aws_security_group.admin_ssh_production",
            "tls_private_key.vockeyprod"
          ]
        },
        {
          "index_key": 2,
          "schema_version": 0,
          "attributes": {
            "arn": "arn:aws:ec2:us-east-1:585768148089:volume/vol-07d77dfc0f120edbc",
            "availability_zone": "us-east-1f",
            "create_time": "2025-05-09T15:48:06Z",
            "encrypted": false,
            "final_snapshot": false,
            "id": "vol-07d77dfc0f120edbc",
            "iops": 195,
            "kms_key_id": "",
            "multi_attach_enabled": false,
            "outpost_arn": "",
            "size": 65,
            "snapshot_id": "",
            "tags": null,
            "tags_all": {},
            "throughput": 0,
            "timeouts": null,
            "type": "gp2"
          },
          "sensitive_attributes": [],
          "private": "eyJlMmJmYjczMC1lY2FhLTExZTYtOGY4OC0zNDM2M2JjN2M0YzAiOnsiY3JlYXRlIjozMDAwMDAwMDAwMDAsImRlbGV0ZSI6NjAwMDAwMDAwMDAwLCJ1cGRhdGUiOjMwMDAwMDAwMDAwMH19",
          "dependencies": [
            "aws_iam_instance_profile.ec2_lb_instance_profile",
            "aws_iam_role.ec2_load_balancer_role",
            "aws_instance.masters",
            "aws_instance.workers",
            "aws_key_pair.vockeyprod",
            "aws_security_group.admin_ssh_production",
            "tls_private_key.vockeyprod"
          ]
        },
        {
          "index_key": 3,
          "schema_version": 0,
          "attributes": {
            "arn": "arn:aws:ec2:us-east-1:585768148089:volume/vol-0abbd1303f3411c12",
            "availability_zone": "us-east-1f",
            "create_time": "2025-05-09T15:48:06Z",
            "encrypted": false,
            "final_snapshot": false,
            "id": "vol-0abbd1303f3411c12",
            "iops": 195,
            "kms_key_id": "",
            "multi_attach_enabled": false,
            "outpost_arn": "",
            "size": 65,
            "snapshot_id": "",
            "tags": null,
            "tags_all": {},
            "throughput": 0,
            "timeouts": null,
            "type": "gp2"
          },
          "sensitive_attributes": [],
          "private": "eyJlMmJmYjczMC1lY2FhLTExZTYtOGY4OC0zNDM2M2JjN2M0YzAiOnsiY3JlYXRlIjozMDAwMDAwMDAwMDAsImRlbGV0ZSI6NjAwMDAwMDAwMDAwLCJ1cGRhdGUiOjMwMDAwMDAwMDAwMH19",
          "dependencies": [
            "aws_iam_instance_profile.ec2_lb_instance_profile",
            "aws_iam_role.ec2_load_balancer_role",
            "aws_instance.masters",
            "aws_instance.workers",
            "aws_key_pair.vockeyprod",
            "aws_security_group.admin_ssh_production",
            "tls_private_key.vockeyprod"
          ]
        },
        {
          "index_key": 4,
          "schema_version": 0,
          "attributes": {
            "arn": "arn:aws:ec2:us-east-1:585768148089:volume/vol-0c630b87816477e02",
            "availability_zone": "us-east-1f",
            "create_time": "2025-05-09T15:48:06Z",
            "encrypted": false,
            "final_snapshot": false,
            "id": "vol-0c630b87816477e02",
            "iops": 195,
            "kms_key_id": "",
            "multi_attach_enabled": false,
            "outpost_arn": "",
            "size": 65,
            "snapshot_id": "",
            "tags": null,
            "tags_all": {},
            "throughput": 0,
            "timeouts": null,
            "type": "gp2"
          },
          "sensitive_attributes": [],
          "private": "eyJlMmJmYjczMC1lY2FhLTExZTYtOGY4OC0zNDM2M2JjN2M0YzAiOnsiY3JlYXRlIjozMDAwMDAwMDAwMDAsImRlbGV0ZSI6NjAwMDAwMDAwMDAwLCJ1cGRhdGUiOjMwMDAwMDAwMDAwMH19",
          "dependencies": [
            "aws_iam_instance_profile.ec2_lb_instance_profile",
            "aws_iam_role.ec2_load_balancer_role",
            "aws_instance.masters",
            "aws_instance.workers",
            "aws_key_pair.vockeyprod",
            "aws_security_group.admin_ssh_production",
            "tls_private_key.vockeyprod"
          ]
        }
      ]
    },
    {
      "mode": "managed",
      "type": "aws_ebs_volume",
      "name": "apotheose_volume_cstor",
      "provider": "provider[\"registry.terraform.io/hashicorp/aws\"]",
      "instances": [
        {
          "index_key": 0,
          "schema_version": 0,
          "attributes": {
            "arn": "arn:aws:ec2:us-east-1:585768148089:volume/vol-0d53f339660eb6a13",
            "availability_zone": "us-east-1f",
            "create_time": "2025-05-09T15:48:05Z",
            "encrypted": false,
            "final_snapshot": false,
            "id": "vol-0d53f339660eb6a13",
            "iops": 180,
            "kms_key_id": "",
            "multi_attach_enabled": false,
            "outpost_arn": "",
            "size": 60,
            "snapshot_id": "",
            "tags": null,
            "tags_all": {},
            "throughput": 0,
            "timeouts": null,
            "type": "gp2"
          },
          "sensitive_attributes": [],
          "private": "eyJlMmJmYjczMC1lY2FhLTExZTYtOGY4OC0zNDM2M2JjN2M0YzAiOnsiY3JlYXRlIjozMDAwMDAwMDAwMDAsImRlbGV0ZSI6NjAwMDAwMDAwMDAwLCJ1cGRhdGUiOjMwMDAwMDAwMDAwMH19",
          "dependencies": [
            "aws_iam_instance_profile.ec2_lb_instance_profile",
            "aws_iam_role.ec2_load_balancer_role",
            "aws_instance.workers",
            "aws_key_pair.vockeyprod",
            "aws_security_group.admin_ssh_production",
            "tls_private_key.vockeyprod"
          ]
        },
        {
          "index_key": 1,
          "schema_version": 0,
          "attributes": {
            "arn": "arn:aws:ec2:us-east-1:585768148089:volume/vol-06f040469608728fc",
            "availability_zone": "us-east-1f",
            "create_time": "2025-05-09T15:48:05Z",
            "encrypted": false,
            "final_snapshot": false,
            "id": "vol-06f040469608728fc",
            "iops": 180,
            "kms_key_id": "",
            "multi_attach_enabled": false,
            "outpost_arn": "",
            "size": 60,
            "snapshot_id": "",
            "tags": null,
            "tags_all": {},
            "throughput": 0,
            "timeouts": null,
            "type": "gp2"
          },
          "sensitive_attributes": [],
          "private": "eyJlMmJmYjczMC1lY2FhLTExZTYtOGY4OC0zNDM2M2JjN2M0YzAiOnsiY3JlYXRlIjozMDAwMDAwMDAwMDAsImRlbGV0ZSI6NjAwMDAwMDAwMDAwLCJ1cGRhdGUiOjMwMDAwMDAwMDAwMH19",
          "dependencies": [
            "aws_iam_instance_profile.ec2_lb_instance_profile",
            "aws_iam_role.ec2_load_balancer_role",
            "aws_instance.workers",
            "aws_key_pair.vockeyprod",
            "aws_security_group.admin_ssh_production",
            "tls_private_key.vockeyprod"
          ]
        }
      ]
    },
    {
      "mode": "managed",
      "type": "aws_ec2_tag",
      "name": "subnet_tag_cluster",
      "provider": "provider[\"registry.terraform.io/hashicorp/aws\"]",
      "instances": [
        {
          "schema_version": 0,
          "attributes": {
            "id": "subnet-07ef8d731542349d5,kubernetes.io/cluster/apotheose",
            "key": "kubernetes.io/cluster/apotheose",
            "resource_id": "subnet-07ef8d731542349d5",
            "value": "owned"
          },
          "sensitive_attributes": [],
          "private": "bnVsbA=="
        }
      ]
    },
    {
      "mode": "managed",
      "type": "aws_ec2_tag",
      "name": "subnet_tag_elb",
      "provider": "provider[\"registry.terraform.io/hashicorp/aws\"]",
      "instances": [
        {
          "schema_version": 0,
          "attributes": {
            "id": "subnet-07ef8d731542349d5,kubernetes.io/role/elb",
            "key": "kubernetes.io/role/elb",
            "resource_id": "subnet-07ef8d731542349d5",
            "value": "1"
          },
          "sensitive_attributes": [],
          "private": "bnVsbA=="
        }
      ]
    },
    {
      "mode": "managed",
      "type": "aws_eip",
      "name": "traefik_eip",
      "provider": "provider[\"registry.terraform.io/hashicorp/aws\"]",
      "instances": [
        {
          "schema_version": 0,
          "attributes": {
            "address": null,
            "allocation_id": "eipalloc-000a3ce6a377d8159",
            "arn": "arn:aws:ec2:us-east-1:585768148089:elastic-ip/eipalloc-000a3ce6a377d8159",
            "associate_with_private_ip": null,
            "association_id": "",
            "carrier_ip": "",
            "customer_owned_ip": "",
            "customer_owned_ipv4_pool": "",
            "domain": "vpc",
            "id": "eipalloc-000a3ce6a377d8159",
            "instance": "",
            "ipam_pool_id": null,
            "network_border_group": "us-east-1",
            "network_interface": "",
            "private_dns": null,
            "private_ip": "",
            "ptr_record": "",
            "public_dns": "ec2-54-210-158-177.compute-1.amazonaws.com",
            "public_ip": "54.210.158.177",
            "public_ipv4_pool": "amazon",
            "tags": {
              "Name": "traefik-lb-eip"
            },
            "tags_all": {
              "Name": "traefik-lb-eip"
            },
            "timeouts": null,
            "vpc": true
          },
          "sensitive_attributes": [],
          "private": "eyJlMmJmYjczMC1lY2FhLTExZTYtOGY4OC0zNDM2M2JjN2M0YzAiOnsiZGVsZXRlIjoxODAwMDAwMDAwMDAsInJlYWQiOjkwMDAwMDAwMDAwMCwidXBkYXRlIjozMDAwMDAwMDAwMDB9fQ=="
        }
      ]
    },
    {
      "mode": "managed",
      "type": "aws_iam_instance_profile",
      "name": "ec2_lb_instance_profile",
      "provider": "provider[\"registry.terraform.io/hashicorp/aws\"]",
      "instances": [
        {
          "schema_version": 0,
          "attributes": {
            "arn": "arn:aws:iam::585768148089:instance-profile/EC2LoadBalancerInstanceProfile",
            "create_date": "2025-05-09T15:47:43Z",
            "id": "EC2LoadBalancerInstanceProfile",
            "name": "EC2LoadBalancerInstanceProfile",
            "name_prefix": "",
            "path": "/",
            "role": "EC2LoadBalancerRole",
            "tags": null,
            "tags_all": {},
            "unique_id": "AIPAYQYUATR45Y6WYUEVU"
          },
          "sensitive_attributes": [],
          "private": "bnVsbA==",
          "dependencies": [
            "aws_iam_role.ec2_load_balancer_role"
          ],
          "create_before_destroy": true
        }
      ]
    },
    {
      "mode": "managed",
      "type": "aws_iam_policy",
      "name": "ec2_elb_custom_policy",
      "provider": "provider[\"registry.terraform.io/hashicorp/aws\"]",
      "instances": [
        {
          "schema_version": 0,
          "attributes": {
            "arn": "arn:aws:iam::585768148089:policy/EC2ELBAccessPolicy",
            "attachment_count": 0,
            "description": "Custom policy to manage ELB and related resources",
            "id": "arn:aws:iam::585768148089:policy/EC2ELBAccessPolicy",
            "name": "EC2ELBAccessPolicy",
            "name_prefix": "",
            "path": "/",
            "policy": "{\"Statement\":[{\"Action\":[\"ec2:AllocateAddress\",\"ec2:AssociateAddress\",\"ec2:DisassociateAddress\",\"ec2:ReleaseAddress\"],\"Effect\":\"Allow\",\"Resource\":\"*\"},{\"Action\":[\"ec2:AuthorizeSecurityGroupIngress\",\"ec2:RevokeSecurityGroupIngress\",\"ec2:CreateSecurityGroup\",\"ec2:DeleteSecurityGroup\",\"ec2:Describe*\"],\"Effect\":\"Allow\",\"Resource\":\"*\"},{\"Action\":\"elasticloadbalancing:*\",\"Effect\":\"Allow\",\"Resource\":\"*\"},{\"Action\":[\"ec2:DescribeAccountAttributes\",\"ec2:DescribeAddresses\",\"ec2:DescribeInternetGateways\",\"ec2:DescribeSecurityGroups\",\"ec2:DescribeSubnets\",\"ec2:DescribeVpcs\",\"ec2:DescribeVpcClassicLink\",\"ec2:DescribeInstances\",\"ec2:DescribeNetworkInterfaces\",\"ec2:DescribeClassicLinkInstances\",\"ec2:DescribeRouteTables\",\"ec2:DescribeCoipPools\",\"ec2:GetCoipPoolUsage\",\"ec2:GetSecurityGroupsForVpc\",\"ec2:DescribeVpcPeeringConnections\",\"cognito-idp:DescribeUserPoolClient\"],\"Effect\":\"Allow\",\"Resource\":\"*\"},{\"Action\":\"iam:CreateServiceLinkedRole\",\"Condition\":{\"StringEquals\":{\"iam:AWSServiceName\":\"elasticloadbalancing.amazonaws.com\"}},\"Effect\":\"Allow\",\"Resource\":\"*\"},{\"Action\":\"arc-zonal-shift:*\",\"Effect\":\"Allow\",\"Resource\":\"arn:aws:elasticloadbalancing:*:*:loadbalancer/*\"},{\"Action\":[\"arc-zonal-shift:ListManagedResources\",\"arc-zonal-shift:ListZonalShifts\"],\"Effect\":\"Allow\",\"Resource\":\"*\"}],\"Version\":\"2012-10-17\"}",
            "policy_id": "ANPAYQYUATR4X2YRMDECM",
            "tags": null,
            "tags_all": {}
          },
          "sensitive_attributes": [],
          "private": "bnVsbA=="
        }
      ]
    },
    {
      "mode": "managed",
      "type": "aws_iam_role",
      "name": "ec2_load_balancer_role",
      "provider": "provider[\"registry.terraform.io/hashicorp/aws\"]",
      "instances": [
        {
          "schema_version": 0,
          "attributes": {
            "arn": "arn:aws:iam::585768148089:role/EC2LoadBalancerRole",
            "assume_role_policy": "{\"Statement\":[{\"Action\":\"sts:AssumeRole\",\"Effect\":\"Allow\",\"Principal\":{\"Service\":\"ec2.amazonaws.com\"}}],\"Version\":\"2012-10-17\"}",
            "create_date": "2025-05-09T15:47:43Z",
            "description": "",
            "force_detach_policies": false,
            "id": "EC2LoadBalancerRole",
            "inline_policy": [],
            "managed_policy_arns": [],
            "max_session_duration": 3600,
            "name": "EC2LoadBalancerRole",
            "name_prefix": "",
            "path": "/",
            "permissions_boundary": "",
            "tags": null,
            "tags_all": {},
            "unique_id": "AROAYQYUATR4TDWEYWYB5"
          },
          "sensitive_attributes": [],
          "private": "bnVsbA==",
          "create_before_destroy": true
        }
      ]
    },
    {
      "mode": "managed",
      "type": "aws_iam_role_policy_attachment",
      "name": "attach_custom_elb_policy",
      "provider": "provider[\"registry.terraform.io/hashicorp/aws\"]",
      "instances": [
        {
          "schema_version": 0,
          "attributes": {
            "id": "EC2LoadBalancerRole-20250509154743726600000001",
            "policy_arn": "arn:aws:iam::585768148089:policy/EC2ELBAccessPolicy",
            "role": "EC2LoadBalancerRole"
          },
          "sensitive_attributes": [],
          "private": "bnVsbA==",
          "dependencies": [
            "aws_iam_policy.ec2_elb_custom_policy",
            "aws_iam_role.ec2_load_balancer_role"
          ]
        }
      ]
    },
    {
      "mode": "managed",
      "type": "aws_instance",
      "name": "masters",
      "provider": "provider[\"registry.terraform.io/hashicorp/aws\"]",
      "instances": [
        {
          "index_key": 0,
          "schema_version": 1,
          "attributes": {
            "ami": "ami-04b4f1a9cf54c11d0",
            "arn": "arn:aws:ec2:us-east-1:585768148089:instance/i-05b52890a5e3e6924",
            "associate_public_ip_address": true,
            "availability_zone": "us-east-1f",
            "capacity_reservation_specification": [
              {
                "capacity_reservation_preference": "open",
                "capacity_reservation_target": []
              }
            ],
            "cpu_core_count": 4,
            "cpu_options": [
              {
                "amd_sev_snp": "",
                "core_count": 4,
                "threads_per_core": 2
              }
            ],
            "cpu_threads_per_core": 2,
            "credit_specification": [
              {
                "cpu_credits": "unlimited"
              }
            ],
            "disable_api_stop": false,
            "disable_api_termination": false,
            "ebs_block_device": [],
            "ebs_optimized": false,
            "enable_primary_ipv6": null,
            "enclave_options": [
              {
                "enabled": false
              }
            ],
            "ephemeral_block_device": [],
            "get_password_data": false,
            "hibernation": false,
            "host_id": "",
            "host_resource_group_arn": null,
            "iam_instance_profile": "EC2LoadBalancerInstanceProfile",
            "id": "i-05b52890a5e3e6924",
            "instance_initiated_shutdown_behavior": "stop",
            "instance_lifecycle": "",
            "instance_market_options": [],
            "instance_state": "running",
            "instance_type": "t3a.2xlarge",
            "ipv6_address_count": 0,
            "ipv6_addresses": [],
            "key_name": "vockeyprod",
            "launch_template": [],
            "maintenance_options": [
              {
                "auto_recovery": "default"
              }
            ],
            "metadata_options": [
              {
                "http_endpoint": "enabled",
                "http_protocol_ipv6": "disabled",
                "http_put_response_hop_limit": 2,
                "http_tokens": "required",
                "instance_metadata_tags": "disabled"
              }
            ],
            "monitoring": false,
            "network_interface": [],
            "outpost_arn": "",
            "password_data": "",
            "placement_group": "",
            "placement_partition_number": 0,
            "primary_network_interface_id": "eni-036e02ecc03d3451b",
            "private_dns": "ip-172-31-74-230.ec2.internal",
            "private_dns_name_options": [
              {
                "enable_resource_name_dns_a_record": false,
                "enable_resource_name_dns_aaaa_record": false,
                "hostname_type": "ip-name"
              }
            ],
            "private_ip": "172.31.74.230",
            "public_dns": "ec2-3-215-186-2.compute-1.amazonaws.com",
            "public_ip": "3.215.186.2",
            "root_block_device": [
              {
                "delete_on_termination": true,
                "device_name": "/dev/sda1",
                "encrypted": false,
                "iops": 3000,
                "kms_key_id": "",
                "tags": {},
                "tags_all": {},
                "throughput": 125,
                "volume_id": "vol-057ee98ae9d24c7b6",
                "volume_size": 8,
                "volume_type": "gp3"
              }
            ],
            "secondary_private_ips": [],
            "security_groups": [
              "admin_ssh_production"
            ],
            "source_dest_check": true,
            "spot_instance_request_id": "",
            "subnet_id": "subnet-07ef8d731542349d5",
            "tags": {
              "Name": "master1",
              "k8s.io/role/node": "master",
              "kubernetes.io/cluster/apotheose-cluster": "owned",
              "topology.kubernetes.io/region": "us-east-1",
              "topology.kubernetes.io/zone": "us-east-1f"
            },
            "tags_all": {
              "Name": "master1",
              "k8s.io/role/node": "master",
              "kubernetes.io/cluster/apotheose-cluster": "owned",
              "topology.kubernetes.io/region": "us-east-1",
              "topology.kubernetes.io/zone": "us-east-1f"
            },
            "tenancy": "default",
            "timeouts": null,
            "user_data": null,
            "user_data_base64": null,
            "user_data_replace_on_change": false,
            "volume_tags": null,
            "vpc_security_group_ids": [
              "sg-093ae75a47f8d79f7"
            ]
          },
          "sensitive_attributes": [],
          "private": "eyJlMmJmYjczMC1lY2FhLTExZTYtOGY4OC0zNDM2M2JjN2M0YzAiOnsiY3JlYXRlIjo2MDAwMDAwMDAwMDAsImRlbGV0ZSI6MTIwMDAwMDAwMDAwMCwicmVhZCI6OTAwMDAwMDAwMDAwLCJ1cGRhdGUiOjYwMDAwMDAwMDAwMH0sInNjaGVtYV92ZXJzaW9uIjoiMSJ9",
          "dependencies": [
            "aws_iam_instance_profile.ec2_lb_instance_profile",
            "aws_iam_role.ec2_load_balancer_role",
            "aws_key_pair.vockeyprod",
            "aws_security_group.admin_ssh_production",
            "tls_private_key.vockeyprod"
          ],
          "create_before_destroy": true
        },
        {
          "index_key": 1,
          "schema_version": 1,
          "attributes": {
            "ami": "ami-04b4f1a9cf54c11d0",
            "arn": "arn:aws:ec2:us-east-1:585768148089:instance/i-0761f92667d4c47b2",
            "associate_public_ip_address": true,
            "availability_zone": "us-east-1f",
            "capacity_reservation_specification": [
              {
                "capacity_reservation_preference": "open",
                "capacity_reservation_target": []
              }
            ],
            "cpu_core_count": 4,
            "cpu_options": [
              {
                "amd_sev_snp": "",
                "core_count": 4,
                "threads_per_core": 2
              }
            ],
            "cpu_threads_per_core": 2,
            "credit_specification": [
              {
                "cpu_credits": "unlimited"
              }
            ],
            "disable_api_stop": false,
            "disable_api_termination": false,
            "ebs_block_device": [],
            "ebs_optimized": false,
            "enable_primary_ipv6": null,
            "enclave_options": [
              {
                "enabled": false
              }
            ],
            "ephemeral_block_device": [],
            "get_password_data": false,
            "hibernation": false,
            "host_id": "",
            "host_resource_group_arn": null,
            "iam_instance_profile": "EC2LoadBalancerInstanceProfile",
            "id": "i-0761f92667d4c47b2",
            "instance_initiated_shutdown_behavior": "stop",
            "instance_lifecycle": "",
            "instance_market_options": [],
            "instance_state": "running",
            "instance_type": "t3a.2xlarge",
            "ipv6_address_count": 0,
            "ipv6_addresses": [],
            "key_name": "vockeyprod",
            "launch_template": [],
            "maintenance_options": [
              {
                "auto_recovery": "default"
              }
            ],
            "metadata_options": [
              {
                "http_endpoint": "enabled",
                "http_protocol_ipv6": "disabled",
                "http_put_response_hop_limit": 2,
                "http_tokens": "required",
                "instance_metadata_tags": "disabled"
              }
            ],
            "monitoring": false,
            "network_interface": [],
            "outpost_arn": "",
            "password_data": "",
            "placement_group": "",
            "placement_partition_number": 0,
            "primary_network_interface_id": "eni-0c6d02487c05d2af1",
            "private_dns": "ip-172-31-77-69.ec2.internal",
            "private_dns_name_options": [
              {
                "enable_resource_name_dns_a_record": false,
                "enable_resource_name_dns_aaaa_record": false,
                "hostname_type": "ip-name"
              }
            ],
            "private_ip": "172.31.77.69",
            "public_dns": "ec2-3-236-97-249.compute-1.amazonaws.com",
            "public_ip": "3.236.97.249",
            "root_block_device": [
              {
                "delete_on_termination": true,
                "device_name": "/dev/sda1",
                "encrypted": false,
                "iops": 3000,
                "kms_key_id": "",
                "tags": {},
                "tags_all": {},
                "throughput": 125,
                "volume_id": "vol-09c068755f38b5d9e",
                "volume_size": 8,
                "volume_type": "gp3"
              }
            ],
            "secondary_private_ips": [],
            "security_groups": [
              "admin_ssh_production"
            ],
            "source_dest_check": true,
            "spot_instance_request_id": "",
            "subnet_id": "subnet-07ef8d731542349d5",
            "tags": {
              "Name": "master2",
              "k8s.io/role/node": "master",
              "kubernetes.io/cluster/apotheose-cluster": "owned",
              "topology.kubernetes.io/region": "us-east-1",
              "topology.kubernetes.io/zone": "us-east-1f"
            },
            "tags_all": {
              "Name": "master2",
              "k8s.io/role/node": "master",
              "kubernetes.io/cluster/apotheose-cluster": "owned",
              "topology.kubernetes.io/region": "us-east-1",
              "topology.kubernetes.io/zone": "us-east-1f"
            },
            "tenancy": "default",
            "timeouts": null,
            "user_data": null,
            "user_data_base64": null,
            "user_data_replace_on_change": false,
            "volume_tags": null,
            "vpc_security_group_ids": [
              "sg-093ae75a47f8d79f7"
            ]
          },
          "sensitive_attributes": [],
          "private": "eyJlMmJmYjczMC1lY2FhLTExZTYtOGY4OC0zNDM2M2JjN2M0YzAiOnsiY3JlYXRlIjo2MDAwMDAwMDAwMDAsImRlbGV0ZSI6MTIwMDAwMDAwMDAwMCwicmVhZCI6OTAwMDAwMDAwMDAwLCJ1cGRhdGUiOjYwMDAwMDAwMDAwMH0sInNjaGVtYV92ZXJzaW9uIjoiMSJ9",
          "dependencies": [
            "aws_iam_instance_profile.ec2_lb_instance_profile",
            "aws_iam_role.ec2_load_balancer_role",
            "aws_key_pair.vockeyprod",
            "aws_security_group.admin_ssh_production",
            "tls_private_key.vockeyprod"
          ],
          "create_before_destroy": true
        },
        {
          "index_key": 2,
          "schema_version": 1,
          "attributes": {
            "ami": "ami-04b4f1a9cf54c11d0",
            "arn": "arn:aws:ec2:us-east-1:585768148089:instance/i-07e880df824f02d40",
            "associate_public_ip_address": true,
            "availability_zone": "us-east-1f",
            "capacity_reservation_specification": [
              {
                "capacity_reservation_preference": "open",
                "capacity_reservation_target": []
              }
            ],
            "cpu_core_count": 4,
            "cpu_options": [
              {
                "amd_sev_snp": "",
                "core_count": 4,
                "threads_per_core": 2
              }
            ],
            "cpu_threads_per_core": 2,
            "credit_specification": [
              {
                "cpu_credits": "unlimited"
              }
            ],
            "disable_api_stop": false,
            "disable_api_termination": false,
            "ebs_block_device": [],
            "ebs_optimized": false,
            "enable_primary_ipv6": null,
            "enclave_options": [
              {
                "enabled": false
              }
            ],
            "ephemeral_block_device": [],
            "get_password_data": false,
            "hibernation": false,
            "host_id": "",
            "host_resource_group_arn": null,
            "iam_instance_profile": "EC2LoadBalancerInstanceProfile",
            "id": "i-07e880df824f02d40",
            "instance_initiated_shutdown_behavior": "stop",
            "instance_lifecycle": "",
            "instance_market_options": [],
            "instance_state": "running",
            "instance_type": "t3a.2xlarge",
            "ipv6_address_count": 0,
            "ipv6_addresses": [],
            "key_name": "vockeyprod",
            "launch_template": [],
            "maintenance_options": [
              {
                "auto_recovery": "default"
              }
            ],
            "metadata_options": [
              {
                "http_endpoint": "enabled",
                "http_protocol_ipv6": "disabled",
                "http_put_response_hop_limit": 2,
                "http_tokens": "required",
                "instance_metadata_tags": "disabled"
              }
            ],
            "monitoring": false,
            "network_interface": [],
            "outpost_arn": "",
            "password_data": "",
            "placement_group": "",
            "placement_partition_number": 0,
            "primary_network_interface_id": "eni-06d532305724c59b9",
            "private_dns": "ip-172-31-64-106.ec2.internal",
            "private_dns_name_options": [
              {
                "enable_resource_name_dns_a_record": false,
                "enable_resource_name_dns_aaaa_record": false,
                "hostname_type": "ip-name"
              }
            ],
            "private_ip": "172.31.64.106",
            "public_dns": "ec2-34-226-234-26.compute-1.amazonaws.com",
            "public_ip": "34.226.234.26",
            "root_block_device": [
              {
                "delete_on_termination": true,
                "device_name": "/dev/sda1",
                "encrypted": false,
                "iops": 3000,
                "kms_key_id": "",
                "tags": {},
                "tags_all": {},
                "throughput": 125,
                "volume_id": "vol-0b1e614079ce24166",
                "volume_size": 8,
                "volume_type": "gp3"
              }
            ],
            "secondary_private_ips": [],
            "security_groups": [
              "admin_ssh_production"
            ],
            "source_dest_check": true,
            "spot_instance_request_id": "",
            "subnet_id": "subnet-07ef8d731542349d5",
            "tags": {
              "Name": "master3",
              "k8s.io/role/node": "master",
              "kubernetes.io/cluster/apotheose-cluster": "owned",
              "topology.kubernetes.io/region": "us-east-1",
              "topology.kubernetes.io/zone": "us-east-1f"
            },
            "tags_all": {
              "Name": "master3",
              "k8s.io/role/node": "master",
              "kubernetes.io/cluster/apotheose-cluster": "owned",
              "topology.kubernetes.io/region": "us-east-1",
              "topology.kubernetes.io/zone": "us-east-1f"
            },
            "tenancy": "default",
            "timeouts": null,
            "user_data": null,
            "user_data_base64": null,
            "user_data_replace_on_change": false,
            "volume_tags": null,
            "vpc_security_group_ids": [
              "sg-093ae75a47f8d79f7"
            ]
          },
          "sensitive_attributes": [],
          "private": "eyJlMmJmYjczMC1lY2FhLTExZTYtOGY4OC0zNDM2M2JjN2M0YzAiOnsiY3JlYXRlIjo2MDAwMDAwMDAwMDAsImRlbGV0ZSI6MTIwMDAwMDAwMDAwMCwicmVhZCI6OTAwMDAwMDAwMDAwLCJ1cGRhdGUiOjYwMDAwMDAwMDAwMH0sInNjaGVtYV92ZXJzaW9uIjoiMSJ9",
          "dependencies": [
            "aws_iam_instance_profile.ec2_lb_instance_profile",
            "aws_iam_role.ec2_load_balancer_role",
            "aws_key_pair.vockeyprod",
            "aws_security_group.admin_ssh_production",
            "tls_private_key.vockeyprod"
          ],
          "create_before_destroy": true
        }
      ]
    },
    {
      "mode": "managed",
      "type": "aws_instance",
      "name": "workers",
      "provider": "provider[\"registry.terraform.io/hashicorp/aws\"]",
      "instances": [
        {
          "index_key": 0,
          "schema_version": 1,
          "attributes": {
            "ami": "ami-04b4f1a9cf54c11d0",
            "arn": "arn:aws:ec2:us-east-1:585768148089:instance/i-0a3bccf7448b27c2a",
            "associate_public_ip_address": true,
            "availability_zone": "us-east-1f",
            "capacity_reservation_specification": [
              {
                "capacity_reservation_preference": "open",
                "capacity_reservation_target": []
              }
            ],
            "cpu_core_count": 4,
            "cpu_options": [
              {
                "amd_sev_snp": "",
                "core_count": 4,
                "threads_per_core": 2
              }
            ],
            "cpu_threads_per_core": 2,
            "credit_specification": [
              {
                "cpu_credits": "unlimited"
              }
            ],
            "disable_api_stop": false,
            "disable_api_termination": false,
            "ebs_block_device": [],
            "ebs_optimized": false,
            "enable_primary_ipv6": null,
            "enclave_options": [
              {
                "enabled": false
              }
            ],
            "ephemeral_block_device": [],
            "get_password_data": false,
            "hibernation": false,
            "host_id": "",
            "host_resource_group_arn": null,
            "iam_instance_profile": "EC2LoadBalancerInstanceProfile",
            "id": "i-0a3bccf7448b27c2a",
            "instance_initiated_shutdown_behavior": "stop",
            "instance_lifecycle": "",
            "instance_market_options": [],
            "instance_state": "running",
            "instance_type": "t3a.2xlarge",
            "ipv6_address_count": 0,
            "ipv6_addresses": [],
            "key_name": "vockeyprod",
            "launch_template": [],
            "maintenance_options": [
              {
                "auto_recovery": "default"
              }
            ],
            "metadata_options": [
              {
                "http_endpoint": "enabled",
                "http_protocol_ipv6": "disabled",
                "http_put_response_hop_limit": 2,
                "http_tokens": "required",
                "instance_metadata_tags": "disabled"
              }
            ],
            "monitoring": false,
            "network_interface": [],
            "outpost_arn": "",
            "password_data": "",
            "placement_group": "",
            "placement_partition_number": 0,
            "primary_network_interface_id": "eni-02bdf8ce89865830f",
            "private_dns": "ip-172-31-79-247.ec2.internal",
            "private_dns_name_options": [
              {
                "enable_resource_name_dns_a_record": false,
                "enable_resource_name_dns_aaaa_record": false,
                "hostname_type": "ip-name"
              }
            ],
            "private_ip": "172.31.79.247",
            "public_dns": "ec2-98-84-11-40.compute-1.amazonaws.com",
            "public_ip": "98.84.11.40",
            "root_block_device": [
              {
                "delete_on_termination": true,
                "device_name": "/dev/sda1",
                "encrypted": false,
                "iops": 3000,
                "kms_key_id": "",
                "tags": {},
                "tags_all": {},
                "throughput": 125,
                "volume_id": "vol-048c84c8999c58fbf",
                "volume_size": 8,
                "volume_type": "gp3"
              }
            ],
            "secondary_private_ips": [],
            "security_groups": [
              "admin_ssh_production"
            ],
            "source_dest_check": true,
            "spot_instance_request_id": "",
            "subnet_id": "subnet-07ef8d731542349d5",
            "tags": {
              "Name": "worker1",
              "k8s.io/role/node": "worker",
              "kubernetes.io/cluster/apotheose-cluster": "owned",
              "topology.kubernetes.io/region": "us-east-1",
              "topology.kubernetes.io/zone": "us-east-1f"
            },
            "tags_all": {
              "Name": "worker1",
              "k8s.io/role/node": "worker",
              "kubernetes.io/cluster/apotheose-cluster": "owned",
              "topology.kubernetes.io/region": "us-east-1",
              "topology.kubernetes.io/zone": "us-east-1f"
            },
            "tenancy": "default",
            "timeouts": null,
            "user_data": null,
            "user_data_base64": null,
            "user_data_replace_on_change": false,
            "volume_tags": null,
            "vpc_security_group_ids": [
              "sg-093ae75a47f8d79f7"
            ]
          },
          "sensitive_attributes": [],
          "private": "eyJlMmJmYjczMC1lY2FhLTExZTYtOGY4OC0zNDM2M2JjN2M0YzAiOnsiY3JlYXRlIjo2MDAwMDAwMDAwMDAsImRlbGV0ZSI6MTIwMDAwMDAwMDAwMCwicmVhZCI6OTAwMDAwMDAwMDAwLCJ1cGRhdGUiOjYwMDAwMDAwMDAwMH0sInNjaGVtYV92ZXJzaW9uIjoiMSJ9",
          "dependencies": [
            "aws_iam_instance_profile.ec2_lb_instance_profile",
            "aws_iam_role.ec2_load_balancer_role",
            "aws_key_pair.vockeyprod",
            "aws_security_group.admin_ssh_production",
            "tls_private_key.vockeyprod"
          ],
          "create_before_destroy": true
        },
        {
          "index_key": 1,
          "schema_version": 1,
          "attributes": {
            "ami": "ami-04b4f1a9cf54c11d0",
            "arn": "arn:aws:ec2:us-east-1:585768148089:instance/i-011dbe3c53de337eb",
            "associate_public_ip_address": true,
            "availability_zone": "us-east-1f",
            "capacity_reservation_specification": [
              {
                "capacity_reservation_preference": "open",
                "capacity_reservation_target": []
              }
            ],
            "cpu_core_count": 4,
            "cpu_options": [
              {
                "amd_sev_snp": "",
                "core_count": 4,
                "threads_per_core": 2
              }
            ],
            "cpu_threads_per_core": 2,
            "credit_specification": [
              {
                "cpu_credits": "unlimited"
              }
            ],
            "disable_api_stop": false,
            "disable_api_termination": false,
            "ebs_block_device": [],
            "ebs_optimized": false,
            "enable_primary_ipv6": null,
            "enclave_options": [
              {
                "enabled": false
              }
            ],
            "ephemeral_block_device": [],
            "get_password_data": false,
            "hibernation": false,
            "host_id": "",
            "host_resource_group_arn": null,
            "iam_instance_profile": "EC2LoadBalancerInstanceProfile",
            "id": "i-011dbe3c53de337eb",
            "instance_initiated_shutdown_behavior": "stop",
            "instance_lifecycle": "",
            "instance_market_options": [],
            "instance_state": "running",
            "instance_type": "t3a.2xlarge",
            "ipv6_address_count": 0,
            "ipv6_addresses": [],
            "key_name": "vockeyprod",
            "launch_template": [],
            "maintenance_options": [
              {
                "auto_recovery": "default"
              }
            ],
            "metadata_options": [
              {
                "http_endpoint": "enabled",
                "http_protocol_ipv6": "disabled",
                "http_put_response_hop_limit": 2,
                "http_tokens": "required",
                "instance_metadata_tags": "disabled"
              }
            ],
            "monitoring": false,
            "network_interface": [],
            "outpost_arn": "",
            "password_data": "",
            "placement_group": "",
            "placement_partition_number": 0,
            "primary_network_interface_id": "eni-07d163397cff3a793",
            "private_dns": "ip-172-31-76-63.ec2.internal",
            "private_dns_name_options": [
              {
                "enable_resource_name_dns_a_record": false,
                "enable_resource_name_dns_aaaa_record": false,
                "hostname_type": "ip-name"
              }
            ],
            "private_ip": "172.31.76.63",
            "public_dns": "ec2-13-217-128-58.compute-1.amazonaws.com",
            "public_ip": "13.217.128.58",
            "root_block_device": [
              {
                "delete_on_termination": true,
                "device_name": "/dev/sda1",
                "encrypted": false,
                "iops": 3000,
                "kms_key_id": "",
                "tags": {},
                "tags_all": {},
                "throughput": 125,
                "volume_id": "vol-0feb12c7bf7e8f3b4",
                "volume_size": 8,
                "volume_type": "gp3"
              }
            ],
            "secondary_private_ips": [],
            "security_groups": [
              "admin_ssh_production"
            ],
            "source_dest_check": true,
            "spot_instance_request_id": "",
            "subnet_id": "subnet-07ef8d731542349d5",
            "tags": {
              "Name": "worker2",
              "k8s.io/role/node": "worker",
              "kubernetes.io/cluster/apotheose-cluster": "owned",
              "topology.kubernetes.io/region": "us-east-1",
              "topology.kubernetes.io/zone": "us-east-1f"
            },
            "tags_all": {
              "Name": "worker2",
              "k8s.io/role/node": "worker",
              "kubernetes.io/cluster/apotheose-cluster": "owned",
              "topology.kubernetes.io/region": "us-east-1",
              "topology.kubernetes.io/zone": "us-east-1f"
            },
            "tenancy": "default",
            "timeouts": null,
            "user_data": null,
            "user_data_base64": null,
            "user_data_replace_on_change": false,
            "volume_tags": null,
            "vpc_security_group_ids": [
              "sg-093ae75a47f8d79f7"
            ]
          },
          "sensitive_attributes": [],
          "private": "eyJlMmJmYjczMC1lY2FhLTExZTYtOGY4OC0zNDM2M2JjN2M0YzAiOnsiY3JlYXRlIjo2MDAwMDAwMDAwMDAsImRlbGV0ZSI6MTIwMDAwMDAwMDAwMCwicmVhZCI6OTAwMDAwMDAwMDAwLCJ1cGRhdGUiOjYwMDAwMDAwMDAwMH0sInNjaGVtYV92ZXJzaW9uIjoiMSJ9",
          "dependencies": [
            "aws_iam_instance_profile.ec2_lb_instance_profile",
            "aws_iam_role.ec2_load_balancer_role",
            "aws_key_pair.vockeyprod",
            "aws_security_group.admin_ssh_production",
            "tls_private_key.vockeyprod"
          ],
          "create_before_destroy": true
        }
      ]
    },
    {
      "mode": "managed",
      "type": "aws_key_pair",
      "name": "vockeyprod",
      "provider": "provider[\"registry.terraform.io/hashicorp/aws\"]",
      "instances": [
        {
          "schema_version": 1,
          "attributes": {
            "arn": "arn:aws:ec2:us-east-1:585768148089:key-pair/vockeyprod",
            "fingerprint": "14:14:74:70:9d:60:8b:74:e9:ab:76:5d:71:d8:aa:a2",
            "id": "vockeyprod",
            "key_name": "vockeyprod",
            "key_name_prefix": "",
            "key_pair_id": "key-08a83a1f93d7aba01",
            "key_type": "rsa",
            "public_key": "ssh-rsa AAAAB3NzaC1yc2EAAAADAQABAAABAQC1Qo8RGfdKn+b+FPru4IGhnT4gs6eLNq87/273HCLkNGcQzw/xD9zhcfY67IkjBkS06oDHOEQwOGcn8N60FUzP3cy9T+Ue74djHdKatwkb67BvaAVtN2GFr0s0JagYyWBfx1D3jdmdapnLpIHKkbdcDaX5KHlWqAPkS9Fj6g/vXIv1OuK2vSoMz7t6xUEhCk//EnwMKLOBFcMKHhIezXN3jBZGAy5XS+ryAI/5O2phlLa4GWsq5x5e4gCyqHERvQB+66NEpkf1RUMlKyBEi2jplhVtatfDrjs1fbQbFpN6UUDmE+/pP90SyajQDTaGc9qwJTcPmWJeYkS3gsDvMK9V",
            "tags": null,
            "tags_all": {}
          },
          "sensitive_attributes": [],
          "private": "eyJzY2hlbWFfdmVyc2lvbiI6IjEifQ==",
          "dependencies": [
            "tls_private_key.vockeyprod"
          ],
          "create_before_destroy": true
        }
      ]
    },
    {
      "mode": "managed",
      "type": "aws_security_group",
      "name": "admin_ssh_production",
      "provider": "provider[\"registry.terraform.io/hashicorp/aws\"]",
      "instances": [
        {
          "schema_version": 1,
          "attributes": {
            "arn": "arn:aws:ec2:us-east-1:585768148089:security-group/sg-093ae75a47f8d79f7",
            "description": "Managed by Terraform",
            "egress": [],
            "id": "sg-093ae75a47f8d79f7",
            "ingress": [],
            "name": "admin_ssh_production",
            "name_prefix": "",
            "owner_id": "585768148089",
            "revoke_rules_on_delete": false,
            "tags": {
              "Name": "admin_ssh_production"
            },
            "tags_all": {
              "Name": "admin_ssh_production"
            },
            "timeouts": null,
            "vpc_id": "vpc-09c4b38653df63f28"
          },
          "sensitive_attributes": [],
          "private": "eyJlMmJmYjczMC1lY2FhLTExZTYtOGY4OC0zNDM2M2JjN2M0YzAiOnsiY3JlYXRlIjo2MDAwMDAwMDAwMDAsImRlbGV0ZSI6OTAwMDAwMDAwMDAwfSwic2NoZW1hX3ZlcnNpb24iOiIxIn0=",
          "create_before_destroy": true
        }
      ]
    },
    {
      "mode": "managed",
      "type": "aws_security_group_rule",
      "name": "allow_tcp_2379",
      "provider": "provider[\"registry.terraform.io/hashicorp/aws\"]",
      "instances": [
        {
          "schema_version": 2,
          "attributes": {
            "cidr_blocks": null,
            "description": null,
            "from_port": 2379,
            "id": "sgrule-2759301624",
            "ipv6_cidr_blocks": null,
            "prefix_list_ids": null,
            "protocol": "tcp",
            "security_group_id": "sg-093ae75a47f8d79f7",
            "security_group_rule_id": "sgr-019e6cdcd15d58321",
            "self": false,
            "source_security_group_id": "sg-093ae75a47f8d79f7",
            "timeouts": null,
            "to_port": 2379,
            "type": "ingress"
          },
          "sensitive_attributes": [],
          "private": "eyJlMmJmYjczMC1lY2FhLTExZTYtOGY4OC0zNDM2M2JjN2M0YzAiOnsiY3JlYXRlIjozMDAwMDAwMDAwMDB9LCJzY2hlbWFfdmVyc2lvbiI6IjIifQ==",
          "dependencies": [
            "aws_security_group.admin_ssh_production"
          ]
        }
      ]
    },
    {
      "mode": "managed",
      "type": "aws_security_group_rule",
      "name": "allow_tcp_2380",
      "provider": "provider[\"registry.terraform.io/hashicorp/aws\"]",
      "instances": [
        {
          "schema_version": 2,
          "attributes": {
            "cidr_blocks": null,
            "description": null,
            "from_port": 2380,
            "id": "sgrule-3028914928",
            "ipv6_cidr_blocks": null,
            "prefix_list_ids": null,
            "protocol": "tcp",
            "security_group_id": "sg-093ae75a47f8d79f7",
            "security_group_rule_id": "sgr-0d51375b4a0dc7e41",
            "self": false,
            "source_security_group_id": "sg-093ae75a47f8d79f7",
            "timeouts": null,
            "to_port": 2380,
            "type": "ingress"
          },
          "sensitive_attributes": [],
          "private": "eyJlMmJmYjczMC1lY2FhLTExZTYtOGY4OC0zNDM2M2JjN2M0YzAiOnsiY3JlYXRlIjozMDAwMDAwMDAwMDB9LCJzY2hlbWFfdmVyc2lvbiI6IjIifQ==",
          "dependencies": [
            "aws_security_group.admin_ssh_production"
          ]
        }
      ]
    },
    {
      "mode": "managed",
      "type": "aws_volume_attachment",
      "name": "apotheose_volume_attachment",
      "provider": "provider[\"registry.terraform.io/hashicorp/aws\"]",
      "instances": [
        {
          "index_key": 0,
          "schema_version": 0,
          "attributes": {
            "device_name": "/dev/sdf",
            "force_detach": null,
            "id": "vai-3248656215",
            "instance_id": "i-05b52890a5e3e6924",
            "skip_destroy": null,
            "stop_instance_before_detaching": null,
            "timeouts": null,
            "volume_id": "vol-08205bfb789f7fa4e"
          },
          "sensitive_attributes": [],
          "private": "eyJlMmJmYjczMC1lY2FhLTExZTYtOGY4OC0zNDM2M2JjN2M0YzAiOnsiY3JlYXRlIjozMDAwMDAwMDAwMDAsImRlbGV0ZSI6MzAwMDAwMDAwMDAwfX0=",
          "dependencies": [
            "aws_ebs_volume.apotheose_volume",
            "aws_iam_instance_profile.ec2_lb_instance_profile",
            "aws_iam_role.ec2_load_balancer_role",
            "aws_instance.masters",
            "aws_instance.workers",
            "aws_key_pair.vockeyprod",
            "aws_security_group.admin_ssh_production",
            "tls_private_key.vockeyprod"
          ]
        },
        {
          "index_key": 1,
          "schema_version": 0,
          "attributes": {
            "device_name": "/dev/sdf",
            "force_detach": null,
            "id": "vai-1496910931",
            "instance_id": "i-0761f92667d4c47b2",
            "skip_destroy": null,
            "stop_instance_before_detaching": null,
            "timeouts": null,
            "volume_id": "vol-01cb3b4f675cdb700"
          },
          "sensitive_attributes": [],
          "private": "eyJlMmJmYjczMC1lY2FhLTExZTYtOGY4OC0zNDM2M2JjN2M0YzAiOnsiY3JlYXRlIjozMDAwMDAwMDAwMDAsImRlbGV0ZSI6MzAwMDAwMDAwMDAwfX0=",
          "dependencies": [
            "aws_ebs_volume.apotheose_volume",
            "aws_iam_instance_profile.ec2_lb_instance_profile",
            "aws_iam_role.ec2_load_balancer_role",
            "aws_instance.masters",
            "aws_instance.workers",
            "aws_key_pair.vockeyprod",
            "aws_security_group.admin_ssh_production",
            "tls_private_key.vockeyprod"
          ]
        },
        {
          "index_key": 2,
          "schema_version": 0,
          "attributes": {
            "device_name": "/dev/sdf",
            "force_detach": null,
            "id": "vai-414681587",
            "instance_id": "i-07e880df824f02d40",
            "skip_destroy": null,
            "stop_instance_before_detaching": null,
            "timeouts": null,
            "volume_id": "vol-07d77dfc0f120edbc"
          },
          "sensitive_attributes": [],
          "private": "eyJlMmJmYjczMC1lY2FhLTExZTYtOGY4OC0zNDM2M2JjN2M0YzAiOnsiY3JlYXRlIjozMDAwMDAwMDAwMDAsImRlbGV0ZSI6MzAwMDAwMDAwMDAwfX0=",
          "dependencies": [
            "aws_ebs_volume.apotheose_volume",
            "aws_iam_instance_profile.ec2_lb_instance_profile",
            "aws_iam_role.ec2_load_balancer_role",
            "aws_instance.masters",
            "aws_instance.workers",
            "aws_key_pair.vockeyprod",
            "aws_security_group.admin_ssh_production",
            "tls_private_key.vockeyprod"
          ]
        },
        {
          "index_key": 3,
          "schema_version": 0,
          "attributes": {
            "device_name": "/dev/sdf",
            "force_detach": null,
            "id": "vai-1922559462",
            "instance_id": "i-0a3bccf7448b27c2a",
            "skip_destroy": null,
            "stop_instance_before_detaching": null,
            "timeouts": null,
            "volume_id": "vol-0abbd1303f3411c12"
          },
          "sensitive_attributes": [],
          "private": "eyJlMmJmYjczMC1lY2FhLTExZTYtOGY4OC0zNDM2M2JjN2M0YzAiOnsiY3JlYXRlIjozMDAwMDAwMDAwMDAsImRlbGV0ZSI6MzAwMDAwMDAwMDAwfX0=",
          "dependencies": [
            "aws_ebs_volume.apotheose_volume",
            "aws_iam_instance_profile.ec2_lb_instance_profile",
            "aws_iam_role.ec2_load_balancer_role",
            "aws_instance.masters",
            "aws_instance.workers",
            "aws_key_pair.vockeyprod",
            "aws_security_group.admin_ssh_production",
            "tls_private_key.vockeyprod"
          ]
        },
        {
          "index_key": 4,
          "schema_version": 0,
          "attributes": {
            "device_name": "/dev/sdf",
            "force_detach": null,
            "id": "vai-1499504462",
            "instance_id": "i-011dbe3c53de337eb",
            "skip_destroy": null,
            "stop_instance_before_detaching": null,
            "timeouts": null,
            "volume_id": "vol-0c630b87816477e02"
          },
          "sensitive_attributes": [],
          "private": "eyJlMmJmYjczMC1lY2FhLTExZTYtOGY4OC0zNDM2M2JjN2M0YzAiOnsiY3JlYXRlIjozMDAwMDAwMDAwMDAsImRlbGV0ZSI6MzAwMDAwMDAwMDAwfX0=",
          "dependencies": [
            "aws_ebs_volume.apotheose_volume",
            "aws_iam_instance_profile.ec2_lb_instance_profile",
            "aws_iam_role.ec2_load_balancer_role",
            "aws_instance.masters",
            "aws_instance.workers",
            "aws_key_pair.vockeyprod",
            "aws_security_group.admin_ssh_production",
            "tls_private_key.vockeyprod"
          ]
        }
      ]
    },
    {
      "mode": "managed",
      "type": "aws_volume_attachment",
      "name": "apotheose_volume_cstor_attachment",
      "provider": "provider[\"registry.terraform.io/hashicorp/aws\"]",
      "instances": [
        {
          "index_key": 0,
          "schema_version": 0,
          "attributes": {
            "device_name": "/dev/sdg",
            "force_detach": null,
            "id": "vai-1087523313",
            "instance_id": "i-0a3bccf7448b27c2a",
            "skip_destroy": null,
            "stop_instance_before_detaching": null,
            "timeouts": null,
            "volume_id": "vol-0d53f339660eb6a13"
          },
          "sensitive_attributes": [],
          "private": "eyJlMmJmYjczMC1lY2FhLTExZTYtOGY4OC0zNDM2M2JjN2M0YzAiOnsiY3JlYXRlIjozMDAwMDAwMDAwMDAsImRlbGV0ZSI6MzAwMDAwMDAwMDAwfX0=",
          "dependencies": [
            "aws_ebs_volume.apotheose_volume_cstor",
            "aws_iam_instance_profile.ec2_lb_instance_profile",
            "aws_iam_role.ec2_load_balancer_role",
            "aws_instance.workers",
            "aws_key_pair.vockeyprod",
            "aws_security_group.admin_ssh_production",
            "tls_private_key.vockeyprod"
          ]
        },
        {
          "index_key": 1,
          "schema_version": 0,
          "attributes": {
            "device_name": "/dev/sdh",
            "force_detach": null,
            "id": "vai-1287251255",
            "instance_id": "i-011dbe3c53de337eb",
            "skip_destroy": null,
            "stop_instance_before_detaching": null,
            "timeouts": null,
            "volume_id": "vol-06f040469608728fc"
          },
          "sensitive_attributes": [],
          "private": "eyJlMmJmYjczMC1lY2FhLTExZTYtOGY4OC0zNDM2M2JjN2M0YzAiOnsiY3JlYXRlIjozMDAwMDAwMDAwMDAsImRlbGV0ZSI6MzAwMDAwMDAwMDAwfX0=",
          "dependencies": [
            "aws_ebs_volume.apotheose_volume_cstor",
            "aws_iam_instance_profile.ec2_lb_instance_profile",
            "aws_iam_role.ec2_load_balancer_role",
            "aws_instance.workers",
            "aws_key_pair.vockeyprod",
            "aws_security_group.admin_ssh_production",
            "tls_private_key.vockeyprod"
          ]
        }
      ]
    },
    {
      "mode": "managed",
      "type": "aws_vpc_security_group_egress_rule",
      "name": "allow_ssh_out",
      "provider": "provider[\"registry.terraform.io/hashicorp/aws\"]",
      "instances": [
        {
          "schema_version": 0,
          "attributes": {
            "arn": "arn:aws:ec2:us-east-1:585768148089:security-group-rule/sgr-05bc2a9e9e7fd937b",
            "cidr_ipv4": "0.0.0.0/0",
            "cidr_ipv6": null,
            "description": null,
            "from_port": null,
            "id": "sgr-05bc2a9e9e7fd937b",
            "ip_protocol": "-1",
            "prefix_list_id": null,
            "referenced_security_group_id": null,
            "security_group_id": "sg-093ae75a47f8d79f7",
            "security_group_rule_id": "sgr-05bc2a9e9e7fd937b",
            "tags": null,
            "tags_all": {},
            "to_port": null
          },
          "sensitive_attributes": [],
          "dependencies": [
            "aws_security_group.admin_ssh_production"
          ]
        }
      ]
    },
    {
      "mode": "managed",
      "type": "aws_vpc_security_group_ingress_rule",
      "name": "allow_6443",
      "provider": "provider[\"registry.terraform.io/hashicorp/aws\"]",
      "instances": [
        {
          "schema_version": 0,
          "attributes": {
            "arn": "arn:aws:ec2:us-east-1:585768148089:security-group-rule/sgr-09eaefe2388e1d4f2",
            "cidr_ipv4": "176.172.132.0/24",
            "cidr_ipv6": null,
            "description": null,
            "from_port": 6443,
            "id": "sgr-09eaefe2388e1d4f2",
            "ip_protocol": "tcp",
            "prefix_list_id": null,
            "referenced_security_group_id": null,
            "security_group_id": "sg-093ae75a47f8d79f7",
            "security_group_rule_id": "sgr-09eaefe2388e1d4f2",
            "tags": null,
            "tags_all": {},
            "to_port": 6443
          },
          "sensitive_attributes": [],
          "dependencies": [
            "aws_security_group.admin_ssh_production"
          ]
        }
      ]
    },
    {
      "mode": "managed",
      "type": "aws_vpc_security_group_ingress_rule",
      "name": "allow_http_in",
      "provider": "provider[\"registry.terraform.io/hashicorp/aws\"]",
      "instances": [
        {
          "schema_version": 0,
          "attributes": {
            "arn": "arn:aws:ec2:us-east-1:585768148089:security-group-rule/sgr-0c509ab5695da90c0",
            "cidr_ipv4": "0.0.0.0/0",
            "cidr_ipv6": null,
            "description": null,
            "from_port": 80,
            "id": "sgr-0c509ab5695da90c0",
            "ip_protocol": "tcp",
            "prefix_list_id": null,
            "referenced_security_group_id": null,
            "security_group_id": "sg-093ae75a47f8d79f7",
            "security_group_rule_id": "sgr-0c509ab5695da90c0",
            "tags": null,
            "tags_all": {},
            "to_port": 80
          },
          "sensitive_attributes": [],
          "dependencies": [
            "aws_security_group.admin_ssh_production"
          ]
        }
      ]
    },
    {
      "mode": "managed",
      "type": "aws_vpc_security_group_ingress_rule",
      "name": "allow_https_in",
      "provider": "provider[\"registry.terraform.io/hashicorp/aws\"]",
      "instances": [
        {
          "schema_version": 0,
          "attributes": {
            "arn": "arn:aws:ec2:us-east-1:585768148089:security-group-rule/sgr-034827942cced7975",
            "cidr_ipv4": "0.0.0.0/0",
            "cidr_ipv6": null,
            "description": null,
            "from_port": 443,
            "id": "sgr-034827942cced7975",
            "ip_protocol": "tcp",
            "prefix_list_id": null,
            "referenced_security_group_id": null,
            "security_group_id": "sg-093ae75a47f8d79f7",
            "security_group_rule_id": "sgr-034827942cced7975",
            "tags": null,
            "tags_all": {},
            "to_port": 443
          },
          "sensitive_attributes": [],
          "dependencies": [
            "aws_security_group.admin_ssh_production"
          ]
        }
      ]
    },
    {
      "mode": "managed",
      "type": "aws_vpc_security_group_ingress_rule",
      "name": "allow_port_10250",
      "provider": "provider[\"registry.terraform.io/hashicorp/aws\"]",
      "instances": [
        {
          "schema_version": 0,
          "attributes": {
            "arn": "arn:aws:ec2:us-east-1:585768148089:security-group-rule/sgr-07ca567c4390111c7",
            "cidr_ipv4": "172.31.0.0/16",
            "cidr_ipv6": null,
            "description": null,
            "from_port": 10250,
            "id": "sgr-07ca567c4390111c7",
            "ip_protocol": "tcp",
            "prefix_list_id": null,
            "referenced_security_group_id": null,
            "security_group_id": "sg-093ae75a47f8d79f7",
            "security_group_rule_id": "sgr-07ca567c4390111c7",
            "tags": null,
            "tags_all": {},
            "to_port": 10250
          },
          "sensitive_attributes": [],
          "dependencies": [
            "aws_security_group.admin_ssh_production"
          ]
        }
      ]
    },
    {
      "mode": "managed",
      "type": "aws_vpc_security_group_ingress_rule",
      "name": "allow_port_1194",
      "provider": "provider[\"registry.terraform.io/hashicorp/aws\"]",
      "instances": [
        {
          "schema_version": 0,
          "attributes": {
            "arn": "arn:aws:ec2:us-east-1:585768148089:security-group-rule/sgr-08252e198060c402b",
            "cidr_ipv4": "176.172.132.0/24",
            "cidr_ipv6": null,
            "description": null,
            "from_port": 1194,
            "id": "sgr-08252e198060c402b",
            "ip_protocol": "udp",
            "prefix_list_id": null,
            "referenced_security_group_id": null,
            "security_group_id": "sg-093ae75a47f8d79f7",
            "security_group_rule_id": "sgr-08252e198060c402b",
            "tags": null,
            "tags_all": {},
            "to_port": 1194
          },
          "sensitive_attributes": [],
          "dependencies": [
            "aws_security_group.admin_ssh_production"
          ]
        }
      ]
    },
    {
      "mode": "managed",
      "type": "aws_vpc_security_group_ingress_rule",
      "name": "allow_port_6443",
      "provider": "provider[\"registry.terraform.io/hashicorp/aws\"]",
      "instances": [
        {
          "schema_version": 0,
          "attributes": {
            "arn": "arn:aws:ec2:us-east-1:585768148089:security-group-rule/sgr-0814b941ec8f5e541",
            "cidr_ipv4": "172.31.0.0/16",
            "cidr_ipv6": null,
            "description": null,
            "from_port": 6443,
            "id": "sgr-0814b941ec8f5e541",
            "ip_protocol": "tcp",
            "prefix_list_id": null,
            "referenced_security_group_id": null,
            "security_group_id": "sg-093ae75a47f8d79f7",
            "security_group_rule_id": "sgr-0814b941ec8f5e541",
            "tags": null,
            "tags_all": {},
            "to_port": 6443
          },
          "sensitive_attributes": [],
          "dependencies": [
            "aws_security_group.admin_ssh_production"
          ]
        }
      ]
    },
    {
      "mode": "managed",
      "type": "aws_vpc_security_group_ingress_rule",
      "name": "allow_port_8080",
      "provider": "provider[\"registry.terraform.io/hashicorp/aws\"]",
      "instances": [
        {
          "schema_version": 0,
          "attributes": {
            "arn": "arn:aws:ec2:us-east-1:585768148089:security-group-rule/sgr-0fe4db67102974f7e",
            "cidr_ipv4": "0.0.0.0/0",
            "cidr_ipv6": null,
            "description": null,
            "from_port": 8080,
            "id": "sgr-0fe4db67102974f7e",
            "ip_protocol": "tcp",
            "prefix_list_id": null,
            "referenced_security_group_id": null,
            "security_group_id": "sg-093ae75a47f8d79f7",
            "security_group_rule_id": "sgr-0fe4db67102974f7e",
            "tags": null,
            "tags_all": {},
            "to_port": 8080
          },
          "sensitive_attributes": [],
          "dependencies": [
            "aws_security_group.admin_ssh_production"
          ]
        }
      ]
    },
    {
      "mode": "managed",
      "type": "aws_vpc_security_group_ingress_rule",
      "name": "allow_port_9345",
      "provider": "provider[\"registry.terraform.io/hashicorp/aws\"]",
      "instances": [
        {
          "schema_version": 0,
          "attributes": {
            "arn": "arn:aws:ec2:us-east-1:585768148089:security-group-rule/sgr-08019bcb32d92259c",
            "cidr_ipv4": "172.31.0.0/16",
            "cidr_ipv6": null,
            "description": null,
            "from_port": 9345,
            "id": "sgr-08019bcb32d92259c",
            "ip_protocol": "tcp",
            "prefix_list_id": null,
            "referenced_security_group_id": null,
            "security_group_id": "sg-093ae75a47f8d79f7",
            "security_group_rule_id": "sgr-08019bcb32d92259c",
            "tags": null,
            "tags_all": {},
            "to_port": 9345
          },
          "sensitive_attributes": [],
          "dependencies": [
            "aws_security_group.admin_ssh_production"
          ]
        }
      ]
    },
    {
      "mode": "managed",
      "type": "aws_vpc_security_group_ingress_rule",
      "name": "allow_port_UDP",
      "provider": "provider[\"registry.terraform.io/hashicorp/aws\"]",
      "instances": [
        {
          "schema_version": 0,
          "attributes": {
            "arn": "arn:aws:ec2:us-east-1:585768148089:security-group-rule/sgr-0bf53d50da21db486",
            "cidr_ipv4": "172.31.0.0/16",
            "cidr_ipv6": null,
            "description": null,
            "from_port": 8472,
            "id": "sgr-0bf53d50da21db486",
            "ip_protocol": "udp",
            "prefix_list_id": null,
            "referenced_security_group_id": null,
            "security_group_id": "sg-093ae75a47f8d79f7",
            "security_group_rule_id": "sgr-0bf53d50da21db486",
            "tags": null,
            "tags_all": {},
            "to_port": 8472
          },
          "sensitive_attributes": [],
          "dependencies": [
            "aws_security_group.admin_ssh_production"
          ]
        }
      ]
    },
    {
      "mode": "managed",
      "type": "aws_vpc_security_group_ingress_rule",
      "name": "allow_ssh_in",
      "provider": "provider[\"registry.terraform.io/hashicorp/aws\"]",
      "instances": [
        {
          "index_key": "192.168.1.0",
          "schema_version": 0,
          "attributes": {
            "arn": "arn:aws:ec2:us-east-1:585768148089:security-group-rule/sgr-0b434d49ba50fbaa0",
            "cidr_ipv4": "192.168.1.0/24",
            "cidr_ipv6": null,
            "description": null,
            "from_port": 22,
            "id": "sgr-0b434d49ba50fbaa0",
            "ip_protocol": "tcp",
            "prefix_list_id": null,
            "referenced_security_group_id": null,
            "security_group_id": "sg-093ae75a47f8d79f7",
            "security_group_rule_id": "sgr-0b434d49ba50fbaa0",
            "tags": null,
            "tags_all": {},
            "to_port": 22
          },
          "sensitive_attributes": [],
          "dependencies": [
            "aws_security_group.admin_ssh_production"
          ]
        },
        {
          "index_key": "77.207.199.0",
          "schema_version": 0,
          "attributes": {
            "arn": "arn:aws:ec2:us-east-1:585768148089:security-group-rule/sgr-0ee1eecfea42837eb",
            "cidr_ipv4": "77.207.199.0/24",
            "cidr_ipv6": null,
            "description": null,
            "from_port": 22,
            "id": "sgr-0ee1eecfea42837eb",
            "ip_protocol": "tcp",
            "prefix_list_id": null,
            "referenced_security_group_id": null,
            "security_group_id": "sg-093ae75a47f8d79f7",
            "security_group_rule_id": "sgr-0ee1eecfea42837eb",
            "tags": null,
            "tags_all": {},
            "to_port": 22
          },
          "sensitive_attributes": [],
          "dependencies": [
            "aws_security_group.admin_ssh_production"
          ]
        }
      ]
    },
    {
      "mode": "managed",
      "type": "aws_vpc_security_group_ingress_rule",
      "name": "allow_ssh_in_myip",
      "provider": "provider[\"registry.terraform.io/hashicorp/aws\"]",
      "instances": [
        {
          "schema_version": 0,
          "attributes": {
            "arn": "arn:aws:ec2:us-east-1:585768148089:security-group-rule/sgr-07413dc70db3e7a58",
            "cidr_ipv4": "176.172.132.0/24",
            "cidr_ipv6": null,
            "description": null,
            "from_port": 22,
            "id": "sgr-07413dc70db3e7a58",
            "ip_protocol": "tcp",
            "prefix_list_id": null,
            "referenced_security_group_id": null,
            "security_group_id": "sg-093ae75a47f8d79f7",
            "security_group_rule_id": "sgr-07413dc70db3e7a58",
            "tags": null,
            "tags_all": {},
            "to_port": 22
          },
          "sensitive_attributes": [],
          "dependencies": [
            "aws_security_group.admin_ssh_production"
          ]
        }
      ]
    },
    {
      "mode": "managed",
      "type": "local_file",
      "name": "vockeyprod_pem",
      "provider": "provider[\"registry.terraform.io/hashicorp/local\"]",
      "instances": [
        {
          "schema_version": 0,
          "attributes": {
            "content": "-----BEGIN RSA PRIVATE KEY-----\nMIIEpAIBAAKCAQEAtUKPERn3Sp/m/hT67uCBoZ0+ILOnizavO/9u9xwi5DRnEM8P\n8Q/c4XH2OuyJIwZEtOqAxzhEMDhnJ/DetBVMz93MvU/lHu+HYx3SmrcJG+uwb2gF\nbTdhha9LNCWoGMlgX8dQ943ZnWqZy6SBypG3XA2l+Sh5VqgD5EvRY+oP71yL9Tri\ntr0qDM+7esVBIQpP/xJ8DCizgRXDCh4SHs1zd4wWRgMuV0vq8gCP+TtqYZS2uBlr\nKuceXuIAsqhxEb0AfuujRKZH9UVDJSsgRIto6ZYVbWrXw647NX20GxaTelFA5hPv\n6T/dEsmo0A02hnPasCU3D5liXmJEt4LA7zCvVQIDAQABAoIBABoHU8oN43/41E/a\nLWqOHK9biCdkBQQttx4zgPjFNpF0oPQ997kTIRHSrpwpiUvZQ5aDMjjpcIlIIDAR\nG7nacSxMWnE4/trhZJysFKkY7ZrvzmdBFb5oPH3Y/UCgw7HDgS5fzdWurfg37Zvb\npLO1FxKF9zZ/RGVYPS7UYF4rp1wkvSpRwlzp149+kFBadD1DbruKSamaAQBlNtni\nbZH4sbRg7P+D5OrERMhGj2sf/F3i8WZT/+UfmUFFjANo1KHNM521beU2pLOV8pbt\n1KPgxCWG548NEf3pngrH+hZzkEJHBK2C1kjkSaf+gaL0mUSeI1319uR2sQMjAdMH\nwH7mhgUCgYEA1m3At1PYZNhRmj+ajJzqTZI1NIcLd05FJhl3HkzHt+sY+2t77wXQ\nxyl33KLbe4oIOQbH5DNYsdWQfeFaWhl9d5cca3LYspRhIATYxOz5rrrrLAHY5gv+\nLKcMY1U88EzuxM3tkeC4MK06FwKp0jIc+a/Y0py3cFPGqKxsTvCln+sCgYEA2Gae\nd0Mdqho9OwVk9MaB4hUi/j1/9nfnE0tPPXkeThW/zgy/G+IOQvgu1S995XznEQom\nZ9gmzOrX/bDwS52yURbJU3CDZ8gGN4EKlPbatct1s7JxIx4BgGMHA0oP99W7TRoK\nPuve13M9NhdRROeuxQjbq6ATqH3IDxuOeW4SXb8CgYEAk7E80Aj8P1mPu0Kb3MYn\nzA4sf2WUzDQpBLj9hu0zksZniqTZ1CSZTNSPLnUt38WPLFgzTkbfjH2g7FNPvEda\nWAjJFmkgQMBatYchF2JyB5vPZ5xOHQWdqHvW2IRZWNpki0GbpKK3uy9Vl4vKFHFX\n69Lm8Qnof4H0jzFT2HuAWMkCgYAUPo1mlNXKmwfNZLTMHWH7N4T9id1VvmPUrz/r\nfVAzd99otFKQljZFV5hyAy5g8K1hL7TmFBeVJgcsyYfBWzBaW6pb7vOsGs9SE/Vc\neDd/uFf7hp8E7QKw8xKt4RjbU5hhHyWEO2auey5nyAinTJFSB4Edbi1InvO/ThGn\nFIANWwKBgQCpAgHTwl1PeGpclLJq1N3bhJPhpSe/W7Mq95b9kYzGwrKEHyzLgixu\n+CB++y3nQLF8hnzoFytbuNlc4eeVOrkZ3s502DifxEwK2GUTT5TMGO5C8FMOMIDi\nf/DUqnGiMoSiTJcZVPWadUhcX+a/MzlHKc4eXs1fwpF3yTheIuYa1A==\n-----END RSA PRIVATE KEY-----\n",
            "content_base64": null,
            "content_base64sha256": "P7Frr+HHnVM6SuLeU8PHr3pGwrf+dkiuG/GB0eFMZ2g=",
            "content_base64sha512": "ymeBkOwTsmV7SzT7GOvaFXHlwBy5TT6Vgh/iB5SsA9JiaKzEYlOblv8PxFRIdjh5cKNW301VeOVI7eN6ez9vwg==",
            "content_md5": "0e5176fb0ed645086682c0b760f4606d",
            "content_sha1": "1f65146d6ac10f600d46667b7b5f5cfb9f89258f",
            "content_sha256": "3fb16bafe1c79d533a4ae2de53c3c7af7a46c2b7fe7648ae1bf181d1e14c6768",
            "content_sha512": "ca678190ec13b2657b4b34fb18ebda1571e5c01cb94d3e95821fe20794ac03d26268acc462539b96ff0fc4544876387970a356df4d5578e548ede37a7b3f6fc2",
            "directory_permission": "0777",
            "file_permission": "0600",
            "filename": "./vockeyprod.pem",
            "id": "1f65146d6ac10f600d46667b7b5f5cfb9f89258f",
            "sensitive_content": null,
            "source": null
          },
          "sensitive_attributes": [
            [
              {
                "type": "get_attr",
                "value": "sensitive_content"
              }
            ],
            [
              {
                "type": "get_attr",
                "value": "content"
              }
            ]
          ],
          "dependencies": [
            "tls_private_key.vockeyprod"
          ]
        }
      ]
    },
    {
      "mode": "managed",
      "type": "null_resource",
      "name": "generate_ansible_inventory-masters",
      "provider": "provider[\"registry.terraform.io/hashicorp/null\"]",
      "instances": [
        {
          "schema_version": 0,
          "attributes": {
            "id": "1418222478259721639",
            "triggers": null
          },
          "sensitive_attributes": [],
          "dependencies": [
            "aws_iam_instance_profile.ec2_lb_instance_profile",
            "aws_iam_role.ec2_load_balancer_role",
            "aws_instance.masters",
            "aws_key_pair.vockeyprod",
            "aws_security_group.admin_ssh_production",
            "tls_private_key.vockeyprod"
          ]
        }
      ]
    },
    {
      "mode": "managed",
      "type": "null_resource",
      "name": "generate_ansible_inventory-workers",
      "provider": "provider[\"registry.terraform.io/hashicorp/null\"]",
      "instances": [
        {
          "schema_version": 0,
          "attributes": {
            "id": "6814131597335842231",
            "triggers": null
          },
          "sensitive_attributes": [],
          "dependencies": [
            "aws_iam_instance_profile.ec2_lb_instance_profile",
            "aws_iam_role.ec2_load_balancer_role",
            "aws_instance.workers",
            "aws_key_pair.vockeyprod",
            "aws_security_group.admin_ssh_production",
            "tls_private_key.vockeyprod"
          ]
        }
      ]
    },
    {
      "mode": "managed",
      "type": "null_resource",
      "name": "update_traefik_values_yaml_sg",
      "provider": "provider[\"registry.terraform.io/hashicorp/null\"]",
      "instances": [
        {
          "schema_version": 0,
          "attributes": {
            "id": "3552471407314890812",
            "triggers": null
          },
          "sensitive_attributes": [],
          "dependencies": [
            "aws_iam_instance_profile.ec2_lb_instance_profile",
            "aws_iam_role.ec2_load_balancer_role",
            "aws_instance.masters",
            "aws_key_pair.vockeyprod",
            "aws_security_group.admin_ssh_production",
            "tls_private_key.vockeyprod"
          ]
        }
      ]
    },
    {
      "mode": "managed",
      "type": "null_resource",
      "name": "update_values_yaml",
      "provider": "provider[\"registry.terraform.io/hashicorp/null\"]",
      "instances": [
        {
          "schema_version": 0,
          "attributes": {
            "id": "8381505065976828157",
            "triggers": {
              "eip_allocation_id": "eipalloc-000a3ce6a377d8159"
            }
          },
          "sensitive_attributes": [],
          "dependencies": [
            "aws_eip.traefik_eip"
          ]
        }
      ]
    },
    {
      "mode": "managed",
      "type": "tls_private_key",
      "name": "vockeyprod",
      "provider": "provider[\"registry.terraform.io/hashicorp/tls\"]",
      "instances": [
        {
          "schema_version": 1,
          "attributes": {
            "algorithm": "RSA",
            "ecdsa_curve": "P224",
            "id": "7932e3f8816bd3350ac1fc747ba9666356e2628e",
            "private_key_openssh": "-----BEGIN OPENSSH PRIVATE KEY-----\nb3BlbnNzaC1rZXktdjEAAAAABG5vbmUAAAAEbm9uZQAAAAAAAAABAAABFwAAAAdz\nc2gtcnNhAAAAAwEAAQAAAQEAtUKPERn3Sp/m/hT67uCBoZ0+ILOnizavO/9u9xwi\n5DRnEM8P8Q/c4XH2OuyJIwZEtOqAxzhEMDhnJ/DetBVMz93MvU/lHu+HYx3SmrcJ\nG+uwb2gFbTdhha9LNCWoGMlgX8dQ943ZnWqZy6SBypG3XA2l+Sh5VqgD5EvRY+oP\n71yL9Tritr0qDM+7esVBIQpP/xJ8DCizgRXDCh4SHs1zd4wWRgMuV0vq8gCP+Ttq\nYZS2uBlrKuceXuIAsqhxEb0AfuujRKZH9UVDJSsgRIto6ZYVbWrXw647NX20GxaT\nelFA5hPv6T/dEsmo0A02hnPasCU3D5liXmJEt4LA7zCvVQAAA7hQJIH/UCSB/wAA\nAAdzc2gtcnNhAAABAQC1Qo8RGfdKn+b+FPru4IGhnT4gs6eLNq87/273HCLkNGcQ\nzw/xD9zhcfY67IkjBkS06oDHOEQwOGcn8N60FUzP3cy9T+Ue74djHdKatwkb67Bv\naAVtN2GFr0s0JagYyWBfx1D3jdmdapnLpIHKkbdcDaX5KHlWqAPkS9Fj6g/vXIv1\nOuK2vSoMz7t6xUEhCk//EnwMKLOBFcMKHhIezXN3jBZGAy5XS+ryAI/5O2phlLa4\nGWsq5x5e4gCyqHERvQB+66NEpkf1RUMlKyBEi2jplhVtatfDrjs1fbQbFpN6UUDm\nE+/pP90SyajQDTaGc9qwJTcPmWJeYkS3gsDvMK9VAAAAAwEAAQAAAQAaB1PKDeN/\n+NRP2i1qjhyvW4gnZAUELbceM4D4xTaRdKD0Pfe5EyER0q6cKYlL2UOWgzI46XCJ\nSCAwERu52nEsTFpxOP7a4WScrBSpGO2a785nQRW+aDx92P1AoMOxw4EuX83Vrq34\nN+2b26SztRcShfc2f0RlWD0u1GBeK6dcJL0qUcJc6dePfpBQWnQ9Q267ikmpmgEA\nZTbZ4m2R+LG0YOz/g+TqxETIRo9rH/xd4vFmU//lH5lBRYwDaNShzTOdtW3lNqSz\nlfKW7dSj4MQlhuePDRH96Z4Kx/oWc5BCRwStgtZI5Emn/oGi9JlEniNd9fbkdrED\nIwHTB8B+5oYFAAAAgQCpAgHTwl1PeGpclLJq1N3bhJPhpSe/W7Mq95b9kYzGwrKE\nHyzLgixu+CB++y3nQLF8hnzoFytbuNlc4eeVOrkZ3s502DifxEwK2GUTT5TMGO5C\n8FMOMIDif/DUqnGiMoSiTJcZVPWadUhcX+a/MzlHKc4eXs1fwpF3yTheIuYa1AAA\nAIEA1m3At1PYZNhRmj+ajJzqTZI1NIcLd05FJhl3HkzHt+sY+2t77wXQxyl33KLb\ne4oIOQbH5DNYsdWQfeFaWhl9d5cca3LYspRhIATYxOz5rrrrLAHY5gv+LKcMY1U8\n8EzuxM3tkeC4MK06FwKp0jIc+a/Y0py3cFPGqKxsTvCln+sAAACBANhmnndDHaoa\nPTsFZPTGgeIVIv49f/Z35xNLTz15Hk4Vv84MvxviDkL4LtUvfeV85xEKJmfYJszq\n1/2w8EudslEWyVNwg2fIBjeBCpT22rXLdbOycSMeAYBjBwNKD/fVu00aCj7r3tdz\nPTYXUUTnrsUI26ugE6h9yA8bjnluEl2/AAAAAAEC\n-----END OPENSSH PRIVATE KEY-----\n",
            "private_key_pem": "-----BEGIN RSA PRIVATE KEY-----\nMIIEpAIBAAKCAQEAtUKPERn3Sp/m/hT67uCBoZ0+ILOnizavO/9u9xwi5DRnEM8P\n8Q/c4XH2OuyJIwZEtOqAxzhEMDhnJ/DetBVMz93MvU/lHu+HYx3SmrcJG+uwb2gF\nbTdhha9LNCWoGMlgX8dQ943ZnWqZy6SBypG3XA2l+Sh5VqgD5EvRY+oP71yL9Tri\ntr0qDM+7esVBIQpP/xJ8DCizgRXDCh4SHs1zd4wWRgMuV0vq8gCP+TtqYZS2uBlr\nKuceXuIAsqhxEb0AfuujRKZH9UVDJSsgRIto6ZYVbWrXw647NX20GxaTelFA5hPv\n6T/dEsmo0A02hnPasCU3D5liXmJEt4LA7zCvVQIDAQABAoIBABoHU8oN43/41E/a\nLWqOHK9biCdkBQQttx4zgPjFNpF0oPQ997kTIRHSrpwpiUvZQ5aDMjjpcIlIIDAR\nG7nacSxMWnE4/trhZJysFKkY7ZrvzmdBFb5oPH3Y/UCgw7HDgS5fzdWurfg37Zvb\npLO1FxKF9zZ/RGVYPS7UYF4rp1wkvSpRwlzp149+kFBadD1DbruKSamaAQBlNtni\nbZH4sbRg7P+D5OrERMhGj2sf/F3i8WZT/+UfmUFFjANo1KHNM521beU2pLOV8pbt\n1KPgxCWG548NEf3pngrH+hZzkEJHBK2C1kjkSaf+gaL0mUSeI1319uR2sQMjAdMH\nwH7mhgUCgYEA1m3At1PYZNhRmj+ajJzqTZI1NIcLd05FJhl3HkzHt+sY+2t77wXQ\nxyl33KLbe4oIOQbH5DNYsdWQfeFaWhl9d5cca3LYspRhIATYxOz5rrrrLAHY5gv+\nLKcMY1U88EzuxM3tkeC4MK06FwKp0jIc+a/Y0py3cFPGqKxsTvCln+sCgYEA2Gae\nd0Mdqho9OwVk9MaB4hUi/j1/9nfnE0tPPXkeThW/zgy/G+IOQvgu1S995XznEQom\nZ9gmzOrX/bDwS52yURbJU3CDZ8gGN4EKlPbatct1s7JxIx4BgGMHA0oP99W7TRoK\nPuve13M9NhdRROeuxQjbq6ATqH3IDxuOeW4SXb8CgYEAk7E80Aj8P1mPu0Kb3MYn\nzA4sf2WUzDQpBLj9hu0zksZniqTZ1CSZTNSPLnUt38WPLFgzTkbfjH2g7FNPvEda\nWAjJFmkgQMBatYchF2JyB5vPZ5xOHQWdqHvW2IRZWNpki0GbpKK3uy9Vl4vKFHFX\n69Lm8Qnof4H0jzFT2HuAWMkCgYAUPo1mlNXKmwfNZLTMHWH7N4T9id1VvmPUrz/r\nfVAzd99otFKQljZFV5hyAy5g8K1hL7TmFBeVJgcsyYfBWzBaW6pb7vOsGs9SE/Vc\neDd/uFf7hp8E7QKw8xKt4RjbU5hhHyWEO2auey5nyAinTJFSB4Edbi1InvO/ThGn\nFIANWwKBgQCpAgHTwl1PeGpclLJq1N3bhJPhpSe/W7Mq95b9kYzGwrKEHyzLgixu\n+CB++y3nQLF8hnzoFytbuNlc4eeVOrkZ3s502DifxEwK2GUTT5TMGO5C8FMOMIDi\nf/DUqnGiMoSiTJcZVPWadUhcX+a/MzlHKc4eXs1fwpF3yTheIuYa1A==\n-----END RSA PRIVATE KEY-----\n",
            "private_key_pem_pkcs8": "-----BEGIN PRIVATE KEY-----\nMIIEvgIBADANBgkqhkiG9w0BAQEFAASCBKgwggSkAgEAAoIBAQC1Qo8RGfdKn+b+\nFPru4IGhnT4gs6eLNq87/273HCLkNGcQzw/xD9zhcfY67IkjBkS06oDHOEQwOGcn\n8N60FUzP3cy9T+Ue74djHdKatwkb67BvaAVtN2GFr0s0JagYyWBfx1D3jdmdapnL\npIHKkbdcDaX5KHlWqAPkS9Fj6g/vXIv1OuK2vSoMz7t6xUEhCk//EnwMKLOBFcMK\nHhIezXN3jBZGAy5XS+ryAI/5O2phlLa4GWsq5x5e4gCyqHERvQB+66NEpkf1RUMl\nKyBEi2jplhVtatfDrjs1fbQbFpN6UUDmE+/pP90SyajQDTaGc9qwJTcPmWJeYkS3\ngsDvMK9VAgMBAAECggEAGgdTyg3jf/jUT9otao4cr1uIJ2QFBC23HjOA+MU2kXSg\n9D33uRMhEdKunCmJS9lDloMyOOlwiUggMBEbudpxLExacTj+2uFknKwUqRjtmu/O\nZ0EVvmg8fdj9QKDDscOBLl/N1a6t+Dftm9uks7UXEoX3Nn9EZVg9LtRgXiunXCS9\nKlHCXOnXj36QUFp0PUNuu4pJqZoBAGU22eJtkfixtGDs/4Pk6sREyEaPax/8XeLx\nZlP/5R+ZQUWMA2jUoc0znbVt5Taks5Xylu3Uo+DEJYbnjw0R/emeCsf6FnOQQkcE\nrYLWSORJp/6BovSZRJ4jXfX25HaxAyMB0wfAfuaGBQKBgQDWbcC3U9hk2FGaP5qM\nnOpNkjU0hwt3TkUmGXceTMe36xj7a3vvBdDHKXfcott7igg5BsfkM1ix1ZB94Vpa\nGX13lxxrctiylGEgBNjE7PmuuussAdjmC/4spwxjVTzwTO7Eze2R4LgwrToXAqnS\nMhz5r9jSnLdwU8aorGxO8KWf6wKBgQDYZp53Qx2qGj07BWT0xoHiFSL+PX/2d+cT\nS089eR5OFb/ODL8b4g5C+C7VL33lfOcRCiZn2CbM6tf9sPBLnbJRFslTcINnyAY3\ngQqU9tq1y3WzsnEjHgGAYwcDSg/31btNGgo+697Xcz02F1FE567FCNuroBOofcgP\nG455bhJdvwKBgQCTsTzQCPw/WY+7QpvcxifMDix/ZZTMNCkEuP2G7TOSxmeKpNnU\nJJlM1I8udS3fxY8sWDNORt+MfaDsU0+8R1pYCMkWaSBAwFq1hyEXYnIHm89nnE4d\nBZ2oe9bYhFlY2mSLQZukore7L1WXi8oUcVfr0ubxCeh/gfSPMVPYe4BYyQKBgBQ+\njWaU1cqbB81ktMwdYfs3hP2J3VW+Y9SvP+t9UDN332i0UpCWNkVXmHIDLmDwrWEv\ntOYUF5UmByzJh8FbMFpbqlvu86waz1IT9Vx4N3+4V/uGnwTtArDzEq3hGNtTmGEf\nJYQ7Zq57LmfICKdMkVIHgR1uLUie879OEacUgA1bAoGBAKkCAdPCXU94alyUsmrU\n3duEk+GlJ79bsyr3lv2RjMbCsoQfLMuCLG74IH77LedAsXyGfOgXK1u42Vzh55U6\nuRneznTYOJ/ETArYZRNPlMwY7kLwUw4wgOJ/8NSqcaIyhKJMlxlU9Zp1SFxf5r8z\nOUcpzh5ezV/CkXfJOF4i5hrU\n-----END PRIVATE KEY-----\n",
            "public_key_fingerprint_md5": "64:c8:f0:18:c1:f4:05:01:fa:aa:0e:3c:ae:b0:17:b3",
            "public_key_fingerprint_sha256": "SHA256:RF8LXvWXlRlO/+/gYJEjbnHAw6mbc7CviDp3KZveQO0",
            "public_key_openssh": "ssh-rsa AAAAB3NzaC1yc2EAAAADAQABAAABAQC1Qo8RGfdKn+b+FPru4IGhnT4gs6eLNq87/273HCLkNGcQzw/xD9zhcfY67IkjBkS06oDHOEQwOGcn8N60FUzP3cy9T+Ue74djHdKatwkb67BvaAVtN2GFr0s0JagYyWBfx1D3jdmdapnLpIHKkbdcDaX5KHlWqAPkS9Fj6g/vXIv1OuK2vSoMz7t6xUEhCk//EnwMKLOBFcMKHhIezXN3jBZGAy5XS+ryAI/5O2phlLa4GWsq5x5e4gCyqHERvQB+66NEpkf1RUMlKyBEi2jplhVtatfDrjs1fbQbFpN6UUDmE+/pP90SyajQDTaGc9qwJTcPmWJeYkS3gsDvMK9V\n",
            "public_key_pem": "-----BEGIN PUBLIC KEY-----\nMIIBIjANBgkqhkiG9w0BAQEFAAOCAQ8AMIIBCgKCAQEAtUKPERn3Sp/m/hT67uCB\noZ0+ILOnizavO/9u9xwi5DRnEM8P8Q/c4XH2OuyJIwZEtOqAxzhEMDhnJ/DetBVM\nz93MvU/lHu+HYx3SmrcJG+uwb2gFbTdhha9LNCWoGMlgX8dQ943ZnWqZy6SBypG3\nXA2l+Sh5VqgD5EvRY+oP71yL9Tritr0qDM+7esVBIQpP/xJ8DCizgRXDCh4SHs1z\nd4wWRgMuV0vq8gCP+TtqYZS2uBlrKuceXuIAsqhxEb0AfuujRKZH9UVDJSsgRIto\n6ZYVbWrXw647NX20GxaTelFA5hPv6T/dEsmo0A02hnPasCU3D5liXmJEt4LA7zCv\nVQIDAQAB\n-----END PUBLIC KEY-----\n",
            "rsa_bits": 2048
          },
          "sensitive_attributes": [
            [
              {
                "type": "get_attr",
                "value": "private_key_openssh"
              }
            ],
            [
              {
                "type": "get_attr",
                "value": "private_key_pem"
              }
            ],
            [
              {
                "type": "get_attr",
                "value": "private_key_pem_pkcs8"
              }
            ]
          ],
          "create_before_destroy": true
        }
      ]
    }
  ],
  "check_results": null
}
