{
  "version": 4,
  "terraform_version": "1.11.4",
  "serial": 50,
  "lineage": "350cddf5-ee52-73dc-efa8-7a6ecc3126c1",
  "outputs": {
    "ID_admin_ssh_production": {
      "value": "sg-0dd6a72f0299f0e94",
      "type": "string"
    },
    "eip_allocation_id": {
      "value": "eipalloc-06f733850496cde43",
      "type": "string"
    },
    "instance_info_prod_master": {
      "value": {
        "master_prod_public_ip": [
          "3.238.90.189",
          "44.221.76.106",
          "3.239.43.17"
        ]
      },
      "type": [
        "object",
        {
          "master_prod_public_ip": [
            "tuple",
            [
              "string",
              "string",
              "string"
            ]
          ]
        }
      ]
    },
    "instance_info_prod_worker": {
      "value": {
        "worker_prod_public_ip": [
          "44.211.36.139",
          "44.221.69.148"
        ]
      },
      "type": [
        "object",
        {
          "worker_prod_public_ip": [
            "tuple",
            [
              "string",
              "string"
            ]
          ]
        }
      ]
    },
    "ssh_key_name": {
      "value": "vockeyprod",
      "type": "string"
    },
    "ssh_private_key_filename": {
      "value": "./vockeyprod.pem",
      "type": "string"
    }
  },
  "resources": [
    {
      "mode": "managed",
      "type": "aws_ebs_volume",
      "name": "apotheose_volume",
      "provider": "provider[\"registry.terraform.io/hashicorp/aws\"]",
      "instances": [
        {
          "index_key": 0,
          "schema_version": 0,
          "attributes": {
            "arn": "arn:aws:ec2:us-east-1:585768148089:volume/vol-0419627f54a09b90c",
            "availability_zone": "us-east-1f",
            "create_time": "2025-05-09T13:15:47Z",
            "encrypted": false,
            "final_snapshot": false,
            "id": "vol-0419627f54a09b90c",
            "iops": 195,
            "kms_key_id": "",
            "multi_attach_enabled": false,
            "outpost_arn": "",
            "size": 65,
            "snapshot_id": "",
            "tags": null,
            "tags_all": {},
            "throughput": 0,
            "timeouts": null,
            "type": "gp2"
          },
          "sensitive_attributes": [],
          "private": "eyJlMmJmYjczMC1lY2FhLTExZTYtOGY4OC0zNDM2M2JjN2M0YzAiOnsiY3JlYXRlIjozMDAwMDAwMDAwMDAsImRlbGV0ZSI6NjAwMDAwMDAwMDAwLCJ1cGRhdGUiOjMwMDAwMDAwMDAwMH19",
          "dependencies": [
            "aws_iam_instance_profile.ec2_lb_instance_profile",
            "aws_iam_role.ec2_load_balancer_role",
            "aws_instance.masters",
            "aws_instance.workers",
            "aws_key_pair.vockeyprod",
            "aws_security_group.admin_ssh_production",
            "tls_private_key.vockeyprod"
          ]
        },
        {
          "index_key": 1,
          "schema_version": 0,
          "attributes": {
            "arn": "arn:aws:ec2:us-east-1:585768148089:volume/vol-0ce8a354c6ea199ac",
            "availability_zone": "us-east-1f",
            "create_time": "2025-05-09T13:15:47Z",
            "encrypted": false,
            "final_snapshot": false,
            "id": "vol-0ce8a354c6ea199ac",
            "iops": 195,
            "kms_key_id": "",
            "multi_attach_enabled": false,
            "outpost_arn": "",
            "size": 65,
            "snapshot_id": "",
            "tags": null,
            "tags_all": {},
            "throughput": 0,
            "timeouts": null,
            "type": "gp2"
          },
          "sensitive_attributes": [],
          "private": "eyJlMmJmYjczMC1lY2FhLTExZTYtOGY4OC0zNDM2M2JjN2M0YzAiOnsiY3JlYXRlIjozMDAwMDAwMDAwMDAsImRlbGV0ZSI6NjAwMDAwMDAwMDAwLCJ1cGRhdGUiOjMwMDAwMDAwMDAwMH19",
          "dependencies": [
            "aws_iam_instance_profile.ec2_lb_instance_profile",
            "aws_iam_role.ec2_load_balancer_role",
            "aws_instance.masters",
            "aws_instance.workers",
            "aws_key_pair.vockeyprod",
            "aws_security_group.admin_ssh_production",
            "tls_private_key.vockeyprod"
          ]
        },
        {
          "index_key": 2,
          "schema_version": 0,
          "attributes": {
            "arn": "arn:aws:ec2:us-east-1:585768148089:volume/vol-061cea6bfd44baf6c",
            "availability_zone": "us-east-1f",
            "create_time": "2025-05-09T13:15:47Z",
            "encrypted": false,
            "final_snapshot": false,
            "id": "vol-061cea6bfd44baf6c",
            "iops": 195,
            "kms_key_id": "",
            "multi_attach_enabled": false,
            "outpost_arn": "",
            "size": 65,
            "snapshot_id": "",
            "tags": null,
            "tags_all": {},
            "throughput": 0,
            "timeouts": null,
            "type": "gp2"
          },
          "sensitive_attributes": [],
          "private": "eyJlMmJmYjczMC1lY2FhLTExZTYtOGY4OC0zNDM2M2JjN2M0YzAiOnsiY3JlYXRlIjozMDAwMDAwMDAwMDAsImRlbGV0ZSI6NjAwMDAwMDAwMDAwLCJ1cGRhdGUiOjMwMDAwMDAwMDAwMH19",
          "dependencies": [
            "aws_iam_instance_profile.ec2_lb_instance_profile",
            "aws_iam_role.ec2_load_balancer_role",
            "aws_instance.masters",
            "aws_instance.workers",
            "aws_key_pair.vockeyprod",
            "aws_security_group.admin_ssh_production",
            "tls_private_key.vockeyprod"
          ]
        },
        {
          "index_key": 3,
          "schema_version": 0,
          "attributes": {
            "arn": "arn:aws:ec2:us-east-1:585768148089:volume/vol-0747a50316802b703",
            "availability_zone": "us-east-1f",
            "create_time": "2025-05-09T13:15:47Z",
            "encrypted": false,
            "final_snapshot": false,
            "id": "vol-0747a50316802b703",
            "iops": 195,
            "kms_key_id": "",
            "multi_attach_enabled": false,
            "outpost_arn": "",
            "size": 65,
            "snapshot_id": "",
            "tags": null,
            "tags_all": {},
            "throughput": 0,
            "timeouts": null,
            "type": "gp2"
          },
          "sensitive_attributes": [],
          "private": "eyJlMmJmYjczMC1lY2FhLTExZTYtOGY4OC0zNDM2M2JjN2M0YzAiOnsiY3JlYXRlIjozMDAwMDAwMDAwMDAsImRlbGV0ZSI6NjAwMDAwMDAwMDAwLCJ1cGRhdGUiOjMwMDAwMDAwMDAwMH19",
          "dependencies": [
            "aws_iam_instance_profile.ec2_lb_instance_profile",
            "aws_iam_role.ec2_load_balancer_role",
            "aws_instance.masters",
            "aws_instance.workers",
            "aws_key_pair.vockeyprod",
            "aws_security_group.admin_ssh_production",
            "tls_private_key.vockeyprod"
          ]
        },
        {
          "index_key": 4,
          "schema_version": 0,
          "attributes": {
            "arn": "arn:aws:ec2:us-east-1:585768148089:volume/vol-0a6c618d5ba4f50a9",
            "availability_zone": "us-east-1f",
            "create_time": "2025-05-09T13:15:47Z",
            "encrypted": false,
            "final_snapshot": false,
            "id": "vol-0a6c618d5ba4f50a9",
            "iops": 195,
            "kms_key_id": "",
            "multi_attach_enabled": false,
            "outpost_arn": "",
            "size": 65,
            "snapshot_id": "",
            "tags": null,
            "tags_all": {},
            "throughput": 0,
            "timeouts": null,
            "type": "gp2"
          },
          "sensitive_attributes": [],
          "private": "eyJlMmJmYjczMC1lY2FhLTExZTYtOGY4OC0zNDM2M2JjN2M0YzAiOnsiY3JlYXRlIjozMDAwMDAwMDAwMDAsImRlbGV0ZSI6NjAwMDAwMDAwMDAwLCJ1cGRhdGUiOjMwMDAwMDAwMDAwMH19",
          "dependencies": [
            "aws_iam_instance_profile.ec2_lb_instance_profile",
            "aws_iam_role.ec2_load_balancer_role",
            "aws_instance.masters",
            "aws_instance.workers",
            "aws_key_pair.vockeyprod",
            "aws_security_group.admin_ssh_production",
            "tls_private_key.vockeyprod"
          ]
        }
      ]
    },
    {
      "mode": "managed",
      "type": "aws_ebs_volume",
      "name": "apotheose_volume_cstor",
      "provider": "provider[\"registry.terraform.io/hashicorp/aws\"]",
      "instances": [
        {
          "index_key": 0,
          "schema_version": 0,
          "attributes": {
            "arn": "arn:aws:ec2:us-east-1:585768148089:volume/vol-0da2bbd895c1e5876",
            "availability_zone": "us-east-1f",
            "create_time": "2025-05-09T13:15:47Z",
            "encrypted": false,
            "final_snapshot": false,
            "id": "vol-0da2bbd895c1e5876",
            "iops": 180,
            "kms_key_id": "",
            "multi_attach_enabled": false,
            "outpost_arn": "",
            "size": 60,
            "snapshot_id": "",
            "tags": null,
            "tags_all": {},
            "throughput": 0,
            "timeouts": null,
            "type": "gp2"
          },
          "sensitive_attributes": [],
          "private": "eyJlMmJmYjczMC1lY2FhLTExZTYtOGY4OC0zNDM2M2JjN2M0YzAiOnsiY3JlYXRlIjozMDAwMDAwMDAwMDAsImRlbGV0ZSI6NjAwMDAwMDAwMDAwLCJ1cGRhdGUiOjMwMDAwMDAwMDAwMH19",
          "dependencies": [
            "aws_iam_instance_profile.ec2_lb_instance_profile",
            "aws_iam_role.ec2_load_balancer_role",
            "aws_instance.workers",
            "aws_key_pair.vockeyprod",
            "aws_security_group.admin_ssh_production",
            "tls_private_key.vockeyprod"
          ]
        },
        {
          "index_key": 1,
          "schema_version": 0,
          "attributes": {
            "arn": "arn:aws:ec2:us-east-1:585768148089:volume/vol-019460e02644dbdb2",
            "availability_zone": "us-east-1f",
            "create_time": "2025-05-09T13:15:47Z",
            "encrypted": false,
            "final_snapshot": false,
            "id": "vol-019460e02644dbdb2",
            "iops": 180,
            "kms_key_id": "",
            "multi_attach_enabled": false,
            "outpost_arn": "",
            "size": 60,
            "snapshot_id": "",
            "tags": null,
            "tags_all": {},
            "throughput": 0,
            "timeouts": null,
            "type": "gp2"
          },
          "sensitive_attributes": [],
          "private": "eyJlMmJmYjczMC1lY2FhLTExZTYtOGY4OC0zNDM2M2JjN2M0YzAiOnsiY3JlYXRlIjozMDAwMDAwMDAwMDAsImRlbGV0ZSI6NjAwMDAwMDAwMDAwLCJ1cGRhdGUiOjMwMDAwMDAwMDAwMH19",
          "dependencies": [
            "aws_iam_instance_profile.ec2_lb_instance_profile",
            "aws_iam_role.ec2_load_balancer_role",
            "aws_instance.workers",
            "aws_key_pair.vockeyprod",
            "aws_security_group.admin_ssh_production",
            "tls_private_key.vockeyprod"
          ]
        }
      ]
    },
    {
      "mode": "managed",
      "type": "aws_ec2_tag",
      "name": "subnet_tag_cluster",
      "provider": "provider[\"registry.terraform.io/hashicorp/aws\"]",
      "instances": [
        {
          "schema_version": 0,
          "attributes": {
            "id": "subnet-07ef8d731542349d5,kubernetes.io/cluster/apotheose",
            "key": "kubernetes.io/cluster/apotheose",
            "resource_id": "subnet-07ef8d731542349d5",
            "value": "owned"
          },
          "sensitive_attributes": [],
          "private": "bnVsbA=="
        }
      ]
    },
    {
      "mode": "managed",
      "type": "aws_ec2_tag",
      "name": "subnet_tag_elb",
      "provider": "provider[\"registry.terraform.io/hashicorp/aws\"]",
      "instances": [
        {
          "schema_version": 0,
          "attributes": {
            "id": "subnet-07ef8d731542349d5,kubernetes.io/role/elb",
            "key": "kubernetes.io/role/elb",
            "resource_id": "subnet-07ef8d731542349d5",
            "value": "1"
          },
          "sensitive_attributes": [],
          "private": "bnVsbA=="
        }
      ]
    },
    {
      "mode": "managed",
      "type": "aws_eip",
      "name": "traefik_eip",
      "provider": "provider[\"registry.terraform.io/hashicorp/aws\"]",
      "instances": [
        {
          "schema_version": 0,
          "attributes": {
            "address": null,
            "allocation_id": "eipalloc-06f733850496cde43",
            "arn": "arn:aws:ec2:us-east-1:585768148089:elastic-ip/eipalloc-06f733850496cde43",
            "associate_with_private_ip": null,
            "association_id": "",
            "carrier_ip": "",
            "customer_owned_ip": "",
            "customer_owned_ipv4_pool": "",
            "domain": "vpc",
            "id": "eipalloc-06f733850496cde43",
            "instance": "",
            "ipam_pool_id": null,
            "network_border_group": "us-east-1",
            "network_interface": "",
            "private_dns": null,
            "private_ip": "",
            "ptr_record": "",
            "public_dns": "ec2-35-153-240-46.compute-1.amazonaws.com",
            "public_ip": "35.153.240.46",
            "public_ipv4_pool": "amazon",
            "tags": {
              "Name": "traefik-lb-eip"
            },
            "tags_all": {
              "Name": "traefik-lb-eip"
            },
            "timeouts": null,
            "vpc": true
          },
          "sensitive_attributes": [],
          "private": "eyJlMmJmYjczMC1lY2FhLTExZTYtOGY4OC0zNDM2M2JjN2M0YzAiOnsiZGVsZXRlIjoxODAwMDAwMDAwMDAsInJlYWQiOjkwMDAwMDAwMDAwMCwidXBkYXRlIjozMDAwMDAwMDAwMDB9fQ=="
        }
      ]
    },
    {
      "mode": "managed",
      "type": "aws_iam_instance_profile",
      "name": "ec2_lb_instance_profile",
      "provider": "provider[\"registry.terraform.io/hashicorp/aws\"]",
      "instances": [
        {
          "schema_version": 0,
          "attributes": {
            "arn": "arn:aws:iam::585768148089:instance-profile/EC2LoadBalancerInstanceProfile",
            "create_date": "2025-05-09T13:15:24Z",
            "id": "EC2LoadBalancerInstanceProfile",
            "name": "EC2LoadBalancerInstanceProfile",
            "name_prefix": "",
            "path": "/",
            "role": "EC2LoadBalancerRole",
            "tags": null,
            "tags_all": {},
            "unique_id": "AIPAYQYUATR47Q5HXIAQT"
          },
          "sensitive_attributes": [],
          "private": "bnVsbA==",
          "dependencies": [
            "aws_iam_role.ec2_load_balancer_role"
          ],
          "create_before_destroy": true
        }
      ]
    },
    {
      "mode": "managed",
      "type": "aws_iam_policy",
      "name": "ec2_elb_custom_policy",
      "provider": "provider[\"registry.terraform.io/hashicorp/aws\"]",
      "instances": [
        {
          "schema_version": 0,
          "attributes": {
            "arn": "arn:aws:iam::585768148089:policy/EC2ELBAccessPolicy",
            "attachment_count": 0,
            "description": "Custom policy to manage ELB and related resources",
            "id": "arn:aws:iam::585768148089:policy/EC2ELBAccessPolicy",
            "name": "EC2ELBAccessPolicy",
            "name_prefix": "",
            "path": "/",
            "policy": "{\"Statement\":[{\"Action\":[\"ec2:AllocateAddress\",\"ec2:AssociateAddress\",\"ec2:DisassociateAddress\",\"ec2:ReleaseAddress\"],\"Effect\":\"Allow\",\"Resource\":\"*\"},{\"Action\":[\"ec2:AuthorizeSecurityGroupIngress\",\"ec2:RevokeSecurityGroupIngress\",\"ec2:CreateSecurityGroup\",\"ec2:DeleteSecurityGroup\",\"ec2:Describe*\"],\"Effect\":\"Allow\",\"Resource\":\"*\"},{\"Action\":\"elasticloadbalancing:*\",\"Effect\":\"Allow\",\"Resource\":\"*\"},{\"Action\":[\"ec2:DescribeAccountAttributes\",\"ec2:DescribeAddresses\",\"ec2:DescribeInternetGateways\",\"ec2:DescribeSecurityGroups\",\"ec2:DescribeSubnets\",\"ec2:DescribeVpcs\",\"ec2:DescribeVpcClassicLink\",\"ec2:DescribeInstances\",\"ec2:DescribeNetworkInterfaces\",\"ec2:DescribeClassicLinkInstances\",\"ec2:DescribeRouteTables\",\"ec2:DescribeCoipPools\",\"ec2:GetCoipPoolUsage\",\"ec2:GetSecurityGroupsForVpc\",\"ec2:DescribeVpcPeeringConnections\",\"cognito-idp:DescribeUserPoolClient\"],\"Effect\":\"Allow\",\"Resource\":\"*\"},{\"Action\":\"iam:CreateServiceLinkedRole\",\"Condition\":{\"StringEquals\":{\"iam:AWSServiceName\":\"elasticloadbalancing.amazonaws.com\"}},\"Effect\":\"Allow\",\"Resource\":\"*\"},{\"Action\":\"arc-zonal-shift:*\",\"Effect\":\"Allow\",\"Resource\":\"arn:aws:elasticloadbalancing:*:*:loadbalancer/*\"},{\"Action\":[\"arc-zonal-shift:ListManagedResources\",\"arc-zonal-shift:ListZonalShifts\"],\"Effect\":\"Allow\",\"Resource\":\"*\"}],\"Version\":\"2012-10-17\"}",
            "policy_id": "ANPAYQYUATR4YW6ZUK4WR",
            "tags": null,
            "tags_all": {}
          },
          "sensitive_attributes": [],
          "private": "bnVsbA=="
        }
      ]
    },
    {
      "mode": "managed",
      "type": "aws_iam_role",
      "name": "ec2_load_balancer_role",
      "provider": "provider[\"registry.terraform.io/hashicorp/aws\"]",
      "instances": [
        {
          "schema_version": 0,
          "attributes": {
            "arn": "arn:aws:iam::585768148089:role/EC2LoadBalancerRole",
            "assume_role_policy": "{\"Statement\":[{\"Action\":\"sts:AssumeRole\",\"Effect\":\"Allow\",\"Principal\":{\"Service\":\"ec2.amazonaws.com\"}}],\"Version\":\"2012-10-17\"}",
            "create_date": "2025-05-09T13:15:23Z",
            "description": "",
            "force_detach_policies": false,
            "id": "EC2LoadBalancerRole",
            "inline_policy": [],
            "managed_policy_arns": [],
            "max_session_duration": 3600,
            "name": "EC2LoadBalancerRole",
            "name_prefix": "",
            "path": "/",
            "permissions_boundary": "",
            "tags": null,
            "tags_all": {},
            "unique_id": "AROAYQYUATR464ZJMSUSR"
          },
          "sensitive_attributes": [],
          "private": "bnVsbA==",
          "create_before_destroy": true
        }
      ]
    },
    {
      "mode": "managed",
      "type": "aws_iam_role_policy_attachment",
      "name": "attach_custom_elb_policy",
      "provider": "provider[\"registry.terraform.io/hashicorp/aws\"]",
      "instances": [
        {
          "schema_version": 0,
          "attributes": {
            "id": "EC2LoadBalancerRole-20250509131524125300000001",
            "policy_arn": "arn:aws:iam::585768148089:policy/EC2ELBAccessPolicy",
            "role": "EC2LoadBalancerRole"
          },
          "sensitive_attributes": [],
          "private": "bnVsbA==",
          "dependencies": [
            "aws_iam_policy.ec2_elb_custom_policy",
            "aws_iam_role.ec2_load_balancer_role"
          ]
        }
      ]
    },
    {
      "mode": "managed",
      "type": "aws_instance",
      "name": "masters",
      "provider": "provider[\"registry.terraform.io/hashicorp/aws\"]",
      "instances": [
        {
          "index_key": 0,
          "schema_version": 1,
          "attributes": {
            "ami": "ami-04b4f1a9cf54c11d0",
            "arn": "arn:aws:ec2:us-east-1:585768148089:instance/i-0d8f27b9193aac175",
            "associate_public_ip_address": true,
            "availability_zone": "us-east-1f",
            "capacity_reservation_specification": [
              {
                "capacity_reservation_preference": "open",
                "capacity_reservation_target": []
              }
            ],
            "cpu_core_count": 4,
            "cpu_options": [
              {
                "amd_sev_snp": "",
                "core_count": 4,
                "threads_per_core": 2
              }
            ],
            "cpu_threads_per_core": 2,
            "credit_specification": [
              {
                "cpu_credits": "unlimited"
              }
            ],
            "disable_api_stop": false,
            "disable_api_termination": false,
            "ebs_block_device": [],
            "ebs_optimized": false,
            "enable_primary_ipv6": null,
            "enclave_options": [
              {
                "enabled": false
              }
            ],
            "ephemeral_block_device": [],
            "get_password_data": false,
            "hibernation": false,
            "host_id": "",
            "host_resource_group_arn": null,
            "iam_instance_profile": "EC2LoadBalancerInstanceProfile",
            "id": "i-0d8f27b9193aac175",
            "instance_initiated_shutdown_behavior": "stop",
            "instance_lifecycle": "",
            "instance_market_options": [],
            "instance_state": "running",
            "instance_type": "t3a.2xlarge",
            "ipv6_address_count": 0,
            "ipv6_addresses": [],
            "key_name": "vockeyprod",
            "launch_template": [],
            "maintenance_options": [
              {
                "auto_recovery": "default"
              }
            ],
            "metadata_options": [
              {
                "http_endpoint": "enabled",
                "http_protocol_ipv6": "disabled",
                "http_put_response_hop_limit": 2,
                "http_tokens": "required",
                "instance_metadata_tags": "disabled"
              }
            ],
            "monitoring": false,
            "network_interface": [],
            "outpost_arn": "",
            "password_data": "",
            "placement_group": "",
            "placement_partition_number": 0,
            "primary_network_interface_id": "eni-0428dbfdca6466701",
            "private_dns": "ip-172-31-73-218.ec2.internal",
            "private_dns_name_options": [
              {
                "enable_resource_name_dns_a_record": false,
                "enable_resource_name_dns_aaaa_record": false,
                "hostname_type": "ip-name"
              }
            ],
            "private_ip": "172.31.73.218",
            "public_dns": "ec2-3-238-90-189.compute-1.amazonaws.com",
            "public_ip": "3.238.90.189",
            "root_block_device": [
              {
                "delete_on_termination": true,
                "device_name": "/dev/sda1",
                "encrypted": false,
                "iops": 3000,
                "kms_key_id": "",
                "tags": {},
                "tags_all": {},
                "throughput": 125,
                "volume_id": "vol-0fcecb95419abcb9f",
                "volume_size": 8,
                "volume_type": "gp3"
              }
            ],
            "secondary_private_ips": [],
            "security_groups": [
              "admin_ssh_production"
            ],
            "source_dest_check": true,
            "spot_instance_request_id": "",
            "subnet_id": "subnet-07ef8d731542349d5",
            "tags": {
              "Name": "master1",
              "k8s.io/role/node": "master",
              "kubernetes.io/cluster/apotheose-cluster": "owned",
              "topology.kubernetes.io/region": "us-east-1",
              "topology.kubernetes.io/zone": "us-east-1f"
            },
            "tags_all": {
              "Name": "master1",
              "k8s.io/role/node": "master",
              "kubernetes.io/cluster/apotheose-cluster": "owned",
              "topology.kubernetes.io/region": "us-east-1",
              "topology.kubernetes.io/zone": "us-east-1f"
            },
            "tenancy": "default",
            "timeouts": null,
            "user_data": null,
            "user_data_base64": null,
            "user_data_replace_on_change": false,
            "volume_tags": null,
            "vpc_security_group_ids": [
              "sg-0dd6a72f0299f0e94"
            ]
          },
          "sensitive_attributes": [],
          "private": "eyJlMmJmYjczMC1lY2FhLTExZTYtOGY4OC0zNDM2M2JjN2M0YzAiOnsiY3JlYXRlIjo2MDAwMDAwMDAwMDAsImRlbGV0ZSI6MTIwMDAwMDAwMDAwMCwicmVhZCI6OTAwMDAwMDAwMDAwLCJ1cGRhdGUiOjYwMDAwMDAwMDAwMH0sInNjaGVtYV92ZXJzaW9uIjoiMSJ9",
          "dependencies": [
            "aws_iam_instance_profile.ec2_lb_instance_profile",
            "aws_iam_role.ec2_load_balancer_role",
            "aws_key_pair.vockeyprod",
            "aws_security_group.admin_ssh_production",
            "tls_private_key.vockeyprod"
          ],
          "create_before_destroy": true
        },
        {
          "index_key": 1,
          "schema_version": 1,
          "attributes": {
            "ami": "ami-04b4f1a9cf54c11d0",
            "arn": "arn:aws:ec2:us-east-1:585768148089:instance/i-073460627dca0f2a2",
            "associate_public_ip_address": true,
            "availability_zone": "us-east-1f",
            "capacity_reservation_specification": [
              {
                "capacity_reservation_preference": "open",
                "capacity_reservation_target": []
              }
            ],
            "cpu_core_count": 4,
            "cpu_options": [
              {
                "amd_sev_snp": "",
                "core_count": 4,
                "threads_per_core": 2
              }
            ],
            "cpu_threads_per_core": 2,
            "credit_specification": [
              {
                "cpu_credits": "unlimited"
              }
            ],
            "disable_api_stop": false,
            "disable_api_termination": false,
            "ebs_block_device": [],
            "ebs_optimized": false,
            "enable_primary_ipv6": null,
            "enclave_options": [
              {
                "enabled": false
              }
            ],
            "ephemeral_block_device": [],
            "get_password_data": false,
            "hibernation": false,
            "host_id": "",
            "host_resource_group_arn": null,
            "iam_instance_profile": "EC2LoadBalancerInstanceProfile",
            "id": "i-073460627dca0f2a2",
            "instance_initiated_shutdown_behavior": "stop",
            "instance_lifecycle": "",
            "instance_market_options": [],
            "instance_state": "running",
            "instance_type": "t3a.2xlarge",
            "ipv6_address_count": 0,
            "ipv6_addresses": [],
            "key_name": "vockeyprod",
            "launch_template": [],
            "maintenance_options": [
              {
                "auto_recovery": "default"
              }
            ],
            "metadata_options": [
              {
                "http_endpoint": "enabled",
                "http_protocol_ipv6": "disabled",
                "http_put_response_hop_limit": 2,
                "http_tokens": "required",
                "instance_metadata_tags": "disabled"
              }
            ],
            "monitoring": false,
            "network_interface": [],
            "outpost_arn": "",
            "password_data": "",
            "placement_group": "",
            "placement_partition_number": 0,
            "primary_network_interface_id": "eni-0f94c5cc63f847647",
            "private_dns": "ip-172-31-64-45.ec2.internal",
            "private_dns_name_options": [
              {
                "enable_resource_name_dns_a_record": false,
                "enable_resource_name_dns_aaaa_record": false,
                "hostname_type": "ip-name"
              }
            ],
            "private_ip": "172.31.64.45",
            "public_dns": "ec2-44-221-76-106.compute-1.amazonaws.com",
            "public_ip": "44.221.76.106",
            "root_block_device": [
              {
                "delete_on_termination": true,
                "device_name": "/dev/sda1",
                "encrypted": false,
                "iops": 3000,
                "kms_key_id": "",
                "tags": {},
                "tags_all": {},
                "throughput": 125,
                "volume_id": "vol-0f5512a2bc60fcac6",
                "volume_size": 8,
                "volume_type": "gp3"
              }
            ],
            "secondary_private_ips": [],
            "security_groups": [
              "admin_ssh_production"
            ],
            "source_dest_check": true,
            "spot_instance_request_id": "",
            "subnet_id": "subnet-07ef8d731542349d5",
            "tags": {
              "Name": "master2",
              "k8s.io/role/node": "master",
              "kubernetes.io/cluster/apotheose-cluster": "owned",
              "topology.kubernetes.io/region": "us-east-1",
              "topology.kubernetes.io/zone": "us-east-1f"
            },
            "tags_all": {
              "Name": "master2",
              "k8s.io/role/node": "master",
              "kubernetes.io/cluster/apotheose-cluster": "owned",
              "topology.kubernetes.io/region": "us-east-1",
              "topology.kubernetes.io/zone": "us-east-1f"
            },
            "tenancy": "default",
            "timeouts": null,
            "user_data": null,
            "user_data_base64": null,
            "user_data_replace_on_change": false,
            "volume_tags": null,
            "vpc_security_group_ids": [
              "sg-0dd6a72f0299f0e94"
            ]
          },
          "sensitive_attributes": [],
          "private": "eyJlMmJmYjczMC1lY2FhLTExZTYtOGY4OC0zNDM2M2JjN2M0YzAiOnsiY3JlYXRlIjo2MDAwMDAwMDAwMDAsImRlbGV0ZSI6MTIwMDAwMDAwMDAwMCwicmVhZCI6OTAwMDAwMDAwMDAwLCJ1cGRhdGUiOjYwMDAwMDAwMDAwMH0sInNjaGVtYV92ZXJzaW9uIjoiMSJ9",
          "dependencies": [
            "aws_iam_instance_profile.ec2_lb_instance_profile",
            "aws_iam_role.ec2_load_balancer_role",
            "aws_key_pair.vockeyprod",
            "aws_security_group.admin_ssh_production",
            "tls_private_key.vockeyprod"
          ],
          "create_before_destroy": true
        },
        {
          "index_key": 2,
          "schema_version": 1,
          "attributes": {
            "ami": "ami-04b4f1a9cf54c11d0",
            "arn": "arn:aws:ec2:us-east-1:585768148089:instance/i-0cfe681f85ee9bb6e",
            "associate_public_ip_address": true,
            "availability_zone": "us-east-1f",
            "capacity_reservation_specification": [
              {
                "capacity_reservation_preference": "open",
                "capacity_reservation_target": []
              }
            ],
            "cpu_core_count": 4,
            "cpu_options": [
              {
                "amd_sev_snp": "",
                "core_count": 4,
                "threads_per_core": 2
              }
            ],
            "cpu_threads_per_core": 2,
            "credit_specification": [
              {
                "cpu_credits": "unlimited"
              }
            ],
            "disable_api_stop": false,
            "disable_api_termination": false,
            "ebs_block_device": [],
            "ebs_optimized": false,
            "enable_primary_ipv6": null,
            "enclave_options": [
              {
                "enabled": false
              }
            ],
            "ephemeral_block_device": [],
            "get_password_data": false,
            "hibernation": false,
            "host_id": "",
            "host_resource_group_arn": null,
            "iam_instance_profile": "EC2LoadBalancerInstanceProfile",
            "id": "i-0cfe681f85ee9bb6e",
            "instance_initiated_shutdown_behavior": "stop",
            "instance_lifecycle": "",
            "instance_market_options": [],
            "instance_state": "running",
            "instance_type": "t3a.2xlarge",
            "ipv6_address_count": 0,
            "ipv6_addresses": [],
            "key_name": "vockeyprod",
            "launch_template": [],
            "maintenance_options": [
              {
                "auto_recovery": "default"
              }
            ],
            "metadata_options": [
              {
                "http_endpoint": "enabled",
                "http_protocol_ipv6": "disabled",
                "http_put_response_hop_limit": 2,
                "http_tokens": "required",
                "instance_metadata_tags": "disabled"
              }
            ],
            "monitoring": false,
            "network_interface": [],
            "outpost_arn": "",
            "password_data": "",
            "placement_group": "",
            "placement_partition_number": 0,
            "primary_network_interface_id": "eni-032510d0b38d4890a",
            "private_dns": "ip-172-31-67-12.ec2.internal",
            "private_dns_name_options": [
              {
                "enable_resource_name_dns_a_record": false,
                "enable_resource_name_dns_aaaa_record": false,
                "hostname_type": "ip-name"
              }
            ],
            "private_ip": "172.31.67.12",
            "public_dns": "ec2-3-239-43-17.compute-1.amazonaws.com",
            "public_ip": "3.239.43.17",
            "root_block_device": [
              {
                "delete_on_termination": true,
                "device_name": "/dev/sda1",
                "encrypted": false,
                "iops": 3000,
                "kms_key_id": "",
                "tags": {},
                "tags_all": {},
                "throughput": 125,
                "volume_id": "vol-03dbb016cca2d1372",
                "volume_size": 8,
                "volume_type": "gp3"
              }
            ],
            "secondary_private_ips": [],
            "security_groups": [
              "admin_ssh_production"
            ],
            "source_dest_check": true,
            "spot_instance_request_id": "",
            "subnet_id": "subnet-07ef8d731542349d5",
            "tags": {
              "Name": "master3",
              "k8s.io/role/node": "master",
              "kubernetes.io/cluster/apotheose-cluster": "owned",
              "topology.kubernetes.io/region": "us-east-1",
              "topology.kubernetes.io/zone": "us-east-1f"
            },
            "tags_all": {
              "Name": "master3",
              "k8s.io/role/node": "master",
              "kubernetes.io/cluster/apotheose-cluster": "owned",
              "topology.kubernetes.io/region": "us-east-1",
              "topology.kubernetes.io/zone": "us-east-1f"
            },
            "tenancy": "default",
            "timeouts": null,
            "user_data": null,
            "user_data_base64": null,
            "user_data_replace_on_change": false,
            "volume_tags": null,
            "vpc_security_group_ids": [
              "sg-0dd6a72f0299f0e94"
            ]
          },
          "sensitive_attributes": [],
          "private": "eyJlMmJmYjczMC1lY2FhLTExZTYtOGY4OC0zNDM2M2JjN2M0YzAiOnsiY3JlYXRlIjo2MDAwMDAwMDAwMDAsImRlbGV0ZSI6MTIwMDAwMDAwMDAwMCwicmVhZCI6OTAwMDAwMDAwMDAwLCJ1cGRhdGUiOjYwMDAwMDAwMDAwMH0sInNjaGVtYV92ZXJzaW9uIjoiMSJ9",
          "dependencies": [
            "aws_iam_instance_profile.ec2_lb_instance_profile",
            "aws_iam_role.ec2_load_balancer_role",
            "aws_key_pair.vockeyprod",
            "aws_security_group.admin_ssh_production",
            "tls_private_key.vockeyprod"
          ],
          "create_before_destroy": true
        }
      ]
    },
    {
      "mode": "managed",
      "type": "aws_instance",
      "name": "workers",
      "provider": "provider[\"registry.terraform.io/hashicorp/aws\"]",
      "instances": [
        {
          "index_key": 0,
          "schema_version": 1,
          "attributes": {
            "ami": "ami-04b4f1a9cf54c11d0",
            "arn": "arn:aws:ec2:us-east-1:585768148089:instance/i-01de0e3077fcceb2e",
            "associate_public_ip_address": true,
            "availability_zone": "us-east-1f",
            "capacity_reservation_specification": [
              {
                "capacity_reservation_preference": "open",
                "capacity_reservation_target": []
              }
            ],
            "cpu_core_count": 4,
            "cpu_options": [
              {
                "amd_sev_snp": "",
                "core_count": 4,
                "threads_per_core": 2
              }
            ],
            "cpu_threads_per_core": 2,
            "credit_specification": [
              {
                "cpu_credits": "unlimited"
              }
            ],
            "disable_api_stop": false,
            "disable_api_termination": false,
            "ebs_block_device": [],
            "ebs_optimized": false,
            "enable_primary_ipv6": null,
            "enclave_options": [
              {
                "enabled": false
              }
            ],
            "ephemeral_block_device": [],
            "get_password_data": false,
            "hibernation": false,
            "host_id": "",
            "host_resource_group_arn": null,
            "iam_instance_profile": "EC2LoadBalancerInstanceProfile",
            "id": "i-01de0e3077fcceb2e",
            "instance_initiated_shutdown_behavior": "stop",
            "instance_lifecycle": "",
            "instance_market_options": [],
            "instance_state": "running",
            "instance_type": "t3a.2xlarge",
            "ipv6_address_count": 0,
            "ipv6_addresses": [],
            "key_name": "vockeyprod",
            "launch_template": [],
            "maintenance_options": [
              {
                "auto_recovery": "default"
              }
            ],
            "metadata_options": [
              {
                "http_endpoint": "enabled",
                "http_protocol_ipv6": "disabled",
                "http_put_response_hop_limit": 2,
                "http_tokens": "required",
                "instance_metadata_tags": "disabled"
              }
            ],
            "monitoring": false,
            "network_interface": [],
            "outpost_arn": "",
            "password_data": "",
            "placement_group": "",
            "placement_partition_number": 0,
            "primary_network_interface_id": "eni-038c145f3a0bf5f86",
            "private_dns": "ip-172-31-66-221.ec2.internal",
            "private_dns_name_options": [
              {
                "enable_resource_name_dns_a_record": false,
                "enable_resource_name_dns_aaaa_record": false,
                "hostname_type": "ip-name"
              }
            ],
            "private_ip": "172.31.66.221",
            "public_dns": "ec2-44-211-36-139.compute-1.amazonaws.com",
            "public_ip": "44.211.36.139",
            "root_block_device": [
              {
                "delete_on_termination": true,
                "device_name": "/dev/sda1",
                "encrypted": false,
                "iops": 3000,
                "kms_key_id": "",
                "tags": {},
                "tags_all": {},
                "throughput": 125,
                "volume_id": "vol-0a70a52c0ebf00d16",
                "volume_size": 8,
                "volume_type": "gp3"
              }
            ],
            "secondary_private_ips": [],
            "security_groups": [
              "admin_ssh_production"
            ],
            "source_dest_check": true,
            "spot_instance_request_id": "",
            "subnet_id": "subnet-07ef8d731542349d5",
            "tags": {
              "Name": "worker1",
              "k8s.io/role/node": "worker",
              "kubernetes.io/cluster/apotheose-cluster": "owned",
              "topology.kubernetes.io/region": "us-east-1",
              "topology.kubernetes.io/zone": "us-east-1f"
            },
            "tags_all": {
              "Name": "worker1",
              "k8s.io/role/node": "worker",
              "kubernetes.io/cluster/apotheose-cluster": "owned",
              "topology.kubernetes.io/region": "us-east-1",
              "topology.kubernetes.io/zone": "us-east-1f"
            },
            "tenancy": "default",
            "timeouts": null,
            "user_data": null,
            "user_data_base64": null,
            "user_data_replace_on_change": false,
            "volume_tags": null,
            "vpc_security_group_ids": [
              "sg-0dd6a72f0299f0e94"
            ]
          },
          "sensitive_attributes": [],
          "private": "eyJlMmJmYjczMC1lY2FhLTExZTYtOGY4OC0zNDM2M2JjN2M0YzAiOnsiY3JlYXRlIjo2MDAwMDAwMDAwMDAsImRlbGV0ZSI6MTIwMDAwMDAwMDAwMCwicmVhZCI6OTAwMDAwMDAwMDAwLCJ1cGRhdGUiOjYwMDAwMDAwMDAwMH0sInNjaGVtYV92ZXJzaW9uIjoiMSJ9",
          "dependencies": [
            "aws_iam_instance_profile.ec2_lb_instance_profile",
            "aws_iam_role.ec2_load_balancer_role",
            "aws_key_pair.vockeyprod",
            "aws_security_group.admin_ssh_production",
            "tls_private_key.vockeyprod"
          ],
          "create_before_destroy": true
        },
        {
          "index_key": 1,
          "schema_version": 1,
          "attributes": {
            "ami": "ami-04b4f1a9cf54c11d0",
            "arn": "arn:aws:ec2:us-east-1:585768148089:instance/i-012ac9090ffd40ee0",
            "associate_public_ip_address": true,
            "availability_zone": "us-east-1f",
            "capacity_reservation_specification": [
              {
                "capacity_reservation_preference": "open",
                "capacity_reservation_target": []
              }
            ],
            "cpu_core_count": 4,
            "cpu_options": [
              {
                "amd_sev_snp": "",
                "core_count": 4,
                "threads_per_core": 2
              }
            ],
            "cpu_threads_per_core": 2,
            "credit_specification": [
              {
                "cpu_credits": "unlimited"
              }
            ],
            "disable_api_stop": false,
            "disable_api_termination": false,
            "ebs_block_device": [],
            "ebs_optimized": false,
            "enable_primary_ipv6": null,
            "enclave_options": [
              {
                "enabled": false
              }
            ],
            "ephemeral_block_device": [],
            "get_password_data": false,
            "hibernation": false,
            "host_id": "",
            "host_resource_group_arn": null,
            "iam_instance_profile": "EC2LoadBalancerInstanceProfile",
            "id": "i-012ac9090ffd40ee0",
            "instance_initiated_shutdown_behavior": "stop",
            "instance_lifecycle": "",
            "instance_market_options": [],
            "instance_state": "running",
            "instance_type": "t3a.2xlarge",
            "ipv6_address_count": 0,
            "ipv6_addresses": [],
            "key_name": "vockeyprod",
            "launch_template": [],
            "maintenance_options": [
              {
                "auto_recovery": "default"
              }
            ],
            "metadata_options": [
              {
                "http_endpoint": "enabled",
                "http_protocol_ipv6": "disabled",
                "http_put_response_hop_limit": 2,
                "http_tokens": "required",
                "instance_metadata_tags": "disabled"
              }
            ],
            "monitoring": false,
            "network_interface": [],
            "outpost_arn": "",
            "password_data": "",
            "placement_group": "",
            "placement_partition_number": 0,
            "primary_network_interface_id": "eni-01f5c779b21ee1070",
            "private_dns": "ip-172-31-77-8.ec2.internal",
            "private_dns_name_options": [
              {
                "enable_resource_name_dns_a_record": false,
                "enable_resource_name_dns_aaaa_record": false,
                "hostname_type": "ip-name"
              }
            ],
            "private_ip": "172.31.77.8",
            "public_dns": "ec2-44-221-69-148.compute-1.amazonaws.com",
            "public_ip": "44.221.69.148",
            "root_block_device": [
              {
                "delete_on_termination": true,
                "device_name": "/dev/sda1",
                "encrypted": false,
                "iops": 3000,
                "kms_key_id": "",
                "tags": {},
                "tags_all": {},
                "throughput": 125,
                "volume_id": "vol-0b56043d38e632895",
                "volume_size": 8,
                "volume_type": "gp3"
              }
            ],
            "secondary_private_ips": [],
            "security_groups": [
              "admin_ssh_production"
            ],
            "source_dest_check": true,
            "spot_instance_request_id": "",
            "subnet_id": "subnet-07ef8d731542349d5",
            "tags": {
              "Name": "worker2",
              "k8s.io/role/node": "worker",
              "kubernetes.io/cluster/apotheose-cluster": "owned",
              "topology.kubernetes.io/region": "us-east-1",
              "topology.kubernetes.io/zone": "us-east-1f"
            },
            "tags_all": {
              "Name": "worker2",
              "k8s.io/role/node": "worker",
              "kubernetes.io/cluster/apotheose-cluster": "owned",
              "topology.kubernetes.io/region": "us-east-1",
              "topology.kubernetes.io/zone": "us-east-1f"
            },
            "tenancy": "default",
            "timeouts": null,
            "user_data": null,
            "user_data_base64": null,
            "user_data_replace_on_change": false,
            "volume_tags": null,
            "vpc_security_group_ids": [
              "sg-0dd6a72f0299f0e94"
            ]
          },
          "sensitive_attributes": [],
          "private": "eyJlMmJmYjczMC1lY2FhLTExZTYtOGY4OC0zNDM2M2JjN2M0YzAiOnsiY3JlYXRlIjo2MDAwMDAwMDAwMDAsImRlbGV0ZSI6MTIwMDAwMDAwMDAwMCwicmVhZCI6OTAwMDAwMDAwMDAwLCJ1cGRhdGUiOjYwMDAwMDAwMDAwMH0sInNjaGVtYV92ZXJzaW9uIjoiMSJ9",
          "dependencies": [
            "aws_iam_instance_profile.ec2_lb_instance_profile",
            "aws_iam_role.ec2_load_balancer_role",
            "aws_key_pair.vockeyprod",
            "aws_security_group.admin_ssh_production",
            "tls_private_key.vockeyprod"
          ],
          "create_before_destroy": true
        }
      ]
    },
    {
      "mode": "managed",
      "type": "aws_key_pair",
      "name": "vockeyprod",
      "provider": "provider[\"registry.terraform.io/hashicorp/aws\"]",
      "instances": [
        {
          "schema_version": 1,
          "attributes": {
            "arn": "arn:aws:ec2:us-east-1:585768148089:key-pair/vockeyprod",
            "fingerprint": "3c:21:4c:ea:9b:21:f4:57:3d:15:06:bd:32:1b:7b:e4",
            "id": "vockeyprod",
            "key_name": "vockeyprod",
            "key_name_prefix": "",
            "key_pair_id": "key-05261ae280aeef934",
            "key_type": "rsa",
            "public_key": "ssh-rsa AAAAB3NzaC1yc2EAAAADAQABAAABAQCwc06BVg1PBD7Rg+LC0WVacdm+6QkZwrAn1giKjDGuLm3oMUFlkCgHXk2D3c1xm94wOkaZ1cZ9POnMUTmm3wCzfLV2stqyT/t/PxDIiqgtM76CZDaBR04+8StcjsnXvU8bVNQffSHSR6AQ7eyNds1j99atc83svaAnJuRfZVfzhR/SSx+y6OyL1DI66UZoyxhnpep7flwW71IWv7NVREHpbHbOPBedks8Qu+Bh73XDbkBcVUoY0lnZMVAkO4ycYPJPBeftOrwyRzl7jh1BjtdXVw0oYniuGi/mRwKQIA5Ls3CAZ3FGNoAsOL8k9ZmIDqmMTvVx9DQooaNnRMcLrU+n",
            "tags": null,
            "tags_all": {}
          },
          "sensitive_attributes": [],
          "private": "eyJzY2hlbWFfdmVyc2lvbiI6IjEifQ==",
          "dependencies": [
            "tls_private_key.vockeyprod"
          ],
          "create_before_destroy": true
        }
      ]
    },
    {
      "mode": "managed",
      "type": "aws_security_group",
      "name": "admin_ssh_production",
      "provider": "provider[\"registry.terraform.io/hashicorp/aws\"]",
      "instances": [
        {
          "schema_version": 1,
          "attributes": {
            "arn": "arn:aws:ec2:us-east-1:585768148089:security-group/sg-0dd6a72f0299f0e94",
            "description": "Managed by Terraform",
            "egress": [],
            "id": "sg-0dd6a72f0299f0e94",
            "ingress": [],
            "name": "admin_ssh_production",
            "name_prefix": "",
            "owner_id": "585768148089",
            "revoke_rules_on_delete": false,
            "tags": {
              "Name": "admin_ssh_production"
            },
            "tags_all": {
              "Name": "admin_ssh_production"
            },
            "timeouts": null,
            "vpc_id": "vpc-09c4b38653df63f28"
          },
          "sensitive_attributes": [],
          "private": "eyJlMmJmYjczMC1lY2FhLTExZTYtOGY4OC0zNDM2M2JjN2M0YzAiOnsiY3JlYXRlIjo2MDAwMDAwMDAwMDAsImRlbGV0ZSI6OTAwMDAwMDAwMDAwfSwic2NoZW1hX3ZlcnNpb24iOiIxIn0=",
          "create_before_destroy": true
        }
      ]
    },
    {
      "mode": "managed",
      "type": "aws_security_group_rule",
      "name": "allow_tcp_2379",
      "provider": "provider[\"registry.terraform.io/hashicorp/aws\"]",
      "instances": [
        {
          "schema_version": 2,
          "attributes": {
            "cidr_blocks": null,
            "description": null,
            "from_port": 2379,
            "id": "sgrule-2875108044",
            "ipv6_cidr_blocks": null,
            "prefix_list_ids": null,
            "protocol": "tcp",
            "security_group_id": "sg-0dd6a72f0299f0e94",
            "security_group_rule_id": "sgr-0e4c4731d00a3ae2f",
            "self": false,
            "source_security_group_id": "sg-0dd6a72f0299f0e94",
            "timeouts": null,
            "to_port": 2379,
            "type": "ingress"
          },
          "sensitive_attributes": [],
          "private": "eyJlMmJmYjczMC1lY2FhLTExZTYtOGY4OC0zNDM2M2JjN2M0YzAiOnsiY3JlYXRlIjozMDAwMDAwMDAwMDB9LCJzY2hlbWFfdmVyc2lvbiI6IjIifQ==",
          "dependencies": [
            "aws_security_group.admin_ssh_production"
          ]
        }
      ]
    },
    {
      "mode": "managed",
      "type": "aws_security_group_rule",
      "name": "allow_tcp_2380",
      "provider": "provider[\"registry.terraform.io/hashicorp/aws\"]",
      "instances": [
        {
          "schema_version": 2,
          "attributes": {
            "cidr_blocks": null,
            "description": null,
            "from_port": 2380,
            "id": "sgrule-3147866564",
            "ipv6_cidr_blocks": null,
            "prefix_list_ids": null,
            "protocol": "tcp",
            "security_group_id": "sg-0dd6a72f0299f0e94",
            "security_group_rule_id": "sgr-0150047ef88681869",
            "self": false,
            "source_security_group_id": "sg-0dd6a72f0299f0e94",
            "timeouts": null,
            "to_port": 2380,
            "type": "ingress"
          },
          "sensitive_attributes": [],
          "private": "eyJlMmJmYjczMC1lY2FhLTExZTYtOGY4OC0zNDM2M2JjN2M0YzAiOnsiY3JlYXRlIjozMDAwMDAwMDAwMDB9LCJzY2hlbWFfdmVyc2lvbiI6IjIifQ==",
          "dependencies": [
            "aws_security_group.admin_ssh_production"
          ]
        }
      ]
    },
    {
      "mode": "managed",
      "type": "aws_volume_attachment",
      "name": "apotheose_volume_attachment",
      "provider": "provider[\"registry.terraform.io/hashicorp/aws\"]",
      "instances": [
        {
          "index_key": 0,
          "schema_version": 0,
          "attributes": {
            "device_name": "/dev/sdf",
            "force_detach": null,
            "id": "vai-1119522312",
            "instance_id": "i-0d8f27b9193aac175",
            "skip_destroy": null,
            "stop_instance_before_detaching": null,
            "timeouts": null,
            "volume_id": "vol-0419627f54a09b90c"
          },
          "sensitive_attributes": [],
          "private": "eyJlMmJmYjczMC1lY2FhLTExZTYtOGY4OC0zNDM2M2JjN2M0YzAiOnsiY3JlYXRlIjozMDAwMDAwMDAwMDAsImRlbGV0ZSI6MzAwMDAwMDAwMDAwfX0=",
          "dependencies": [
            "aws_ebs_volume.apotheose_volume",
            "aws_iam_instance_profile.ec2_lb_instance_profile",
            "aws_iam_role.ec2_load_balancer_role",
            "aws_instance.masters",
            "aws_instance.workers",
            "aws_key_pair.vockeyprod",
            "aws_security_group.admin_ssh_production",
            "tls_private_key.vockeyprod"
          ]
        },
        {
          "index_key": 1,
          "schema_version": 0,
          "attributes": {
            "device_name": "/dev/sdf",
            "force_detach": null,
            "id": "vai-679847563",
            "instance_id": "i-073460627dca0f2a2",
            "skip_destroy": null,
            "stop_instance_before_detaching": null,
            "timeouts": null,
            "volume_id": "vol-0ce8a354c6ea199ac"
          },
          "sensitive_attributes": [],
          "private": "eyJlMmJmYjczMC1lY2FhLTExZTYtOGY4OC0zNDM2M2JjN2M0YzAiOnsiY3JlYXRlIjozMDAwMDAwMDAwMDAsImRlbGV0ZSI6MzAwMDAwMDAwMDAwfX0=",
          "dependencies": [
            "aws_ebs_volume.apotheose_volume",
            "aws_iam_instance_profile.ec2_lb_instance_profile",
            "aws_iam_role.ec2_load_balancer_role",
            "aws_instance.masters",
            "aws_instance.workers",
            "aws_key_pair.vockeyprod",
            "aws_security_group.admin_ssh_production",
            "tls_private_key.vockeyprod"
          ]
        },
        {
          "index_key": 2,
          "schema_version": 0,
          "attributes": {
            "device_name": "/dev/sdf",
            "force_detach": null,
            "id": "vai-3628495309",
            "instance_id": "i-0cfe681f85ee9bb6e",
            "skip_destroy": null,
            "stop_instance_before_detaching": null,
            "timeouts": null,
            "volume_id": "vol-061cea6bfd44baf6c"
          },
          "sensitive_attributes": [],
          "private": "eyJlMmJmYjczMC1lY2FhLTExZTYtOGY4OC0zNDM2M2JjN2M0YzAiOnsiY3JlYXRlIjozMDAwMDAwMDAwMDAsImRlbGV0ZSI6MzAwMDAwMDAwMDAwfX0=",
          "dependencies": [
            "aws_ebs_volume.apotheose_volume",
            "aws_iam_instance_profile.ec2_lb_instance_profile",
            "aws_iam_role.ec2_load_balancer_role",
            "aws_instance.masters",
            "aws_instance.workers",
            "aws_key_pair.vockeyprod",
            "aws_security_group.admin_ssh_production",
            "tls_private_key.vockeyprod"
          ]
        },
        {
          "index_key": 3,
          "schema_version": 0,
          "attributes": {
            "device_name": "/dev/sdf",
            "force_detach": null,
            "id": "vai-4282031845",
            "instance_id": "i-01de0e3077fcceb2e",
            "skip_destroy": null,
            "stop_instance_before_detaching": null,
            "timeouts": null,
            "volume_id": "vol-0747a50316802b703"
          },
          "sensitive_attributes": [],
          "private": "eyJlMmJmYjczMC1lY2FhLTExZTYtOGY4OC0zNDM2M2JjN2M0YzAiOnsiY3JlYXRlIjozMDAwMDAwMDAwMDAsImRlbGV0ZSI6MzAwMDAwMDAwMDAwfX0=",
          "dependencies": [
            "aws_ebs_volume.apotheose_volume",
            "aws_iam_instance_profile.ec2_lb_instance_profile",
            "aws_iam_role.ec2_load_balancer_role",
            "aws_instance.masters",
            "aws_instance.workers",
            "aws_key_pair.vockeyprod",
            "aws_security_group.admin_ssh_production",
            "tls_private_key.vockeyprod"
          ]
        },
        {
          "index_key": 4,
          "schema_version": 0,
          "attributes": {
            "device_name": "/dev/sdf",
            "force_detach": null,
            "id": "vai-952950331",
            "instance_id": "i-012ac9090ffd40ee0",
            "skip_destroy": null,
            "stop_instance_before_detaching": null,
            "timeouts": null,
            "volume_id": "vol-0a6c618d5ba4f50a9"
          },
          "sensitive_attributes": [],
          "private": "eyJlMmJmYjczMC1lY2FhLTExZTYtOGY4OC0zNDM2M2JjN2M0YzAiOnsiY3JlYXRlIjozMDAwMDAwMDAwMDAsImRlbGV0ZSI6MzAwMDAwMDAwMDAwfX0=",
          "dependencies": [
            "aws_ebs_volume.apotheose_volume",
            "aws_iam_instance_profile.ec2_lb_instance_profile",
            "aws_iam_role.ec2_load_balancer_role",
            "aws_instance.masters",
            "aws_instance.workers",
            "aws_key_pair.vockeyprod",
            "aws_security_group.admin_ssh_production",
            "tls_private_key.vockeyprod"
          ]
        }
      ]
    },
    {
      "mode": "managed",
      "type": "aws_volume_attachment",
      "name": "apotheose_volume_cstor_attachment",
      "provider": "provider[\"registry.terraform.io/hashicorp/aws\"]",
      "instances": [
        {
          "index_key": 0,
          "schema_version": 0,
          "attributes": {
            "device_name": "/dev/sdg",
            "force_detach": null,
            "id": "vai-1717442977",
            "instance_id": "i-01de0e3077fcceb2e",
            "skip_destroy": null,
            "stop_instance_before_detaching": null,
            "timeouts": null,
            "volume_id": "vol-0da2bbd895c1e5876"
          },
          "sensitive_attributes": [],
          "private": "eyJlMmJmYjczMC1lY2FhLTExZTYtOGY4OC0zNDM2M2JjN2M0YzAiOnsiY3JlYXRlIjozMDAwMDAwMDAwMDAsImRlbGV0ZSI6MzAwMDAwMDAwMDAwfX0=",
          "dependencies": [
            "aws_ebs_volume.apotheose_volume_cstor",
            "aws_iam_instance_profile.ec2_lb_instance_profile",
            "aws_iam_role.ec2_load_balancer_role",
            "aws_instance.workers",
            "aws_key_pair.vockeyprod",
            "aws_security_group.admin_ssh_production",
            "tls_private_key.vockeyprod"
          ]
        },
        {
          "index_key": 1,
          "schema_version": 0,
          "attributes": {
            "device_name": "/dev/sdh",
            "force_detach": null,
            "id": "vai-2597219690",
            "instance_id": "i-012ac9090ffd40ee0",
            "skip_destroy": null,
            "stop_instance_before_detaching": null,
            "timeouts": null,
            "volume_id": "vol-019460e02644dbdb2"
          },
          "sensitive_attributes": [],
          "private": "eyJlMmJmYjczMC1lY2FhLTExZTYtOGY4OC0zNDM2M2JjN2M0YzAiOnsiY3JlYXRlIjozMDAwMDAwMDAwMDAsImRlbGV0ZSI6MzAwMDAwMDAwMDAwfX0=",
          "dependencies": [
            "aws_ebs_volume.apotheose_volume_cstor",
            "aws_iam_instance_profile.ec2_lb_instance_profile",
            "aws_iam_role.ec2_load_balancer_role",
            "aws_instance.workers",
            "aws_key_pair.vockeyprod",
            "aws_security_group.admin_ssh_production",
            "tls_private_key.vockeyprod"
          ]
        }
      ]
    },
    {
      "mode": "managed",
      "type": "aws_vpc_security_group_egress_rule",
      "name": "allow_ssh_out",
      "provider": "provider[\"registry.terraform.io/hashicorp/aws\"]",
      "instances": [
        {
          "schema_version": 0,
          "attributes": {
            "arn": "arn:aws:ec2:us-east-1:585768148089:security-group-rule/sgr-04b3ea1f7d70f4a8b",
            "cidr_ipv4": "0.0.0.0/0",
            "cidr_ipv6": null,
            "description": null,
            "from_port": null,
            "id": "sgr-04b3ea1f7d70f4a8b",
            "ip_protocol": "-1",
            "prefix_list_id": null,
            "referenced_security_group_id": null,
            "security_group_id": "sg-0dd6a72f0299f0e94",
            "security_group_rule_id": "sgr-04b3ea1f7d70f4a8b",
            "tags": null,
            "tags_all": {},
            "to_port": null
          },
          "sensitive_attributes": [],
          "dependencies": [
            "aws_security_group.admin_ssh_production"
          ]
        }
      ]
    },
    {
      "mode": "managed",
      "type": "aws_vpc_security_group_ingress_rule",
      "name": "allow_6443",
      "provider": "provider[\"registry.terraform.io/hashicorp/aws\"]",
      "instances": [
        {
          "schema_version": 0,
          "attributes": {
            "arn": "arn:aws:ec2:us-east-1:585768148089:security-group-rule/sgr-0c10aa660b516ecd1",
            "cidr_ipv4": "176.172.132.0/24",
            "cidr_ipv6": null,
            "description": null,
            "from_port": 6443,
            "id": "sgr-0c10aa660b516ecd1",
            "ip_protocol": "tcp",
            "prefix_list_id": null,
            "referenced_security_group_id": null,
            "security_group_id": "sg-0dd6a72f0299f0e94",
            "security_group_rule_id": "sgr-0c10aa660b516ecd1",
            "tags": null,
            "tags_all": {},
            "to_port": 6443
          },
          "sensitive_attributes": [],
          "dependencies": [
            "aws_security_group.admin_ssh_production"
          ]
        }
      ]
    },
    {
      "mode": "managed",
      "type": "aws_vpc_security_group_ingress_rule",
      "name": "allow_http_in",
      "provider": "provider[\"registry.terraform.io/hashicorp/aws\"]",
      "instances": [
        {
          "schema_version": 0,
          "attributes": {
            "arn": "arn:aws:ec2:us-east-1:585768148089:security-group-rule/sgr-0dd360841bebe4ed4",
            "cidr_ipv4": "0.0.0.0/0",
            "cidr_ipv6": null,
            "description": null,
            "from_port": 80,
            "id": "sgr-0dd360841bebe4ed4",
            "ip_protocol": "tcp",
            "prefix_list_id": null,
            "referenced_security_group_id": null,
            "security_group_id": "sg-0dd6a72f0299f0e94",
            "security_group_rule_id": "sgr-0dd360841bebe4ed4",
            "tags": null,
            "tags_all": {},
            "to_port": 80
          },
          "sensitive_attributes": [],
          "dependencies": [
            "aws_security_group.admin_ssh_production"
          ]
        }
      ]
    },
    {
      "mode": "managed",
      "type": "aws_vpc_security_group_ingress_rule",
      "name": "allow_https_in",
      "provider": "provider[\"registry.terraform.io/hashicorp/aws\"]",
      "instances": [
        {
          "schema_version": 0,
          "attributes": {
            "arn": "arn:aws:ec2:us-east-1:585768148089:security-group-rule/sgr-0b79095b607888f63",
            "cidr_ipv4": "0.0.0.0/0",
            "cidr_ipv6": null,
            "description": null,
            "from_port": 443,
            "id": "sgr-0b79095b607888f63",
            "ip_protocol": "tcp",
            "prefix_list_id": null,
            "referenced_security_group_id": null,
            "security_group_id": "sg-0dd6a72f0299f0e94",
            "security_group_rule_id": "sgr-0b79095b607888f63",
            "tags": null,
            "tags_all": {},
            "to_port": 443
          },
          "sensitive_attributes": [],
          "dependencies": [
            "aws_security_group.admin_ssh_production"
          ]
        }
      ]
    },
    {
      "mode": "managed",
      "type": "aws_vpc_security_group_ingress_rule",
      "name": "allow_port_10250",
      "provider": "provider[\"registry.terraform.io/hashicorp/aws\"]",
      "instances": [
        {
          "schema_version": 0,
          "attributes": {
            "arn": "arn:aws:ec2:us-east-1:585768148089:security-group-rule/sgr-05c53218a45a928a0",
            "cidr_ipv4": "172.31.0.0/16",
            "cidr_ipv6": null,
            "description": null,
            "from_port": 10250,
            "id": "sgr-05c53218a45a928a0",
            "ip_protocol": "tcp",
            "prefix_list_id": null,
            "referenced_security_group_id": null,
            "security_group_id": "sg-0dd6a72f0299f0e94",
            "security_group_rule_id": "sgr-05c53218a45a928a0",
            "tags": null,
            "tags_all": {},
            "to_port": 10250
          },
          "sensitive_attributes": [],
          "dependencies": [
            "aws_security_group.admin_ssh_production"
          ]
        }
      ]
    },
    {
      "mode": "managed",
      "type": "aws_vpc_security_group_ingress_rule",
      "name": "allow_port_1194",
      "provider": "provider[\"registry.terraform.io/hashicorp/aws\"]",
      "instances": [
        {
          "schema_version": 0,
          "attributes": {
            "arn": "arn:aws:ec2:us-east-1:585768148089:security-group-rule/sgr-0c00c63dc8780d1df",
            "cidr_ipv4": "176.172.132.0/24",
            "cidr_ipv6": null,
            "description": null,
            "from_port": 1194,
            "id": "sgr-0c00c63dc8780d1df",
            "ip_protocol": "udp",
            "prefix_list_id": null,
            "referenced_security_group_id": null,
            "security_group_id": "sg-0dd6a72f0299f0e94",
            "security_group_rule_id": "sgr-0c00c63dc8780d1df",
            "tags": null,
            "tags_all": {},
            "to_port": 1194
          },
          "sensitive_attributes": [],
          "dependencies": [
            "aws_security_group.admin_ssh_production"
          ]
        }
      ]
    },
    {
      "mode": "managed",
      "type": "aws_vpc_security_group_ingress_rule",
      "name": "allow_port_6443",
      "provider": "provider[\"registry.terraform.io/hashicorp/aws\"]",
      "instances": [
        {
          "schema_version": 0,
          "attributes": {
            "arn": "arn:aws:ec2:us-east-1:585768148089:security-group-rule/sgr-0783906eda55e05f7",
            "cidr_ipv4": "172.31.0.0/16",
            "cidr_ipv6": null,
            "description": null,
            "from_port": 6443,
            "id": "sgr-0783906eda55e05f7",
            "ip_protocol": "tcp",
            "prefix_list_id": null,
            "referenced_security_group_id": null,
            "security_group_id": "sg-0dd6a72f0299f0e94",
            "security_group_rule_id": "sgr-0783906eda55e05f7",
            "tags": null,
            "tags_all": {},
            "to_port": 6443
          },
          "sensitive_attributes": [],
          "dependencies": [
            "aws_security_group.admin_ssh_production"
          ]
        }
      ]
    },
    {
      "mode": "managed",
      "type": "aws_vpc_security_group_ingress_rule",
      "name": "allow_port_8080",
      "provider": "provider[\"registry.terraform.io/hashicorp/aws\"]",
      "instances": [
        {
          "schema_version": 0,
          "attributes": {
            "arn": "arn:aws:ec2:us-east-1:585768148089:security-group-rule/sgr-023de85b3034b9da5",
            "cidr_ipv4": "0.0.0.0/0",
            "cidr_ipv6": null,
            "description": null,
            "from_port": 8080,
            "id": "sgr-023de85b3034b9da5",
            "ip_protocol": "tcp",
            "prefix_list_id": null,
            "referenced_security_group_id": null,
            "security_group_id": "sg-0dd6a72f0299f0e94",
            "security_group_rule_id": "sgr-023de85b3034b9da5",
            "tags": null,
            "tags_all": {},
            "to_port": 8080
          },
          "sensitive_attributes": [],
          "dependencies": [
            "aws_security_group.admin_ssh_production"
          ]
        }
      ]
    },
    {
      "mode": "managed",
      "type": "aws_vpc_security_group_ingress_rule",
      "name": "allow_port_9345",
      "provider": "provider[\"registry.terraform.io/hashicorp/aws\"]",
      "instances": [
        {
          "schema_version": 0,
          "attributes": {
            "arn": "arn:aws:ec2:us-east-1:585768148089:security-group-rule/sgr-00ce69def19bcad56",
            "cidr_ipv4": "172.31.0.0/16",
            "cidr_ipv6": null,
            "description": null,
            "from_port": 9345,
            "id": "sgr-00ce69def19bcad56",
            "ip_protocol": "tcp",
            "prefix_list_id": null,
            "referenced_security_group_id": null,
            "security_group_id": "sg-0dd6a72f0299f0e94",
            "security_group_rule_id": "sgr-00ce69def19bcad56",
            "tags": null,
            "tags_all": {},
            "to_port": 9345
          },
          "sensitive_attributes": [],
          "dependencies": [
            "aws_security_group.admin_ssh_production"
          ]
        }
      ]
    },
    {
      "mode": "managed",
      "type": "aws_vpc_security_group_ingress_rule",
      "name": "allow_port_UDP",
      "provider": "provider[\"registry.terraform.io/hashicorp/aws\"]",
      "instances": [
        {
          "schema_version": 0,
          "attributes": {
            "arn": "arn:aws:ec2:us-east-1:585768148089:security-group-rule/sgr-05d372c401093d7c0",
            "cidr_ipv4": "172.31.0.0/16",
            "cidr_ipv6": null,
            "description": null,
            "from_port": 8472,
            "id": "sgr-05d372c401093d7c0",
            "ip_protocol": "udp",
            "prefix_list_id": null,
            "referenced_security_group_id": null,
            "security_group_id": "sg-0dd6a72f0299f0e94",
            "security_group_rule_id": "sgr-05d372c401093d7c0",
            "tags": null,
            "tags_all": {},
            "to_port": 8472
          },
          "sensitive_attributes": [],
          "dependencies": [
            "aws_security_group.admin_ssh_production"
          ]
        }
      ]
    },
    {
      "mode": "managed",
      "type": "aws_vpc_security_group_ingress_rule",
      "name": "allow_ssh_in",
      "provider": "provider[\"registry.terraform.io/hashicorp/aws\"]",
      "instances": [
        {
          "index_key": "192.168.1.0",
          "schema_version": 0,
          "attributes": {
            "arn": "arn:aws:ec2:us-east-1:585768148089:security-group-rule/sgr-0e6c24f25bd280553",
            "cidr_ipv4": "192.168.1.0/24",
            "cidr_ipv6": null,
            "description": null,
            "from_port": 22,
            "id": "sgr-0e6c24f25bd280553",
            "ip_protocol": "tcp",
            "prefix_list_id": null,
            "referenced_security_group_id": null,
            "security_group_id": "sg-0dd6a72f0299f0e94",
            "security_group_rule_id": "sgr-0e6c24f25bd280553",
            "tags": null,
            "tags_all": {},
            "to_port": 22
          },
          "sensitive_attributes": [],
          "dependencies": [
            "aws_security_group.admin_ssh_production"
          ]
        },
        {
          "index_key": "77.207.199.0",
          "schema_version": 0,
          "attributes": {
            "arn": "arn:aws:ec2:us-east-1:585768148089:security-group-rule/sgr-0922183adc3b592a9",
            "cidr_ipv4": "77.207.199.0/24",
            "cidr_ipv6": null,
            "description": null,
            "from_port": 22,
            "id": "sgr-0922183adc3b592a9",
            "ip_protocol": "tcp",
            "prefix_list_id": null,
            "referenced_security_group_id": null,
            "security_group_id": "sg-0dd6a72f0299f0e94",
            "security_group_rule_id": "sgr-0922183adc3b592a9",
            "tags": null,
            "tags_all": {},
            "to_port": 22
          },
          "sensitive_attributes": [],
          "dependencies": [
            "aws_security_group.admin_ssh_production"
          ]
        }
      ]
    },
    {
      "mode": "managed",
      "type": "aws_vpc_security_group_ingress_rule",
      "name": "allow_ssh_in_myip",
      "provider": "provider[\"registry.terraform.io/hashicorp/aws\"]",
      "instances": [
        {
          "schema_version": 0,
          "attributes": {
            "arn": "arn:aws:ec2:us-east-1:585768148089:security-group-rule/sgr-04ed6ac8b01f5275c",
            "cidr_ipv4": "176.172.132.0/24",
            "cidr_ipv6": null,
            "description": null,
            "from_port": 22,
            "id": "sgr-04ed6ac8b01f5275c",
            "ip_protocol": "tcp",
            "prefix_list_id": null,
            "referenced_security_group_id": null,
            "security_group_id": "sg-0dd6a72f0299f0e94",
            "security_group_rule_id": "sgr-04ed6ac8b01f5275c",
            "tags": null,
            "tags_all": {},
            "to_port": 22
          },
          "sensitive_attributes": [],
          "dependencies": [
            "aws_security_group.admin_ssh_production"
          ]
        }
      ]
    },
    {
      "mode": "managed",
      "type": "local_file",
      "name": "vockeyprod_pem",
      "provider": "provider[\"registry.terraform.io/hashicorp/local\"]",
      "instances": [
        {
          "schema_version": 0,
          "attributes": {
            "content": "-----BEGIN RSA PRIVATE KEY-----\nMIIEowIBAAKCAQEAsHNOgVYNTwQ+0YPiwtFlWnHZvukJGcKwJ9YIiowxri5t6DFB\nZZAoB15Ng93NcZveMDpGmdXGfTzpzFE5pt8As3y1drLask/7fz8QyIqoLTO+gmQ2\ngUdOPvErXI7J171PG1TUH30h0kegEO3sjXbNY/fWrXPN7L2gJybkX2VX84Uf0ksf\nsujsi9QyOulGaMsYZ6Xqe35cFu9SFr+zVURB6Wx2zjwXnZLPELvgYe91w25AXFVK\nGNJZ2TFQJDuMnGDyTwXn7Tq8Mkc5e44dQY7XV1cNKGJ4rhov5kcCkCAOS7NwgGdx\nRjaALDi/JPWZiA6pjE71cfQ0KKGjZ0THC61PpwIDAQABAoIBAA+kxBgJZg1UW1wT\nQkkdbCFJqLwZSFpFUtLP/K/eirpeRBZAOlkOdSNkw/Xl9e9ARMGn2QHjMcGBY1pe\n9SqLPjJWOHcOl6m+wkBfegBy8pgXV1OTc5WgmcT7eBRbqx96btywd6IBuRGTPL4O\nKgPHaExC+SslnOMuqK1FRcgDYc8ldN2oRN55MzMiBwjJJfADqldaQoteHlpIibWU\nMWol9hr/ao8/hXpCdi6QXewxEFGUcJiAJ50gsjGc9RNa8ZF+rRCKlk7yI2mO3/+D\nNjnSSpN1NTlVdSRhlur+Jt1f30xVY8ovWfk8TijwbETO1aPdqlNk5fDFhF9eIra5\nmItWlwkCgYEAxS9RCsjmd/nK96c1nQkIX+8BzHDztqPXzAr5dWAKa6S2Mw2Yl6eu\nfewgz3qDle0PtplnVSF1XbpWkg4La8gSdedoNWrVFyC7anGbllJhIFK96VzKiCWM\n3z9Ir/Nb0WrPPbeVWHo4D8hia+GUpdYdmeSAr3M8kSoqNdZA+lElMtsCgYEA5RS/\nQPwhMaEnMlETbf1OJy1YrW1O7b+CrS4o5DGdZm7EB9xzh/0t1SxdiaGwyksX5zMO\nnVWT+LbeFw7q1z7U3zhxlfM2rSURBRyxWGfzutj1onT8mCwGOvbPts9I8c6MC3GE\nnmN4/rS0Y+wT5tBFPFB/3LyjLA2lBqKUtso5wiUCgYA4yk7h90iBR10QhITpbF+Q\nGar/8YwPjxKovoRoLLfzlqWvAHxxOScFN0uf1d4uAO+knHvpRdCipPcn64mYii/e\n6z3VHKawmYnAt2WjHqjAgXQW0NW37nCrH3PU0RchskxrrwMBT3nz+bd28Ko6NPej\nie8SGPNZr7YmeUWPkm1PPwKBgQDBIHuYurb1U0prRiTePoYryzQOia/YCfOOMvMw\nZo+vMsS7Z+RSimSgalW1WYZlFWfid43joKkuLmUQBXiA3Ky0P66q3y+CS1SM/cKZ\nqJG3PX/gZUYquDrMbRVyplB14073us02huATw56s+vNQTNeB4M/a9YGO+zXcYSaE\n7/o/rQKBgAf7GDCEuIAgeZsnJi1TWGtBNXiwmncagPwwjEycsRLaRpHNxvdmGN0/\nhedXOSfBZLCMkUK5nO2S7gdYbaIl4dzxitHdAMfwj6HFQA87MZOYdqzCaG8kZrrZ\na3YitVAYiV5rba21STCBl7RbdQe0HP0wPSBagBFENbNQxLbYGytX\n-----END RSA PRIVATE KEY-----\n",
            "content_base64": null,
            "content_base64sha256": "Ij9SmuaEoonnCGZ0yQCUX+gmSaW3Yq5cmeTi+EW6Yuc=",
            "content_base64sha512": "99ozO9uH9zPvl0du3QOxAKdN+DTBkGccVSI81W+mQO+mX39elcu+z/9n6W+9aw76VAifgW8YHuEJ+1pnEQMvFQ==",
            "content_md5": "871c609bf5bc09cf8e7453aed44c303f",
            "content_sha1": "898d5b066ea3a87d14c2b309c8a90df75222bf09",
            "content_sha256": "223f529ae684a289e7086674c900945fe82649a5b762ae5c99e4e2f845ba62e7",
            "content_sha512": "f7da333bdb87f733ef97476edd03b100a74df834c190671c55223cd56fa640efa65f7f5e95cbbecfff67e96fbd6b0efa54089f816f181ee109fb5a6711032f15",
            "directory_permission": "0777",
            "file_permission": "0600",
            "filename": "./vockeyprod.pem",
            "id": "898d5b066ea3a87d14c2b309c8a90df75222bf09",
            "sensitive_content": null,
            "source": null
          },
          "sensitive_attributes": [
            [
              {
                "type": "get_attr",
                "value": "sensitive_content"
              }
            ],
            [
              {
                "type": "get_attr",
                "value": "content"
              }
            ]
          ],
          "dependencies": [
            "tls_private_key.vockeyprod"
          ]
        }
      ]
    },
    {
      "mode": "managed",
      "type": "null_resource",
      "name": "generate_ansible_inventory-masters",
      "provider": "provider[\"registry.terraform.io/hashicorp/null\"]",
      "instances": [
        {
          "schema_version": 0,
          "attributes": {
            "id": "8901807601312011108",
            "triggers": null
          },
          "sensitive_attributes": [],
          "dependencies": [
            "aws_iam_instance_profile.ec2_lb_instance_profile",
            "aws_iam_role.ec2_load_balancer_role",
            "aws_instance.masters",
            "aws_key_pair.vockeyprod",
            "aws_security_group.admin_ssh_production",
            "tls_private_key.vockeyprod"
          ]
        }
      ]
    },
    {
      "mode": "managed",
      "type": "null_resource",
      "name": "generate_ansible_inventory-workers",
      "provider": "provider[\"registry.terraform.io/hashicorp/null\"]",
      "instances": [
        {
          "schema_version": 0,
          "attributes": {
            "id": "77914418345852543",
            "triggers": null
          },
          "sensitive_attributes": [],
          "dependencies": [
            "aws_iam_instance_profile.ec2_lb_instance_profile",
            "aws_iam_role.ec2_load_balancer_role",
            "aws_instance.workers",
            "aws_key_pair.vockeyprod",
            "aws_security_group.admin_ssh_production",
            "tls_private_key.vockeyprod"
          ]
        }
      ]
    },
    {
      "mode": "managed",
      "type": "null_resource",
      "name": "update_traefik_values_yaml_sg",
      "provider": "provider[\"registry.terraform.io/hashicorp/null\"]",
      "instances": [
        {
          "schema_version": 0,
          "attributes": {
            "id": "7892142652882837631",
            "triggers": null
          },
          "sensitive_attributes": [],
          "dependencies": [
            "aws_iam_instance_profile.ec2_lb_instance_profile",
            "aws_iam_role.ec2_load_balancer_role",
            "aws_instance.masters",
            "aws_key_pair.vockeyprod",
            "aws_security_group.admin_ssh_production",
            "tls_private_key.vockeyprod"
          ]
        }
      ]
    },
    {
      "mode": "managed",
      "type": "null_resource",
      "name": "update_values_yaml",
      "provider": "provider[\"registry.terraform.io/hashicorp/null\"]",
      "instances": [
        {
          "schema_version": 0,
          "attributes": {
            "id": "5779627186546533393",
            "triggers": {
              "eip_allocation_id": "eipalloc-06f733850496cde43"
            }
          },
          "sensitive_attributes": [],
          "dependencies": [
            "aws_eip.traefik_eip"
          ]
        }
      ]
    },
    {
      "mode": "managed",
      "type": "tls_private_key",
      "name": "vockeyprod",
      "provider": "provider[\"registry.terraform.io/hashicorp/tls\"]",
      "instances": [
        {
          "schema_version": 1,
          "attributes": {
            "algorithm": "RSA",
            "ecdsa_curve": "P224",
            "id": "a9e31789a52c63654709ad955ddd336f196c63d6",
            "private_key_openssh": "-----BEGIN OPENSSH PRIVATE KEY-----\nb3BlbnNzaC1rZXktdjEAAAAABG5vbmUAAAAEbm9uZQAAAAAAAAABAAABFwAAAAdz\nc2gtcnNhAAAAAwEAAQAAAQEAsHNOgVYNTwQ+0YPiwtFlWnHZvukJGcKwJ9YIiowx\nri5t6DFBZZAoB15Ng93NcZveMDpGmdXGfTzpzFE5pt8As3y1drLask/7fz8QyIqo\nLTO+gmQ2gUdOPvErXI7J171PG1TUH30h0kegEO3sjXbNY/fWrXPN7L2gJybkX2VX\n84Uf0ksfsujsi9QyOulGaMsYZ6Xqe35cFu9SFr+zVURB6Wx2zjwXnZLPELvgYe91\nw25AXFVKGNJZ2TFQJDuMnGDyTwXn7Tq8Mkc5e44dQY7XV1cNKGJ4rhov5kcCkCAO\nS7NwgGdxRjaALDi/JPWZiA6pjE71cfQ0KKGjZ0THC61PpwAAA7jUNnss1DZ7LAAA\nAAdzc2gtcnNhAAABAQCwc06BVg1PBD7Rg+LC0WVacdm+6QkZwrAn1giKjDGuLm3o\nMUFlkCgHXk2D3c1xm94wOkaZ1cZ9POnMUTmm3wCzfLV2stqyT/t/PxDIiqgtM76C\nZDaBR04+8StcjsnXvU8bVNQffSHSR6AQ7eyNds1j99atc83svaAnJuRfZVfzhR/S\nSx+y6OyL1DI66UZoyxhnpep7flwW71IWv7NVREHpbHbOPBedks8Qu+Bh73XDbkBc\nVUoY0lnZMVAkO4ycYPJPBeftOrwyRzl7jh1BjtdXVw0oYniuGi/mRwKQIA5Ls3CA\nZ3FGNoAsOL8k9ZmIDqmMTvVx9DQooaNnRMcLrU+nAAAAAwEAAQAAAQAPpMQYCWYN\nVFtcE0JJHWwhSai8GUhaRVLSz/yv3oq6XkQWQDpZDnUjZMP15fXvQETBp9kB4zHB\ngWNaXvUqiz4yVjh3DpepvsJAX3oAcvKYF1dTk3OVoJnE+3gUW6sfem7csHeiAbkR\nkzy+DioDx2hMQvkrJZzjLqitRUXIA2HPJXTdqETeeTMzIgcIySXwA6pXWkKLXh5a\nSIm1lDFqJfYa/2qPP4V6QnYukF3sMRBRlHCYgCedILIxnPUTWvGRfq0QipZO8iNp\njt//gzY50kqTdTU5VXUkYZbq/ibdX99MVWPKL1n5PE4o8GxEztWj3apTZOXwxYRf\nXiK2uZiLVpcJAAAAgAf7GDCEuIAgeZsnJi1TWGtBNXiwmncagPwwjEycsRLaRpHN\nxvdmGN0/hedXOSfBZLCMkUK5nO2S7gdYbaIl4dzxitHdAMfwj6HFQA87MZOYdqzC\naG8kZrrZa3YitVAYiV5rba21STCBl7RbdQe0HP0wPSBagBFENbNQxLbYGytXAAAA\ngQDFL1EKyOZ3+cr3pzWdCQhf7wHMcPO2o9fMCvl1YAprpLYzDZiXp6597CDPeoOV\n7Q+2mWdVIXVdulaSDgtryBJ152g1atUXILtqcZuWUmEgUr3pXMqIJYzfP0iv81vR\nas89t5VYejgPyGJr4ZSl1h2Z5ICvczyRKio11kD6USUy2wAAAIEA5RS/QPwhMaEn\nMlETbf1OJy1YrW1O7b+CrS4o5DGdZm7EB9xzh/0t1SxdiaGwyksX5zMOnVWT+Lbe\nFw7q1z7U3zhxlfM2rSURBRyxWGfzutj1onT8mCwGOvbPts9I8c6MC3GEnmN4/rS0\nY+wT5tBFPFB/3LyjLA2lBqKUtso5wiUAAAAAAQID\n-----END OPENSSH PRIVATE KEY-----\n",
            "private_key_pem": "-----BEGIN RSA PRIVATE KEY-----\nMIIEowIBAAKCAQEAsHNOgVYNTwQ+0YPiwtFlWnHZvukJGcKwJ9YIiowxri5t6DFB\nZZAoB15Ng93NcZveMDpGmdXGfTzpzFE5pt8As3y1drLask/7fz8QyIqoLTO+gmQ2\ngUdOPvErXI7J171PG1TUH30h0kegEO3sjXbNY/fWrXPN7L2gJybkX2VX84Uf0ksf\nsujsi9QyOulGaMsYZ6Xqe35cFu9SFr+zVURB6Wx2zjwXnZLPELvgYe91w25AXFVK\nGNJZ2TFQJDuMnGDyTwXn7Tq8Mkc5e44dQY7XV1cNKGJ4rhov5kcCkCAOS7NwgGdx\nRjaALDi/JPWZiA6pjE71cfQ0KKGjZ0THC61PpwIDAQABAoIBAA+kxBgJZg1UW1wT\nQkkdbCFJqLwZSFpFUtLP/K/eirpeRBZAOlkOdSNkw/Xl9e9ARMGn2QHjMcGBY1pe\n9SqLPjJWOHcOl6m+wkBfegBy8pgXV1OTc5WgmcT7eBRbqx96btywd6IBuRGTPL4O\nKgPHaExC+SslnOMuqK1FRcgDYc8ldN2oRN55MzMiBwjJJfADqldaQoteHlpIibWU\nMWol9hr/ao8/hXpCdi6QXewxEFGUcJiAJ50gsjGc9RNa8ZF+rRCKlk7yI2mO3/+D\nNjnSSpN1NTlVdSRhlur+Jt1f30xVY8ovWfk8TijwbETO1aPdqlNk5fDFhF9eIra5\nmItWlwkCgYEAxS9RCsjmd/nK96c1nQkIX+8BzHDztqPXzAr5dWAKa6S2Mw2Yl6eu\nfewgz3qDle0PtplnVSF1XbpWkg4La8gSdedoNWrVFyC7anGbllJhIFK96VzKiCWM\n3z9Ir/Nb0WrPPbeVWHo4D8hia+GUpdYdmeSAr3M8kSoqNdZA+lElMtsCgYEA5RS/\nQPwhMaEnMlETbf1OJy1YrW1O7b+CrS4o5DGdZm7EB9xzh/0t1SxdiaGwyksX5zMO\nnVWT+LbeFw7q1z7U3zhxlfM2rSURBRyxWGfzutj1onT8mCwGOvbPts9I8c6MC3GE\nnmN4/rS0Y+wT5tBFPFB/3LyjLA2lBqKUtso5wiUCgYA4yk7h90iBR10QhITpbF+Q\nGar/8YwPjxKovoRoLLfzlqWvAHxxOScFN0uf1d4uAO+knHvpRdCipPcn64mYii/e\n6z3VHKawmYnAt2WjHqjAgXQW0NW37nCrH3PU0RchskxrrwMBT3nz+bd28Ko6NPej\nie8SGPNZr7YmeUWPkm1PPwKBgQDBIHuYurb1U0prRiTePoYryzQOia/YCfOOMvMw\nZo+vMsS7Z+RSimSgalW1WYZlFWfid43joKkuLmUQBXiA3Ky0P66q3y+CS1SM/cKZ\nqJG3PX/gZUYquDrMbRVyplB14073us02huATw56s+vNQTNeB4M/a9YGO+zXcYSaE\n7/o/rQKBgAf7GDCEuIAgeZsnJi1TWGtBNXiwmncagPwwjEycsRLaRpHNxvdmGN0/\nhedXOSfBZLCMkUK5nO2S7gdYbaIl4dzxitHdAMfwj6HFQA87MZOYdqzCaG8kZrrZ\na3YitVAYiV5rba21STCBl7RbdQe0HP0wPSBagBFENbNQxLbYGytX\n-----END RSA PRIVATE KEY-----\n",
            "private_key_pem_pkcs8": "-----BEGIN PRIVATE KEY-----\nMIIEvQIBADANBgkqhkiG9w0BAQEFAASCBKcwggSjAgEAAoIBAQCwc06BVg1PBD7R\ng+LC0WVacdm+6QkZwrAn1giKjDGuLm3oMUFlkCgHXk2D3c1xm94wOkaZ1cZ9POnM\nUTmm3wCzfLV2stqyT/t/PxDIiqgtM76CZDaBR04+8StcjsnXvU8bVNQffSHSR6AQ\n7eyNds1j99atc83svaAnJuRfZVfzhR/SSx+y6OyL1DI66UZoyxhnpep7flwW71IW\nv7NVREHpbHbOPBedks8Qu+Bh73XDbkBcVUoY0lnZMVAkO4ycYPJPBeftOrwyRzl7\njh1BjtdXVw0oYniuGi/mRwKQIA5Ls3CAZ3FGNoAsOL8k9ZmIDqmMTvVx9DQooaNn\nRMcLrU+nAgMBAAECggEAD6TEGAlmDVRbXBNCSR1sIUmovBlIWkVS0s/8r96Kul5E\nFkA6WQ51I2TD9eX170BEwafZAeMxwYFjWl71Kos+MlY4dw6Xqb7CQF96AHLymBdX\nU5NzlaCZxPt4FFurH3pu3LB3ogG5EZM8vg4qA8doTEL5KyWc4y6orUVFyANhzyV0\n3ahE3nkzMyIHCMkl8AOqV1pCi14eWkiJtZQxaiX2Gv9qjz+FekJ2LpBd7DEQUZRw\nmIAnnSCyMZz1E1rxkX6tEIqWTvIjaY7f/4M2OdJKk3U1OVV1JGGW6v4m3V/fTFVj\nyi9Z+TxOKPBsRM7Vo92qU2Tl8MWEX14itrmYi1aXCQKBgQDFL1EKyOZ3+cr3pzWd\nCQhf7wHMcPO2o9fMCvl1YAprpLYzDZiXp6597CDPeoOV7Q+2mWdVIXVdulaSDgtr\nyBJ152g1atUXILtqcZuWUmEgUr3pXMqIJYzfP0iv81vRas89t5VYejgPyGJr4ZSl\n1h2Z5ICvczyRKio11kD6USUy2wKBgQDlFL9A/CExoScyURNt/U4nLVitbU7tv4Kt\nLijkMZ1mbsQH3HOH/S3VLF2JobDKSxfnMw6dVZP4tt4XDurXPtTfOHGV8zatJREF\nHLFYZ/O62PWidPyYLAY69s+2z0jxzowLcYSeY3j+tLRj7BPm0EU8UH/cvKMsDaUG\nopS2yjnCJQKBgDjKTuH3SIFHXRCEhOlsX5AZqv/xjA+PEqi+hGgst/OWpa8AfHE5\nJwU3S5/V3i4A76Sce+lF0KKk9yfriZiKL97rPdUcprCZicC3ZaMeqMCBdBbQ1bfu\ncKsfc9TRFyGyTGuvAwFPefP5t3bwqjo096OJ7xIY81mvtiZ5RY+SbU8/AoGBAMEg\ne5i6tvVTSmtGJN4+hivLNA6Jr9gJ844y8zBmj68yxLtn5FKKZKBqVbVZhmUVZ+J3\njeOgqS4uZRAFeIDcrLQ/rqrfL4JLVIz9wpmokbc9f+BlRiq4OsxtFXKmUHXjTve6\nzTaG4BPDnqz681BM14Hgz9r1gY77NdxhJoTv+j+tAoGAB/sYMIS4gCB5mycmLVNY\na0E1eLCadxqA/DCMTJyxEtpGkc3G92YY3T+F51c5J8FksIyRQrmc7ZLuB1htoiXh\n3PGK0d0Ax/CPocVADzsxk5h2rMJobyRmutlrdiK1UBiJXmttrbVJMIGXtFt1B7Qc\n/TA9IFqAEUQ1s1DEttgbK1c=\n-----END PRIVATE KEY-----\n",
            "public_key_fingerprint_md5": "6b:8a:54:fe:10:f1:c8:a5:91:fe:3f:cc:f4:69:1c:ac",
            "public_key_fingerprint_sha256": "SHA256:yzWxRv2DPwfkHIz6CuAaGjvRfLxnj+yq6fx43voxNRs",
            "public_key_openssh": "ssh-rsa AAAAB3NzaC1yc2EAAAADAQABAAABAQCwc06BVg1PBD7Rg+LC0WVacdm+6QkZwrAn1giKjDGuLm3oMUFlkCgHXk2D3c1xm94wOkaZ1cZ9POnMUTmm3wCzfLV2stqyT/t/PxDIiqgtM76CZDaBR04+8StcjsnXvU8bVNQffSHSR6AQ7eyNds1j99atc83svaAnJuRfZVfzhR/SSx+y6OyL1DI66UZoyxhnpep7flwW71IWv7NVREHpbHbOPBedks8Qu+Bh73XDbkBcVUoY0lnZMVAkO4ycYPJPBeftOrwyRzl7jh1BjtdXVw0oYniuGi/mRwKQIA5Ls3CAZ3FGNoAsOL8k9ZmIDqmMTvVx9DQooaNnRMcLrU+n\n",
            "public_key_pem": "-----BEGIN PUBLIC KEY-----\nMIIBIjANBgkqhkiG9w0BAQEFAAOCAQ8AMIIBCgKCAQEAsHNOgVYNTwQ+0YPiwtFl\nWnHZvukJGcKwJ9YIiowxri5t6DFBZZAoB15Ng93NcZveMDpGmdXGfTzpzFE5pt8A\ns3y1drLask/7fz8QyIqoLTO+gmQ2gUdOPvErXI7J171PG1TUH30h0kegEO3sjXbN\nY/fWrXPN7L2gJybkX2VX84Uf0ksfsujsi9QyOulGaMsYZ6Xqe35cFu9SFr+zVURB\n6Wx2zjwXnZLPELvgYe91w25AXFVKGNJZ2TFQJDuMnGDyTwXn7Tq8Mkc5e44dQY7X\nV1cNKGJ4rhov5kcCkCAOS7NwgGdxRjaALDi/JPWZiA6pjE71cfQ0KKGjZ0THC61P\npwIDAQAB\n-----END PUBLIC KEY-----\n",
            "rsa_bits": 2048
          },
          "sensitive_attributes": [
            [
              {
                "type": "get_attr",
                "value": "private_key_pem_pkcs8"
              }
            ],
            [
              {
                "type": "get_attr",
                "value": "private_key_pem"
              }
            ],
            [
              {
                "type": "get_attr",
                "value": "private_key_openssh"
              }
            ]
          ],
          "create_before_destroy": true
        }
      ]
    }
  ],
  "check_results": null
}
