{
  "version": 4,
  "terraform_version": "1.11.4",
  "serial": 53,
  "lineage": "13fc8106-46f3-baaf-2f17-231892c30260",
  "outputs": {
    "ID_admin_ssh_production": {
      "value": "sg-022aed875101d6e3d",
      "type": "string"
    },
    "eip_allocation_id": {
      "value": "eipalloc-092d05a14429874f7",
      "type": "string"
    },
    "instance_info_prod_master": {
      "value": {
        "master_prod_public_ip": [
          "44.200.64.45",
          "34.238.189.9",
          "44.200.166.107"
        ]
      },
      "type": [
        "object",
        {
          "master_prod_public_ip": [
            "tuple",
            [
              "string",
              "string",
              "string"
            ]
          ]
        }
      ]
    },
    "instance_info_prod_worker": {
      "value": {
        "worker_prod_public_ip": [
          "44.197.192.2",
          "3.235.22.152"
        ]
      },
      "type": [
        "object",
        {
          "worker_prod_public_ip": [
            "tuple",
            [
              "string",
              "string"
            ]
          ]
        }
      ]
    },
    "ssh_key_name": {
      "value": "vockeyprod",
      "type": "string"
    },
    "ssh_private_key_filename": {
      "value": "./vockeyprod.pem",
      "type": "string"
    }
  },
  "resources": [
    {
      "mode": "managed",
      "type": "aws_ebs_volume",
      "name": "apotheose_volume",
      "provider": "provider[\"registry.terraform.io/hashicorp/aws\"]",
      "instances": [
        {
          "index_key": 0,
          "schema_version": 0,
          "attributes": {
            "arn": "arn:aws:ec2:us-east-1:585768148089:volume/vol-04479fe26ae2d3159",
            "availability_zone": "us-east-1f",
            "create_time": "2025-05-22T04:27:39Z",
            "encrypted": false,
            "final_snapshot": false,
            "id": "vol-04479fe26ae2d3159",
            "iops": 195,
            "kms_key_id": "",
            "multi_attach_enabled": false,
            "outpost_arn": "",
            "size": 65,
            "snapshot_id": "",
            "tags": null,
            "tags_all": {},
            "throughput": 0,
            "timeouts": null,
            "type": "gp2"
          },
          "sensitive_attributes": [],
          "private": "eyJlMmJmYjczMC1lY2FhLTExZTYtOGY4OC0zNDM2M2JjN2M0YzAiOnsiY3JlYXRlIjozMDAwMDAwMDAwMDAsImRlbGV0ZSI6NjAwMDAwMDAwMDAwLCJ1cGRhdGUiOjMwMDAwMDAwMDAwMH19",
          "dependencies": [
            "aws_iam_instance_profile.ec2_lb_instance_profile",
            "aws_iam_role.ec2_load_balancer_role",
            "aws_instance.masters",
            "aws_instance.workers",
            "aws_key_pair.vockeyprod",
            "aws_security_group.admin_ssh_production",
            "tls_private_key.vockeyprod"
          ]
        },
        {
          "index_key": 1,
          "schema_version": 0,
          "attributes": {
            "arn": "arn:aws:ec2:us-east-1:585768148089:volume/vol-0d5c23f5732df384e",
            "availability_zone": "us-east-1f",
            "create_time": "2025-05-22T04:27:39Z",
            "encrypted": false,
            "final_snapshot": false,
            "id": "vol-0d5c23f5732df384e",
            "iops": 195,
            "kms_key_id": "",
            "multi_attach_enabled": false,
            "outpost_arn": "",
            "size": 65,
            "snapshot_id": "",
            "tags": null,
            "tags_all": {},
            "throughput": 0,
            "timeouts": null,
            "type": "gp2"
          },
          "sensitive_attributes": [],
          "private": "eyJlMmJmYjczMC1lY2FhLTExZTYtOGY4OC0zNDM2M2JjN2M0YzAiOnsiY3JlYXRlIjozMDAwMDAwMDAwMDAsImRlbGV0ZSI6NjAwMDAwMDAwMDAwLCJ1cGRhdGUiOjMwMDAwMDAwMDAwMH19",
          "dependencies": [
            "aws_iam_instance_profile.ec2_lb_instance_profile",
            "aws_iam_role.ec2_load_balancer_role",
            "aws_instance.masters",
            "aws_instance.workers",
            "aws_key_pair.vockeyprod",
            "aws_security_group.admin_ssh_production",
            "tls_private_key.vockeyprod"
          ]
        },
        {
          "index_key": 2,
          "schema_version": 0,
          "attributes": {
            "arn": "arn:aws:ec2:us-east-1:585768148089:volume/vol-057a74ae3b529395e",
            "availability_zone": "us-east-1f",
            "create_time": "2025-05-22T04:27:39Z",
            "encrypted": false,
            "final_snapshot": false,
            "id": "vol-057a74ae3b529395e",
            "iops": 195,
            "kms_key_id": "",
            "multi_attach_enabled": false,
            "outpost_arn": "",
            "size": 65,
            "snapshot_id": "",
            "tags": null,
            "tags_all": {},
            "throughput": 0,
            "timeouts": null,
            "type": "gp2"
          },
          "sensitive_attributes": [],
          "private": "eyJlMmJmYjczMC1lY2FhLTExZTYtOGY4OC0zNDM2M2JjN2M0YzAiOnsiY3JlYXRlIjozMDAwMDAwMDAwMDAsImRlbGV0ZSI6NjAwMDAwMDAwMDAwLCJ1cGRhdGUiOjMwMDAwMDAwMDAwMH19",
          "dependencies": [
            "aws_iam_instance_profile.ec2_lb_instance_profile",
            "aws_iam_role.ec2_load_balancer_role",
            "aws_instance.masters",
            "aws_instance.workers",
            "aws_key_pair.vockeyprod",
            "aws_security_group.admin_ssh_production",
            "tls_private_key.vockeyprod"
          ]
        },
        {
          "index_key": 3,
          "schema_version": 0,
          "attributes": {
            "arn": "arn:aws:ec2:us-east-1:585768148089:volume/vol-0b5a903ec66bc1458",
            "availability_zone": "us-east-1f",
            "create_time": "2025-05-22T04:27:39Z",
            "encrypted": false,
            "final_snapshot": false,
            "id": "vol-0b5a903ec66bc1458",
            "iops": 195,
            "kms_key_id": "",
            "multi_attach_enabled": false,
            "outpost_arn": "",
            "size": 65,
            "snapshot_id": "",
            "tags": null,
            "tags_all": {},
            "throughput": 0,
            "timeouts": null,
            "type": "gp2"
          },
          "sensitive_attributes": [],
          "private": "eyJlMmJmYjczMC1lY2FhLTExZTYtOGY4OC0zNDM2M2JjN2M0YzAiOnsiY3JlYXRlIjozMDAwMDAwMDAwMDAsImRlbGV0ZSI6NjAwMDAwMDAwMDAwLCJ1cGRhdGUiOjMwMDAwMDAwMDAwMH19",
          "dependencies": [
            "aws_iam_instance_profile.ec2_lb_instance_profile",
            "aws_iam_role.ec2_load_balancer_role",
            "aws_instance.masters",
            "aws_instance.workers",
            "aws_key_pair.vockeyprod",
            "aws_security_group.admin_ssh_production",
            "tls_private_key.vockeyprod"
          ]
        },
        {
          "index_key": 4,
          "schema_version": 0,
          "attributes": {
            "arn": "arn:aws:ec2:us-east-1:585768148089:volume/vol-0527c0633d0fe3aac",
            "availability_zone": "us-east-1f",
            "create_time": "2025-05-22T04:27:39Z",
            "encrypted": false,
            "final_snapshot": false,
            "id": "vol-0527c0633d0fe3aac",
            "iops": 195,
            "kms_key_id": "",
            "multi_attach_enabled": false,
            "outpost_arn": "",
            "size": 65,
            "snapshot_id": "",
            "tags": null,
            "tags_all": {},
            "throughput": 0,
            "timeouts": null,
            "type": "gp2"
          },
          "sensitive_attributes": [],
          "private": "eyJlMmJmYjczMC1lY2FhLTExZTYtOGY4OC0zNDM2M2JjN2M0YzAiOnsiY3JlYXRlIjozMDAwMDAwMDAwMDAsImRlbGV0ZSI6NjAwMDAwMDAwMDAwLCJ1cGRhdGUiOjMwMDAwMDAwMDAwMH19",
          "dependencies": [
            "aws_iam_instance_profile.ec2_lb_instance_profile",
            "aws_iam_role.ec2_load_balancer_role",
            "aws_instance.masters",
            "aws_instance.workers",
            "aws_key_pair.vockeyprod",
            "aws_security_group.admin_ssh_production",
            "tls_private_key.vockeyprod"
          ]
        }
      ]
    },
    {
      "mode": "managed",
      "type": "aws_ebs_volume",
      "name": "apotheose_volume_cstor",
      "provider": "provider[\"registry.terraform.io/hashicorp/aws\"]",
      "instances": [
        {
          "index_key": 0,
          "schema_version": 0,
          "attributes": {
            "arn": "arn:aws:ec2:us-east-1:585768148089:volume/vol-0b59ca286e4de54c5",
            "availability_zone": "us-east-1f",
            "create_time": "2025-05-22T04:27:38Z",
            "encrypted": false,
            "final_snapshot": false,
            "id": "vol-0b59ca286e4de54c5",
            "iops": 180,
            "kms_key_id": "",
            "multi_attach_enabled": false,
            "outpost_arn": "",
            "size": 60,
            "snapshot_id": "",
            "tags": null,
            "tags_all": {},
            "throughput": 0,
            "timeouts": null,
            "type": "gp2"
          },
          "sensitive_attributes": [],
          "private": "eyJlMmJmYjczMC1lY2FhLTExZTYtOGY4OC0zNDM2M2JjN2M0YzAiOnsiY3JlYXRlIjozMDAwMDAwMDAwMDAsImRlbGV0ZSI6NjAwMDAwMDAwMDAwLCJ1cGRhdGUiOjMwMDAwMDAwMDAwMH19",
          "dependencies": [
            "aws_iam_instance_profile.ec2_lb_instance_profile",
            "aws_iam_role.ec2_load_balancer_role",
            "aws_instance.workers",
            "aws_key_pair.vockeyprod",
            "aws_security_group.admin_ssh_production",
            "tls_private_key.vockeyprod"
          ]
        },
        {
          "index_key": 1,
          "schema_version": 0,
          "attributes": {
            "arn": "arn:aws:ec2:us-east-1:585768148089:volume/vol-0b73f050dae91c55d",
            "availability_zone": "us-east-1f",
            "create_time": "2025-05-22T04:27:38Z",
            "encrypted": false,
            "final_snapshot": false,
            "id": "vol-0b73f050dae91c55d",
            "iops": 180,
            "kms_key_id": "",
            "multi_attach_enabled": false,
            "outpost_arn": "",
            "size": 60,
            "snapshot_id": "",
            "tags": null,
            "tags_all": {},
            "throughput": 0,
            "timeouts": null,
            "type": "gp2"
          },
          "sensitive_attributes": [],
          "private": "eyJlMmJmYjczMC1lY2FhLTExZTYtOGY4OC0zNDM2M2JjN2M0YzAiOnsiY3JlYXRlIjozMDAwMDAwMDAwMDAsImRlbGV0ZSI6NjAwMDAwMDAwMDAwLCJ1cGRhdGUiOjMwMDAwMDAwMDAwMH19",
          "dependencies": [
            "aws_iam_instance_profile.ec2_lb_instance_profile",
            "aws_iam_role.ec2_load_balancer_role",
            "aws_instance.workers",
            "aws_key_pair.vockeyprod",
            "aws_security_group.admin_ssh_production",
            "tls_private_key.vockeyprod"
          ]
        }
      ]
    },
    {
      "mode": "managed",
      "type": "aws_ec2_tag",
      "name": "subnet_tag_cluster",
      "provider": "provider[\"registry.terraform.io/hashicorp/aws\"]",
      "instances": [
        {
          "schema_version": 0,
          "attributes": {
            "id": "subnet-07ef8d731542349d5,kubernetes.io/cluster/apotheose",
            "key": "kubernetes.io/cluster/apotheose",
            "resource_id": "subnet-07ef8d731542349d5",
            "value": "owned"
          },
          "sensitive_attributes": [],
          "private": "bnVsbA=="
        }
      ]
    },
    {
      "mode": "managed",
      "type": "aws_ec2_tag",
      "name": "subnet_tag_elb",
      "provider": "provider[\"registry.terraform.io/hashicorp/aws\"]",
      "instances": [
        {
          "schema_version": 0,
          "attributes": {
            "id": "subnet-07ef8d731542349d5,kubernetes.io/role/elb",
            "key": "kubernetes.io/role/elb",
            "resource_id": "subnet-07ef8d731542349d5",
            "value": "1"
          },
          "sensitive_attributes": [],
          "private": "bnVsbA=="
        }
      ]
    },
    {
      "mode": "managed",
      "type": "aws_eip",
      "name": "traefik_eip",
      "provider": "provider[\"registry.terraform.io/hashicorp/aws\"]",
      "instances": [
        {
          "schema_version": 0,
          "attributes": {
            "address": null,
            "allocation_id": "eipalloc-092d05a14429874f7",
            "arn": "arn:aws:ec2:us-east-1:585768148089:elastic-ip/eipalloc-092d05a14429874f7",
            "associate_with_private_ip": null,
            "association_id": "",
            "carrier_ip": "",
            "customer_owned_ip": "",
            "customer_owned_ipv4_pool": "",
            "domain": "vpc",
            "id": "eipalloc-092d05a14429874f7",
            "instance": "",
            "ipam_pool_id": null,
            "network_border_group": "us-east-1",
            "network_interface": "",
            "private_dns": null,
            "private_ip": "",
            "ptr_record": "",
            "public_dns": "ec2-3-229-160-161.compute-1.amazonaws.com",
            "public_ip": "3.229.160.161",
            "public_ipv4_pool": "amazon",
            "tags": {
              "Name": "traefik-lb-eip"
            },
            "tags_all": {
              "Name": "traefik-lb-eip"
            },
            "timeouts": null,
            "vpc": true
          },
          "sensitive_attributes": [],
          "private": "eyJlMmJmYjczMC1lY2FhLTExZTYtOGY4OC0zNDM2M2JjN2M0YzAiOnsiZGVsZXRlIjoxODAwMDAwMDAwMDAsInJlYWQiOjkwMDAwMDAwMDAwMCwidXBkYXRlIjozMDAwMDAwMDAwMDB9fQ=="
        }
      ]
    },
    {
      "mode": "managed",
      "type": "aws_iam_instance_profile",
      "name": "ec2_lb_instance_profile",
      "provider": "provider[\"registry.terraform.io/hashicorp/aws\"]",
      "instances": [
        {
          "schema_version": 0,
          "attributes": {
            "arn": "arn:aws:iam::585768148089:instance-profile/EC2LoadBalancerInstanceProfile",
            "create_date": "2025-05-22T04:27:18Z",
            "id": "EC2LoadBalancerInstanceProfile",
            "name": "EC2LoadBalancerInstanceProfile",
            "name_prefix": "",
            "path": "/",
            "role": "EC2LoadBalancerRole",
            "tags": null,
            "tags_all": {},
            "unique_id": "AIPAYQYUATR46XIPGICZO"
          },
          "sensitive_attributes": [],
          "private": "bnVsbA==",
          "dependencies": [
            "aws_iam_role.ec2_load_balancer_role"
          ],
          "create_before_destroy": true
        }
      ]
    },
    {
      "mode": "managed",
      "type": "aws_iam_policy",
      "name": "ec2_elb_custom_policy",
      "provider": "provider[\"registry.terraform.io/hashicorp/aws\"]",
      "instances": [
        {
          "schema_version": 0,
          "attributes": {
            "arn": "arn:aws:iam::585768148089:policy/EC2ELBAccessPolicy",
            "attachment_count": 0,
            "description": "Custom policy to manage ELB and related resources",
            "id": "arn:aws:iam::585768148089:policy/EC2ELBAccessPolicy",
            "name": "EC2ELBAccessPolicy",
            "name_prefix": "",
            "path": "/",
            "policy": "{\"Statement\":[{\"Action\":[\"ec2:AllocateAddress\",\"ec2:AssociateAddress\",\"ec2:DisassociateAddress\",\"ec2:ReleaseAddress\"],\"Effect\":\"Allow\",\"Resource\":\"*\"},{\"Action\":[\"ec2:AuthorizeSecurityGroupIngress\",\"ec2:RevokeSecurityGroupIngress\",\"ec2:CreateSecurityGroup\",\"ec2:DeleteSecurityGroup\",\"ec2:Describe*\"],\"Effect\":\"Allow\",\"Resource\":\"*\"},{\"Action\":\"elasticloadbalancing:*\",\"Effect\":\"Allow\",\"Resource\":\"*\"},{\"Action\":[\"ec2:DescribeAccountAttributes\",\"ec2:DescribeAddresses\",\"ec2:DescribeInternetGateways\",\"ec2:DescribeSecurityGroups\",\"ec2:DescribeSubnets\",\"ec2:DescribeVpcs\",\"ec2:DescribeVpcClassicLink\",\"ec2:DescribeInstances\",\"ec2:DescribeNetworkInterfaces\",\"ec2:DescribeClassicLinkInstances\",\"ec2:DescribeRouteTables\",\"ec2:DescribeCoipPools\",\"ec2:GetCoipPoolUsage\",\"ec2:GetSecurityGroupsForVpc\",\"ec2:DescribeVpcPeeringConnections\",\"cognito-idp:DescribeUserPoolClient\"],\"Effect\":\"Allow\",\"Resource\":\"*\"},{\"Action\":\"iam:CreateServiceLinkedRole\",\"Condition\":{\"StringEquals\":{\"iam:AWSServiceName\":\"elasticloadbalancing.amazonaws.com\"}},\"Effect\":\"Allow\",\"Resource\":\"*\"},{\"Action\":\"arc-zonal-shift:*\",\"Effect\":\"Allow\",\"Resource\":\"arn:aws:elasticloadbalancing:*:*:loadbalancer/*\"},{\"Action\":[\"arc-zonal-shift:ListManagedResources\",\"arc-zonal-shift:ListZonalShifts\"],\"Effect\":\"Allow\",\"Resource\":\"*\"}],\"Version\":\"2012-10-17\"}",
            "policy_id": "ANPAYQYUATR4T5PP436ZC",
            "tags": null,
            "tags_all": {}
          },
          "sensitive_attributes": [],
          "private": "bnVsbA=="
        }
      ]
    },
    {
      "mode": "managed",
      "type": "aws_iam_role",
      "name": "ec2_load_balancer_role",
      "provider": "provider[\"registry.terraform.io/hashicorp/aws\"]",
      "instances": [
        {
          "schema_version": 0,
          "attributes": {
            "arn": "arn:aws:iam::585768148089:role/EC2LoadBalancerRole",
            "assume_role_policy": "{\"Statement\":[{\"Action\":\"sts:AssumeRole\",\"Effect\":\"Allow\",\"Principal\":{\"Service\":\"ec2.amazonaws.com\"}}],\"Version\":\"2012-10-17\"}",
            "create_date": "2025-05-22T04:27:17Z",
            "description": "",
            "force_detach_policies": false,
            "id": "EC2LoadBalancerRole",
            "inline_policy": [],
            "managed_policy_arns": [],
            "max_session_duration": 3600,
            "name": "EC2LoadBalancerRole",
            "name_prefix": "",
            "path": "/",
            "permissions_boundary": "",
            "tags": null,
            "tags_all": {},
            "unique_id": "AROAYQYUATR4Z7Q4SOZHI"
          },
          "sensitive_attributes": [],
          "private": "bnVsbA==",
          "create_before_destroy": true
        }
      ]
    },
    {
      "mode": "managed",
      "type": "aws_iam_role_policy_attachment",
      "name": "attach_custom_elb_policy",
      "provider": "provider[\"registry.terraform.io/hashicorp/aws\"]",
      "instances": [
        {
          "schema_version": 0,
          "attributes": {
            "id": "EC2LoadBalancerRole-20250522042718451500000001",
            "policy_arn": "arn:aws:iam::585768148089:policy/EC2ELBAccessPolicy",
            "role": "EC2LoadBalancerRole"
          },
          "sensitive_attributes": [],
          "private": "bnVsbA==",
          "dependencies": [
            "aws_iam_policy.ec2_elb_custom_policy",
            "aws_iam_role.ec2_load_balancer_role"
          ]
        }
      ]
    },
    {
      "mode": "managed",
      "type": "aws_instance",
      "name": "masters",
      "provider": "provider[\"registry.terraform.io/hashicorp/aws\"]",
      "instances": [
        {
          "index_key": 0,
          "schema_version": 1,
          "attributes": {
            "ami": "ami-04b4f1a9cf54c11d0",
            "arn": "arn:aws:ec2:us-east-1:585768148089:instance/i-0a42faff2e8c477e5",
            "associate_public_ip_address": true,
            "availability_zone": "us-east-1f",
            "capacity_reservation_specification": [
              {
                "capacity_reservation_preference": "open",
                "capacity_reservation_target": []
              }
            ],
            "cpu_core_count": 4,
            "cpu_options": [
              {
                "amd_sev_snp": "",
                "core_count": 4,
                "threads_per_core": 2
              }
            ],
            "cpu_threads_per_core": 2,
            "credit_specification": [
              {
                "cpu_credits": "unlimited"
              }
            ],
            "disable_api_stop": false,
            "disable_api_termination": false,
            "ebs_block_device": [],
            "ebs_optimized": false,
            "enable_primary_ipv6": null,
            "enclave_options": [
              {
                "enabled": false
              }
            ],
            "ephemeral_block_device": [],
            "get_password_data": false,
            "hibernation": false,
            "host_id": "",
            "host_resource_group_arn": null,
            "iam_instance_profile": "EC2LoadBalancerInstanceProfile",
            "id": "i-0a42faff2e8c477e5",
            "instance_initiated_shutdown_behavior": "stop",
            "instance_lifecycle": "",
            "instance_market_options": [],
            "instance_state": "running",
            "instance_type": "t3a.2xlarge",
            "ipv6_address_count": 0,
            "ipv6_addresses": [],
            "key_name": "vockeyprod",
            "launch_template": [],
            "maintenance_options": [
              {
                "auto_recovery": "default"
              }
            ],
            "metadata_options": [
              {
                "http_endpoint": "enabled",
                "http_protocol_ipv6": "disabled",
                "http_put_response_hop_limit": 2,
                "http_tokens": "required",
                "instance_metadata_tags": "disabled"
              }
            ],
            "monitoring": false,
            "network_interface": [],
            "outpost_arn": "",
            "password_data": "",
            "placement_group": "",
            "placement_partition_number": 0,
            "primary_network_interface_id": "eni-09042262077551130",
            "private_dns": "ip-172-31-73-128.ec2.internal",
            "private_dns_name_options": [
              {
                "enable_resource_name_dns_a_record": false,
                "enable_resource_name_dns_aaaa_record": false,
                "hostname_type": "ip-name"
              }
            ],
            "private_ip": "172.31.73.128",
            "public_dns": "ec2-44-200-64-45.compute-1.amazonaws.com",
            "public_ip": "44.200.64.45",
            "root_block_device": [
              {
                "delete_on_termination": true,
                "device_name": "/dev/sda1",
                "encrypted": false,
                "iops": 3000,
                "kms_key_id": "",
                "tags": {},
                "tags_all": {},
                "throughput": 125,
                "volume_id": "vol-083ad5b17efd98b10",
                "volume_size": 8,
                "volume_type": "gp3"
              }
            ],
            "secondary_private_ips": [],
            "security_groups": [
              "admin_ssh_production"
            ],
            "source_dest_check": false,
            "spot_instance_request_id": "",
            "subnet_id": "subnet-07ef8d731542349d5",
            "tags": {
              "Name": "master1",
              "k8s.io/role/node": "master",
              "kubernetes.io/cluster/apotheose-cluster": "owned",
              "topology.kubernetes.io/region": "us-east-1",
              "topology.kubernetes.io/zone": "us-east-1f"
            },
            "tags_all": {
              "Name": "master1",
              "k8s.io/role/node": "master",
              "kubernetes.io/cluster/apotheose-cluster": "owned",
              "topology.kubernetes.io/region": "us-east-1",
              "topology.kubernetes.io/zone": "us-east-1f"
            },
            "tenancy": "default",
            "timeouts": null,
            "user_data": null,
            "user_data_base64": null,
            "user_data_replace_on_change": false,
            "volume_tags": null,
            "vpc_security_group_ids": [
              "sg-022aed875101d6e3d"
            ]
          },
          "sensitive_attributes": [],
          "private": "eyJlMmJmYjczMC1lY2FhLTExZTYtOGY4OC0zNDM2M2JjN2M0YzAiOnsiY3JlYXRlIjo2MDAwMDAwMDAwMDAsImRlbGV0ZSI6MTIwMDAwMDAwMDAwMCwicmVhZCI6OTAwMDAwMDAwMDAwLCJ1cGRhdGUiOjYwMDAwMDAwMDAwMH0sInNjaGVtYV92ZXJzaW9uIjoiMSJ9",
          "dependencies": [
            "aws_iam_instance_profile.ec2_lb_instance_profile",
            "aws_iam_role.ec2_load_balancer_role",
            "aws_key_pair.vockeyprod",
            "aws_security_group.admin_ssh_production",
            "tls_private_key.vockeyprod"
          ],
          "create_before_destroy": true
        },
        {
          "index_key": 1,
          "schema_version": 1,
          "attributes": {
            "ami": "ami-04b4f1a9cf54c11d0",
            "arn": "arn:aws:ec2:us-east-1:585768148089:instance/i-0c0222752069dd2ea",
            "associate_public_ip_address": true,
            "availability_zone": "us-east-1f",
            "capacity_reservation_specification": [
              {
                "capacity_reservation_preference": "open",
                "capacity_reservation_target": []
              }
            ],
            "cpu_core_count": 4,
            "cpu_options": [
              {
                "amd_sev_snp": "",
                "core_count": 4,
                "threads_per_core": 2
              }
            ],
            "cpu_threads_per_core": 2,
            "credit_specification": [
              {
                "cpu_credits": "unlimited"
              }
            ],
            "disable_api_stop": false,
            "disable_api_termination": false,
            "ebs_block_device": [],
            "ebs_optimized": false,
            "enable_primary_ipv6": null,
            "enclave_options": [
              {
                "enabled": false
              }
            ],
            "ephemeral_block_device": [],
            "get_password_data": false,
            "hibernation": false,
            "host_id": "",
            "host_resource_group_arn": null,
            "iam_instance_profile": "EC2LoadBalancerInstanceProfile",
            "id": "i-0c0222752069dd2ea",
            "instance_initiated_shutdown_behavior": "stop",
            "instance_lifecycle": "",
            "instance_market_options": [],
            "instance_state": "running",
            "instance_type": "t3a.2xlarge",
            "ipv6_address_count": 0,
            "ipv6_addresses": [],
            "key_name": "vockeyprod",
            "launch_template": [],
            "maintenance_options": [
              {
                "auto_recovery": "default"
              }
            ],
            "metadata_options": [
              {
                "http_endpoint": "enabled",
                "http_protocol_ipv6": "disabled",
                "http_put_response_hop_limit": 2,
                "http_tokens": "required",
                "instance_metadata_tags": "disabled"
              }
            ],
            "monitoring": false,
            "network_interface": [],
            "outpost_arn": "",
            "password_data": "",
            "placement_group": "",
            "placement_partition_number": 0,
            "primary_network_interface_id": "eni-0aba3374d802d28c7",
            "private_dns": "ip-172-31-74-169.ec2.internal",
            "private_dns_name_options": [
              {
                "enable_resource_name_dns_a_record": false,
                "enable_resource_name_dns_aaaa_record": false,
                "hostname_type": "ip-name"
              }
            ],
            "private_ip": "172.31.74.169",
            "public_dns": "ec2-34-238-189-9.compute-1.amazonaws.com",
            "public_ip": "34.238.189.9",
            "root_block_device": [
              {
                "delete_on_termination": true,
                "device_name": "/dev/sda1",
                "encrypted": false,
                "iops": 3000,
                "kms_key_id": "",
                "tags": {},
                "tags_all": {},
                "throughput": 125,
                "volume_id": "vol-0a939eb1d74342cd1",
                "volume_size": 8,
                "volume_type": "gp3"
              }
            ],
            "secondary_private_ips": [],
            "security_groups": [
              "admin_ssh_production"
            ],
            "source_dest_check": false,
            "spot_instance_request_id": "",
            "subnet_id": "subnet-07ef8d731542349d5",
            "tags": {
              "Name": "master2",
              "k8s.io/role/node": "master",
              "kubernetes.io/cluster/apotheose-cluster": "owned",
              "topology.kubernetes.io/region": "us-east-1",
              "topology.kubernetes.io/zone": "us-east-1f"
            },
            "tags_all": {
              "Name": "master2",
              "k8s.io/role/node": "master",
              "kubernetes.io/cluster/apotheose-cluster": "owned",
              "topology.kubernetes.io/region": "us-east-1",
              "topology.kubernetes.io/zone": "us-east-1f"
            },
            "tenancy": "default",
            "timeouts": null,
            "user_data": null,
            "user_data_base64": null,
            "user_data_replace_on_change": false,
            "volume_tags": null,
            "vpc_security_group_ids": [
              "sg-022aed875101d6e3d"
            ]
          },
          "sensitive_attributes": [],
          "private": "eyJlMmJmYjczMC1lY2FhLTExZTYtOGY4OC0zNDM2M2JjN2M0YzAiOnsiY3JlYXRlIjo2MDAwMDAwMDAwMDAsImRlbGV0ZSI6MTIwMDAwMDAwMDAwMCwicmVhZCI6OTAwMDAwMDAwMDAwLCJ1cGRhdGUiOjYwMDAwMDAwMDAwMH0sInNjaGVtYV92ZXJzaW9uIjoiMSJ9",
          "dependencies": [
            "aws_iam_instance_profile.ec2_lb_instance_profile",
            "aws_iam_role.ec2_load_balancer_role",
            "aws_key_pair.vockeyprod",
            "aws_security_group.admin_ssh_production",
            "tls_private_key.vockeyprod"
          ],
          "create_before_destroy": true
        },
        {
          "index_key": 2,
          "schema_version": 1,
          "attributes": {
            "ami": "ami-04b4f1a9cf54c11d0",
            "arn": "arn:aws:ec2:us-east-1:585768148089:instance/i-025e071eca95a8aef",
            "associate_public_ip_address": true,
            "availability_zone": "us-east-1f",
            "capacity_reservation_specification": [
              {
                "capacity_reservation_preference": "open",
                "capacity_reservation_target": []
              }
            ],
            "cpu_core_count": 4,
            "cpu_options": [
              {
                "amd_sev_snp": "",
                "core_count": 4,
                "threads_per_core": 2
              }
            ],
            "cpu_threads_per_core": 2,
            "credit_specification": [
              {
                "cpu_credits": "unlimited"
              }
            ],
            "disable_api_stop": false,
            "disable_api_termination": false,
            "ebs_block_device": [],
            "ebs_optimized": false,
            "enable_primary_ipv6": null,
            "enclave_options": [
              {
                "enabled": false
              }
            ],
            "ephemeral_block_device": [],
            "get_password_data": false,
            "hibernation": false,
            "host_id": "",
            "host_resource_group_arn": null,
            "iam_instance_profile": "EC2LoadBalancerInstanceProfile",
            "id": "i-025e071eca95a8aef",
            "instance_initiated_shutdown_behavior": "stop",
            "instance_lifecycle": "",
            "instance_market_options": [],
            "instance_state": "running",
            "instance_type": "t3a.2xlarge",
            "ipv6_address_count": 0,
            "ipv6_addresses": [],
            "key_name": "vockeyprod",
            "launch_template": [],
            "maintenance_options": [
              {
                "auto_recovery": "default"
              }
            ],
            "metadata_options": [
              {
                "http_endpoint": "enabled",
                "http_protocol_ipv6": "disabled",
                "http_put_response_hop_limit": 2,
                "http_tokens": "required",
                "instance_metadata_tags": "disabled"
              }
            ],
            "monitoring": false,
            "network_interface": [],
            "outpost_arn": "",
            "password_data": "",
            "placement_group": "",
            "placement_partition_number": 0,
            "primary_network_interface_id": "eni-0de3179455653b568",
            "private_dns": "ip-172-31-65-86.ec2.internal",
            "private_dns_name_options": [
              {
                "enable_resource_name_dns_a_record": false,
                "enable_resource_name_dns_aaaa_record": false,
                "hostname_type": "ip-name"
              }
            ],
            "private_ip": "172.31.65.86",
            "public_dns": "ec2-44-200-166-107.compute-1.amazonaws.com",
            "public_ip": "44.200.166.107",
            "root_block_device": [
              {
                "delete_on_termination": true,
                "device_name": "/dev/sda1",
                "encrypted": false,
                "iops": 3000,
                "kms_key_id": "",
                "tags": {},
                "tags_all": {},
                "throughput": 125,
                "volume_id": "vol-0e057b88da5208516",
                "volume_size": 8,
                "volume_type": "gp3"
              }
            ],
            "secondary_private_ips": [],
            "security_groups": [
              "admin_ssh_production"
            ],
            "source_dest_check": false,
            "spot_instance_request_id": "",
            "subnet_id": "subnet-07ef8d731542349d5",
            "tags": {
              "Name": "master3",
              "k8s.io/role/node": "master",
              "kubernetes.io/cluster/apotheose-cluster": "owned",
              "topology.kubernetes.io/region": "us-east-1",
              "topology.kubernetes.io/zone": "us-east-1f"
            },
            "tags_all": {
              "Name": "master3",
              "k8s.io/role/node": "master",
              "kubernetes.io/cluster/apotheose-cluster": "owned",
              "topology.kubernetes.io/region": "us-east-1",
              "topology.kubernetes.io/zone": "us-east-1f"
            },
            "tenancy": "default",
            "timeouts": null,
            "user_data": null,
            "user_data_base64": null,
            "user_data_replace_on_change": false,
            "volume_tags": null,
            "vpc_security_group_ids": [
              "sg-022aed875101d6e3d"
            ]
          },
          "sensitive_attributes": [],
          "private": "eyJlMmJmYjczMC1lY2FhLTExZTYtOGY4OC0zNDM2M2JjN2M0YzAiOnsiY3JlYXRlIjo2MDAwMDAwMDAwMDAsImRlbGV0ZSI6MTIwMDAwMDAwMDAwMCwicmVhZCI6OTAwMDAwMDAwMDAwLCJ1cGRhdGUiOjYwMDAwMDAwMDAwMH0sInNjaGVtYV92ZXJzaW9uIjoiMSJ9",
          "dependencies": [
            "aws_iam_instance_profile.ec2_lb_instance_profile",
            "aws_iam_role.ec2_load_balancer_role",
            "aws_key_pair.vockeyprod",
            "aws_security_group.admin_ssh_production",
            "tls_private_key.vockeyprod"
          ],
          "create_before_destroy": true
        }
      ]
    },
    {
      "mode": "managed",
      "type": "aws_instance",
      "name": "workers",
      "provider": "provider[\"registry.terraform.io/hashicorp/aws\"]",
      "instances": [
        {
          "index_key": 0,
          "schema_version": 1,
          "attributes": {
            "ami": "ami-04b4f1a9cf54c11d0",
            "arn": "arn:aws:ec2:us-east-1:585768148089:instance/i-08093daf2b3b981cd",
            "associate_public_ip_address": true,
            "availability_zone": "us-east-1f",
            "capacity_reservation_specification": [
              {
                "capacity_reservation_preference": "open",
                "capacity_reservation_target": []
              }
            ],
            "cpu_core_count": 4,
            "cpu_options": [
              {
                "amd_sev_snp": "",
                "core_count": 4,
                "threads_per_core": 2
              }
            ],
            "cpu_threads_per_core": 2,
            "credit_specification": [
              {
                "cpu_credits": "unlimited"
              }
            ],
            "disable_api_stop": false,
            "disable_api_termination": false,
            "ebs_block_device": [],
            "ebs_optimized": false,
            "enable_primary_ipv6": null,
            "enclave_options": [
              {
                "enabled": false
              }
            ],
            "ephemeral_block_device": [],
            "get_password_data": false,
            "hibernation": false,
            "host_id": "",
            "host_resource_group_arn": null,
            "iam_instance_profile": "EC2LoadBalancerInstanceProfile",
            "id": "i-08093daf2b3b981cd",
            "instance_initiated_shutdown_behavior": "stop",
            "instance_lifecycle": "",
            "instance_market_options": [],
            "instance_state": "running",
            "instance_type": "t3a.2xlarge",
            "ipv6_address_count": 0,
            "ipv6_addresses": [],
            "key_name": "vockeyprod",
            "launch_template": [],
            "maintenance_options": [
              {
                "auto_recovery": "default"
              }
            ],
            "metadata_options": [
              {
                "http_endpoint": "enabled",
                "http_protocol_ipv6": "disabled",
                "http_put_response_hop_limit": 2,
                "http_tokens": "required",
                "instance_metadata_tags": "disabled"
              }
            ],
            "monitoring": false,
            "network_interface": [],
            "outpost_arn": "",
            "password_data": "",
            "placement_group": "",
            "placement_partition_number": 0,
            "primary_network_interface_id": "eni-06c465b278d96a02c",
            "private_dns": "ip-172-31-65-217.ec2.internal",
            "private_dns_name_options": [
              {
                "enable_resource_name_dns_a_record": false,
                "enable_resource_name_dns_aaaa_record": false,
                "hostname_type": "ip-name"
              }
            ],
            "private_ip": "172.31.65.217",
            "public_dns": "ec2-44-197-192-2.compute-1.amazonaws.com",
            "public_ip": "44.197.192.2",
            "root_block_device": [
              {
                "delete_on_termination": true,
                "device_name": "/dev/sda1",
                "encrypted": false,
                "iops": 3000,
                "kms_key_id": "",
                "tags": {},
                "tags_all": {},
                "throughput": 125,
                "volume_id": "vol-039ff2de7ee7a562e",
                "volume_size": 8,
                "volume_type": "gp3"
              }
            ],
            "secondary_private_ips": [],
            "security_groups": [
              "admin_ssh_production"
            ],
            "source_dest_check": true,
            "spot_instance_request_id": "",
            "subnet_id": "subnet-07ef8d731542349d5",
            "tags": {
              "Name": "worker1",
              "k8s.io/role/node": "worker",
              "kubernetes.io/cluster/apotheose-cluster": "owned",
              "topology.kubernetes.io/region": "us-east-1",
              "topology.kubernetes.io/zone": "us-east-1f"
            },
            "tags_all": {
              "Name": "worker1",
              "k8s.io/role/node": "worker",
              "kubernetes.io/cluster/apotheose-cluster": "owned",
              "topology.kubernetes.io/region": "us-east-1",
              "topology.kubernetes.io/zone": "us-east-1f"
            },
            "tenancy": "default",
            "timeouts": null,
            "user_data": null,
            "user_data_base64": null,
            "user_data_replace_on_change": false,
            "volume_tags": null,
            "vpc_security_group_ids": [
              "sg-022aed875101d6e3d"
            ]
          },
          "sensitive_attributes": [],
          "private": "eyJlMmJmYjczMC1lY2FhLTExZTYtOGY4OC0zNDM2M2JjN2M0YzAiOnsiY3JlYXRlIjo2MDAwMDAwMDAwMDAsImRlbGV0ZSI6MTIwMDAwMDAwMDAwMCwicmVhZCI6OTAwMDAwMDAwMDAwLCJ1cGRhdGUiOjYwMDAwMDAwMDAwMH0sInNjaGVtYV92ZXJzaW9uIjoiMSJ9",
          "dependencies": [
            "aws_iam_instance_profile.ec2_lb_instance_profile",
            "aws_iam_role.ec2_load_balancer_role",
            "aws_key_pair.vockeyprod",
            "aws_security_group.admin_ssh_production",
            "tls_private_key.vockeyprod"
          ],
          "create_before_destroy": true
        },
        {
          "index_key": 1,
          "schema_version": 1,
          "attributes": {
            "ami": "ami-04b4f1a9cf54c11d0",
            "arn": "arn:aws:ec2:us-east-1:585768148089:instance/i-0d3a211c605381f6b",
            "associate_public_ip_address": true,
            "availability_zone": "us-east-1f",
            "capacity_reservation_specification": [
              {
                "capacity_reservation_preference": "open",
                "capacity_reservation_target": []
              }
            ],
            "cpu_core_count": 4,
            "cpu_options": [
              {
                "amd_sev_snp": "",
                "core_count": 4,
                "threads_per_core": 2
              }
            ],
            "cpu_threads_per_core": 2,
            "credit_specification": [
              {
                "cpu_credits": "unlimited"
              }
            ],
            "disable_api_stop": false,
            "disable_api_termination": false,
            "ebs_block_device": [],
            "ebs_optimized": false,
            "enable_primary_ipv6": null,
            "enclave_options": [
              {
                "enabled": false
              }
            ],
            "ephemeral_block_device": [],
            "get_password_data": false,
            "hibernation": false,
            "host_id": "",
            "host_resource_group_arn": null,
            "iam_instance_profile": "EC2LoadBalancerInstanceProfile",
            "id": "i-0d3a211c605381f6b",
            "instance_initiated_shutdown_behavior": "stop",
            "instance_lifecycle": "",
            "instance_market_options": [],
            "instance_state": "running",
            "instance_type": "t3a.2xlarge",
            "ipv6_address_count": 0,
            "ipv6_addresses": [],
            "key_name": "vockeyprod",
            "launch_template": [],
            "maintenance_options": [
              {
                "auto_recovery": "default"
              }
            ],
            "metadata_options": [
              {
                "http_endpoint": "enabled",
                "http_protocol_ipv6": "disabled",
                "http_put_response_hop_limit": 2,
                "http_tokens": "required",
                "instance_metadata_tags": "disabled"
              }
            ],
            "monitoring": false,
            "network_interface": [],
            "outpost_arn": "",
            "password_data": "",
            "placement_group": "",
            "placement_partition_number": 0,
            "primary_network_interface_id": "eni-05c0d3420edb7b535",
            "private_dns": "ip-172-31-77-106.ec2.internal",
            "private_dns_name_options": [
              {
                "enable_resource_name_dns_a_record": false,
                "enable_resource_name_dns_aaaa_record": false,
                "hostname_type": "ip-name"
              }
            ],
            "private_ip": "172.31.77.106",
            "public_dns": "ec2-3-235-22-152.compute-1.amazonaws.com",
            "public_ip": "3.235.22.152",
            "root_block_device": [
              {
                "delete_on_termination": true,
                "device_name": "/dev/sda1",
                "encrypted": false,
                "iops": 3000,
                "kms_key_id": "",
                "tags": {},
                "tags_all": {},
                "throughput": 125,
                "volume_id": "vol-0d8d60c15f94383f4",
                "volume_size": 8,
                "volume_type": "gp3"
              }
            ],
            "secondary_private_ips": [],
            "security_groups": [
              "admin_ssh_production"
            ],
            "source_dest_check": true,
            "spot_instance_request_id": "",
            "subnet_id": "subnet-07ef8d731542349d5",
            "tags": {
              "Name": "worker2",
              "k8s.io/role/node": "worker",
              "kubernetes.io/cluster/apotheose-cluster": "owned",
              "topology.kubernetes.io/region": "us-east-1",
              "topology.kubernetes.io/zone": "us-east-1f"
            },
            "tags_all": {
              "Name": "worker2",
              "k8s.io/role/node": "worker",
              "kubernetes.io/cluster/apotheose-cluster": "owned",
              "topology.kubernetes.io/region": "us-east-1",
              "topology.kubernetes.io/zone": "us-east-1f"
            },
            "tenancy": "default",
            "timeouts": null,
            "user_data": null,
            "user_data_base64": null,
            "user_data_replace_on_change": false,
            "volume_tags": null,
            "vpc_security_group_ids": [
              "sg-022aed875101d6e3d"
            ]
          },
          "sensitive_attributes": [],
          "private": "eyJlMmJmYjczMC1lY2FhLTExZTYtOGY4OC0zNDM2M2JjN2M0YzAiOnsiY3JlYXRlIjo2MDAwMDAwMDAwMDAsImRlbGV0ZSI6MTIwMDAwMDAwMDAwMCwicmVhZCI6OTAwMDAwMDAwMDAwLCJ1cGRhdGUiOjYwMDAwMDAwMDAwMH0sInNjaGVtYV92ZXJzaW9uIjoiMSJ9",
          "dependencies": [
            "aws_iam_instance_profile.ec2_lb_instance_profile",
            "aws_iam_role.ec2_load_balancer_role",
            "aws_key_pair.vockeyprod",
            "aws_security_group.admin_ssh_production",
            "tls_private_key.vockeyprod"
          ],
          "create_before_destroy": true
        }
      ]
    },
    {
      "mode": "managed",
      "type": "aws_key_pair",
      "name": "vockeyprod",
      "provider": "provider[\"registry.terraform.io/hashicorp/aws\"]",
      "instances": [
        {
          "schema_version": 1,
          "attributes": {
            "arn": "arn:aws:ec2:us-east-1:585768148089:key-pair/vockeyprod",
            "fingerprint": "23:92:d5:0f:67:f7:75:e2:15:cd:00:54:dd:1c:d4:a0",
            "id": "vockeyprod",
            "key_name": "vockeyprod",
            "key_name_prefix": "",
            "key_pair_id": "key-0ff57049c159aa471",
            "key_type": "rsa",
            "public_key": "ssh-rsa AAAAB3NzaC1yc2EAAAADAQABAAABAQCq1bD1kOHdXAysVTVyCkIINR7UuX23qHicUE7pyHfdNKeW3xB+WvjIXBJwLPSBY6aeKjpCZwNEy8Sx5OdN/M0IRKZZqFAhsNK3lCbGReerNtlqcvOBOtIfF2Y/r0xVfI7uBUcQkZFvVKhutNDabdE8ZgZyfT63xnYiRFJbg3UaXnRexxZGG6iWlnZph7UV92tsyA+Wvv2PA8GuUF31g1Pgv+6R9VVwnSmNYEPk5OOHL1Sc/2h4oh7kB05YTzJt5DFIQTHfe/Wv46hZGXkgvcTNq7xzeCXHWq+sPp0k38Bn8Q9BltR6IMygz6gqy3F1DSATGGEWoMockAPwrcyiCsst",
            "tags": null,
            "tags_all": {}
          },
          "sensitive_attributes": [],
          "private": "eyJzY2hlbWFfdmVyc2lvbiI6IjEifQ==",
          "dependencies": [
            "tls_private_key.vockeyprod"
          ],
          "create_before_destroy": true
        }
      ]
    },
    {
      "mode": "managed",
      "type": "aws_security_group",
      "name": "admin_ssh_production",
      "provider": "provider[\"registry.terraform.io/hashicorp/aws\"]",
      "instances": [
        {
          "schema_version": 1,
          "attributes": {
            "arn": "arn:aws:ec2:us-east-1:585768148089:security-group/sg-022aed875101d6e3d",
            "description": "Managed by Terraform",
            "egress": [],
            "id": "sg-022aed875101d6e3d",
            "ingress": [],
            "name": "admin_ssh_production",
            "name_prefix": "",
            "owner_id": "585768148089",
            "revoke_rules_on_delete": false,
            "tags": {
              "Name": "admin_ssh_production"
            },
            "tags_all": {
              "Name": "admin_ssh_production"
            },
            "timeouts": null,
            "vpc_id": "vpc-09c4b38653df63f28"
          },
          "sensitive_attributes": [],
          "private": "eyJlMmJmYjczMC1lY2FhLTExZTYtOGY4OC0zNDM2M2JjN2M0YzAiOnsiY3JlYXRlIjo2MDAwMDAwMDAwMDAsImRlbGV0ZSI6OTAwMDAwMDAwMDAwfSwic2NoZW1hX3ZlcnNpb24iOiIxIn0=",
          "create_before_destroy": true
        }
      ]
    },
    {
      "mode": "managed",
      "type": "aws_security_group_rule",
      "name": "allow_tcp_2379",
      "provider": "provider[\"registry.terraform.io/hashicorp/aws\"]",
      "instances": [
        {
          "schema_version": 2,
          "attributes": {
            "cidr_blocks": null,
            "description": null,
            "from_port": 2379,
            "id": "sgrule-1688424701",
            "ipv6_cidr_blocks": null,
            "prefix_list_ids": null,
            "protocol": "tcp",
            "security_group_id": "sg-022aed875101d6e3d",
            "security_group_rule_id": "sgr-07c5b434e1d9b8e77",
            "self": false,
            "source_security_group_id": "sg-022aed875101d6e3d",
            "timeouts": null,
            "to_port": 2379,
            "type": "ingress"
          },
          "sensitive_attributes": [],
          "private": "eyJlMmJmYjczMC1lY2FhLTExZTYtOGY4OC0zNDM2M2JjN2M0YzAiOnsiY3JlYXRlIjozMDAwMDAwMDAwMDB9LCJzY2hlbWFfdmVyc2lvbiI6IjIifQ==",
          "dependencies": [
            "aws_security_group.admin_ssh_production"
          ]
        }
      ]
    },
    {
      "mode": "managed",
      "type": "aws_security_group_rule",
      "name": "allow_tcp_2380",
      "provider": "provider[\"registry.terraform.io/hashicorp/aws\"]",
      "instances": [
        {
          "schema_version": 2,
          "attributes": {
            "cidr_blocks": null,
            "description": null,
            "from_port": 2380,
            "id": "sgrule-1952275445",
            "ipv6_cidr_blocks": null,
            "prefix_list_ids": null,
            "protocol": "tcp",
            "security_group_id": "sg-022aed875101d6e3d",
            "security_group_rule_id": "sgr-005feb29f5a18f2f6",
            "self": false,
            "source_security_group_id": "sg-022aed875101d6e3d",
            "timeouts": null,
            "to_port": 2380,
            "type": "ingress"
          },
          "sensitive_attributes": [],
          "private": "eyJlMmJmYjczMC1lY2FhLTExZTYtOGY4OC0zNDM2M2JjN2M0YzAiOnsiY3JlYXRlIjozMDAwMDAwMDAwMDB9LCJzY2hlbWFfdmVyc2lvbiI6IjIifQ==",
          "dependencies": [
            "aws_security_group.admin_ssh_production"
          ]
        }
      ]
    },
    {
      "mode": "managed",
      "type": "aws_volume_attachment",
      "name": "apotheose_volume_attachment",
      "provider": "provider[\"registry.terraform.io/hashicorp/aws\"]",
      "instances": [
        {
          "index_key": 0,
          "schema_version": 0,
          "attributes": {
            "device_name": "/dev/sdf",
            "force_detach": null,
            "id": "vai-1035817523",
            "instance_id": "i-0a42faff2e8c477e5",
            "skip_destroy": null,
            "stop_instance_before_detaching": null,
            "timeouts": null,
            "volume_id": "vol-04479fe26ae2d3159"
          },
          "sensitive_attributes": [],
          "private": "eyJlMmJmYjczMC1lY2FhLTExZTYtOGY4OC0zNDM2M2JjN2M0YzAiOnsiY3JlYXRlIjozMDAwMDAwMDAwMDAsImRlbGV0ZSI6MzAwMDAwMDAwMDAwfX0=",
          "dependencies": [
            "aws_ebs_volume.apotheose_volume",
            "aws_iam_instance_profile.ec2_lb_instance_profile",
            "aws_iam_role.ec2_load_balancer_role",
            "aws_instance.masters",
            "aws_instance.workers",
            "aws_key_pair.vockeyprod",
            "aws_security_group.admin_ssh_production",
            "tls_private_key.vockeyprod"
          ]
        },
        {
          "index_key": 1,
          "schema_version": 0,
          "attributes": {
            "device_name": "/dev/sdf",
            "force_detach": null,
            "id": "vai-2723359964",
            "instance_id": "i-0c0222752069dd2ea",
            "skip_destroy": null,
            "stop_instance_before_detaching": null,
            "timeouts": null,
            "volume_id": "vol-0d5c23f5732df384e"
          },
          "sensitive_attributes": [],
          "private": "eyJlMmJmYjczMC1lY2FhLTExZTYtOGY4OC0zNDM2M2JjN2M0YzAiOnsiY3JlYXRlIjozMDAwMDAwMDAwMDAsImRlbGV0ZSI6MzAwMDAwMDAwMDAwfX0=",
          "dependencies": [
            "aws_ebs_volume.apotheose_volume",
            "aws_iam_instance_profile.ec2_lb_instance_profile",
            "aws_iam_role.ec2_load_balancer_role",
            "aws_instance.masters",
            "aws_instance.workers",
            "aws_key_pair.vockeyprod",
            "aws_security_group.admin_ssh_production",
            "tls_private_key.vockeyprod"
          ]
        },
        {
          "index_key": 2,
          "schema_version": 0,
          "attributes": {
            "device_name": "/dev/sdf",
            "force_detach": null,
            "id": "vai-627695257",
            "instance_id": "i-025e071eca95a8aef",
            "skip_destroy": null,
            "stop_instance_before_detaching": null,
            "timeouts": null,
            "volume_id": "vol-057a74ae3b529395e"
          },
          "sensitive_attributes": [],
          "private": "eyJlMmJmYjczMC1lY2FhLTExZTYtOGY4OC0zNDM2M2JjN2M0YzAiOnsiY3JlYXRlIjozMDAwMDAwMDAwMDAsImRlbGV0ZSI6MzAwMDAwMDAwMDAwfX0=",
          "dependencies": [
            "aws_ebs_volume.apotheose_volume",
            "aws_iam_instance_profile.ec2_lb_instance_profile",
            "aws_iam_role.ec2_load_balancer_role",
            "aws_instance.masters",
            "aws_instance.workers",
            "aws_key_pair.vockeyprod",
            "aws_security_group.admin_ssh_production",
            "tls_private_key.vockeyprod"
          ]
        },
        {
          "index_key": 3,
          "schema_version": 0,
          "attributes": {
            "device_name": "/dev/sdf",
            "force_detach": null,
            "id": "vai-275077580",
            "instance_id": "i-08093daf2b3b981cd",
            "skip_destroy": null,
            "stop_instance_before_detaching": null,
            "timeouts": null,
            "volume_id": "vol-0b5a903ec66bc1458"
          },
          "sensitive_attributes": [],
          "private": "eyJlMmJmYjczMC1lY2FhLTExZTYtOGY4OC0zNDM2M2JjN2M0YzAiOnsiY3JlYXRlIjozMDAwMDAwMDAwMDAsImRlbGV0ZSI6MzAwMDAwMDAwMDAwfX0=",
          "dependencies": [
            "aws_ebs_volume.apotheose_volume",
            "aws_iam_instance_profile.ec2_lb_instance_profile",
            "aws_iam_role.ec2_load_balancer_role",
            "aws_instance.masters",
            "aws_instance.workers",
            "aws_key_pair.vockeyprod",
            "aws_security_group.admin_ssh_production",
            "tls_private_key.vockeyprod"
          ]
        },
        {
          "index_key": 4,
          "schema_version": 0,
          "attributes": {
            "device_name": "/dev/sdf",
            "force_detach": null,
            "id": "vai-1614836741",
            "instance_id": "i-0d3a211c605381f6b",
            "skip_destroy": null,
            "stop_instance_before_detaching": null,
            "timeouts": null,
            "volume_id": "vol-0527c0633d0fe3aac"
          },
          "sensitive_attributes": [],
          "private": "eyJlMmJmYjczMC1lY2FhLTExZTYtOGY4OC0zNDM2M2JjN2M0YzAiOnsiY3JlYXRlIjozMDAwMDAwMDAwMDAsImRlbGV0ZSI6MzAwMDAwMDAwMDAwfX0=",
          "dependencies": [
            "aws_ebs_volume.apotheose_volume",
            "aws_iam_instance_profile.ec2_lb_instance_profile",
            "aws_iam_role.ec2_load_balancer_role",
            "aws_instance.masters",
            "aws_instance.workers",
            "aws_key_pair.vockeyprod",
            "aws_security_group.admin_ssh_production",
            "tls_private_key.vockeyprod"
          ]
        }
      ]
    },
    {
      "mode": "managed",
      "type": "aws_volume_attachment",
      "name": "apotheose_volume_cstor_attachment",
      "provider": "provider[\"registry.terraform.io/hashicorp/aws\"]",
      "instances": [
        {
          "index_key": 0,
          "schema_version": 0,
          "attributes": {
            "device_name": "/dev/sdg",
            "force_detach": null,
            "id": "vai-3114467791",
            "instance_id": "i-08093daf2b3b981cd",
            "skip_destroy": null,
            "stop_instance_before_detaching": null,
            "timeouts": null,
            "volume_id": "vol-0b59ca286e4de54c5"
          },
          "sensitive_attributes": [],
          "private": "eyJlMmJmYjczMC1lY2FhLTExZTYtOGY4OC0zNDM2M2JjN2M0YzAiOnsiY3JlYXRlIjozMDAwMDAwMDAwMDAsImRlbGV0ZSI6MzAwMDAwMDAwMDAwfX0=",
          "dependencies": [
            "aws_ebs_volume.apotheose_volume_cstor",
            "aws_iam_instance_profile.ec2_lb_instance_profile",
            "aws_iam_role.ec2_load_balancer_role",
            "aws_instance.workers",
            "aws_key_pair.vockeyprod",
            "aws_security_group.admin_ssh_production",
            "tls_private_key.vockeyprod"
          ]
        },
        {
          "index_key": 1,
          "schema_version": 0,
          "attributes": {
            "device_name": "/dev/sdh",
            "force_detach": null,
            "id": "vai-4033639365",
            "instance_id": "i-0d3a211c605381f6b",
            "skip_destroy": null,
            "stop_instance_before_detaching": null,
            "timeouts": null,
            "volume_id": "vol-0b73f050dae91c55d"
          },
          "sensitive_attributes": [],
          "private": "eyJlMmJmYjczMC1lY2FhLTExZTYtOGY4OC0zNDM2M2JjN2M0YzAiOnsiY3JlYXRlIjozMDAwMDAwMDAwMDAsImRlbGV0ZSI6MzAwMDAwMDAwMDAwfX0=",
          "dependencies": [
            "aws_ebs_volume.apotheose_volume_cstor",
            "aws_iam_instance_profile.ec2_lb_instance_profile",
            "aws_iam_role.ec2_load_balancer_role",
            "aws_instance.workers",
            "aws_key_pair.vockeyprod",
            "aws_security_group.admin_ssh_production",
            "tls_private_key.vockeyprod"
          ]
        }
      ]
    },
    {
      "mode": "managed",
      "type": "aws_vpc_security_group_egress_rule",
      "name": "allow_ssh_out",
      "provider": "provider[\"registry.terraform.io/hashicorp/aws\"]",
      "instances": [
        {
          "schema_version": 0,
          "attributes": {
            "arn": "arn:aws:ec2:us-east-1:585768148089:security-group-rule/sgr-0d0cbe604b50b985b",
            "cidr_ipv4": "0.0.0.0/0",
            "cidr_ipv6": null,
            "description": null,
            "from_port": null,
            "id": "sgr-0d0cbe604b50b985b",
            "ip_protocol": "-1",
            "prefix_list_id": null,
            "referenced_security_group_id": null,
            "security_group_id": "sg-022aed875101d6e3d",
            "security_group_rule_id": "sgr-0d0cbe604b50b985b",
            "tags": null,
            "tags_all": {},
            "to_port": null
          },
          "sensitive_attributes": [],
          "dependencies": [
            "aws_security_group.admin_ssh_production"
          ]
        }
      ]
    },
    {
      "mode": "managed",
      "type": "aws_vpc_security_group_ingress_rule",
      "name": "allow_6443",
      "provider": "provider[\"registry.terraform.io/hashicorp/aws\"]",
      "instances": [
        {
          "schema_version": 0,
          "attributes": {
            "arn": "arn:aws:ec2:us-east-1:585768148089:security-group-rule/sgr-00b74a5dfb846571c",
            "cidr_ipv4": "176.172.132.0/24",
            "cidr_ipv6": null,
            "description": null,
            "from_port": 6443,
            "id": "sgr-00b74a5dfb846571c",
            "ip_protocol": "tcp",
            "prefix_list_id": null,
            "referenced_security_group_id": null,
            "security_group_id": "sg-022aed875101d6e3d",
            "security_group_rule_id": "sgr-00b74a5dfb846571c",
            "tags": null,
            "tags_all": {},
            "to_port": 6443
          },
          "sensitive_attributes": [],
          "dependencies": [
            "aws_security_group.admin_ssh_production"
          ]
        }
      ]
    },
    {
      "mode": "managed",
      "type": "aws_vpc_security_group_ingress_rule",
      "name": "allow_http_in",
      "provider": "provider[\"registry.terraform.io/hashicorp/aws\"]",
      "instances": [
        {
          "schema_version": 0,
          "attributes": {
            "arn": "arn:aws:ec2:us-east-1:585768148089:security-group-rule/sgr-0866e90f7c64eec2f",
            "cidr_ipv4": "0.0.0.0/0",
            "cidr_ipv6": null,
            "description": null,
            "from_port": 80,
            "id": "sgr-0866e90f7c64eec2f",
            "ip_protocol": "tcp",
            "prefix_list_id": null,
            "referenced_security_group_id": null,
            "security_group_id": "sg-022aed875101d6e3d",
            "security_group_rule_id": "sgr-0866e90f7c64eec2f",
            "tags": null,
            "tags_all": {},
            "to_port": 80
          },
          "sensitive_attributes": [],
          "dependencies": [
            "aws_security_group.admin_ssh_production"
          ]
        }
      ]
    },
    {
      "mode": "managed",
      "type": "aws_vpc_security_group_ingress_rule",
      "name": "allow_https_in",
      "provider": "provider[\"registry.terraform.io/hashicorp/aws\"]",
      "instances": [
        {
          "schema_version": 0,
          "attributes": {
            "arn": "arn:aws:ec2:us-east-1:585768148089:security-group-rule/sgr-0d6878537193161d8",
            "cidr_ipv4": "0.0.0.0/0",
            "cidr_ipv6": null,
            "description": null,
            "from_port": 443,
            "id": "sgr-0d6878537193161d8",
            "ip_protocol": "tcp",
            "prefix_list_id": null,
            "referenced_security_group_id": null,
            "security_group_id": "sg-022aed875101d6e3d",
            "security_group_rule_id": "sgr-0d6878537193161d8",
            "tags": null,
            "tags_all": {},
            "to_port": 443
          },
          "sensitive_attributes": [],
          "dependencies": [
            "aws_security_group.admin_ssh_production"
          ]
        }
      ]
    },
    {
      "mode": "managed",
      "type": "aws_vpc_security_group_ingress_rule",
      "name": "allow_port_10250",
      "provider": "provider[\"registry.terraform.io/hashicorp/aws\"]",
      "instances": [
        {
          "schema_version": 0,
          "attributes": {
            "arn": "arn:aws:ec2:us-east-1:585768148089:security-group-rule/sgr-0e1c216cf6de24c77",
            "cidr_ipv4": "172.31.0.0/16",
            "cidr_ipv6": null,
            "description": null,
            "from_port": 10250,
            "id": "sgr-0e1c216cf6de24c77",
            "ip_protocol": "tcp",
            "prefix_list_id": null,
            "referenced_security_group_id": null,
            "security_group_id": "sg-022aed875101d6e3d",
            "security_group_rule_id": "sgr-0e1c216cf6de24c77",
            "tags": null,
            "tags_all": {},
            "to_port": 10250
          },
          "sensitive_attributes": [],
          "dependencies": [
            "aws_security_group.admin_ssh_production"
          ]
        }
      ]
    },
    {
      "mode": "managed",
      "type": "aws_vpc_security_group_ingress_rule",
      "name": "allow_port_1194",
      "provider": "provider[\"registry.terraform.io/hashicorp/aws\"]",
      "instances": [
        {
          "schema_version": 0,
          "attributes": {
            "arn": "arn:aws:ec2:us-east-1:585768148089:security-group-rule/sgr-0c8290715348cc128",
            "cidr_ipv4": "176.172.132.0/24",
            "cidr_ipv6": null,
            "description": null,
            "from_port": 1194,
            "id": "sgr-0c8290715348cc128",
            "ip_protocol": "udp",
            "prefix_list_id": null,
            "referenced_security_group_id": null,
            "security_group_id": "sg-022aed875101d6e3d",
            "security_group_rule_id": "sgr-0c8290715348cc128",
            "tags": null,
            "tags_all": {},
            "to_port": 1194
          },
          "sensitive_attributes": [],
          "dependencies": [
            "aws_security_group.admin_ssh_production"
          ]
        }
      ]
    },
    {
      "mode": "managed",
      "type": "aws_vpc_security_group_ingress_rule",
      "name": "allow_port_6443",
      "provider": "provider[\"registry.terraform.io/hashicorp/aws\"]",
      "instances": [
        {
          "schema_version": 0,
          "attributes": {
            "arn": "arn:aws:ec2:us-east-1:585768148089:security-group-rule/sgr-0464c825f05991384",
            "cidr_ipv4": "172.31.0.0/16",
            "cidr_ipv6": null,
            "description": null,
            "from_port": 6443,
            "id": "sgr-0464c825f05991384",
            "ip_protocol": "tcp",
            "prefix_list_id": null,
            "referenced_security_group_id": null,
            "security_group_id": "sg-022aed875101d6e3d",
            "security_group_rule_id": "sgr-0464c825f05991384",
            "tags": null,
            "tags_all": {},
            "to_port": 6443
          },
          "sensitive_attributes": [],
          "dependencies": [
            "aws_security_group.admin_ssh_production"
          ]
        }
      ]
    },
    {
      "mode": "managed",
      "type": "aws_vpc_security_group_ingress_rule",
      "name": "allow_port_8080",
      "provider": "provider[\"registry.terraform.io/hashicorp/aws\"]",
      "instances": [
        {
          "schema_version": 0,
          "attributes": {
            "arn": "arn:aws:ec2:us-east-1:585768148089:security-group-rule/sgr-0bba77717bb759a8d",
            "cidr_ipv4": "0.0.0.0/0",
            "cidr_ipv6": null,
            "description": null,
            "from_port": 8080,
            "id": "sgr-0bba77717bb759a8d",
            "ip_protocol": "tcp",
            "prefix_list_id": null,
            "referenced_security_group_id": null,
            "security_group_id": "sg-022aed875101d6e3d",
            "security_group_rule_id": "sgr-0bba77717bb759a8d",
            "tags": null,
            "tags_all": {},
            "to_port": 8080
          },
          "sensitive_attributes": [],
          "dependencies": [
            "aws_security_group.admin_ssh_production"
          ]
        }
      ]
    },
    {
      "mode": "managed",
      "type": "aws_vpc_security_group_ingress_rule",
      "name": "allow_port_9345",
      "provider": "provider[\"registry.terraform.io/hashicorp/aws\"]",
      "instances": [
        {
          "schema_version": 0,
          "attributes": {
            "arn": "arn:aws:ec2:us-east-1:585768148089:security-group-rule/sgr-0e3626e6b3d58c5bc",
            "cidr_ipv4": "172.31.0.0/16",
            "cidr_ipv6": null,
            "description": null,
            "from_port": 9345,
            "id": "sgr-0e3626e6b3d58c5bc",
            "ip_protocol": "tcp",
            "prefix_list_id": null,
            "referenced_security_group_id": null,
            "security_group_id": "sg-022aed875101d6e3d",
            "security_group_rule_id": "sgr-0e3626e6b3d58c5bc",
            "tags": null,
            "tags_all": {},
            "to_port": 9345
          },
          "sensitive_attributes": [],
          "dependencies": [
            "aws_security_group.admin_ssh_production"
          ]
        }
      ]
    },
    {
      "mode": "managed",
      "type": "aws_vpc_security_group_ingress_rule",
      "name": "allow_port_UDP",
      "provider": "provider[\"registry.terraform.io/hashicorp/aws\"]",
      "instances": [
        {
          "schema_version": 0,
          "attributes": {
            "arn": "arn:aws:ec2:us-east-1:585768148089:security-group-rule/sgr-05f2310d84550bb5b",
            "cidr_ipv4": "172.31.0.0/16",
            "cidr_ipv6": null,
            "description": null,
            "from_port": 8472,
            "id": "sgr-05f2310d84550bb5b",
            "ip_protocol": "udp",
            "prefix_list_id": null,
            "referenced_security_group_id": null,
            "security_group_id": "sg-022aed875101d6e3d",
            "security_group_rule_id": "sgr-05f2310d84550bb5b",
            "tags": null,
            "tags_all": {},
            "to_port": 8472
          },
          "sensitive_attributes": [],
          "dependencies": [
            "aws_security_group.admin_ssh_production"
          ]
        }
      ]
    },
    {
      "mode": "managed",
      "type": "aws_vpc_security_group_ingress_rule",
      "name": "allow_port_ping_kube_vip",
      "provider": "provider[\"registry.terraform.io/hashicorp/aws\"]",
      "instances": [
        {
          "schema_version": 0,
          "attributes": {
            "arn": "arn:aws:ec2:us-east-1:585768148089:security-group-rule/sgr-0e0921bc357e6eb69",
            "cidr_ipv4": "172.31.0.0/16",
            "cidr_ipv6": null,
            "description": null,
            "from_port": -1,
            "id": "sgr-0e0921bc357e6eb69",
            "ip_protocol": "icmp",
            "prefix_list_id": null,
            "referenced_security_group_id": null,
            "security_group_id": "sg-022aed875101d6e3d",
            "security_group_rule_id": "sgr-0e0921bc357e6eb69",
            "tags": null,
            "tags_all": {},
            "to_port": -1
          },
          "sensitive_attributes": [],
          "dependencies": [
            "aws_security_group.admin_ssh_production"
          ]
        }
      ]
    },
    {
      "mode": "managed",
      "type": "aws_vpc_security_group_ingress_rule",
      "name": "allow_ssh_in",
      "provider": "provider[\"registry.terraform.io/hashicorp/aws\"]",
      "instances": [
        {
          "index_key": "192.168.1.0",
          "schema_version": 0,
          "attributes": {
            "arn": "arn:aws:ec2:us-east-1:585768148089:security-group-rule/sgr-0ce7e8a205adfde4f",
            "cidr_ipv4": "192.168.1.0/24",
            "cidr_ipv6": null,
            "description": null,
            "from_port": 22,
            "id": "sgr-0ce7e8a205adfde4f",
            "ip_protocol": "tcp",
            "prefix_list_id": null,
            "referenced_security_group_id": null,
            "security_group_id": "sg-022aed875101d6e3d",
            "security_group_rule_id": "sgr-0ce7e8a205adfde4f",
            "tags": null,
            "tags_all": {},
            "to_port": 22
          },
          "sensitive_attributes": [],
          "dependencies": [
            "aws_security_group.admin_ssh_production"
          ]
        },
        {
          "index_key": "77.207.199.0",
          "schema_version": 0,
          "attributes": {
            "arn": "arn:aws:ec2:us-east-1:585768148089:security-group-rule/sgr-0f268370d33ed243c",
            "cidr_ipv4": "77.207.199.0/24",
            "cidr_ipv6": null,
            "description": null,
            "from_port": 22,
            "id": "sgr-0f268370d33ed243c",
            "ip_protocol": "tcp",
            "prefix_list_id": null,
            "referenced_security_group_id": null,
            "security_group_id": "sg-022aed875101d6e3d",
            "security_group_rule_id": "sgr-0f268370d33ed243c",
            "tags": null,
            "tags_all": {},
            "to_port": 22
          },
          "sensitive_attributes": [],
          "dependencies": [
            "aws_security_group.admin_ssh_production"
          ]
        }
      ]
    },
    {
      "mode": "managed",
      "type": "aws_vpc_security_group_ingress_rule",
      "name": "allow_ssh_in_myip",
      "provider": "provider[\"registry.terraform.io/hashicorp/aws\"]",
      "instances": [
        {
          "schema_version": 0,
          "attributes": {
            "arn": "arn:aws:ec2:us-east-1:585768148089:security-group-rule/sgr-01bb93d9c3e86ad9b",
            "cidr_ipv4": "176.172.132.0/24",
            "cidr_ipv6": null,
            "description": null,
            "from_port": 22,
            "id": "sgr-01bb93d9c3e86ad9b",
            "ip_protocol": "tcp",
            "prefix_list_id": null,
            "referenced_security_group_id": null,
            "security_group_id": "sg-022aed875101d6e3d",
            "security_group_rule_id": "sgr-01bb93d9c3e86ad9b",
            "tags": null,
            "tags_all": {},
            "to_port": 22
          },
          "sensitive_attributes": [],
          "dependencies": [
            "aws_security_group.admin_ssh_production"
          ]
        }
      ]
    },
    {
      "mode": "managed",
      "type": "local_file",
      "name": "values_dynamic",
      "provider": "provider[\"registry.terraform.io/hashicorp/local\"]",
      "instances": [
        {
          "schema_version": 0,
          "attributes": {
            "content": "\"service\":\n  \"annotations\":\n    \"service.beta.kubernetes.io/aws-load-balancer-eip-allocations\": \"eipalloc-092d05a14429874f7\"\n    \"service.beta.kubernetes.io/aws-load-balancer-security-groups\": \"sg-022aed875101d6e3d\"\n    \"service.beta.kubernetes.io/aws-load-balancer-subnets\": \"subnet-07ef8d731542349d5\"\n    \"service.beta.kubernetes.io/aws-load-balancer-type\": \"nlb\"\n",
            "content_base64": null,
            "content_base64sha256": "7ClFoQq/NDFUBQ3fnkta6fKSQVvdeQoU8J8T9H+FeH4=",
            "content_base64sha512": "7tqWbftCzj3I3z+iCaT+0KoCfGgoyQsaiWjwSt1WZy6PFb6/OsQB4BNSbwvoEjtbsl3IHYrjOCauEt4LUPR3BA==",
            "content_md5": "ec16fa97aa64702df3c27edc4aa29ed1",
            "content_sha1": "075c4507eabbb38123eb8087aa741828fa6a6bb9",
            "content_sha256": "ec2945a10abf343154050ddf9e4b5ae9f292415bdd790a14f09f13f47f85787e",
            "content_sha512": "eeda966dfb42ce3dc8df3fa209a4fed0aa027c6828c90b1a8968f04add56672e8f15bebf3ac401e013526f0be8123b5bb25dc81d8ae33826ae12de0b50f47704",
            "directory_permission": "0777",
            "file_permission": "0777",
            "filename": "./../../traefik2/values_dynamic.yaml",
            "id": "075c4507eabbb38123eb8087aa741828fa6a6bb9",
            "sensitive_content": null,
            "source": null
          },
          "sensitive_attributes": [
            [
              {
                "type": "get_attr",
                "value": "sensitive_content"
              }
            ]
          ],
          "dependencies": [
            "aws_eip.traefik_eip",
            "aws_security_group.admin_ssh_production"
          ]
        }
      ]
    },
    {
      "mode": "managed",
      "type": "local_file",
      "name": "vockeyprod_pem",
      "provider": "provider[\"registry.terraform.io/hashicorp/local\"]",
      "instances": [
        {
          "schema_version": 0,
          "attributes": {
            "content": "-----BEGIN RSA PRIVATE KEY-----\nMIIEogIBAAKCAQEAqtWw9ZDh3VwMrFU1cgpCCDUe1Ll9t6h4nFBO6ch33TSnlt8Q\nflr4yFwScCz0gWOmnio6QmcDRMvEseTnTfzNCESmWahQIbDSt5QmxkXnqzbZanLz\ngTrSHxdmP69MVXyO7gVHEJGRb1SobrTQ2m3RPGYGcn0+t8Z2IkRSW4N1Gl50XscW\nRhuolpZ2aYe1FfdrbMgPlr79jwPBrlBd9YNT4L/ukfVVcJ0pjWBD5OTjhy9UnP9o\neKIe5AdOWE8ybeQxSEEx33v1r+OoWRl5IL3Ezau8c3glx1qvrD6dJN/AZ/EPQZbU\neiDMoM+oKstxdQ0gExhhFqDKHJAD8K3MogrLLQIDAQABAoIBABYS6ueCyISLSSyY\nDVdbzEt2MwfRTgAbWeD3dDLmDy2QiQUdc+qibkSpYk0x/zKcLI0sWf8hg2fHcqDP\n5IlhscvbNFQfw6GO0QjH27jBPfLpcUS9b18SjtBV/DAcwl7GFkvazQ4Zg8ggZsEj\nRlyrAEnEdG8lECO766DNi4dn9Yt/VIGT2FdGa6gtYoMf3huX45rnFHZqGBYAqjVQ\nLB57erbOFigzBjb9rqyYSEa2JtASwYrk291SNej0lrko4JZp6u+Q+DbU78t6sHQE\nJuE/rDEMMJCqxWYjh3kVNfYAXfMm8+Zh4nFr4Hl/Bj1dMudy1d+xKYAN6Zn5v2xo\nYiZ72lsCgYEA20b2OlUH8CmJRjgPu/nzc1ATjL/biuKmYNZfgMUAOEhzoDKTrV5q\nD/QzV0PkjqJUnGbKAG6o2jWEy2YFPnu3AQQKvIDR5HH4/yYt2BCLC0kRIG50bqQ/\n9/+p4qvWadsQNh/UCQc7a6LVorEQ2lG2XMMqtI2YZ9WvvHTx4P4nt+sCgYEAx3Hc\n7Hlvfki2dx1UFP+jjpUdNa4qcKj3XjGmSA+eNC3bLvLz92gQO9i42g6pML8Es6Mn\nT533dSBsvrNHmPZjdmhXarBt4QBATpiIg+8NrwBFnKnvEhwMMXX5MwmCi5CIvmhh\ntq0OOVKts5QTsVqUHec5BMHswhyxh76R/Q6jG0cCgYAG75qwQ6pJnXa7IuDUiFZ8\nCkdkB1mRbhPnMkC5GQIlxZzqr07eiAMA2C+bjgk3vcjBXbr8AoQSyuiVane1/0HN\npWwVhFmfST+gCnwevn83bys8hGHocgeX951PDzJsDMLZg244juMBR5hMWh93WGhV\nTNMX/PaaKjcx1d0kycVF2wKBgEMHx6JKZehhc8Gwv7OW/1dKUljaQjU+9HRZ53LM\nnPUYfFPZH5mFBf+3JNlUmBRj/qaJLQsbIjHhResJwgRsupzvEIIw7ZzzQqmnpioB\nS+4G/15Z1pmVh5uP9MLsbU2OtAaaeky0+NTXLr3uBHhU4vbx4T3yFypeDmR67gHI\ny5S9AoGAXiN+A4I4OjhBrNhkxiXE6zbP9J4bo1EvAL26cdUCcGZlZCD6DbrxNg3z\n932oEsyoHLxamQlb8Wf6ZPg3rn3VLeQixKMlB0EpL1CTMWfbWMJbCXfnwE3r4zA2\nqRJnltuYGXt4jZFpA6GLSH9MCRmBMFOTtdM31i4BbURkc83Vx+0=\n-----END RSA PRIVATE KEY-----\n",
            "content_base64": null,
            "content_base64sha256": "Vv8HEeNxpqhzwoZTBbJoSTk7KE80uGN99Lw1Jyf8xTY=",
            "content_base64sha512": "qplOxND0KrRZALQfXI0xon36A+Wkr3jPztjuDeT7Lt407JulOCmOF9GgOTdmibqFCq28f0OG/D5I/gdGOc08UA==",
            "content_md5": "bda3c4a2014009cd2b831818ecf15c7a",
            "content_sha1": "ee338c87f90f04c3429b552d08ab4b051cad7e17",
            "content_sha256": "56ff0711e371a6a873c2865305b26849393b284f34b8637df4bc352727fcc536",
            "content_sha512": "aa994ec4d0f42ab45900b41f5c8d31a27dfa03e5a4af78cfced8ee0de4fb2ede34ec9ba538298e17d1a039376689ba850aadbc7f4386fc3e48fe074639cd3c50",
            "directory_permission": "0777",
            "file_permission": "0600",
            "filename": "./vockeyprod.pem",
            "id": "ee338c87f90f04c3429b552d08ab4b051cad7e17",
            "sensitive_content": null,
            "source": null
          },
          "sensitive_attributes": [
            [
              {
                "type": "get_attr",
                "value": "content"
              }
            ],
            [
              {
                "type": "get_attr",
                "value": "sensitive_content"
              }
            ]
          ],
          "dependencies": [
            "tls_private_key.vockeyprod"
          ]
        }
      ]
    },
    {
      "mode": "managed",
      "type": "null_resource",
      "name": "generate-instance-id-master1",
      "provider": "provider[\"registry.terraform.io/hashicorp/null\"]",
      "instances": [
        {
          "schema_version": 0,
          "attributes": {
            "id": "8608472502365442667",
            "triggers": null
          },
          "sensitive_attributes": [],
          "dependencies": [
            "aws_iam_instance_profile.ec2_lb_instance_profile",
            "aws_iam_role.ec2_load_balancer_role",
            "aws_instance.masters",
            "aws_key_pair.vockeyprod",
            "aws_security_group.admin_ssh_production",
            "tls_private_key.vockeyprod"
          ]
        }
      ]
    },
    {
      "mode": "managed",
      "type": "null_resource",
      "name": "generate_ansible_inventory-masters",
      "provider": "provider[\"registry.terraform.io/hashicorp/null\"]",
      "instances": [
        {
          "schema_version": 0,
          "attributes": {
            "id": "7374302852573024122",
            "triggers": null
          },
          "sensitive_attributes": [],
          "dependencies": [
            "aws_iam_instance_profile.ec2_lb_instance_profile",
            "aws_iam_role.ec2_load_balancer_role",
            "aws_instance.masters",
            "aws_key_pair.vockeyprod",
            "aws_security_group.admin_ssh_production",
            "tls_private_key.vockeyprod"
          ]
        }
      ]
    },
    {
      "mode": "managed",
      "type": "null_resource",
      "name": "generate_ansible_inventory-workers",
      "provider": "provider[\"registry.terraform.io/hashicorp/null\"]",
      "instances": [
        {
          "schema_version": 0,
          "attributes": {
            "id": "8694847072935700772",
            "triggers": null
          },
          "sensitive_attributes": [],
          "dependencies": [
            "aws_iam_instance_profile.ec2_lb_instance_profile",
            "aws_iam_role.ec2_load_balancer_role",
            "aws_instance.workers",
            "aws_key_pair.vockeyprod",
            "aws_security_group.admin_ssh_production",
            "tls_private_key.vockeyprod"
          ]
        }
      ]
    },
    {
      "mode": "managed",
      "type": "null_resource",
      "name": "update_traefik_values_yaml_sg",
      "provider": "provider[\"registry.terraform.io/hashicorp/null\"]",
      "instances": [
        {
          "schema_version": 0,
          "attributes": {
            "id": "6020073220496568871",
            "triggers": null
          },
          "sensitive_attributes": [],
          "dependencies": [
            "aws_iam_instance_profile.ec2_lb_instance_profile",
            "aws_iam_role.ec2_load_balancer_role",
            "aws_instance.masters",
            "aws_key_pair.vockeyprod",
            "aws_security_group.admin_ssh_production",
            "tls_private_key.vockeyprod"
          ]
        }
      ]
    },
    {
      "mode": "managed",
      "type": "null_resource",
      "name": "update_values_yaml",
      "provider": "provider[\"registry.terraform.io/hashicorp/null\"]",
      "instances": [
        {
          "schema_version": 0,
          "attributes": {
            "id": "4231605496215148461",
            "triggers": {
              "eip_allocation_id": "eipalloc-092d05a14429874f7"
            }
          },
          "sensitive_attributes": [],
          "dependencies": [
            "aws_eip.traefik_eip"
          ]
        }
      ]
    },
    {
      "mode": "managed",
      "type": "tls_private_key",
      "name": "vockeyprod",
      "provider": "provider[\"registry.terraform.io/hashicorp/tls\"]",
      "instances": [
        {
          "schema_version": 1,
          "attributes": {
            "algorithm": "RSA",
            "ecdsa_curve": "P224",
            "id": "917b72d4a1f2c5260b812356ff756dccc3d12247",
            "private_key_openssh": "-----BEGIN OPENSSH PRIVATE KEY-----\nb3BlbnNzaC1rZXktdjEAAAAABG5vbmUAAAAEbm9uZQAAAAAAAAABAAABFwAAAAdz\nc2gtcnNhAAAAAwEAAQAAAQEAqtWw9ZDh3VwMrFU1cgpCCDUe1Ll9t6h4nFBO6ch3\n3TSnlt8Qflr4yFwScCz0gWOmnio6QmcDRMvEseTnTfzNCESmWahQIbDSt5QmxkXn\nqzbZanLzgTrSHxdmP69MVXyO7gVHEJGRb1SobrTQ2m3RPGYGcn0+t8Z2IkRSW4N1\nGl50XscWRhuolpZ2aYe1FfdrbMgPlr79jwPBrlBd9YNT4L/ukfVVcJ0pjWBD5OTj\nhy9UnP9oeKIe5AdOWE8ybeQxSEEx33v1r+OoWRl5IL3Ezau8c3glx1qvrD6dJN/A\nZ/EPQZbUeiDMoM+oKstxdQ0gExhhFqDKHJAD8K3MogrLLQAAA7iVf4O7lX+DuwAA\nAAdzc2gtcnNhAAABAQCq1bD1kOHdXAysVTVyCkIINR7UuX23qHicUE7pyHfdNKeW\n3xB+WvjIXBJwLPSBY6aeKjpCZwNEy8Sx5OdN/M0IRKZZqFAhsNK3lCbGReerNtlq\ncvOBOtIfF2Y/r0xVfI7uBUcQkZFvVKhutNDabdE8ZgZyfT63xnYiRFJbg3UaXnRe\nxxZGG6iWlnZph7UV92tsyA+Wvv2PA8GuUF31g1Pgv+6R9VVwnSmNYEPk5OOHL1Sc\n/2h4oh7kB05YTzJt5DFIQTHfe/Wv46hZGXkgvcTNq7xzeCXHWq+sPp0k38Bn8Q9B\nltR6IMygz6gqy3F1DSATGGEWoMockAPwrcyiCsstAAAAAwEAAQAAAQAWEurngsiE\ni0ksmA1XW8xLdjMH0U4AG1ng93Qy5g8tkIkFHXPqom5EqWJNMf8ynCyNLFn/IYNn\nx3Kgz+SJYbHL2zRUH8OhjtEIx9u4wT3y6XFEvW9fEo7QVfwwHMJexhZL2s0OGYPI\nIGbBI0ZcqwBJxHRvJRAju+ugzYuHZ/WLf1SBk9hXRmuoLWKDH94bl+Oa5xR2ahgW\nAKo1UCwee3q2zhYoMwY2/a6smEhGtibQEsGK5NvdUjXo9Ja5KOCWaervkPg21O/L\nerB0BCbhP6wxDDCQqsVmI4d5FTX2AF3zJvPmYeJxa+B5fwY9XTLnctXfsSmADemZ\n+b9saGIme9pbAAAAgF4jfgOCODo4QazYZMYlxOs2z/SeG6NRLwC9unHVAnBmZWQg\n+g268TYN8/d9qBLMqBy8WpkJW/Fn+mT4N6591S3kIsSjJQdBKS9QkzFn21jCWwl3\n58BN6+MwNqkSZ5bbmBl7eI2RaQOhi0h/TAkZgTBTk7XTN9YuAW1EZHPN1cftAAAA\ngQDbRvY6VQfwKYlGOA+7+fNzUBOMv9uK4qZg1l+AxQA4SHOgMpOtXmoP9DNXQ+SO\nolScZsoAbqjaNYTLZgU+e7cBBAq8gNHkcfj/Ji3YEIsLSREgbnRupD/3/6niq9Zp\n2xA2H9QJBztrotWisRDaUbZcwyq0jZhn1a+8dPHg/ie36wAAAIEAx3Hc7Hlvfki2\ndx1UFP+jjpUdNa4qcKj3XjGmSA+eNC3bLvLz92gQO9i42g6pML8Es6MnT533dSBs\nvrNHmPZjdmhXarBt4QBATpiIg+8NrwBFnKnvEhwMMXX5MwmCi5CIvmhhtq0OOVKt\ns5QTsVqUHec5BMHswhyxh76R/Q6jG0cAAAAAAQID\n-----END OPENSSH PRIVATE KEY-----\n",
            "private_key_pem": "-----BEGIN RSA PRIVATE KEY-----\nMIIEogIBAAKCAQEAqtWw9ZDh3VwMrFU1cgpCCDUe1Ll9t6h4nFBO6ch33TSnlt8Q\nflr4yFwScCz0gWOmnio6QmcDRMvEseTnTfzNCESmWahQIbDSt5QmxkXnqzbZanLz\ngTrSHxdmP69MVXyO7gVHEJGRb1SobrTQ2m3RPGYGcn0+t8Z2IkRSW4N1Gl50XscW\nRhuolpZ2aYe1FfdrbMgPlr79jwPBrlBd9YNT4L/ukfVVcJ0pjWBD5OTjhy9UnP9o\neKIe5AdOWE8ybeQxSEEx33v1r+OoWRl5IL3Ezau8c3glx1qvrD6dJN/AZ/EPQZbU\neiDMoM+oKstxdQ0gExhhFqDKHJAD8K3MogrLLQIDAQABAoIBABYS6ueCyISLSSyY\nDVdbzEt2MwfRTgAbWeD3dDLmDy2QiQUdc+qibkSpYk0x/zKcLI0sWf8hg2fHcqDP\n5IlhscvbNFQfw6GO0QjH27jBPfLpcUS9b18SjtBV/DAcwl7GFkvazQ4Zg8ggZsEj\nRlyrAEnEdG8lECO766DNi4dn9Yt/VIGT2FdGa6gtYoMf3huX45rnFHZqGBYAqjVQ\nLB57erbOFigzBjb9rqyYSEa2JtASwYrk291SNej0lrko4JZp6u+Q+DbU78t6sHQE\nJuE/rDEMMJCqxWYjh3kVNfYAXfMm8+Zh4nFr4Hl/Bj1dMudy1d+xKYAN6Zn5v2xo\nYiZ72lsCgYEA20b2OlUH8CmJRjgPu/nzc1ATjL/biuKmYNZfgMUAOEhzoDKTrV5q\nD/QzV0PkjqJUnGbKAG6o2jWEy2YFPnu3AQQKvIDR5HH4/yYt2BCLC0kRIG50bqQ/\n9/+p4qvWadsQNh/UCQc7a6LVorEQ2lG2XMMqtI2YZ9WvvHTx4P4nt+sCgYEAx3Hc\n7Hlvfki2dx1UFP+jjpUdNa4qcKj3XjGmSA+eNC3bLvLz92gQO9i42g6pML8Es6Mn\nT533dSBsvrNHmPZjdmhXarBt4QBATpiIg+8NrwBFnKnvEhwMMXX5MwmCi5CIvmhh\ntq0OOVKts5QTsVqUHec5BMHswhyxh76R/Q6jG0cCgYAG75qwQ6pJnXa7IuDUiFZ8\nCkdkB1mRbhPnMkC5GQIlxZzqr07eiAMA2C+bjgk3vcjBXbr8AoQSyuiVane1/0HN\npWwVhFmfST+gCnwevn83bys8hGHocgeX951PDzJsDMLZg244juMBR5hMWh93WGhV\nTNMX/PaaKjcx1d0kycVF2wKBgEMHx6JKZehhc8Gwv7OW/1dKUljaQjU+9HRZ53LM\nnPUYfFPZH5mFBf+3JNlUmBRj/qaJLQsbIjHhResJwgRsupzvEIIw7ZzzQqmnpioB\nS+4G/15Z1pmVh5uP9MLsbU2OtAaaeky0+NTXLr3uBHhU4vbx4T3yFypeDmR67gHI\ny5S9AoGAXiN+A4I4OjhBrNhkxiXE6zbP9J4bo1EvAL26cdUCcGZlZCD6DbrxNg3z\n932oEsyoHLxamQlb8Wf6ZPg3rn3VLeQixKMlB0EpL1CTMWfbWMJbCXfnwE3r4zA2\nqRJnltuYGXt4jZFpA6GLSH9MCRmBMFOTtdM31i4BbURkc83Vx+0=\n-----END RSA PRIVATE KEY-----\n",
            "private_key_pem_pkcs8": "-----BEGIN PRIVATE KEY-----\nMIIEvAIBADANBgkqhkiG9w0BAQEFAASCBKYwggSiAgEAAoIBAQCq1bD1kOHdXAys\nVTVyCkIINR7UuX23qHicUE7pyHfdNKeW3xB+WvjIXBJwLPSBY6aeKjpCZwNEy8Sx\n5OdN/M0IRKZZqFAhsNK3lCbGReerNtlqcvOBOtIfF2Y/r0xVfI7uBUcQkZFvVKhu\ntNDabdE8ZgZyfT63xnYiRFJbg3UaXnRexxZGG6iWlnZph7UV92tsyA+Wvv2PA8Gu\nUF31g1Pgv+6R9VVwnSmNYEPk5OOHL1Sc/2h4oh7kB05YTzJt5DFIQTHfe/Wv46hZ\nGXkgvcTNq7xzeCXHWq+sPp0k38Bn8Q9BltR6IMygz6gqy3F1DSATGGEWoMockAPw\nrcyiCsstAgMBAAECggEAFhLq54LIhItJLJgNV1vMS3YzB9FOABtZ4Pd0MuYPLZCJ\nBR1z6qJuRKliTTH/MpwsjSxZ/yGDZ8dyoM/kiWGxy9s0VB/DoY7RCMfbuME98ulx\nRL1vXxKO0FX8MBzCXsYWS9rNDhmDyCBmwSNGXKsAScR0byUQI7vroM2Lh2f1i39U\ngZPYV0ZrqC1igx/eG5fjmucUdmoYFgCqNVAsHnt6ts4WKDMGNv2urJhIRrYm0BLB\niuTb3VI16PSWuSjglmnq75D4NtTvy3qwdAQm4T+sMQwwkKrFZiOHeRU19gBd8ybz\n5mHicWvgeX8GPV0y53LV37EpgA3pmfm/bGhiJnvaWwKBgQDbRvY6VQfwKYlGOA+7\n+fNzUBOMv9uK4qZg1l+AxQA4SHOgMpOtXmoP9DNXQ+SOolScZsoAbqjaNYTLZgU+\ne7cBBAq8gNHkcfj/Ji3YEIsLSREgbnRupD/3/6niq9Zp2xA2H9QJBztrotWisRDa\nUbZcwyq0jZhn1a+8dPHg/ie36wKBgQDHcdzseW9+SLZ3HVQU/6OOlR01ripwqPde\nMaZID540Ldsu8vP3aBA72LjaDqkwvwSzoydPnfd1IGy+s0eY9mN2aFdqsG3hAEBO\nmIiD7w2vAEWcqe8SHAwxdfkzCYKLkIi+aGG2rQ45Uq2zlBOxWpQd5zkEwezCHLGH\nvpH9DqMbRwKBgAbvmrBDqkmddrsi4NSIVnwKR2QHWZFuE+cyQLkZAiXFnOqvTt6I\nAwDYL5uOCTe9yMFduvwChBLK6JVqd7X/Qc2lbBWEWZ9JP6AKfB6+fzdvKzyEYehy\nB5f3nU8PMmwMwtmDbjiO4wFHmExaH3dYaFVM0xf89poqNzHV3STJxUXbAoGAQwfH\nokpl6GFzwbC/s5b/V0pSWNpCNT70dFnncsyc9Rh8U9kfmYUF/7ck2VSYFGP+pokt\nCxsiMeFF6wnCBGy6nO8QgjDtnPNCqaemKgFL7gb/XlnWmZWHm4/0wuxtTY60Bpp6\nTLT41Ncuve4EeFTi9vHhPfIXKl4OZHruAcjLlL0CgYBeI34Dgjg6OEGs2GTGJcTr\nNs/0nhujUS8Avbpx1QJwZmVkIPoNuvE2DfP3fagSzKgcvFqZCVvxZ/pk+DeufdUt\n5CLEoyUHQSkvUJMxZ9tYwlsJd+fATevjMDapEmeW25gZe3iNkWkDoYtIf0wJGYEw\nU5O10zfWLgFtRGRzzdXH7Q==\n-----END PRIVATE KEY-----\n",
            "public_key_fingerprint_md5": "39:26:69:3c:7f:bd:78:5a:73:1e:40:f0:c1:42:54:b1",
            "public_key_fingerprint_sha256": "SHA256:nudIhTNMHZD/3MNYly2Z39shUEZka+YOotlgxFMTmHo",
            "public_key_openssh": "ssh-rsa AAAAB3NzaC1yc2EAAAADAQABAAABAQCq1bD1kOHdXAysVTVyCkIINR7UuX23qHicUE7pyHfdNKeW3xB+WvjIXBJwLPSBY6aeKjpCZwNEy8Sx5OdN/M0IRKZZqFAhsNK3lCbGReerNtlqcvOBOtIfF2Y/r0xVfI7uBUcQkZFvVKhutNDabdE8ZgZyfT63xnYiRFJbg3UaXnRexxZGG6iWlnZph7UV92tsyA+Wvv2PA8GuUF31g1Pgv+6R9VVwnSmNYEPk5OOHL1Sc/2h4oh7kB05YTzJt5DFIQTHfe/Wv46hZGXkgvcTNq7xzeCXHWq+sPp0k38Bn8Q9BltR6IMygz6gqy3F1DSATGGEWoMockAPwrcyiCsst\n",
            "public_key_pem": "-----BEGIN PUBLIC KEY-----\nMIIBIjANBgkqhkiG9w0BAQEFAAOCAQ8AMIIBCgKCAQEAqtWw9ZDh3VwMrFU1cgpC\nCDUe1Ll9t6h4nFBO6ch33TSnlt8Qflr4yFwScCz0gWOmnio6QmcDRMvEseTnTfzN\nCESmWahQIbDSt5QmxkXnqzbZanLzgTrSHxdmP69MVXyO7gVHEJGRb1SobrTQ2m3R\nPGYGcn0+t8Z2IkRSW4N1Gl50XscWRhuolpZ2aYe1FfdrbMgPlr79jwPBrlBd9YNT\n4L/ukfVVcJ0pjWBD5OTjhy9UnP9oeKIe5AdOWE8ybeQxSEEx33v1r+OoWRl5IL3E\nzau8c3glx1qvrD6dJN/AZ/EPQZbUeiDMoM+oKstxdQ0gExhhFqDKHJAD8K3MogrL\nLQIDAQAB\n-----END PUBLIC KEY-----\n",
            "rsa_bits": 2048
          },
          "sensitive_attributes": [
            [
              {
                "type": "get_attr",
                "value": "private_key_openssh"
              }
            ],
            [
              {
                "type": "get_attr",
                "value": "private_key_pem"
              }
            ],
            [
              {
                "type": "get_attr",
                "value": "private_key_pem_pkcs8"
              }
            ]
          ],
          "create_before_destroy": true
        }
      ]
    }
  ],
  "check_results": null
}
